{
  "version": 4,
  "terraform_version": "1.12.0",
  "serial": 237,
  "lineage": "c34c2123-5265-372d-a382-4a37f043484a",
  "outputs": {
    "ami-instances": {
      "value": {
        "Id": "ami-000ec6c25978d5999",
        "Name": "amzn2-ami-kernel-5.10-hvm-2.0.20250623.0-x86_64-gp2"
      },
      "type": [
        "object",
        {
          "Id": "string",
          "Name": "string"
        }
      ]
    },
    "bastion_host_public_ip": {
      "value": "13.218.111.171",
      "type": "string"
    },
    "endpoint_host_private_ip": {
      "value": "192.168.0.44",
      "type": "string"
    },
    "private_subnet_ids": {
      "value": [
        "subnet-090d0533a410dfb86"
      ],
      "type": [
        "tuple",
        [
          "string"
        ]
      ]
    },
    "public_ip_subnet_ids": {
      "value": [
        "subnet-090d0533a410dfb86"
      ],
      "type": [
        "tuple",
        [
          "string"
        ]
      ]
    },
    "vpc_endpoint_id": {
      "value": "vpce-06088458d0b9d1efd",
      "type": "string"
    },
    "vpc_id": {
      "value": "vpc-0c9fd5b628206737a",
      "type": "string"
    }
  },
  "resources": [
    {
      "mode": "data",
      "type": "aws_ami",
      "name": "amazon_linux",
      "provider": "provider[\"registry.terraform.io/hashicorp/aws\"]",
      "instances": [
        {
          "schema_version": 0,
          "attributes": {
            "allow_unsafe_filter": null,
            "architecture": "x86_64",
            "arn": "arn:aws:ec2:us-east-1::image/ami-000ec6c25978d5999",
            "block_device_mappings": [
              {
                "device_name": "/dev/xvda",
                "ebs": {
                  "delete_on_termination": "true",
                  "encrypted": "false",
                  "iops": "0",
                  "snapshot_id": "snap-08988707369dd365f",
                  "throughput": "0",
                  "volume_initialization_rate": "0",
                  "volume_size": "8",
                  "volume_type": "gp2"
                },
                "no_device": "",
                "virtual_name": ""
              }
            ],
            "boot_mode": "",
            "creation_date": "2025-06-20T08:52:15.000Z",
            "deprecation_time": "2025-09-18T08:52:00.000Z",
            "description": "Amazon Linux 2 Kernel 5.10 AMI 2.0.20250623.0 x86_64 HVM gp2",
            "ena_support": true,
            "executable_users": null,
            "filter": [
              {
                "name": "name",
                "values": [
                  "amzn2-ami-kernel-5.10-hvm-*-x86_64-gp2"
                ]
              },
              {
                "name": "virtualization-type",
                "values": [
                  "hvm"
                ]
              }
            ],
            "hypervisor": "xen",
            "id": "ami-000ec6c25978d5999",
            "image_id": "ami-000ec6c25978d5999",
            "image_location": "amazon/amzn2-ami-kernel-5.10-hvm-2.0.20250623.0-x86_64-gp2",
            "image_owner_alias": "amazon",
            "image_type": "machine",
            "imds_support": "",
            "include_deprecated": false,
            "kernel_id": "",
            "last_launched_time": "",
            "most_recent": true,
            "name": "amzn2-ami-kernel-5.10-hvm-2.0.20250623.0-x86_64-gp2",
            "name_regex": null,
            "owner_id": "137112412989",
            "owners": [
              "amazon"
            ],
            "platform": "",
            "platform_details": "Linux/UNIX",
            "product_codes": [],
            "public": true,
            "ramdisk_id": "",
            "region": "us-east-1",
            "root_device_name": "/dev/xvda",
            "root_device_type": "ebs",
            "root_snapshot_id": "snap-08988707369dd365f",
            "sriov_net_support": "simple",
            "state": "available",
            "state_reason": {
              "code": "UNSET",
              "message": "UNSET"
            },
            "tags": {},
            "timeouts": null,
            "tpm_support": "",
            "uefi_data": null,
            "usage_operation": "RunInstances",
            "virtualization_type": "hvm"
          },
          "sensitive_attributes": [],
          "identity_schema_version": 0
        }
      ]
    },
    {
      "mode": "managed",
      "type": "aws_iam_instance_profile",
      "name": "endpoint_profile",
      "provider": "provider[\"registry.terraform.io/hashicorp/aws\"]",
      "instances": [
        {
          "schema_version": 0,
          "attributes": {
            "arn": "arn:aws:iam::585008040165:instance-profile/endpoint_profile",
            "create_date": "2025-07-06T16:44:22Z",
            "id": "endpoint_profile",
            "name": "endpoint_profile",
            "name_prefix": "",
            "path": "/",
            "role": "s3-read-only-access-role",
            "tags": null,
            "tags_all": {},
            "unique_id": "AIPAYQNJSJDSXUJPTHCRV"
          },
          "sensitive_attributes": [],
          "identity_schema_version": 0,
          "private": "bnVsbA==",
          "dependencies": [
            "aws_iam_role.s3-read-only-access-role"
          ]
        }
      ]
    },
    {
      "mode": "managed",
      "type": "aws_iam_role",
      "name": "s3-read-only-access-role",
      "provider": "provider[\"registry.terraform.io/hashicorp/aws\"]",
      "instances": [
        {
          "schema_version": 0,
          "attributes": {
            "arn": "arn:aws:iam::585008040165:role/s3-read-only-access-role",
            "assume_role_policy": "{\"Statement\":[{\"Action\":\"sts:AssumeRole\",\"Effect\":\"Allow\",\"Principal\":{\"Service\":\"ec2.amazonaws.com\"}}],\"Version\":\"2012-10-17\"}",
            "create_date": "2025-07-06T16:44:21Z",
            "description": "",
            "force_detach_policies": false,
            "id": "s3-read-only-access-role",
            "inline_policy": [],
            "managed_policy_arns": [],
            "max_session_duration": 3600,
            "name": "s3-read-only-access-role",
            "name_prefix": "",
            "path": "/",
            "permissions_boundary": "",
            "tags": {
              "name": "s3-read-only-access-role"
            },
            "tags_all": {
              "name": "s3-read-only-access-role"
            },
            "unique_id": "AROAYQNJSJDSXMIL62D7B"
          },
          "sensitive_attributes": [],
          "identity_schema_version": 0,
          "identity": {
            "account_id": "585008040165",
            "name": "s3-read-only-access-role"
          },
          "private": "bnVsbA=="
        }
      ]
    },
    {
      "mode": "managed",
      "type": "aws_iam_role_policy_attachment",
      "name": "s3_readonly_attach",
      "provider": "provider[\"registry.terraform.io/hashicorp/aws\"]",
      "instances": [
        {
          "schema_version": 0,
          "attributes": {
            "id": "s3-read-only-access-role/arn:aws:iam::aws:policy/AmazonS3ReadOnlyAccess",
            "policy_arn": "arn:aws:iam::aws:policy/AmazonS3ReadOnlyAccess",
            "role": "s3-read-only-access-role"
          },
          "sensitive_attributes": [],
          "identity_schema_version": 0,
          "identity": {
            "account_id": "585008040165",
            "policy_arn": "arn:aws:iam::aws:policy/AmazonS3ReadOnlyAccess",
            "role": "s3-read-only-access-role"
          },
          "private": "bnVsbA==",
          "dependencies": [
            "aws_iam_role.s3-read-only-access-role"
          ]
        }
      ]
    },
    {
      "mode": "managed",
      "type": "aws_instance",
      "name": "bastion-host",
      "provider": "provider[\"registry.terraform.io/hashicorp/aws\"]",
      "instances": [
        {
          "schema_version": 2,
          "attributes": {
            "ami": "ami-000ec6c25978d5999",
            "arn": "arn:aws:ec2:us-east-1:585008040165:instance/i-0449f27b7a89291b0",
            "associate_public_ip_address": true,
            "availability_zone": "us-east-1a",
            "capacity_reservation_specification": [
              {
                "capacity_reservation_preference": "open",
                "capacity_reservation_target": []
              }
            ],
            "cpu_options": [
              {
                "amd_sev_snp": "",
                "core_count": 1,
                "threads_per_core": 1
              }
            ],
            "credit_specification": [
              {
                "cpu_credits": "standard"
              }
            ],
            "disable_api_stop": false,
            "disable_api_termination": false,
            "ebs_block_device": [],
            "ebs_optimized": false,
            "enable_primary_ipv6": null,
            "enclave_options": [
              {
                "enabled": false
              }
            ],
            "ephemeral_block_device": [],
            "get_password_data": false,
            "hibernation": false,
            "host_id": "",
            "host_resource_group_arn": null,
            "iam_instance_profile": "",
            "id": "i-0449f27b7a89291b0",
            "instance_initiated_shutdown_behavior": "stop",
            "instance_lifecycle": "",
            "instance_market_options": [],
            "instance_state": "running",
            "instance_type": "t2.micro",
            "ipv6_address_count": 0,
            "ipv6_addresses": [],
            "key_name": "bastion_key",
            "launch_template": [],
            "maintenance_options": [
              {
                "auto_recovery": "default"
              }
            ],
            "metadata_options": [
              {
                "http_endpoint": "enabled",
                "http_protocol_ipv6": "disabled",
                "http_put_response_hop_limit": 1,
                "http_tokens": "optional",
                "instance_metadata_tags": "disabled"
              }
            ],
            "monitoring": false,
            "network_interface": [],
            "outpost_arn": "",
            "password_data": "",
            "placement_group": "",
            "placement_partition_number": 0,
            "primary_network_interface_id": "eni-0089ede746aeb803d",
            "private_dns": "ip-192-168-0-21.ec2.internal",
            "private_dns_name_options": [
              {
                "enable_resource_name_dns_a_record": false,
                "enable_resource_name_dns_aaaa_record": false,
                "hostname_type": "ip-name"
              }
            ],
            "private_ip": "192.168.0.21",
            "public_dns": "ec2-13-218-111-171.compute-1.amazonaws.com",
            "public_ip": "13.218.111.171",
            "region": "us-east-1",
            "root_block_device": [
              {
                "delete_on_termination": true,
                "device_name": "/dev/xvda",
                "encrypted": false,
                "iops": 100,
                "kms_key_id": "",
                "tags": {},
                "tags_all": {},
                "throughput": 0,
                "volume_id": "vol-02529ba52ee19ff1b",
                "volume_size": 8,
                "volume_type": "gp2"
              }
            ],
            "secondary_private_ips": [],
            "security_groups": [],
            "source_dest_check": true,
            "spot_instance_request_id": "",
            "subnet_id": "subnet-04aef5308f4a94df0",
            "tags": {
              "Name": "bastion-host"
            },
            "tags_all": {
              "Name": "bastion-host"
            },
            "tenancy": "default",
            "timeouts": null,
            "user_data": null,
            "user_data_base64": null,
            "user_data_replace_on_change": false,
            "volume_tags": null,
            "vpc_security_group_ids": [
              "sg-068525eae20255103"
            ]
          },
          "sensitive_attributes": [],
          "identity_schema_version": 0,
          "private": "eyJlMmJmYjczMC1lY2FhLTExZTYtOGY4OC0zNDM2M2JjN2M0YzAiOnsiY3JlYXRlIjo2MDAwMDAwMDAwMDAsImRlbGV0ZSI6MTIwMDAwMDAwMDAwMCwicmVhZCI6OTAwMDAwMDAwMDAwLCJ1cGRhdGUiOjYwMDAwMDAwMDAwMH0sInNjaGVtYV92ZXJzaW9uIjoiMiJ9",
          "dependencies": [
            "aws_key_pair.generated_key",
            "aws_security_group.bastion-SG",
            "data.aws_ami.amazon_linux",
            "module.vpc.aws_subnet.public",
            "module.vpc.aws_vpc.this",
            "module.vpc.aws_vpc_ipv4_cidr_block_association.this",
            "tls_private_key.bastion_key"
          ]
        }
      ]
    },
    {
      "mode": "managed",
      "type": "aws_instance",
      "name": "endpoint-instance",
      "provider": "provider[\"registry.terraform.io/hashicorp/aws\"]",
      "instances": [
        {
          "schema_version": 2,
          "attributes": {
            "ami": "ami-000ec6c25978d5999",
            "arn": "arn:aws:ec2:us-east-1:585008040165:instance/i-0d1c3822155ff2edb",
            "associate_public_ip_address": false,
            "availability_zone": "us-east-1a",
            "capacity_reservation_specification": [
              {
                "capacity_reservation_preference": "open",
                "capacity_reservation_target": []
              }
            ],
            "cpu_options": [
              {
                "amd_sev_snp": "",
                "core_count": 1,
                "threads_per_core": 1
              }
            ],
            "credit_specification": [
              {
                "cpu_credits": "standard"
              }
            ],
            "disable_api_stop": false,
            "disable_api_termination": false,
            "ebs_block_device": [],
            "ebs_optimized": false,
            "enable_primary_ipv6": null,
            "enclave_options": [
              {
                "enabled": false
              }
            ],
            "ephemeral_block_device": [],
            "get_password_data": false,
            "hibernation": false,
            "host_id": "",
            "host_resource_group_arn": null,
            "iam_instance_profile": "endpoint_profile",
            "id": "i-0d1c3822155ff2edb",
            "instance_initiated_shutdown_behavior": "stop",
            "instance_lifecycle": "",
            "instance_market_options": [],
            "instance_state": "running",
            "instance_type": "t2.micro",
            "ipv6_address_count": 0,
            "ipv6_addresses": [],
            "key_name": "bastion_key",
            "launch_template": [],
            "maintenance_options": [
              {
                "auto_recovery": "default"
              }
            ],
            "metadata_options": [
              {
                "http_endpoint": "enabled",
                "http_protocol_ipv6": "disabled",
                "http_put_response_hop_limit": 1,
                "http_tokens": "optional",
                "instance_metadata_tags": "disabled"
              }
            ],
            "monitoring": false,
            "network_interface": [],
            "outpost_arn": "",
            "password_data": "",
            "placement_group": "",
            "placement_partition_number": 0,
            "primary_network_interface_id": "eni-0a21ebafc38334890",
            "private_dns": "ip-192-168-0-44.ec2.internal",
            "private_dns_name_options": [
              {
                "enable_resource_name_dns_a_record": false,
                "enable_resource_name_dns_aaaa_record": false,
                "hostname_type": "ip-name"
              }
            ],
            "private_ip": "192.168.0.44",
            "public_dns": "",
            "public_ip": "",
            "region": "us-east-1",
            "root_block_device": [
              {
                "delete_on_termination": true,
                "device_name": "/dev/xvda",
                "encrypted": false,
                "iops": 100,
                "kms_key_id": "",
                "tags": {},
                "tags_all": {},
                "throughput": 0,
                "volume_id": "vol-021d0e6a1bd114009",
                "volume_size": 8,
                "volume_type": "gp2"
              }
            ],
            "secondary_private_ips": [],
            "security_groups": [],
            "source_dest_check": true,
            "spot_instance_request_id": "",
            "subnet_id": "subnet-090d0533a410dfb86",
            "tags": {
              "Name": "endpoint-instance"
            },
            "tags_all": {
              "Name": "endpoint-instance"
            },
            "tenancy": "default",
            "timeouts": null,
            "user_data": null,
            "user_data_base64": null,
            "user_data_replace_on_change": false,
            "volume_tags": null,
            "vpc_security_group_ids": [
              "sg-066799b868267ae8f"
            ]
          },
          "sensitive_attributes": [],
          "identity_schema_version": 0,
          "private": "eyJlMmJmYjczMC1lY2FhLTExZTYtOGY4OC0zNDM2M2JjN2M0YzAiOnsiY3JlYXRlIjo2MDAwMDAwMDAwMDAsImRlbGV0ZSI6MTIwMDAwMDAwMDAwMCwicmVhZCI6OTAwMDAwMDAwMDAwLCJ1cGRhdGUiOjYwMDAwMDAwMDAwMH0sInNjaGVtYV92ZXJzaW9uIjoiMiJ9",
          "dependencies": [
            "aws_iam_instance_profile.endpoint_profile",
            "aws_iam_role.s3-read-only-access-role",
            "aws_key_pair.generated_key",
            "aws_security_group.endpoint-SG",
            "data.aws_ami.amazon_linux",
            "module.vpc.aws_subnet.private",
            "module.vpc.aws_vpc.this",
            "module.vpc.aws_vpc_ipv4_cidr_block_association.this",
            "tls_private_key.bastion_key"
          ]
        }
      ]
    },
    {
      "mode": "managed",
      "type": "aws_key_pair",
      "name": "generated_key",
      "provider": "provider[\"registry.terraform.io/hashicorp/aws\"]",
      "instances": [
        {
          "schema_version": 1,
          "attributes": {
            "arn": "arn:aws:ec2:us-east-1:585008040165:key-pair/bastion_key",
            "fingerprint": "46:d5:69:17:b8:c0:e0:be:63:b8:e2:31:0c:25:43:d7",
            "id": "bastion_key",
            "key_name": "bastion_key",
            "key_name_prefix": "",
            "key_pair_id": "key-0105879f0ca6d40ab",
            "key_type": "rsa",
            "public_key": "ssh-rsa AAAAB3NzaC1yc2EAAAADAQABAAACAQCbsp7Wg3dnYPEtfqUaTjRYD/gIluCXTo3eaACxRhI0ToOC+qQeUnevOheHYMZHTRT5qZMzEoWxXO857vrOJ5r7+OxOfBxBMlGf73grk/F8uSFvwBnrmnb62QDbPlAyEA/ars0Pcyxxi2W3Tikq8NbiF+wrhw7d9SIRHMsF4/G224PSBlUpJtbmU/5L5eF9+U8DLk4ainkbt9+oVXB3zD11jS8eBbJShLxa7ICqYye5YZtgAHTjj0QB+36L3zJ8cwt7/q/ArLKZs+H1eyyJZx6bsSm4RjGuUJTPq8NoZUeV+Op/ANP+87HyEMPAn6oUD2GhY32nuagiTeNXR/yecO9630TBWIWM5iKELYRbCz+s6e4UH4OUm2BCLmZBp45bG1YfQH8mkRH3990DKCttFDXlJh5DaPAqsdl13gSoH6cYhNCe6EJiH50dYpwp+pgEk2mG4UcESaPrITj59UbG6TnpKLkmrh71b9hn2jNdw96/ofiXt3S/9+rxQvr/6/7kLXiQNcSCVpsAhAcAQAFUGAopXajQuwICS5KaYOReFhWgh7R/72PItk1HIb0NXxVwapIqWU7a5CiDJoWAeYs+ixw51q6JlzB8IJTpkj6U3RBK4RiPgBL0QN7+YAnLZOP1VvcLSEOP+/muJ/jzZvfNMvC9T+WCsYfBzb9Rw6f/kvZq9w==",
            "region": "us-east-1",
            "tags": null,
            "tags_all": {}
          },
          "sensitive_attributes": [],
          "identity_schema_version": 0,
          "private": "eyJzY2hlbWFfdmVyc2lvbiI6IjEifQ==",
          "dependencies": [
            "tls_private_key.bastion_key"
          ]
        }
      ]
    },
    {
      "mode": "managed",
      "type": "aws_security_group",
      "name": "bastion-SG",
      "provider": "provider[\"registry.terraform.io/hashicorp/aws\"]",
      "instances": [
        {
          "schema_version": 1,
          "attributes": {
            "arn": "arn:aws:ec2:us-east-1:585008040165:security-group/sg-068525eae20255103",
            "description": "Security group for the bastion host",
            "egress": [],
            "id": "sg-068525eae20255103",
            "ingress": [],
            "name": "bastion-SG",
            "name_prefix": "",
            "owner_id": "585008040165",
            "region": "us-east-1",
            "revoke_rules_on_delete": false,
            "tags": {
              "Name": "bastion-SG"
            },
            "tags_all": {
              "Name": "bastion-SG"
            },
            "timeouts": null,
            "vpc_id": "vpc-0c9fd5b628206737a"
          },
          "sensitive_attributes": [],
          "identity_schema_version": 0,
          "private": "eyJlMmJmYjczMC1lY2FhLTExZTYtOGY4OC0zNDM2M2JjN2M0YzAiOnsiY3JlYXRlIjo2MDAwMDAwMDAwMDAsImRlbGV0ZSI6OTAwMDAwMDAwMDAwfSwic2NoZW1hX3ZlcnNpb24iOiIxIn0=",
          "dependencies": [
            "module.vpc.aws_vpc.this"
          ]
        }
      ]
    },
    {
      "mode": "managed",
      "type": "aws_security_group",
      "name": "endpoint-SG",
      "provider": "provider[\"registry.terraform.io/hashicorp/aws\"]",
      "instances": [
        {
          "schema_version": 1,
          "attributes": {
            "arn": "arn:aws:ec2:us-east-1:585008040165:security-group/sg-066799b868267ae8f",
            "description": "Security group for S3 endpoint",
            "egress": [],
            "id": "sg-066799b868267ae8f",
            "ingress": [],
            "name": "endpoint-SG",
            "name_prefix": "",
            "owner_id": "585008040165",
            "region": "us-east-1",
            "revoke_rules_on_delete": false,
            "tags": {
              "Name": "endpoint-SG"
            },
            "tags_all": {
              "Name": "endpoint-SG"
            },
            "timeouts": null,
            "vpc_id": "vpc-0c9fd5b628206737a"
          },
          "sensitive_attributes": [],
          "identity_schema_version": 0,
          "private": "eyJlMmJmYjczMC1lY2FhLTExZTYtOGY4OC0zNDM2M2JjN2M0YzAiOnsiY3JlYXRlIjo2MDAwMDAwMDAwMDAsImRlbGV0ZSI6OTAwMDAwMDAwMDAwfSwic2NoZW1hX3ZlcnNpb24iOiIxIn0=",
          "dependencies": [
            "module.vpc.aws_vpc.this"
          ]
        }
      ]
    },
    {
      "mode": "managed",
      "type": "aws_vpc_security_group_egress_rule",
      "name": "allow_all_traffic_ipv4_bastion",
      "provider": "provider[\"registry.terraform.io/hashicorp/aws\"]",
      "instances": [
        {
          "schema_version": 0,
          "attributes": {
            "arn": "arn:aws:ec2:us-east-1:585008040165:security-group-rule/sgr-0e0d092f756e17d3e",
            "cidr_ipv4": "0.0.0.0/0",
            "cidr_ipv6": null,
            "description": null,
            "from_port": null,
            "id": "sgr-0e0d092f756e17d3e",
            "ip_protocol": "-1",
            "prefix_list_id": null,
            "referenced_security_group_id": null,
            "region": "us-east-1",
            "security_group_id": "sg-068525eae20255103",
            "security_group_rule_id": "sgr-0e0d092f756e17d3e",
            "tags": null,
            "tags_all": {},
            "to_port": null
          },
          "sensitive_attributes": [],
          "identity_schema_version": 0,
          "dependencies": [
            "aws_security_group.bastion-SG",
            "module.vpc.aws_vpc.this"
          ]
        }
      ]
    },
    {
      "mode": "managed",
      "type": "aws_vpc_security_group_egress_rule",
      "name": "allow_all_traffic_ipv4_endpoint",
      "provider": "provider[\"registry.terraform.io/hashicorp/aws\"]",
      "instances": [
        {
          "schema_version": 0,
          "attributes": {
            "arn": "arn:aws:ec2:us-east-1:585008040165:security-group-rule/sgr-0ad276a2980e792df",
            "cidr_ipv4": "0.0.0.0/0",
            "cidr_ipv6": null,
            "description": null,
            "from_port": null,
            "id": "sgr-0ad276a2980e792df",
            "ip_protocol": "-1",
            "prefix_list_id": null,
            "referenced_security_group_id": null,
            "region": "us-east-1",
            "security_group_id": "sg-066799b868267ae8f",
            "security_group_rule_id": "sgr-0ad276a2980e792df",
            "tags": null,
            "tags_all": {},
            "to_port": null
          },
          "sensitive_attributes": [],
          "identity_schema_version": 0,
          "dependencies": [
            "aws_security_group.endpoint-SG",
            "module.vpc.aws_vpc.this"
          ]
        }
      ]
    },
    {
      "mode": "managed",
      "type": "aws_vpc_security_group_egress_rule",
      "name": "allow_all_traffic_ipv6_bastion",
      "provider": "provider[\"registry.terraform.io/hashicorp/aws\"]",
      "instances": [
        {
          "schema_version": 0,
          "attributes": {
            "arn": "arn:aws:ec2:us-east-1:585008040165:security-group-rule/sgr-016687927dedc4359",
            "cidr_ipv4": null,
            "cidr_ipv6": "::/0",
            "description": null,
            "from_port": null,
            "id": "sgr-016687927dedc4359",
            "ip_protocol": "-1",
            "prefix_list_id": null,
            "referenced_security_group_id": null,
            "region": "us-east-1",
            "security_group_id": "sg-068525eae20255103",
            "security_group_rule_id": "sgr-016687927dedc4359",
            "tags": null,
            "tags_all": {},
            "to_port": null
          },
          "sensitive_attributes": [],
          "identity_schema_version": 0,
          "dependencies": [
            "aws_security_group.bastion-SG",
            "module.vpc.aws_vpc.this"
          ]
        }
      ]
    },
    {
      "mode": "managed",
      "type": "aws_vpc_security_group_egress_rule",
      "name": "allow_all_traffic_ipv6_endpoint",
      "provider": "provider[\"registry.terraform.io/hashicorp/aws\"]",
      "instances": [
        {
          "schema_version": 0,
          "attributes": {
            "arn": "arn:aws:ec2:us-east-1:585008040165:security-group-rule/sgr-00f1596c820185c9c",
            "cidr_ipv4": null,
            "cidr_ipv6": "::/0",
            "description": null,
            "from_port": null,
            "id": "sgr-00f1596c820185c9c",
            "ip_protocol": "-1",
            "prefix_list_id": null,
            "referenced_security_group_id": null,
            "region": "us-east-1",
            "security_group_id": "sg-066799b868267ae8f",
            "security_group_rule_id": "sgr-00f1596c820185c9c",
            "tags": null,
            "tags_all": {},
            "to_port": null
          },
          "sensitive_attributes": [],
          "identity_schema_version": 0,
          "dependencies": [
            "aws_security_group.endpoint-SG",
            "module.vpc.aws_vpc.this"
          ]
        }
      ]
    },
    {
      "mode": "managed",
      "type": "aws_vpc_security_group_ingress_rule",
      "name": "allow_ssh_from_anywhere",
      "provider": "provider[\"registry.terraform.io/hashicorp/aws\"]",
      "instances": [
        {
          "index_key": "22",
          "schema_version": 0,
          "attributes": {
            "arn": "arn:aws:ec2:us-east-1:585008040165:security-group-rule/sgr-0e3e4e9416846cc2a",
            "cidr_ipv4": "0.0.0.0/0",
            "cidr_ipv6": null,
            "description": null,
            "from_port": 22,
            "id": "sgr-0e3e4e9416846cc2a",
            "ip_protocol": "tcp",
            "prefix_list_id": null,
            "referenced_security_group_id": null,
            "region": "us-east-1",
            "security_group_id": "sg-068525eae20255103",
            "security_group_rule_id": "sgr-0e3e4e9416846cc2a",
            "tags": null,
            "tags_all": {},
            "to_port": 22
          },
          "sensitive_attributes": [],
          "identity_schema_version": 0,
          "dependencies": [
            "aws_security_group.bastion-SG",
            "module.vpc.aws_vpc.this"
          ]
        },
        {
          "index_key": "443",
          "schema_version": 0,
          "attributes": {
            "arn": "arn:aws:ec2:us-east-1:585008040165:security-group-rule/sgr-007afe83eecc34247",
            "cidr_ipv4": "0.0.0.0/0",
            "cidr_ipv6": null,
            "description": null,
            "from_port": 443,
            "id": "sgr-007afe83eecc34247",
            "ip_protocol": "tcp",
            "prefix_list_id": null,
            "referenced_security_group_id": null,
            "region": "us-east-1",
            "security_group_id": "sg-068525eae20255103",
            "security_group_rule_id": "sgr-007afe83eecc34247",
            "tags": null,
            "tags_all": {},
            "to_port": 443
          },
          "sensitive_attributes": [],
          "identity_schema_version": 0,
          "dependencies": [
            "aws_security_group.bastion-SG",
            "module.vpc.aws_vpc.this"
          ]
        },
        {
          "index_key": "80",
          "schema_version": 0,
          "attributes": {
            "arn": "arn:aws:ec2:us-east-1:585008040165:security-group-rule/sgr-05f0360855d459580",
            "cidr_ipv4": "0.0.0.0/0",
            "cidr_ipv6": null,
            "description": null,
            "from_port": 80,
            "id": "sgr-05f0360855d459580",
            "ip_protocol": "tcp",
            "prefix_list_id": null,
            "referenced_security_group_id": null,
            "region": "us-east-1",
            "security_group_id": "sg-068525eae20255103",
            "security_group_rule_id": "sgr-05f0360855d459580",
            "tags": null,
            "tags_all": {},
            "to_port": 80
          },
          "sensitive_attributes": [],
          "identity_schema_version": 0,
          "dependencies": [
            "aws_security_group.bastion-SG",
            "module.vpc.aws_vpc.this"
          ]
        }
      ]
    },
    {
      "mode": "managed",
      "type": "aws_vpc_security_group_ingress_rule",
      "name": "allow_ssh_from_bastion",
      "provider": "provider[\"registry.terraform.io/hashicorp/aws\"]",
      "instances": [
        {
          "index_key": "22",
          "schema_version": 0,
          "attributes": {
            "arn": "arn:aws:ec2:us-east-1:585008040165:security-group-rule/sgr-0e3c8c4c262359c14",
            "cidr_ipv4": null,
            "cidr_ipv6": null,
            "description": null,
            "from_port": 22,
            "id": "sgr-0e3c8c4c262359c14",
            "ip_protocol": "tcp",
            "prefix_list_id": null,
            "referenced_security_group_id": "sg-068525eae20255103",
            "region": "us-east-1",
            "security_group_id": "sg-066799b868267ae8f",
            "security_group_rule_id": "sgr-0e3c8c4c262359c14",
            "tags": null,
            "tags_all": {},
            "to_port": 22
          },
          "sensitive_attributes": [],
          "identity_schema_version": 0,
          "dependencies": [
            "aws_security_group.bastion-SG",
            "aws_security_group.endpoint-SG",
            "module.vpc.aws_vpc.this"
          ]
        }
      ]
    },
    {
      "mode": "managed",
      "type": "local_file",
      "name": "bastion_private_key",
      "provider": "provider[\"registry.terraform.io/hashicorp/local\"]",
      "instances": [
        {
          "schema_version": 0,
          "attributes": {
            "content": "-----BEGIN RSA PRIVATE KEY-----\nMIIJKQIBAAKCAgEAm7Ke1oN3Z2DxLX6lGk40WA/4CJbgl06N3mgAsUYSNE6Dgvqk\nHlJ3rzoXh2DGR00U+amTMxKFsVzvOe76ziea+/jsTnwcQTJRn+94K5PxfLkhb8AZ\n65p2+tkA2z5QMhAP2q7ND3MscYtlt04pKvDW4hfsK4cO3fUiERzLBePxttuD0gZV\nKSbW5lP+S+XhfflPAy5OGop5G7ffqFVwd8w9dY0vHgWyUoS8WuyAqmMnuWGbYAB0\n449EAft+i98yfHMLe/6vwKyymbPh9XssiWcem7EpuEYxrlCUz6vDaGVHlfjqfwDT\n/vOx8hDDwJ+qFA9hoWN9p7moIk3jV0f8nnDvet9EwViFjOYihC2EWws/rOnuFB+D\nlJtgQi5mQaeOWxtWH0B/JpER9/fdAygrbRQ15SYeQ2jwKrHZdd4EqB+nGITQnuhC\nYh+dHWKcKfqYBJNphuFHBEmj6yE4+fVGxuk56Si5Jq4e9W/YZ9ozXcPev6H4l7d0\nv/fq8UL6/+v+5C14kDXEglabAIQHAEABVBgKKV2o0LsCAkuSmmDkXhYVoIe0f+9j\nyLZNRyG9DV8VcGqSKllO2uQogyaFgHmLPoscOdauiZcwfCCU6ZI+lN0QSuEYj4AS\n9EDe/mAJy2Tj9Vb3C0hDj/v5rif482b3zTLwvU/lgrGHwc2/UcOn/5L2avcCAwEA\nAQKCAgAnyUYzlNavUSNwN7ui9DcGBdahA0UTBRzVp4f9xOUj/qg2kSvdH7+7xEF8\n86rXT4g7oCygUWxefVwYVsw6X/6Hwv1HtQlXU69uCjiQEjcUYw57SwCUpx0eTtOc\nMtk1YctbW23FM+44eaGdbNiyQ2b10Z0lJlcTOu/gpZXvxGbhDkkqIzoh0O37X51M\n8cpkcY/SRUPqHlaCUcNSdbrOsh9GabSPnG8MDSVAqszaPYpKIfodVyCHgfWj+AtH\nXNq+2HsnzVZGCxt8kW39V+NynSpCKMx7bVyGqcrNIpxFkhPv6/KoT6LctJNVQxly\noJpKk/+jyRO0B4pCcdrVU+zm4/8d5eEJvlMonL442DcyN7FeVDigA3au8FiKIWyT\nAaLY8f8cziffrwAKTa3yPZvnxA9J6rG6sHIeCIsibcW2kXTXtPPkKZ22KylXrT6k\nmCcE+gHuo5HlUQCQZHsNy1XRyefUqhlcaPiqgHWxkuys/HsbLf9Q/EU6LYezLbAy\nUPWb3TRsCq/hO6S//aStPLuNUwRKzUKe2ESRx8pu+Z5f5GJqUMelqT7q7d50Rt62\nBKY9VzyBOMJQQY+TCDFFYjEoUa/doKhoj4WVwjRPavVPQaaEi9Vz1v1Mhw398JkA\ns9ZDuL5bHD/07770bPrgg81se8rY/g09NC0PYjvD2oeRa7eviQKCAQEAxDWjOYbl\nscYIOo/Gful8OKsCSmZiy9aviTxXZGF5JyTI0G/5bMPoEcYlFGYiQGkrg1Zxza3+\nCaExlpok7lgxA2YN+l4GFLaaAxsWexCXSIuN98nSHGGtRW+TjZL/1ROQzYd8m3LU\natK6Tgo39rrH6vZZr2gwVVGQswIbkRUa97flWftwRQI5NcgTb0Jx9sgG4ubXRP/z\ntGPwurJOp0iOwpT8Hp3InlJkagFfjRUDyhGBerjvh82QI+UbzO5D+GInPRReJ2LB\nIlXPPVNgf+nD3zm8xCKUwBQEdDBgXS3BAhBVTpV3t3cGROBOFRcp8+GBqCYyMTfU\nGNiKf/labXTGMwKCAQEAyySlhZFD5AyqUjBESAsx96vmT5ujCTh8phH0cJvGp6c6\nkRE+ENGwHnYiD/JlgKQrv52vDoUyl+ge92urRU/NwE9ySahhGrLc+PVsPQYt2pM+\nLpcfkyyqpo2MxI6pGz+azpMjLm5hW5nVGVtNrlJlupvW6o76I37IkIg3aynqL3cu\nq7n4Cx2bYc1VkPlt1pNDD788kdKjWfzk3huJJWwJVDgK7tUxOieE+h8t6gcesKW0\n6TtkwFh+kAkgVlwI4i6sAWk8HXwNJSJDatAdKOusCmpcmD5Hjy9FFyQaOqVxK8uM\nnda8/188GrAgKmTUU9AyDpcTs4CHzbV6ia/mOzYcLQKCAQEAwAJVd0hho3TOPLDS\naQQIglQna7OCX0P6h+w7AYq5yuqecgwCJMQaaLplMu83+Zxx7pc7yzHH9ph+NIko\nNu6rGE5Yw3gbr016ritl9oyn32BiT+h66zdTHy4vUU5Xeacp/1flQyI+aUNK+m/Z\nkGP8nBz0a0kkc3nchrE7VOE4gM6/bS04EvA4GD9xdWGqsPvScV3BsE5hqVhcDffM\nLLw+qICvsS5rUzQB/BLX9PJpwOcctIIiNd2efuIIMKXCcmFrUMSL1zM3GWir47Gi\nL8sN2XdhGPdWZhmwuhtVUhoiVOiy8rImc63Qvrpa7xy5+2XlQi4O1Ed0EdRmxRG5\nwn+SLQKCAQAXo1oHYtHtlXO0QJ2RbIwR79TK6qdcCVCn2msBN380PwdXnhQEzQGb\nac+o32HkSDY3A9g87k7m0kHYNJUnaZPdjuETpR43hxyjc5t2tmNbjcqsjTVFYOsy\nmkIJFTikTRBsfT6YxotZp1reqnstj7T6s+ucO6rrunMILnGUbLotb8bkgK1WTcmo\n5cXRKtUXJOemy2/23/XWINFY7wdUbW/gduz+wZwK0lJs8HfdRZrSn1Wf1iNxJlsD\n06wJoIgAGcI2H9K485hr+8KwiSr7egD47Ut9A7I7/RojCTZsIJg8qmDgdP5lEOXj\njR8RD86NOiq4++d0+b3TuAxcPTWjKja5AoIBAQCqbDs21u7XMlfmd+jzbBBhxIPb\nCZVDmeQD96oLvVCUmk7cZGOcNMABA6/7NxIgC9hP6Y/9sF+8yxi6MMbwaeTFGH0t\nTwWQFKlBk1Rr9Z97Dr2vStnq9geVX8NjxQUQpYfth9LHgDZ6KX9X06VFLxTI/s6t\nLkRs1wA3VRZKo7NR3UfXVnVe4hmTnRxoCHkczisxBlZpfd2zt6+KvR1mrGy5LFex\nZhiIHmlH+bl5Pm0OgMQUuKNK98db9lIkIixnNVu8b/XePdnRxtWGi1DHY4hb5tGH\nwXc72X/DycArQMizQr5gxRRYsAKvUDpz5K3IZWww4FgB+Hov6rphxuiBvCIp\n-----END RSA PRIVATE KEY-----\n",
            "content_base64": null,
            "content_base64sha256": "Cf7qmQEWorgudWEJppeR2FXgc5YqMQKgy3VKucHnE/I=",
            "content_base64sha512": "5eS4DMorKQKDlO8oAK4w66FKImSBz0ysYkzGTwg5QjR1F8XEFTNIlPPe7rPg/wmAuV8Wb9HmCImuwWU69tL4vA==",
            "content_md5": "e32374dc63f52808a844fe557e8fa363",
            "content_sha1": "6a0dea13a6659f07421f062f3d2cd4bae2b02a6e",
            "content_sha256": "09feea990116a2b82e756109a69791d855e073962a3102a0cb754ab9c1e713f2",
            "content_sha512": "e5e4b80cca2b29028394ef2800ae30eba14a226481cf4cac624cc64f083942347517c5c415334894f3deeeb3e0ff0980b95f166fd1e60889aec1653af6d2f8bc",
            "directory_permission": "0777",
            "file_permission": "0777",
            "filename": "./bastion_private_key.pem",
            "id": "6a0dea13a6659f07421f062f3d2cd4bae2b02a6e",
            "sensitive_content": null,
            "source": null
          },
          "sensitive_attributes": [
            [
              {
                "type": "get_attr",
                "value": "content"
              }
            ],
            [
              {
                "type": "get_attr",
                "value": "sensitive_content"
              }
            ]
          ],
          "identity_schema_version": 0,
          "dependencies": [
            "tls_private_key.bastion_key"
          ]
        }
      ]
    },
    {
      "mode": "managed",
      "type": "tls_private_key",
      "name": "bastion_key",
      "provider": "provider[\"registry.terraform.io/hashicorp/tls\"]",
      "instances": [
        {
          "schema_version": 1,
          "attributes": {
            "algorithm": "RSA",
            "ecdsa_curve": "P224",
            "id": "b8f8149f2dd8a562ebd3eed89e87b4c21bb40fab",
            "private_key_openssh": "-----BEGIN OPENSSH PRIVATE KEY-----\nb3BlbnNzaC1rZXktdjEAAAAABG5vbmUAAAAEbm9uZQAAAAAAAAABAAACFwAAAAdz\nc2gtcnNhAAAAAwEAAQAAAgEAm7Ke1oN3Z2DxLX6lGk40WA/4CJbgl06N3mgAsUYS\nNE6DgvqkHlJ3rzoXh2DGR00U+amTMxKFsVzvOe76ziea+/jsTnwcQTJRn+94K5Px\nfLkhb8AZ65p2+tkA2z5QMhAP2q7ND3MscYtlt04pKvDW4hfsK4cO3fUiERzLBePx\nttuD0gZVKSbW5lP+S+XhfflPAy5OGop5G7ffqFVwd8w9dY0vHgWyUoS8WuyAqmMn\nuWGbYAB0449EAft+i98yfHMLe/6vwKyymbPh9XssiWcem7EpuEYxrlCUz6vDaGVH\nlfjqfwDT/vOx8hDDwJ+qFA9hoWN9p7moIk3jV0f8nnDvet9EwViFjOYihC2EWws/\nrOnuFB+DlJtgQi5mQaeOWxtWH0B/JpER9/fdAygrbRQ15SYeQ2jwKrHZdd4EqB+n\nGITQnuhCYh+dHWKcKfqYBJNphuFHBEmj6yE4+fVGxuk56Si5Jq4e9W/YZ9ozXcPe\nv6H4l7d0v/fq8UL6/+v+5C14kDXEglabAIQHAEABVBgKKV2o0LsCAkuSmmDkXhYV\noIe0f+9jyLZNRyG9DV8VcGqSKllO2uQogyaFgHmLPoscOdauiZcwfCCU6ZI+lN0Q\nSuEYj4AS9EDe/mAJy2Tj9Vb3C0hDj/v5rif482b3zTLwvU/lgrGHwc2/UcOn/5L2\navcAAAc4qeU2iqnlNooAAAAHc3NoLXJzYQAAAgEAm7Ke1oN3Z2DxLX6lGk40WA/4\nCJbgl06N3mgAsUYSNE6DgvqkHlJ3rzoXh2DGR00U+amTMxKFsVzvOe76ziea+/js\nTnwcQTJRn+94K5PxfLkhb8AZ65p2+tkA2z5QMhAP2q7ND3MscYtlt04pKvDW4hfs\nK4cO3fUiERzLBePxttuD0gZVKSbW5lP+S+XhfflPAy5OGop5G7ffqFVwd8w9dY0v\nHgWyUoS8WuyAqmMnuWGbYAB0449EAft+i98yfHMLe/6vwKyymbPh9XssiWcem7Ep\nuEYxrlCUz6vDaGVHlfjqfwDT/vOx8hDDwJ+qFA9hoWN9p7moIk3jV0f8nnDvet9E\nwViFjOYihC2EWws/rOnuFB+DlJtgQi5mQaeOWxtWH0B/JpER9/fdAygrbRQ15SYe\nQ2jwKrHZdd4EqB+nGITQnuhCYh+dHWKcKfqYBJNphuFHBEmj6yE4+fVGxuk56Si5\nJq4e9W/YZ9ozXcPev6H4l7d0v/fq8UL6/+v+5C14kDXEglabAIQHAEABVBgKKV2o\n0LsCAkuSmmDkXhYVoIe0f+9jyLZNRyG9DV8VcGqSKllO2uQogyaFgHmLPoscOdau\niZcwfCCU6ZI+lN0QSuEYj4AS9EDe/mAJy2Tj9Vb3C0hDj/v5rif482b3zTLwvU/l\ngrGHwc2/UcOn/5L2avcAAAADAQABAAACACfJRjOU1q9RI3A3u6L0NwYF1qEDRRMF\nHNWnh/3E5SP+qDaRK90fv7vEQXzzqtdPiDugLKBRbF59XBhWzDpf/ofC/Ue1CVdT\nr24KOJASNxRjDntLAJSnHR5O05wy2TVhy1tbbcUz7jh5oZ1s2LJDZvXRnSUmVxM6\n7+Clle/EZuEOSSojOiHQ7ftfnUzxymRxj9JFQ+oeVoJRw1J1us6yH0ZptI+cbwwN\nJUCqzNo9ikoh+h1XIIeB9aP4C0dc2r7YeyfNVkYLG3yRbf1X43KdKkIozHttXIap\nys0inEWSE+/r8qhPoty0k1VDGXKgmkqT/6PJE7QHikJx2tVT7Obj/x3l4Qm+Uyic\nvjjYNzI3sV5UOKADdq7wWIohbJMBotjx/xzOJ9+vAApNrfI9m+fED0nqsbqwch4I\niyJtxbaRdNe08+QpnbYrKVetPqSYJwT6Ae6jkeVRAJBkew3LVdHJ59SqGVxo+KqA\ndbGS7Kz8exst/1D8RToth7MtsDJQ9ZvdNGwKr+E7pL/9pK08u41TBErNQp7YRJHH\nym75nl/kYmpQx6WpPurt3nRG3rYEpj1XPIE4wlBBj5MIMUViMShRr92gqGiPhZXC\nNE9q9U9BpoSL1XPW/UyHDf3wmQCz1kO4vlscP/TvvvRs+uCDzWx7ytj+DT00LQ9i\nO8Pah5Frt6+JAAABAQCqbDs21u7XMlfmd+jzbBBhxIPbCZVDmeQD96oLvVCUmk7c\nZGOcNMABA6/7NxIgC9hP6Y/9sF+8yxi6MMbwaeTFGH0tTwWQFKlBk1Rr9Z97Dr2v\nStnq9geVX8NjxQUQpYfth9LHgDZ6KX9X06VFLxTI/s6tLkRs1wA3VRZKo7NR3UfX\nVnVe4hmTnRxoCHkczisxBlZpfd2zt6+KvR1mrGy5LFexZhiIHmlH+bl5Pm0OgMQU\nuKNK98db9lIkIixnNVu8b/XePdnRxtWGi1DHY4hb5tGHwXc72X/DycArQMizQr5g\nxRRYsAKvUDpz5K3IZWww4FgB+Hov6rphxuiBvCIpAAABAQDENaM5huWxxgg6j8Z+\n6Xw4qwJKZmLL1q+JPFdkYXknJMjQb/lsw+gRxiUUZiJAaSuDVnHNrf4JoTGWmiTu\nWDEDZg36XgYUtpoDGxZ7EJdIi433ydIcYa1Fb5ONkv/VE5DNh3ybctRq0rpOCjf2\nusfq9lmvaDBVUZCzAhuRFRr3t+VZ+3BFAjk1yBNvQnH2yAbi5tdE//O0Y/C6sk6n\nSI7ClPwencieUmRqAV+NFQPKEYF6uO+HzZAj5RvM7kP4Yic9FF4nYsEiVc89U2B/\n6cPfObzEIpTAFAR0MGBdLcECEFVOlXe3dwZE4E4VFynz4YGoJjIxN9QY2Ip/+Vpt\ndMYzAAABAQDLJKWFkUPkDKpSMERICzH3q+ZPm6MJOHymEfRwm8anpzqRET4Q0bAe\ndiIP8mWApCu/na8OhTKX6B73a6tFT83AT3JJqGEastz49Ww9Bi3akz4ulx+TLKqm\njYzEjqkbP5rOkyMubmFbmdUZW02uUmW6m9bqjvojfsiQiDdrKeovdy6rufgLHZth\nzVWQ+W3Wk0MPvzyR0qNZ/OTeG4klbAlUOAru1TE6J4T6Hy3qBx6wpbTpO2TAWH6Q\nCSBWXAjiLqwBaTwdfA0lIkNq0B0o66wKalyYPkePL0UXJBo6pXEry4yd1rz/Xzwa\nsCAqZNRT0DIOlxOzgIfNtXqJr+Y7NhwtAAAAAAEC\n-----END OPENSSH PRIVATE KEY-----\n",
            "private_key_pem": "-----BEGIN RSA PRIVATE KEY-----\nMIIJKQIBAAKCAgEAm7Ke1oN3Z2DxLX6lGk40WA/4CJbgl06N3mgAsUYSNE6Dgvqk\nHlJ3rzoXh2DGR00U+amTMxKFsVzvOe76ziea+/jsTnwcQTJRn+94K5PxfLkhb8AZ\n65p2+tkA2z5QMhAP2q7ND3MscYtlt04pKvDW4hfsK4cO3fUiERzLBePxttuD0gZV\nKSbW5lP+S+XhfflPAy5OGop5G7ffqFVwd8w9dY0vHgWyUoS8WuyAqmMnuWGbYAB0\n449EAft+i98yfHMLe/6vwKyymbPh9XssiWcem7EpuEYxrlCUz6vDaGVHlfjqfwDT\n/vOx8hDDwJ+qFA9hoWN9p7moIk3jV0f8nnDvet9EwViFjOYihC2EWws/rOnuFB+D\nlJtgQi5mQaeOWxtWH0B/JpER9/fdAygrbRQ15SYeQ2jwKrHZdd4EqB+nGITQnuhC\nYh+dHWKcKfqYBJNphuFHBEmj6yE4+fVGxuk56Si5Jq4e9W/YZ9ozXcPev6H4l7d0\nv/fq8UL6/+v+5C14kDXEglabAIQHAEABVBgKKV2o0LsCAkuSmmDkXhYVoIe0f+9j\nyLZNRyG9DV8VcGqSKllO2uQogyaFgHmLPoscOdauiZcwfCCU6ZI+lN0QSuEYj4AS\n9EDe/mAJy2Tj9Vb3C0hDj/v5rif482b3zTLwvU/lgrGHwc2/UcOn/5L2avcCAwEA\nAQKCAgAnyUYzlNavUSNwN7ui9DcGBdahA0UTBRzVp4f9xOUj/qg2kSvdH7+7xEF8\n86rXT4g7oCygUWxefVwYVsw6X/6Hwv1HtQlXU69uCjiQEjcUYw57SwCUpx0eTtOc\nMtk1YctbW23FM+44eaGdbNiyQ2b10Z0lJlcTOu/gpZXvxGbhDkkqIzoh0O37X51M\n8cpkcY/SRUPqHlaCUcNSdbrOsh9GabSPnG8MDSVAqszaPYpKIfodVyCHgfWj+AtH\nXNq+2HsnzVZGCxt8kW39V+NynSpCKMx7bVyGqcrNIpxFkhPv6/KoT6LctJNVQxly\noJpKk/+jyRO0B4pCcdrVU+zm4/8d5eEJvlMonL442DcyN7FeVDigA3au8FiKIWyT\nAaLY8f8cziffrwAKTa3yPZvnxA9J6rG6sHIeCIsibcW2kXTXtPPkKZ22KylXrT6k\nmCcE+gHuo5HlUQCQZHsNy1XRyefUqhlcaPiqgHWxkuys/HsbLf9Q/EU6LYezLbAy\nUPWb3TRsCq/hO6S//aStPLuNUwRKzUKe2ESRx8pu+Z5f5GJqUMelqT7q7d50Rt62\nBKY9VzyBOMJQQY+TCDFFYjEoUa/doKhoj4WVwjRPavVPQaaEi9Vz1v1Mhw398JkA\ns9ZDuL5bHD/07770bPrgg81se8rY/g09NC0PYjvD2oeRa7eviQKCAQEAxDWjOYbl\nscYIOo/Gful8OKsCSmZiy9aviTxXZGF5JyTI0G/5bMPoEcYlFGYiQGkrg1Zxza3+\nCaExlpok7lgxA2YN+l4GFLaaAxsWexCXSIuN98nSHGGtRW+TjZL/1ROQzYd8m3LU\natK6Tgo39rrH6vZZr2gwVVGQswIbkRUa97flWftwRQI5NcgTb0Jx9sgG4ubXRP/z\ntGPwurJOp0iOwpT8Hp3InlJkagFfjRUDyhGBerjvh82QI+UbzO5D+GInPRReJ2LB\nIlXPPVNgf+nD3zm8xCKUwBQEdDBgXS3BAhBVTpV3t3cGROBOFRcp8+GBqCYyMTfU\nGNiKf/labXTGMwKCAQEAyySlhZFD5AyqUjBESAsx96vmT5ujCTh8phH0cJvGp6c6\nkRE+ENGwHnYiD/JlgKQrv52vDoUyl+ge92urRU/NwE9ySahhGrLc+PVsPQYt2pM+\nLpcfkyyqpo2MxI6pGz+azpMjLm5hW5nVGVtNrlJlupvW6o76I37IkIg3aynqL3cu\nq7n4Cx2bYc1VkPlt1pNDD788kdKjWfzk3huJJWwJVDgK7tUxOieE+h8t6gcesKW0\n6TtkwFh+kAkgVlwI4i6sAWk8HXwNJSJDatAdKOusCmpcmD5Hjy9FFyQaOqVxK8uM\nnda8/188GrAgKmTUU9AyDpcTs4CHzbV6ia/mOzYcLQKCAQEAwAJVd0hho3TOPLDS\naQQIglQna7OCX0P6h+w7AYq5yuqecgwCJMQaaLplMu83+Zxx7pc7yzHH9ph+NIko\nNu6rGE5Yw3gbr016ritl9oyn32BiT+h66zdTHy4vUU5Xeacp/1flQyI+aUNK+m/Z\nkGP8nBz0a0kkc3nchrE7VOE4gM6/bS04EvA4GD9xdWGqsPvScV3BsE5hqVhcDffM\nLLw+qICvsS5rUzQB/BLX9PJpwOcctIIiNd2efuIIMKXCcmFrUMSL1zM3GWir47Gi\nL8sN2XdhGPdWZhmwuhtVUhoiVOiy8rImc63Qvrpa7xy5+2XlQi4O1Ed0EdRmxRG5\nwn+SLQKCAQAXo1oHYtHtlXO0QJ2RbIwR79TK6qdcCVCn2msBN380PwdXnhQEzQGb\nac+o32HkSDY3A9g87k7m0kHYNJUnaZPdjuETpR43hxyjc5t2tmNbjcqsjTVFYOsy\nmkIJFTikTRBsfT6YxotZp1reqnstj7T6s+ucO6rrunMILnGUbLotb8bkgK1WTcmo\n5cXRKtUXJOemy2/23/XWINFY7wdUbW/gduz+wZwK0lJs8HfdRZrSn1Wf1iNxJlsD\n06wJoIgAGcI2H9K485hr+8KwiSr7egD47Ut9A7I7/RojCTZsIJg8qmDgdP5lEOXj\njR8RD86NOiq4++d0+b3TuAxcPTWjKja5AoIBAQCqbDs21u7XMlfmd+jzbBBhxIPb\nCZVDmeQD96oLvVCUmk7cZGOcNMABA6/7NxIgC9hP6Y/9sF+8yxi6MMbwaeTFGH0t\nTwWQFKlBk1Rr9Z97Dr2vStnq9geVX8NjxQUQpYfth9LHgDZ6KX9X06VFLxTI/s6t\nLkRs1wA3VRZKo7NR3UfXVnVe4hmTnRxoCHkczisxBlZpfd2zt6+KvR1mrGy5LFex\nZhiIHmlH+bl5Pm0OgMQUuKNK98db9lIkIixnNVu8b/XePdnRxtWGi1DHY4hb5tGH\nwXc72X/DycArQMizQr5gxRRYsAKvUDpz5K3IZWww4FgB+Hov6rphxuiBvCIp\n-----END RSA PRIVATE KEY-----\n",
            "private_key_pem_pkcs8": "-----BEGIN PRIVATE KEY-----\nMIIJQwIBADANBgkqhkiG9w0BAQEFAASCCS0wggkpAgEAAoICAQCbsp7Wg3dnYPEt\nfqUaTjRYD/gIluCXTo3eaACxRhI0ToOC+qQeUnevOheHYMZHTRT5qZMzEoWxXO85\n7vrOJ5r7+OxOfBxBMlGf73grk/F8uSFvwBnrmnb62QDbPlAyEA/ars0Pcyxxi2W3\nTikq8NbiF+wrhw7d9SIRHMsF4/G224PSBlUpJtbmU/5L5eF9+U8DLk4ainkbt9+o\nVXB3zD11jS8eBbJShLxa7ICqYye5YZtgAHTjj0QB+36L3zJ8cwt7/q/ArLKZs+H1\neyyJZx6bsSm4RjGuUJTPq8NoZUeV+Op/ANP+87HyEMPAn6oUD2GhY32nuagiTeNX\nR/yecO9630TBWIWM5iKELYRbCz+s6e4UH4OUm2BCLmZBp45bG1YfQH8mkRH3990D\nKCttFDXlJh5DaPAqsdl13gSoH6cYhNCe6EJiH50dYpwp+pgEk2mG4UcESaPrITj5\n9UbG6TnpKLkmrh71b9hn2jNdw96/ofiXt3S/9+rxQvr/6/7kLXiQNcSCVpsAhAcA\nQAFUGAopXajQuwICS5KaYOReFhWgh7R/72PItk1HIb0NXxVwapIqWU7a5CiDJoWA\neYs+ixw51q6JlzB8IJTpkj6U3RBK4RiPgBL0QN7+YAnLZOP1VvcLSEOP+/muJ/jz\nZvfNMvC9T+WCsYfBzb9Rw6f/kvZq9wIDAQABAoICACfJRjOU1q9RI3A3u6L0NwYF\n1qEDRRMFHNWnh/3E5SP+qDaRK90fv7vEQXzzqtdPiDugLKBRbF59XBhWzDpf/ofC\n/Ue1CVdTr24KOJASNxRjDntLAJSnHR5O05wy2TVhy1tbbcUz7jh5oZ1s2LJDZvXR\nnSUmVxM67+Clle/EZuEOSSojOiHQ7ftfnUzxymRxj9JFQ+oeVoJRw1J1us6yH0Zp\ntI+cbwwNJUCqzNo9ikoh+h1XIIeB9aP4C0dc2r7YeyfNVkYLG3yRbf1X43KdKkIo\nzHttXIapys0inEWSE+/r8qhPoty0k1VDGXKgmkqT/6PJE7QHikJx2tVT7Obj/x3l\n4Qm+UyicvjjYNzI3sV5UOKADdq7wWIohbJMBotjx/xzOJ9+vAApNrfI9m+fED0nq\nsbqwch4IiyJtxbaRdNe08+QpnbYrKVetPqSYJwT6Ae6jkeVRAJBkew3LVdHJ59Sq\nGVxo+KqAdbGS7Kz8exst/1D8RToth7MtsDJQ9ZvdNGwKr+E7pL/9pK08u41TBErN\nQp7YRJHHym75nl/kYmpQx6WpPurt3nRG3rYEpj1XPIE4wlBBj5MIMUViMShRr92g\nqGiPhZXCNE9q9U9BpoSL1XPW/UyHDf3wmQCz1kO4vlscP/TvvvRs+uCDzWx7ytj+\nDT00LQ9iO8Pah5Frt6+JAoIBAQDENaM5huWxxgg6j8Z+6Xw4qwJKZmLL1q+JPFdk\nYXknJMjQb/lsw+gRxiUUZiJAaSuDVnHNrf4JoTGWmiTuWDEDZg36XgYUtpoDGxZ7\nEJdIi433ydIcYa1Fb5ONkv/VE5DNh3ybctRq0rpOCjf2usfq9lmvaDBVUZCzAhuR\nFRr3t+VZ+3BFAjk1yBNvQnH2yAbi5tdE//O0Y/C6sk6nSI7ClPwencieUmRqAV+N\nFQPKEYF6uO+HzZAj5RvM7kP4Yic9FF4nYsEiVc89U2B/6cPfObzEIpTAFAR0MGBd\nLcECEFVOlXe3dwZE4E4VFynz4YGoJjIxN9QY2Ip/+VptdMYzAoIBAQDLJKWFkUPk\nDKpSMERICzH3q+ZPm6MJOHymEfRwm8anpzqRET4Q0bAediIP8mWApCu/na8OhTKX\n6B73a6tFT83AT3JJqGEastz49Ww9Bi3akz4ulx+TLKqmjYzEjqkbP5rOkyMubmFb\nmdUZW02uUmW6m9bqjvojfsiQiDdrKeovdy6rufgLHZthzVWQ+W3Wk0MPvzyR0qNZ\n/OTeG4klbAlUOAru1TE6J4T6Hy3qBx6wpbTpO2TAWH6QCSBWXAjiLqwBaTwdfA0l\nIkNq0B0o66wKalyYPkePL0UXJBo6pXEry4yd1rz/XzwasCAqZNRT0DIOlxOzgIfN\ntXqJr+Y7NhwtAoIBAQDAAlV3SGGjdM48sNJpBAiCVCdrs4JfQ/qH7DsBirnK6p5y\nDAIkxBpoumUy7zf5nHHulzvLMcf2mH40iSg27qsYTljDeBuvTXquK2X2jKffYGJP\n6HrrN1MfLi9RTld5pyn/V+VDIj5pQ0r6b9mQY/ycHPRrSSRzedyGsTtU4TiAzr9t\nLTgS8DgYP3F1Yaqw+9JxXcGwTmGpWFwN98wsvD6ogK+xLmtTNAH8Etf08mnA5xy0\ngiI13Z5+4ggwpcJyYWtQxIvXMzcZaKvjsaIvyw3Zd2EY91ZmGbC6G1VSGiJU6LLy\nsiZzrdC+ulrvHLn7ZeVCLg7UR3QR1GbFEbnCf5ItAoIBABejWgdi0e2Vc7RAnZFs\njBHv1Mrqp1wJUKfaawE3fzQ/B1eeFATNAZtpz6jfYeRINjcD2DzuTubSQdg0lSdp\nk92O4ROlHjeHHKNzm3a2Y1uNyqyNNUVg6zKaQgkVOKRNEGx9PpjGi1mnWt6qey2P\ntPqz65w7quu6cwgucZRsui1vxuSArVZNyajlxdEq1Rck56bLb/bf9dYg0VjvB1Rt\nb+B27P7BnArSUmzwd91FmtKfVZ/WI3EmWwPTrAmgiAAZwjYf0rjzmGv7wrCJKvt6\nAPjtS30Dsjv9GiMJNmwgmDyqYOB0/mUQ5eONHxEPzo06Krj753T5vdO4DFw9NaMq\nNrkCggEBAKpsOzbW7tcyV+Z36PNsEGHEg9sJlUOZ5AP3qgu9UJSaTtxkY5w0wAED\nr/s3EiAL2E/pj/2wX7zLGLowxvBp5MUYfS1PBZAUqUGTVGv1n3sOva9K2er2B5Vf\nw2PFBRClh+2H0seANnopf1fTpUUvFMj+zq0uRGzXADdVFkqjs1HdR9dWdV7iGZOd\nHGgIeRzOKzEGVml93bO3r4q9HWasbLksV7FmGIgeaUf5uXk+bQ6AxBS4o0r3x1v2\nUiQiLGc1W7xv9d492dHG1YaLUMdjiFvm0YfBdzvZf8PJwCtAyLNCvmDFFFiwAq9Q\nOnPkrchlbDDgWAH4ei/qumHG6IG8Iik=\n-----END PRIVATE KEY-----\n",
            "public_key_fingerprint_md5": "0a:98:23:48:c1:19:85:51:a5:e5:9f:d9:3f:b4:f4:cd",
            "public_key_fingerprint_sha256": "SHA256:x2hAEgCOEujlCZgOd90U2tszcjff33oyFab+/6q3Gus",
            "public_key_openssh": "ssh-rsa AAAAB3NzaC1yc2EAAAADAQABAAACAQCbsp7Wg3dnYPEtfqUaTjRYD/gIluCXTo3eaACxRhI0ToOC+qQeUnevOheHYMZHTRT5qZMzEoWxXO857vrOJ5r7+OxOfBxBMlGf73grk/F8uSFvwBnrmnb62QDbPlAyEA/ars0Pcyxxi2W3Tikq8NbiF+wrhw7d9SIRHMsF4/G224PSBlUpJtbmU/5L5eF9+U8DLk4ainkbt9+oVXB3zD11jS8eBbJShLxa7ICqYye5YZtgAHTjj0QB+36L3zJ8cwt7/q/ArLKZs+H1eyyJZx6bsSm4RjGuUJTPq8NoZUeV+Op/ANP+87HyEMPAn6oUD2GhY32nuagiTeNXR/yecO9630TBWIWM5iKELYRbCz+s6e4UH4OUm2BCLmZBp45bG1YfQH8mkRH3990DKCttFDXlJh5DaPAqsdl13gSoH6cYhNCe6EJiH50dYpwp+pgEk2mG4UcESaPrITj59UbG6TnpKLkmrh71b9hn2jNdw96/ofiXt3S/9+rxQvr/6/7kLXiQNcSCVpsAhAcAQAFUGAopXajQuwICS5KaYOReFhWgh7R/72PItk1HIb0NXxVwapIqWU7a5CiDJoWAeYs+ixw51q6JlzB8IJTpkj6U3RBK4RiPgBL0QN7+YAnLZOP1VvcLSEOP+/muJ/jzZvfNMvC9T+WCsYfBzb9Rw6f/kvZq9w==\n",
            "public_key_pem": "-----BEGIN PUBLIC KEY-----\nMIICIjANBgkqhkiG9w0BAQEFAAOCAg8AMIICCgKCAgEAm7Ke1oN3Z2DxLX6lGk40\nWA/4CJbgl06N3mgAsUYSNE6DgvqkHlJ3rzoXh2DGR00U+amTMxKFsVzvOe76ziea\n+/jsTnwcQTJRn+94K5PxfLkhb8AZ65p2+tkA2z5QMhAP2q7ND3MscYtlt04pKvDW\n4hfsK4cO3fUiERzLBePxttuD0gZVKSbW5lP+S+XhfflPAy5OGop5G7ffqFVwd8w9\ndY0vHgWyUoS8WuyAqmMnuWGbYAB0449EAft+i98yfHMLe/6vwKyymbPh9XssiWce\nm7EpuEYxrlCUz6vDaGVHlfjqfwDT/vOx8hDDwJ+qFA9hoWN9p7moIk3jV0f8nnDv\net9EwViFjOYihC2EWws/rOnuFB+DlJtgQi5mQaeOWxtWH0B/JpER9/fdAygrbRQ1\n5SYeQ2jwKrHZdd4EqB+nGITQnuhCYh+dHWKcKfqYBJNphuFHBEmj6yE4+fVGxuk5\n6Si5Jq4e9W/YZ9ozXcPev6H4l7d0v/fq8UL6/+v+5C14kDXEglabAIQHAEABVBgK\nKV2o0LsCAkuSmmDkXhYVoIe0f+9jyLZNRyG9DV8VcGqSKllO2uQogyaFgHmLPosc\nOdauiZcwfCCU6ZI+lN0QSuEYj4AS9EDe/mAJy2Tj9Vb3C0hDj/v5rif482b3zTLw\nvU/lgrGHwc2/UcOn/5L2avcCAwEAAQ==\n-----END PUBLIC KEY-----\n",
            "rsa_bits": 4096
          },
          "sensitive_attributes": [
            [
              {
                "type": "get_attr",
                "value": "private_key_openssh"
              }
            ],
            [
              {
                "type": "get_attr",
                "value": "private_key_pem"
              }
            ],
            [
              {
                "type": "get_attr",
                "value": "private_key_pem_pkcs8"
              }
            ]
          ],
          "identity_schema_version": 0
        }
      ]
    },
    {
      "module": "module.vpc",
      "mode": "managed",
      "type": "aws_default_network_acl",
      "name": "this",
      "provider": "provider[\"registry.terraform.io/hashicorp/aws\"]",
      "instances": [
        {
          "index_key": 0,
          "schema_version": 0,
          "attributes": {
            "arn": "arn:aws:ec2:us-east-1:585008040165:network-acl/acl-0dc81febcae604a65",
            "default_network_acl_id": "acl-0dc81febcae604a65",
            "egress": [
              {
                "action": "allow",
                "cidr_block": "",
                "from_port": 0,
                "icmp_code": null,
                "icmp_type": null,
                "ipv6_cidr_block": "::/0",
                "protocol": "-1",
                "rule_no": 101,
                "to_port": 0
              },
              {
                "action": "allow",
                "cidr_block": "0.0.0.0/0",
                "from_port": 0,
                "icmp_code": null,
                "icmp_type": null,
                "ipv6_cidr_block": "",
                "protocol": "-1",
                "rule_no": 100,
                "to_port": 0
              }
            ],
            "id": "acl-0dc81febcae604a65",
            "ingress": [
              {
                "action": "allow",
                "cidr_block": "",
                "from_port": 0,
                "icmp_code": null,
                "icmp_type": null,
                "ipv6_cidr_block": "::/0",
                "protocol": "-1",
                "rule_no": 101,
                "to_port": 0
              },
              {
                "action": "allow",
                "cidr_block": "0.0.0.0/0",
                "from_port": 0,
                "icmp_code": null,
                "icmp_type": null,
                "ipv6_cidr_block": "",
                "protocol": "-1",
                "rule_no": 100,
                "to_port": 0
              }
            ],
            "owner_id": "585008040165",
            "region": "us-east-1",
            "subnet_ids": [
              "subnet-04aef5308f4a94df0",
              "subnet-090d0533a410dfb86"
            ],
            "tags": {
              "Environment": "dev",
              "Name": "MyVPC-default",
              "Terraform": "true"
            },
            "tags_all": {
              "Environment": "dev",
              "Name": "MyVPC-default",
              "Terraform": "true"
            },
            "vpc_id": "vpc-0c9fd5b628206737a"
          },
          "sensitive_attributes": [],
          "identity_schema_version": 0,
          "private": "bnVsbA==",
          "dependencies": [
            "module.vpc.aws_vpc.this"
          ]
        }
      ]
    },
    {
      "module": "module.vpc",
      "mode": "managed",
      "type": "aws_default_route_table",
      "name": "default",
      "provider": "provider[\"registry.terraform.io/hashicorp/aws\"]",
      "instances": [
        {
          "index_key": 0,
          "schema_version": 0,
          "attributes": {
            "arn": "arn:aws:ec2:us-east-1:585008040165:route-table/rtb-04e36efa0a08017cc",
            "default_route_table_id": "rtb-04e36efa0a08017cc",
            "id": "rtb-04e36efa0a08017cc",
            "owner_id": "585008040165",
            "propagating_vgws": null,
            "region": "us-east-1",
            "route": [],
            "tags": {
              "Environment": "dev",
              "Name": "MyVPC-default",
              "Terraform": "true"
            },
            "tags_all": {
              "Environment": "dev",
              "Name": "MyVPC-default",
              "Terraform": "true"
            },
            "timeouts": {
              "create": "5m",
              "update": "5m"
            },
            "vpc_id": "vpc-0c9fd5b628206737a"
          },
          "sensitive_attributes": [],
          "identity_schema_version": 0,
          "private": "eyJlMmJmYjczMC1lY2FhLTExZTYtOGY4OC0zNDM2M2JjN2M0YzAiOnsiY3JlYXRlIjozMDAwMDAwMDAwMDAsInVwZGF0ZSI6MzAwMDAwMDAwMDAwfX0=",
          "dependencies": [
            "module.vpc.aws_vpc.this"
          ]
        }
      ]
    },
    {
      "module": "module.vpc",
      "mode": "managed",
      "type": "aws_default_security_group",
      "name": "this",
      "provider": "provider[\"registry.terraform.io/hashicorp/aws\"]",
      "instances": [
        {
          "index_key": 0,
          "schema_version": 1,
          "attributes": {
            "arn": "arn:aws:ec2:us-east-1:585008040165:security-group/sg-06278c34e04d21074",
            "description": "default VPC security group",
            "egress": [],
            "id": "sg-06278c34e04d21074",
            "ingress": [],
            "name": "default",
            "name_prefix": "",
            "owner_id": "585008040165",
            "region": "us-east-1",
            "revoke_rules_on_delete": false,
            "tags": {
              "Environment": "dev",
              "Name": "MyVPC-default",
              "Terraform": "true"
            },
            "tags_all": {
              "Environment": "dev",
              "Name": "MyVPC-default",
              "Terraform": "true"
            },
            "vpc_id": "vpc-0c9fd5b628206737a"
          },
          "sensitive_attributes": [],
          "identity_schema_version": 0,
          "private": "eyJzY2hlbWFfdmVyc2lvbiI6IjEifQ==",
          "dependencies": [
            "module.vpc.aws_vpc.this"
          ]
        }
      ]
    },
    {
      "module": "module.vpc",
      "mode": "managed",
      "type": "aws_internet_gateway",
      "name": "this",
      "provider": "provider[\"registry.terraform.io/hashicorp/aws\"]",
      "instances": [
        {
          "index_key": 0,
          "schema_version": 0,
          "attributes": {
            "arn": "arn:aws:ec2:us-east-1:585008040165:internet-gateway/igw-0f0bf6d5973f1ea29",
            "id": "igw-0f0bf6d5973f1ea29",
            "owner_id": "585008040165",
            "region": "us-east-1",
            "tags": {
              "Environment": "dev",
              "Name": "MyVPC",
              "Terraform": "true"
            },
            "tags_all": {
              "Environment": "dev",
              "Name": "MyVPC",
              "Terraform": "true"
            },
            "timeouts": null,
            "vpc_id": "vpc-0c9fd5b628206737a"
          },
          "sensitive_attributes": [],
          "identity_schema_version": 0,
          "private": "eyJlMmJmYjczMC1lY2FhLTExZTYtOGY4OC0zNDM2M2JjN2M0YzAiOnsiY3JlYXRlIjoxMjAwMDAwMDAwMDAwLCJkZWxldGUiOjEyMDAwMDAwMDAwMDAsInVwZGF0ZSI6MTIwMDAwMDAwMDAwMH19",
          "dependencies": [
            "module.vpc.aws_vpc.this",
            "module.vpc.aws_vpc_ipv4_cidr_block_association.this"
          ]
        }
      ]
    },
    {
      "module": "module.vpc",
      "mode": "managed",
      "type": "aws_route",
      "name": "public_internet_gateway",
      "provider": "provider[\"registry.terraform.io/hashicorp/aws\"]",
      "instances": [
        {
          "index_key": 0,
          "schema_version": 0,
          "attributes": {
            "carrier_gateway_id": "",
            "core_network_arn": "",
            "destination_cidr_block": "0.0.0.0/0",
            "destination_ipv6_cidr_block": "",
            "destination_prefix_list_id": "",
            "egress_only_gateway_id": "",
            "gateway_id": "igw-0f0bf6d5973f1ea29",
            "id": "r-rtb-0aa872eb02ed113cc1080289494",
            "instance_id": "",
            "instance_owner_id": "",
            "local_gateway_id": "",
            "nat_gateway_id": "",
            "network_interface_id": "",
            "origin": "CreateRoute",
            "region": "us-east-1",
            "route_table_id": "rtb-0aa872eb02ed113cc",
            "state": "active",
            "timeouts": {
              "create": "5m",
              "delete": null,
              "update": null
            },
            "transit_gateway_id": "",
            "vpc_endpoint_id": "",
            "vpc_peering_connection_id": ""
          },
          "sensitive_attributes": [],
          "identity_schema_version": 0,
          "private": "eyJlMmJmYjczMC1lY2FhLTExZTYtOGY4OC0zNDM2M2JjN2M0YzAiOnsiY3JlYXRlIjozMDAwMDAwMDAwMDAsImRlbGV0ZSI6MzAwMDAwMDAwMDAwLCJ1cGRhdGUiOjEyMDAwMDAwMDAwMH19",
          "dependencies": [
            "module.vpc.aws_internet_gateway.this",
            "module.vpc.aws_route_table.public",
            "module.vpc.aws_vpc.this",
            "module.vpc.aws_vpc_ipv4_cidr_block_association.this"
          ]
        }
      ]
    },
    {
      "module": "module.vpc",
      "mode": "managed",
      "type": "aws_route_table",
      "name": "private",
      "provider": "provider[\"registry.terraform.io/hashicorp/aws\"]",
      "instances": [
        {
          "index_key": 0,
          "schema_version": 0,
          "attributes": {
            "arn": "arn:aws:ec2:us-east-1:585008040165:route-table/rtb-07f7691614574d877",
            "id": "rtb-07f7691614574d877",
            "owner_id": "585008040165",
            "propagating_vgws": [],
            "region": "us-east-1",
            "route": [],
            "tags": {
              "Environment": "dev",
              "Name": "MyVPC-private-us-east-1a",
              "Terraform": "true"
            },
            "tags_all": {
              "Environment": "dev",
              "Name": "MyVPC-private-us-east-1a",
              "Terraform": "true"
            },
            "timeouts": null,
            "vpc_id": "vpc-0c9fd5b628206737a"
          },
          "sensitive_attributes": [],
          "identity_schema_version": 0,
          "private": "eyJlMmJmYjczMC1lY2FhLTExZTYtOGY4OC0zNDM2M2JjN2M0YzAiOnsiY3JlYXRlIjozMDAwMDAwMDAwMDAsImRlbGV0ZSI6MzAwMDAwMDAwMDAwLCJ1cGRhdGUiOjEyMDAwMDAwMDAwMH19",
          "dependencies": [
            "module.vpc.aws_vpc.this",
            "module.vpc.aws_vpc_ipv4_cidr_block_association.this"
          ]
        }
      ]
    },
    {
      "module": "module.vpc",
      "mode": "managed",
      "type": "aws_route_table",
      "name": "public",
      "provider": "provider[\"registry.terraform.io/hashicorp/aws\"]",
      "instances": [
        {
          "index_key": 0,
          "schema_version": 0,
          "attributes": {
            "arn": "arn:aws:ec2:us-east-1:585008040165:route-table/rtb-0aa872eb02ed113cc",
            "id": "rtb-0aa872eb02ed113cc",
            "owner_id": "585008040165",
            "propagating_vgws": [],
            "region": "us-east-1",
            "route": [],
            "tags": {
              "Environment": "dev",
              "Name": "MyVPC-public",
              "Terraform": "true"
            },
            "tags_all": {
              "Environment": "dev",
              "Name": "MyVPC-public",
              "Terraform": "true"
            },
            "timeouts": null,
            "vpc_id": "vpc-0c9fd5b628206737a"
          },
          "sensitive_attributes": [],
          "identity_schema_version": 0,
          "private": "eyJlMmJmYjczMC1lY2FhLTExZTYtOGY4OC0zNDM2M2JjN2M0YzAiOnsiY3JlYXRlIjozMDAwMDAwMDAwMDAsImRlbGV0ZSI6MzAwMDAwMDAwMDAwLCJ1cGRhdGUiOjEyMDAwMDAwMDAwMH19",
          "dependencies": [
            "module.vpc.aws_vpc.this",
            "module.vpc.aws_vpc_ipv4_cidr_block_association.this"
          ]
        }
      ]
    },
    {
      "module": "module.vpc",
      "mode": "managed",
      "type": "aws_route_table_association",
      "name": "private",
      "provider": "provider[\"registry.terraform.io/hashicorp/aws\"]",
      "instances": [
        {
          "index_key": 0,
          "schema_version": 0,
          "attributes": {
            "gateway_id": "",
            "id": "rtbassoc-0374c22a5c50c7235",
            "region": "us-east-1",
            "route_table_id": "rtb-07f7691614574d877",
            "subnet_id": "subnet-090d0533a410dfb86",
            "timeouts": null
          },
          "sensitive_attributes": [],
          "identity_schema_version": 0,
          "private": "eyJlMmJmYjczMC1lY2FhLTExZTYtOGY4OC0zNDM2M2JjN2M0YzAiOnsiY3JlYXRlIjozMDAwMDAwMDAwMDAsImRlbGV0ZSI6MzAwMDAwMDAwMDAwLCJ1cGRhdGUiOjEyMDAwMDAwMDAwMH19",
          "dependencies": [
            "module.vpc.aws_route_table.private",
            "module.vpc.aws_subnet.private",
            "module.vpc.aws_vpc.this",
            "module.vpc.aws_vpc_ipv4_cidr_block_association.this"
          ]
        }
      ]
    },
    {
      "module": "module.vpc",
      "mode": "managed",
      "type": "aws_route_table_association",
      "name": "public",
      "provider": "provider[\"registry.terraform.io/hashicorp/aws\"]",
      "instances": [
        {
          "index_key": 0,
          "schema_version": 0,
          "attributes": {
            "gateway_id": "",
            "id": "rtbassoc-05971b36d88380675",
            "region": "us-east-1",
            "route_table_id": "rtb-0aa872eb02ed113cc",
            "subnet_id": "subnet-04aef5308f4a94df0",
            "timeouts": null
          },
          "sensitive_attributes": [],
          "identity_schema_version": 0,
          "private": "eyJlMmJmYjczMC1lY2FhLTExZTYtOGY4OC0zNDM2M2JjN2M0YzAiOnsiY3JlYXRlIjozMDAwMDAwMDAwMDAsImRlbGV0ZSI6MzAwMDAwMDAwMDAwLCJ1cGRhdGUiOjEyMDAwMDAwMDAwMH19",
          "dependencies": [
            "module.vpc.aws_route_table.public",
            "module.vpc.aws_subnet.public",
            "module.vpc.aws_vpc.this",
            "module.vpc.aws_vpc_ipv4_cidr_block_association.this"
          ]
        }
      ]
    },
    {
      "module": "module.vpc",
      "mode": "managed",
      "type": "aws_subnet",
      "name": "private",
      "provider": "provider[\"registry.terraform.io/hashicorp/aws\"]",
      "instances": [
        {
          "index_key": 0,
          "schema_version": 1,
          "attributes": {
            "arn": "arn:aws:ec2:us-east-1:585008040165:subnet/subnet-090d0533a410dfb86",
            "assign_ipv6_address_on_creation": false,
            "availability_zone": "us-east-1a",
            "availability_zone_id": "use1-az1",
            "cidr_block": "192.168.0.32/27",
            "customer_owned_ipv4_pool": "",
            "enable_dns64": false,
            "enable_lni_at_device_index": 0,
            "enable_resource_name_dns_a_record_on_launch": false,
            "enable_resource_name_dns_aaaa_record_on_launch": false,
            "id": "subnet-090d0533a410dfb86",
            "ipv6_cidr_block": "",
            "ipv6_cidr_block_association_id": "",
            "ipv6_native": false,
            "map_customer_owned_ip_on_launch": false,
            "map_public_ip_on_launch": false,
            "outpost_arn": "",
            "owner_id": "585008040165",
            "private_dns_hostname_type_on_launch": "ip-name",
            "region": "us-east-1",
            "tags": {
              "Environment": "dev",
              "Name": "MyVPC-private-us-east-1a",
              "Terraform": "true"
            },
            "tags_all": {
              "Environment": "dev",
              "Name": "MyVPC-private-us-east-1a",
              "Terraform": "true"
            },
            "timeouts": null,
            "vpc_id": "vpc-0c9fd5b628206737a"
          },
          "sensitive_attributes": [],
          "identity_schema_version": 0,
          "private": "eyJlMmJmYjczMC1lY2FhLTExZTYtOGY4OC0zNDM2M2JjN2M0YzAiOnsiY3JlYXRlIjo2MDAwMDAwMDAwMDAsImRlbGV0ZSI6MTIwMDAwMDAwMDAwMH0sInNjaGVtYV92ZXJzaW9uIjoiMSJ9",
          "dependencies": [
            "module.vpc.aws_vpc.this",
            "module.vpc.aws_vpc_ipv4_cidr_block_association.this"
          ]
        }
      ]
    },
    {
      "module": "module.vpc",
      "mode": "managed",
      "type": "aws_subnet",
      "name": "public",
      "provider": "provider[\"registry.terraform.io/hashicorp/aws\"]",
      "instances": [
        {
          "index_key": 0,
          "schema_version": 1,
          "attributes": {
            "arn": "arn:aws:ec2:us-east-1:585008040165:subnet/subnet-04aef5308f4a94df0",
            "assign_ipv6_address_on_creation": false,
            "availability_zone": "us-east-1a",
            "availability_zone_id": "use1-az1",
            "cidr_block": "192.168.0.0/27",
            "customer_owned_ipv4_pool": "",
            "enable_dns64": false,
            "enable_lni_at_device_index": 0,
            "enable_resource_name_dns_a_record_on_launch": false,
            "enable_resource_name_dns_aaaa_record_on_launch": false,
            "id": "subnet-04aef5308f4a94df0",
            "ipv6_cidr_block": "",
            "ipv6_cidr_block_association_id": "",
            "ipv6_native": false,
            "map_customer_owned_ip_on_launch": false,
            "map_public_ip_on_launch": true,
            "outpost_arn": "",
            "owner_id": "585008040165",
            "private_dns_hostname_type_on_launch": "ip-name",
            "region": "us-east-1",
            "tags": {
              "Environment": "dev",
              "Name": "MyVPC-public-us-east-1a",
              "Terraform": "true"
            },
            "tags_all": {
              "Environment": "dev",
              "Name": "MyVPC-public-us-east-1a",
              "Terraform": "true"
            },
            "timeouts": null,
            "vpc_id": "vpc-0c9fd5b628206737a"
          },
          "sensitive_attributes": [],
          "identity_schema_version": 0,
          "private": "eyJlMmJmYjczMC1lY2FhLTExZTYtOGY4OC0zNDM2M2JjN2M0YzAiOnsiY3JlYXRlIjo2MDAwMDAwMDAwMDAsImRlbGV0ZSI6MTIwMDAwMDAwMDAwMH0sInNjaGVtYV92ZXJzaW9uIjoiMSJ9",
          "dependencies": [
            "module.vpc.aws_vpc.this",
            "module.vpc.aws_vpc_ipv4_cidr_block_association.this"
          ]
        }
      ]
    },
    {
      "module": "module.vpc",
      "mode": "managed",
      "type": "aws_vpc",
      "name": "this",
      "provider": "provider[\"registry.terraform.io/hashicorp/aws\"]",
      "instances": [
        {
          "index_key": 0,
          "schema_version": 1,
          "attributes": {
            "arn": "arn:aws:ec2:us-east-1:585008040165:vpc/vpc-0c9fd5b628206737a",
            "assign_generated_ipv6_cidr_block": false,
            "cidr_block": "192.168.0.0/26",
            "default_network_acl_id": "acl-0dc81febcae604a65",
            "default_route_table_id": "rtb-04e36efa0a08017cc",
            "default_security_group_id": "sg-06278c34e04d21074",
            "dhcp_options_id": "dopt-084e68dd63eb4f569",
            "enable_dns_hostnames": true,
            "enable_dns_support": true,
            "enable_network_address_usage_metrics": false,
            "id": "vpc-0c9fd5b628206737a",
            "instance_tenancy": "default",
            "ipv4_ipam_pool_id": null,
            "ipv4_netmask_length": null,
            "ipv6_association_id": "",
            "ipv6_cidr_block": "",
            "ipv6_cidr_block_network_border_group": "",
            "ipv6_ipam_pool_id": "",
            "ipv6_netmask_length": 0,
            "main_route_table_id": "rtb-04e36efa0a08017cc",
            "owner_id": "585008040165",
            "region": "us-east-1",
            "tags": {
              "Environment": "dev",
              "Name": "MyVPC",
              "Terraform": "true"
            },
            "tags_all": {
              "Environment": "dev",
              "Name": "MyVPC",
              "Terraform": "true"
            }
          },
          "sensitive_attributes": [],
          "identity_schema_version": 0,
          "private": "eyJzY2hlbWFfdmVyc2lvbiI6IjEifQ=="
        }
      ]
    },
    {
      "module": "module.vpc",
      "mode": "managed",
      "type": "aws_vpn_gateway",
      "name": "this",
      "provider": "provider[\"registry.terraform.io/hashicorp/aws\"]",
      "instances": [
        {
          "index_key": 0,
          "schema_version": 0,
          "attributes": {
            "amazon_side_asn": "64512",
            "arn": "arn:aws:ec2:us-east-1:585008040165:vpn-gateway/vgw-0933173ab4c5f012d",
            "availability_zone": null,
            "id": "vgw-0933173ab4c5f012d",
            "region": "us-east-1",
            "tags": {
              "Environment": "dev",
              "Name": "MyVPC",
              "Terraform": "true"
            },
            "tags_all": {
              "Environment": "dev",
              "Name": "MyVPC",
              "Terraform": "true"
            },
            "vpc_id": "vpc-0c9fd5b628206737a"
          },
          "sensitive_attributes": [],
          "identity_schema_version": 0,
          "private": "bnVsbA==",
          "dependencies": [
            "module.vpc.aws_vpc.this",
            "module.vpc.aws_vpc_ipv4_cidr_block_association.this"
          ]
        }
      ]
    },
    {
      "module": "module.vpc_endpoint_s3",
      "mode": "managed",
      "type": "aws_vpc_endpoint",
      "name": "s3_endpoint",
      "provider": "provider[\"registry.terraform.io/hashicorp/aws\"]",
      "instances": [
        {
          "schema_version": 0,
          "attributes": {
            "arn": "arn:aws:ec2:us-east-1:585008040165:vpc-endpoint/vpce-06088458d0b9d1efd",
            "auto_accept": null,
            "cidr_blocks": [
              "16.15.176.0/20",
              "16.182.0.0/16",
              "18.34.0.0/19",
              "52.216.0.0/15",
              "54.231.0.0/16",
              "3.5.0.0/19",
              "18.34.232.0/21",
              "16.15.192.0/18"
            ],
            "dns_entry": [],
            "dns_options": [],
            "id": "vpce-06088458d0b9d1efd",
            "ip_address_type": "",
            "network_interface_ids": [],
            "owner_id": "585008040165",
            "policy": "{\"Statement\":[{\"Action\":\"*\",\"Effect\":\"Allow\",\"Principal\":\"*\",\"Resource\":\"*\"}],\"Version\":\"2008-10-17\"}",
            "prefix_list_id": "pl-63a5400a",
            "private_dns_enabled": false,
            "region": "us-east-1",
            "requester_managed": false,
            "resource_configuration_arn": "",
            "route_table_ids": [
              "rtb-07f7691614574d877"
            ],
            "security_group_ids": [],
            "service_name": "com.amazonaws.us-east-1.s3",
            "service_network_arn": "",
            "service_region": "us-east-1",
            "state": "available",
            "subnet_configuration": [],
            "subnet_ids": [],
            "tags": {
              "Environment": "dev",
              "Name": "s3-endpoint"
            },
            "tags_all": {
              "Environment": "dev",
              "Name": "s3-endpoint"
            },
            "timeouts": null,
            "vpc_endpoint_type": "Gateway",
            "vpc_id": "vpc-0c9fd5b628206737a"
          },
          "sensitive_attributes": [],
          "identity_schema_version": 0,
          "private": "eyJlMmJmYjczMC1lY2FhLTExZTYtOGY4OC0zNDM2M2JjN2M0YzAiOnsiY3JlYXRlIjo2MDAwMDAwMDAwMDAsImRlbGV0ZSI6NjAwMDAwMDAwMDAwLCJ1cGRhdGUiOjYwMDAwMDAwMDAwMH19",
          "dependencies": [
            "module.vpc.aws_route_table.private",
            "module.vpc.aws_vpc.this",
            "module.vpc.aws_vpc_ipv4_cidr_block_association.this"
          ]
        }
      ]
    }
  ],
  "check_results": null
}
