{
  "version": 4,
  "terraform_version": "1.12.0",
  "serial": 37,
  "lineage": "c34c2123-5265-372d-a382-4a37f043484a",
  "outputs": {},
  "resources": [
    {
      "mode": "data",
      "type": "aws_ami",
      "name": "amazon_linux",
      "provider": "provider[\"registry.terraform.io/hashicorp/aws\"]",
      "instances": [
        {
          "schema_version": 0,
          "attributes": {
            "allow_unsafe_filter": null,
            "architecture": "x86_64",
            "arn": "arn:aws:ec2:us-east-1::image/ami-000ec6c25978d5999",
            "block_device_mappings": [
              {
                "device_name": "/dev/xvda",
                "ebs": {
                  "delete_on_termination": "true",
                  "encrypted": "false",
                  "iops": "0",
                  "snapshot_id": "snap-08988707369dd365f",
                  "throughput": "0",
                  "volume_initialization_rate": "0",
                  "volume_size": "8",
                  "volume_type": "gp2"
                },
                "no_device": "",
                "virtual_name": ""
              }
            ],
            "boot_mode": "",
            "creation_date": "2025-06-20T08:52:15.000Z",
            "deprecation_time": "2025-09-18T08:52:00.000Z",
            "description": "Amazon Linux 2 Kernel 5.10 AMI 2.0.20250623.0 x86_64 HVM gp2",
            "ena_support": true,
            "executable_users": null,
            "filter": [
              {
                "name": "name",
                "values": [
                  "amzn2-ami-kernel-5.10-hvm-*-x86_64-gp2"
                ]
              },
              {
                "name": "virtualization-type",
                "values": [
                  "hvm"
                ]
              }
            ],
            "hypervisor": "xen",
            "id": "ami-000ec6c25978d5999",
            "image_id": "ami-000ec6c25978d5999",
            "image_location": "amazon/amzn2-ami-kernel-5.10-hvm-2.0.20250623.0-x86_64-gp2",
            "image_owner_alias": "amazon",
            "image_type": "machine",
            "imds_support": "",
            "include_deprecated": false,
            "kernel_id": "",
            "last_launched_time": "",
            "most_recent": true,
            "name": "amzn2-ami-kernel-5.10-hvm-2.0.20250623.0-x86_64-gp2",
            "name_regex": null,
            "owner_id": "137112412989",
            "owners": [
              "amazon"
            ],
            "platform": "",
            "platform_details": "Linux/UNIX",
            "product_codes": [],
            "public": true,
            "ramdisk_id": "",
            "region": "us-east-1",
            "root_device_name": "/dev/xvda",
            "root_device_type": "ebs",
            "root_snapshot_id": "snap-08988707369dd365f",
            "sriov_net_support": "simple",
            "state": "available",
            "state_reason": {
              "code": "UNSET",
              "message": "UNSET"
            },
            "tags": {},
            "timeouts": null,
            "tpm_support": "",
            "uefi_data": null,
            "usage_operation": "RunInstances",
            "virtualization_type": "hvm"
          },
          "sensitive_attributes": [],
          "identity_schema_version": 0
        }
      ]
    },
    {
      "mode": "managed",
      "type": "aws_iam_instance_profile",
      "name": "endpoint_profile",
      "provider": "provider[\"registry.terraform.io/hashicorp/aws\"]",
      "instances": [
        {
          "schema_version": 0,
          "attributes": {
            "arn": "arn:aws:iam::585008040165:instance-profile/endpoint_profile",
            "create_date": "2025-07-06T09:42:30Z",
            "id": "endpoint_profile",
            "name": "endpoint_profile",
            "name_prefix": "",
            "path": "/",
            "role": "s3-read-only-access-role",
            "tags": null,
            "tags_all": {},
            "unique_id": "AIPAYQNJSJDSWBWMHQPDZ"
          },
          "sensitive_attributes": [],
          "identity_schema_version": 0,
          "private": "bnVsbA==",
          "dependencies": [
            "aws_iam_role.s3-read-only-access-role"
          ]
        }
      ]
    },
    {
      "mode": "managed",
      "type": "aws_iam_role",
      "name": "s3-read-only-access-role",
      "provider": "provider[\"registry.terraform.io/hashicorp/aws\"]",
      "instances": [
        {
          "schema_version": 0,
          "attributes": {
            "arn": "arn:aws:iam::585008040165:role/s3-read-only-access-role",
            "assume_role_policy": "{\"Statement\":[{\"Action\":\"sts:AssumeRole\",\"Effect\":\"Allow\",\"Principal\":{\"Service\":\"ec2.amazonaws.com\"}}],\"Version\":\"2012-10-17\"}",
            "create_date": "2025-07-06T09:42:29Z",
            "description": "",
            "force_detach_policies": false,
            "id": "s3-read-only-access-role",
            "inline_policy": [],
            "managed_policy_arns": [],
            "max_session_duration": 3600,
            "name": "s3-read-only-access-role",
            "name_prefix": "",
            "path": "/",
            "permissions_boundary": "",
            "tags": {
              "name": "s3-read-only-access-role"
            },
            "tags_all": {
              "name": "s3-read-only-access-role"
            },
            "unique_id": "AROAYQNJSJDSQY65OO4QG"
          },
          "sensitive_attributes": [],
          "identity_schema_version": 0,
          "identity": {
            "account_id": "585008040165",
            "name": "s3-read-only-access-role"
          },
          "private": "bnVsbA=="
        }
      ]
    },
    {
      "mode": "managed",
      "type": "aws_iam_role_policy_attachment",
      "name": "s3_readonly_attach",
      "provider": "provider[\"registry.terraform.io/hashicorp/aws\"]",
      "instances": [
        {
          "schema_version": 0,
          "attributes": {
            "id": "s3-read-only-access-role/arn:aws:iam::aws:policy/AmazonS3ReadOnlyAccess",
            "policy_arn": "arn:aws:iam::aws:policy/AmazonS3ReadOnlyAccess",
            "role": "s3-read-only-access-role"
          },
          "sensitive_attributes": [],
          "identity_schema_version": 0,
          "identity": {
            "account_id": "585008040165",
            "policy_arn": "arn:aws:iam::aws:policy/AmazonS3ReadOnlyAccess",
            "role": "s3-read-only-access-role"
          },
          "private": "bnVsbA==",
          "dependencies": [
            "aws_iam_role.s3-read-only-access-role"
          ]
        }
      ]
    },
    {
      "mode": "managed",
      "type": "aws_instance",
      "name": "bastion-host",
      "provider": "provider[\"registry.terraform.io/hashicorp/aws\"]",
      "instances": [
        {
          "schema_version": 2,
          "attributes": {
            "ami": "ami-000ec6c25978d5999",
            "arn": "arn:aws:ec2:us-east-1:585008040165:instance/i-0159226a0a29fc555",
            "associate_public_ip_address": true,
            "availability_zone": "us-east-1a",
            "capacity_reservation_specification": [
              {
                "capacity_reservation_preference": "open",
                "capacity_reservation_target": []
              }
            ],
            "cpu_options": [
              {
                "amd_sev_snp": "",
                "core_count": 1,
                "threads_per_core": 1
              }
            ],
            "credit_specification": [
              {
                "cpu_credits": "standard"
              }
            ],
            "disable_api_stop": false,
            "disable_api_termination": false,
            "ebs_block_device": [],
            "ebs_optimized": false,
            "enable_primary_ipv6": null,
            "enclave_options": [
              {
                "enabled": false
              }
            ],
            "ephemeral_block_device": [],
            "get_password_data": false,
            "hibernation": false,
            "host_id": "",
            "host_resource_group_arn": null,
            "iam_instance_profile": "",
            "id": "i-0159226a0a29fc555",
            "instance_initiated_shutdown_behavior": "stop",
            "instance_lifecycle": "",
            "instance_market_options": [],
            "instance_state": "running",
            "instance_type": "t2.micro",
            "ipv6_address_count": 0,
            "ipv6_addresses": [],
            "key_name": "bastion_key",
            "launch_template": [],
            "maintenance_options": [
              {
                "auto_recovery": "default"
              }
            ],
            "metadata_options": [
              {
                "http_endpoint": "enabled",
                "http_protocol_ipv6": "disabled",
                "http_put_response_hop_limit": 1,
                "http_tokens": "optional",
                "instance_metadata_tags": "disabled"
              }
            ],
            "monitoring": false,
            "network_interface": [],
            "outpost_arn": "",
            "password_data": "",
            "placement_group": "",
            "placement_partition_number": 0,
            "primary_network_interface_id": "eni-07aca4a3e28258744",
            "private_dns": "ip-192-168-0-4.ec2.internal",
            "private_dns_name_options": [
              {
                "enable_resource_name_dns_a_record": false,
                "enable_resource_name_dns_aaaa_record": false,
                "hostname_type": "ip-name"
              }
            ],
            "private_ip": "192.168.0.4",
            "public_dns": "ec2-44-204-94-212.compute-1.amazonaws.com",
            "public_ip": "44.204.94.212",
            "region": "us-east-1",
            "root_block_device": [
              {
                "delete_on_termination": true,
                "device_name": "/dev/xvda",
                "encrypted": false,
                "iops": 100,
                "kms_key_id": "",
                "tags": {},
                "tags_all": {},
                "throughput": 0,
                "volume_id": "vol-0243f53d754b693c8",
                "volume_size": 8,
                "volume_type": "gp2"
              }
            ],
            "secondary_private_ips": [],
            "security_groups": [],
            "source_dest_check": true,
            "spot_instance_request_id": "",
            "subnet_id": "subnet-0b8ea9d2842f15d0e",
            "tags": {
              "Name": "bastion-host"
            },
            "tags_all": {
              "Name": "bastion-host"
            },
            "tenancy": "default",
            "timeouts": null,
            "user_data": null,
            "user_data_base64": null,
            "user_data_replace_on_change": false,
            "volume_tags": null,
            "vpc_security_group_ids": [
              "sg-0fd839af49e5297c4"
            ]
          },
          "sensitive_attributes": [],
          "identity_schema_version": 0,
          "private": "eyJlMmJmYjczMC1lY2FhLTExZTYtOGY4OC0zNDM2M2JjN2M0YzAiOnsiY3JlYXRlIjo2MDAwMDAwMDAwMDAsImRlbGV0ZSI6MTIwMDAwMDAwMDAwMCwicmVhZCI6OTAwMDAwMDAwMDAwLCJ1cGRhdGUiOjYwMDAwMDAwMDAwMH0sInNjaGVtYV92ZXJzaW9uIjoiMiJ9",
          "dependencies": [
            "aws_key_pair.generated_key",
            "aws_security_group.bastion-SG",
            "data.aws_ami.amazon_linux",
            "module.vpc.aws_subnet.public",
            "module.vpc.aws_vpc.this",
            "module.vpc.aws_vpc_ipv4_cidr_block_association.this",
            "tls_private_key.bastion_key"
          ]
        }
      ]
    },
    {
      "mode": "managed",
      "type": "aws_instance",
      "name": "endpoint-instance",
      "provider": "provider[\"registry.terraform.io/hashicorp/aws\"]",
      "instances": [
        {
          "schema_version": 2,
          "attributes": {
            "ami": "ami-000ec6c25978d5999",
            "arn": "arn:aws:ec2:us-east-1:585008040165:instance/i-0ada8de232302cb5e",
            "associate_public_ip_address": false,
            "availability_zone": "us-east-1a",
            "capacity_reservation_specification": [
              {
                "capacity_reservation_preference": "open",
                "capacity_reservation_target": []
              }
            ],
            "cpu_options": [
              {
                "amd_sev_snp": "",
                "core_count": 1,
                "threads_per_core": 1
              }
            ],
            "credit_specification": [
              {
                "cpu_credits": "standard"
              }
            ],
            "disable_api_stop": false,
            "disable_api_termination": false,
            "ebs_block_device": [],
            "ebs_optimized": false,
            "enable_primary_ipv6": null,
            "enclave_options": [
              {
                "enabled": false
              }
            ],
            "ephemeral_block_device": [],
            "get_password_data": false,
            "hibernation": false,
            "host_id": "",
            "host_resource_group_arn": null,
            "iam_instance_profile": "endpoint_profile",
            "id": "i-0ada8de232302cb5e",
            "instance_initiated_shutdown_behavior": "stop",
            "instance_lifecycle": "",
            "instance_market_options": [],
            "instance_state": "running",
            "instance_type": "t2.micro",
            "ipv6_address_count": 0,
            "ipv6_addresses": [],
            "key_name": "bastion_key",
            "launch_template": [],
            "maintenance_options": [
              {
                "auto_recovery": "default"
              }
            ],
            "metadata_options": [
              {
                "http_endpoint": "enabled",
                "http_protocol_ipv6": "disabled",
                "http_put_response_hop_limit": 1,
                "http_tokens": "optional",
                "instance_metadata_tags": "disabled"
              }
            ],
            "monitoring": false,
            "network_interface": [],
            "outpost_arn": "",
            "password_data": "",
            "placement_group": "",
            "placement_partition_number": 0,
            "primary_network_interface_id": "eni-020accdc38133ac8f",
            "private_dns": "ip-192-168-0-44.ec2.internal",
            "private_dns_name_options": [
              {
                "enable_resource_name_dns_a_record": false,
                "enable_resource_name_dns_aaaa_record": false,
                "hostname_type": "ip-name"
              }
            ],
            "private_ip": "192.168.0.44",
            "public_dns": "",
            "public_ip": "",
            "region": "us-east-1",
            "root_block_device": [
              {
                "delete_on_termination": true,
                "device_name": "/dev/xvda",
                "encrypted": false,
                "iops": 100,
                "kms_key_id": "",
                "tags": {},
                "tags_all": {},
                "throughput": 0,
                "volume_id": "vol-0b3bb791054d3d69e",
                "volume_size": 8,
                "volume_type": "gp2"
              }
            ],
            "secondary_private_ips": [],
            "security_groups": [],
            "source_dest_check": true,
            "spot_instance_request_id": "",
            "subnet_id": "subnet-0d7a1c17a7d9d7066",
            "tags": {
              "Name": "endpoint-instance"
            },
            "tags_all": {
              "Name": "endpoint-instance"
            },
            "tenancy": "default",
            "timeouts": null,
            "user_data": null,
            "user_data_base64": null,
            "user_data_replace_on_change": false,
            "volume_tags": null,
            "vpc_security_group_ids": [
              "sg-02949b50bf11ab555"
            ]
          },
          "sensitive_attributes": [],
          "identity_schema_version": 0,
          "private": "eyJlMmJmYjczMC1lY2FhLTExZTYtOGY4OC0zNDM2M2JjN2M0YzAiOnsiY3JlYXRlIjo2MDAwMDAwMDAwMDAsImRlbGV0ZSI6MTIwMDAwMDAwMDAwMCwicmVhZCI6OTAwMDAwMDAwMDAwLCJ1cGRhdGUiOjYwMDAwMDAwMDAwMH0sInNjaGVtYV92ZXJzaW9uIjoiMiJ9",
          "dependencies": [
            "aws_iam_instance_profile.endpoint_profile",
            "aws_iam_role.s3-read-only-access-role",
            "aws_key_pair.generated_key",
            "aws_security_group.endpoint-SG",
            "data.aws_ami.amazon_linux",
            "module.vpc.aws_subnet.private",
            "module.vpc.aws_vpc.this",
            "module.vpc.aws_vpc_ipv4_cidr_block_association.this",
            "tls_private_key.bastion_key"
          ]
        }
      ]
    },
    {
      "mode": "managed",
      "type": "aws_key_pair",
      "name": "generated_key",
      "provider": "provider[\"registry.terraform.io/hashicorp/aws\"]",
      "instances": [
        {
          "schema_version": 1,
          "attributes": {
            "arn": "arn:aws:ec2:us-east-1:585008040165:key-pair/bastion_key",
            "fingerprint": "fa:9a:fb:78:95:d3:be:47:75:6e:2f:d0:6c:ad:b3:5c",
            "id": "bastion_key",
            "key_name": "bastion_key",
            "key_name_prefix": "",
            "key_pair_id": "key-07879ddb00ee3afce",
            "key_type": "rsa",
            "public_key": "ssh-rsa AAAAB3NzaC1yc2EAAAADAQABAAACAQCmpmoEWrWgpRc60dbdNsFfNPE5WnXOHpwv15Djt62ci8CagH/buGxBJDUurt6qhmAsfrne4CgPDh3WQje7dMyeEB0GMfOxUVM1O+FqNaYaQzQhSs3FGl+Wi4xidyOaKzwWn0byq+mon67yCsgdFhCXsTqoqyJXzCnMys4dDFC0zEMP2kf8od5ChoaL81U5CO7PDPcUSeVKadyuN47OyNTvOYhG/tv+XEpKGIv64389fo+ZE0cg7nB6eXhNIaH2Osc+cvwDUXdUHGxUPdXTFk5PE9xl1av9az1X+Zk599itMYEVsHBmIm6LtoctUFWMOLeGuY6IaJmvMu6wszTE+0lOak4MjgATc6yssw1hIHRAdAkVErhlPKNtlzt04s8mTjvVlMbKDHfurmrdArvuRPzUHxPGEQe9QGTl0jE8t4U118cpunntZq12SJHlZvdDBICfAc92Y90W4UMo/Ozv/azTkVoE9oXaIG48UTrlzy3EGEF/wsO9xPLW20IKIHSKvjRTh84vzLe9EiBZEC2DkaYae8fuoEq4yIKPjsL+moj3emeUFCVtX8OpeaOrf1epxcyzfSRBaiekvxfLa+CQ0rUK6vMmvNFyoPYigHhwzlyQ9aZyco6CiXTlO/tRUO4Rm7iGjwDczP9azQXBDyIhPoR8dc2YS9eReabgInFb1zI3kQ==",
            "region": "us-east-1",
            "tags": {},
            "tags_all": {}
          },
          "sensitive_attributes": [],
          "identity_schema_version": 0,
          "private": "eyJzY2hlbWFfdmVyc2lvbiI6IjEifQ==",
          "dependencies": [
            "tls_private_key.bastion_key"
          ]
        }
      ]
    },
    {
      "mode": "managed",
      "type": "aws_security_group",
      "name": "bastion-SG",
      "provider": "provider[\"registry.terraform.io/hashicorp/aws\"]",
      "instances": [
        {
          "schema_version": 1,
          "attributes": {
            "arn": "arn:aws:ec2:us-east-1:585008040165:security-group/sg-0fd839af49e5297c4",
            "description": "Security group for the bastion host",
            "egress": [
              {
                "cidr_blocks": [
                  "0.0.0.0/0"
                ],
                "description": "",
                "from_port": 0,
                "ipv6_cidr_blocks": [
                  "::/0"
                ],
                "prefix_list_ids": [],
                "protocol": "-1",
                "security_groups": [],
                "self": false,
                "to_port": 0
              }
            ],
            "id": "sg-0fd839af49e5297c4",
            "ingress": [
              {
                "cidr_blocks": [
                  "0.0.0.0/0"
                ],
                "description": "",
                "from_port": 22,
                "ipv6_cidr_blocks": [],
                "prefix_list_ids": [],
                "protocol": "tcp",
                "security_groups": [],
                "self": false,
                "to_port": 22
              },
              {
                "cidr_blocks": [
                  "0.0.0.0/0"
                ],
                "description": "",
                "from_port": 443,
                "ipv6_cidr_blocks": [],
                "prefix_list_ids": [],
                "protocol": "tcp",
                "security_groups": [],
                "self": false,
                "to_port": 443
              },
              {
                "cidr_blocks": [
                  "0.0.0.0/0"
                ],
                "description": "",
                "from_port": 80,
                "ipv6_cidr_blocks": [],
                "prefix_list_ids": [],
                "protocol": "tcp",
                "security_groups": [],
                "self": false,
                "to_port": 80
              }
            ],
            "name": "bastion-SG",
            "name_prefix": "",
            "owner_id": "585008040165",
            "region": "us-east-1",
            "revoke_rules_on_delete": false,
            "tags": {
              "Name": "bastion-SG"
            },
            "tags_all": {
              "Name": "bastion-SG"
            },
            "timeouts": null,
            "vpc_id": "vpc-0d724424eb8b193f8"
          },
          "sensitive_attributes": [],
          "identity_schema_version": 0,
          "private": "eyJlMmJmYjczMC1lY2FhLTExZTYtOGY4OC0zNDM2M2JjN2M0YzAiOnsiY3JlYXRlIjo2MDAwMDAwMDAwMDAsImRlbGV0ZSI6OTAwMDAwMDAwMDAwfSwic2NoZW1hX3ZlcnNpb24iOiIxIn0=",
          "dependencies": [
            "module.vpc.aws_vpc.this"
          ]
        }
      ]
    },
    {
      "mode": "managed",
      "type": "aws_security_group",
      "name": "endpoint-SG",
      "provider": "provider[\"registry.terraform.io/hashicorp/aws\"]",
      "instances": [
        {
          "schema_version": 1,
          "attributes": {
            "arn": "arn:aws:ec2:us-east-1:585008040165:security-group/sg-02949b50bf11ab555",
            "description": "Security group for S3 endpoint",
            "egress": [
              {
                "cidr_blocks": [
                  "0.0.0.0/0"
                ],
                "description": "",
                "from_port": 0,
                "ipv6_cidr_blocks": [
                  "::/0"
                ],
                "prefix_list_ids": [],
                "protocol": "-1",
                "security_groups": [],
                "self": false,
                "to_port": 0
              }
            ],
            "id": "sg-02949b50bf11ab555",
            "ingress": [
              {
                "cidr_blocks": [],
                "description": "",
                "from_port": 22,
                "ipv6_cidr_blocks": [],
                "prefix_list_ids": [],
                "protocol": "tcp",
                "security_groups": [
                  "sg-0fd839af49e5297c4"
                ],
                "self": false,
                "to_port": 22
              }
            ],
            "name": "endpoint-SG",
            "name_prefix": "",
            "owner_id": "585008040165",
            "region": "us-east-1",
            "revoke_rules_on_delete": false,
            "tags": {
              "Name": "endpoint-SG"
            },
            "tags_all": {
              "Name": "endpoint-SG"
            },
            "timeouts": null,
            "vpc_id": "vpc-0d724424eb8b193f8"
          },
          "sensitive_attributes": [],
          "identity_schema_version": 0,
          "private": "eyJlMmJmYjczMC1lY2FhLTExZTYtOGY4OC0zNDM2M2JjN2M0YzAiOnsiY3JlYXRlIjo2MDAwMDAwMDAwMDAsImRlbGV0ZSI6OTAwMDAwMDAwMDAwfSwic2NoZW1hX3ZlcnNpb24iOiIxIn0=",
          "dependencies": [
            "module.vpc.aws_vpc.this"
          ]
        }
      ]
    },
    {
      "mode": "managed",
      "type": "aws_vpc_security_group_egress_rule",
      "name": "allow_all_traffic_ipv4_bastion",
      "provider": "provider[\"registry.terraform.io/hashicorp/aws\"]",
      "instances": [
        {
          "schema_version": 0,
          "attributes": {
            "arn": "arn:aws:ec2:us-east-1:585008040165:security-group-rule/sgr-031bba7537215de50",
            "cidr_ipv4": "0.0.0.0/0",
            "cidr_ipv6": null,
            "description": null,
            "from_port": null,
            "id": "sgr-031bba7537215de50",
            "ip_protocol": "-1",
            "prefix_list_id": null,
            "referenced_security_group_id": null,
            "region": "us-east-1",
            "security_group_id": "sg-0fd839af49e5297c4",
            "security_group_rule_id": "sgr-031bba7537215de50",
            "tags": null,
            "tags_all": {},
            "to_port": null
          },
          "sensitive_attributes": [],
          "identity_schema_version": 0,
          "dependencies": [
            "aws_security_group.bastion-SG",
            "module.vpc.aws_vpc.this"
          ]
        }
      ]
    },
    {
      "mode": "managed",
      "type": "aws_vpc_security_group_egress_rule",
      "name": "allow_all_traffic_ipv4_endpoint",
      "provider": "provider[\"registry.terraform.io/hashicorp/aws\"]",
      "instances": [
        {
          "schema_version": 0,
          "attributes": {
            "arn": "arn:aws:ec2:us-east-1:585008040165:security-group-rule/sgr-032044ef5f2329c18",
            "cidr_ipv4": "0.0.0.0/0",
            "cidr_ipv6": null,
            "description": null,
            "from_port": null,
            "id": "sgr-032044ef5f2329c18",
            "ip_protocol": "-1",
            "prefix_list_id": null,
            "referenced_security_group_id": null,
            "region": "us-east-1",
            "security_group_id": "sg-02949b50bf11ab555",
            "security_group_rule_id": "sgr-032044ef5f2329c18",
            "tags": null,
            "tags_all": {},
            "to_port": null
          },
          "sensitive_attributes": [],
          "identity_schema_version": 0,
          "dependencies": [
            "aws_security_group.endpoint-SG",
            "module.vpc.aws_vpc.this"
          ]
        }
      ]
    },
    {
      "mode": "managed",
      "type": "aws_vpc_security_group_egress_rule",
      "name": "allow_all_traffic_ipv6_bastion",
      "provider": "provider[\"registry.terraform.io/hashicorp/aws\"]",
      "instances": [
        {
          "schema_version": 0,
          "attributes": {
            "arn": "arn:aws:ec2:us-east-1:585008040165:security-group-rule/sgr-0f6c0c1f394d8baa5",
            "cidr_ipv4": null,
            "cidr_ipv6": "::/0",
            "description": null,
            "from_port": null,
            "id": "sgr-0f6c0c1f394d8baa5",
            "ip_protocol": "-1",
            "prefix_list_id": null,
            "referenced_security_group_id": null,
            "region": "us-east-1",
            "security_group_id": "sg-0fd839af49e5297c4",
            "security_group_rule_id": "sgr-0f6c0c1f394d8baa5",
            "tags": null,
            "tags_all": {},
            "to_port": null
          },
          "sensitive_attributes": [],
          "identity_schema_version": 0,
          "dependencies": [
            "aws_security_group.bastion-SG",
            "module.vpc.aws_vpc.this"
          ]
        }
      ]
    },
    {
      "mode": "managed",
      "type": "aws_vpc_security_group_egress_rule",
      "name": "allow_all_traffic_ipv6_endpoint",
      "provider": "provider[\"registry.terraform.io/hashicorp/aws\"]",
      "instances": [
        {
          "schema_version": 0,
          "attributes": {
            "arn": "arn:aws:ec2:us-east-1:585008040165:security-group-rule/sgr-02bce11d0351da02b",
            "cidr_ipv4": null,
            "cidr_ipv6": "::/0",
            "description": null,
            "from_port": null,
            "id": "sgr-02bce11d0351da02b",
            "ip_protocol": "-1",
            "prefix_list_id": null,
            "referenced_security_group_id": null,
            "region": "us-east-1",
            "security_group_id": "sg-02949b50bf11ab555",
            "security_group_rule_id": "sgr-02bce11d0351da02b",
            "tags": null,
            "tags_all": {},
            "to_port": null
          },
          "sensitive_attributes": [],
          "identity_schema_version": 0,
          "dependencies": [
            "aws_security_group.endpoint-SG",
            "module.vpc.aws_vpc.this"
          ]
        }
      ]
    },
    {
      "mode": "managed",
      "type": "aws_vpc_security_group_ingress_rule",
      "name": "allow_http_from_anywhere",
      "provider": "provider[\"registry.terraform.io/hashicorp/aws\"]",
      "instances": [
        {
          "schema_version": 0,
          "attributes": {
            "arn": "arn:aws:ec2:us-east-1:585008040165:security-group-rule/sgr-0e687697bf0852a0a",
            "cidr_ipv4": "0.0.0.0/0",
            "cidr_ipv6": null,
            "description": null,
            "from_port": 80,
            "id": "sgr-0e687697bf0852a0a",
            "ip_protocol": "tcp",
            "prefix_list_id": null,
            "referenced_security_group_id": null,
            "region": "us-east-1",
            "security_group_id": "sg-0fd839af49e5297c4",
            "security_group_rule_id": "sgr-0e687697bf0852a0a",
            "tags": null,
            "tags_all": {},
            "to_port": 80
          },
          "sensitive_attributes": [],
          "identity_schema_version": 0,
          "dependencies": [
            "aws_security_group.bastion-SG",
            "module.vpc.aws_vpc.this"
          ]
        }
      ]
    },
    {
      "mode": "managed",
      "type": "aws_vpc_security_group_ingress_rule",
      "name": "allow_https_from_anywhere",
      "provider": "provider[\"registry.terraform.io/hashicorp/aws\"]",
      "instances": [
        {
          "schema_version": 0,
          "attributes": {
            "arn": "arn:aws:ec2:us-east-1:585008040165:security-group-rule/sgr-0c7d7c362eac03f65",
            "cidr_ipv4": "0.0.0.0/0",
            "cidr_ipv6": null,
            "description": null,
            "from_port": 443,
            "id": "sgr-0c7d7c362eac03f65",
            "ip_protocol": "tcp",
            "prefix_list_id": null,
            "referenced_security_group_id": null,
            "region": "us-east-1",
            "security_group_id": "sg-0fd839af49e5297c4",
            "security_group_rule_id": "sgr-0c7d7c362eac03f65",
            "tags": null,
            "tags_all": {},
            "to_port": 443
          },
          "sensitive_attributes": [],
          "identity_schema_version": 0,
          "dependencies": [
            "aws_security_group.bastion-SG",
            "module.vpc.aws_vpc.this"
          ]
        }
      ]
    },
    {
      "mode": "managed",
      "type": "aws_vpc_security_group_ingress_rule",
      "name": "allow_ssh_from_anywhere",
      "provider": "provider[\"registry.terraform.io/hashicorp/aws\"]",
      "instances": [
        {
          "schema_version": 0,
          "attributes": {
            "arn": "arn:aws:ec2:us-east-1:585008040165:security-group-rule/sgr-0ace32e06236446ee",
            "cidr_ipv4": "0.0.0.0/0",
            "cidr_ipv6": null,
            "description": null,
            "from_port": 22,
            "id": "sgr-0ace32e06236446ee",
            "ip_protocol": "tcp",
            "prefix_list_id": null,
            "referenced_security_group_id": null,
            "region": "us-east-1",
            "security_group_id": "sg-0fd839af49e5297c4",
            "security_group_rule_id": "sgr-0ace32e06236446ee",
            "tags": null,
            "tags_all": {},
            "to_port": 22
          },
          "sensitive_attributes": [],
          "identity_schema_version": 0,
          "dependencies": [
            "aws_security_group.bastion-SG",
            "module.vpc.aws_vpc.this"
          ]
        }
      ]
    },
    {
      "mode": "managed",
      "type": "aws_vpc_security_group_ingress_rule",
      "name": "allow_ssh_from_bastion",
      "provider": "provider[\"registry.terraform.io/hashicorp/aws\"]",
      "instances": [
        {
          "schema_version": 0,
          "attributes": {
            "arn": "arn:aws:ec2:us-east-1:585008040165:security-group-rule/sgr-08a673b4755e3ba08",
            "cidr_ipv4": null,
            "cidr_ipv6": null,
            "description": null,
            "from_port": 22,
            "id": "sgr-08a673b4755e3ba08",
            "ip_protocol": "tcp",
            "prefix_list_id": null,
            "referenced_security_group_id": "sg-0fd839af49e5297c4",
            "region": "us-east-1",
            "security_group_id": "sg-02949b50bf11ab555",
            "security_group_rule_id": "sgr-08a673b4755e3ba08",
            "tags": null,
            "tags_all": {},
            "to_port": 22
          },
          "sensitive_attributes": [],
          "identity_schema_version": 0,
          "dependencies": [
            "aws_security_group.bastion-SG",
            "aws_security_group.endpoint-SG",
            "module.vpc.aws_vpc.this"
          ]
        }
      ]
    },
    {
      "mode": "managed",
      "type": "local_file",
      "name": "bastion_private_key",
      "provider": "provider[\"registry.terraform.io/hashicorp/local\"]",
      "instances": [
        {
          "schema_version": 0,
          "attributes": {
            "content": "-----BEGIN RSA PRIVATE KEY-----\nMIIJJwIBAAKCAgEApqZqBFq1oKUXOtHW3TbBXzTxOVp1zh6cL9eQ47etnIvAmoB/\n27hsQSQ1Lq7eqoZgLH653uAoDw4d1kI3u3TMnhAdBjHzsVFTNTvhajWmGkM0IUrN\nxRpflouMYncjmis8Fp9G8qvpqJ+u8grIHRYQl7E6qKsiV8wpzMrOHQxQtMxDD9pH\n/KHeQoaGi/NVOQjuzwz3FEnlSmncrjeOzsjU7zmIRv7b/lxKShiL+uN/PX6PmRNH\nIO5wenl4TSGh9jrHPnL8A1F3VBxsVD3V0xZOTxPcZdWr/Ws9V/mZOffYrTGBFbBw\nZiJui7aHLVBVjDi3hrmOiGiZrzLusLM0xPtJTmpODI4AE3OsrLMNYSB0QHQJFRK4\nZTyjbZc7dOLPJk471ZTGygx37q5q3QK77kT81B8TxhEHvUBk5dIxPLeFNdfHKbp5\n7WatdkiR5Wb3QwSAnwHPdmPdFuFDKPzs7/2s05FaBPaF2iBuPFE65c8txBhBf8LD\nvcTy1ttCCiB0ir40U4fOL8y3vRIgWRAtg5GmGnvH7qBKuMiCj47C/pqI93pnlBQl\nbV/DqXmjq39XqcXMs30kQWonpL8Xy2vgkNK1CurzJrzRcqD2IoB4cM5ckPWmcnKO\ngol05Tv7UVDuEZu4ho8A3Mz/Ws0FwQ8iIT6EfHXNmEvXkXmm4CJxW9cyN5ECAwEA\nAQKCAgAB6o7JsIep9SQEfYu13Pk8a0XX0JIOC0eP/ET9UqweIp7rF+MAfN56dvGz\n8PenUya8HulBERJHhAnJ9YEhuG4u5hqzVXPgJtd+WKCBrGQV0A6DeyeiZn3RY8GQ\nPfRMmPEsBcEBgte2ZD7/0lRqkzRLI5L8BAW/0ohA2NcludxxYRo8o9hT5ReYFmcU\nfmPij+ymYwIx+0c17mwxcPrv0UWI36rmaBanANrWKcdC8gaRR4kxVn7+TQeW55p/\ncTglIO1latnk1DUQpEgG8ElrD99ZekNnRLL21cVtjiBEgfSoSdYFEL47dRYQ0186\ntpOulQC1PaElhpBigEMtiHio8tvCVJIQsX9h6wkAXYGFnSE20qZY5Vofv/KuQf72\nBrIVkqf6/cUpJXED6iRk1AR75Kt2eAeA2vWSTSfsq0T9jEWj2kFmd3a6i9cHCOY7\nrqrieiKFl2lHI+KJhbx/8ZmZXP9gJQAl/G4hPpdKnYzWiQaJ5SWnOvF/USL22j4C\nv/NfV2xKqpw+cYbsdxANLtG4wgIrpq3I2/Veqblt/XGl7yh4NwWwBcHg3CfksV4e\nWcuqZP/gd16EXjz8lU2p7NlkOTart2Xb/dUG4Pbta3+9pLzYB6GZ8Vh/U2Wn7eBv\n7cjsDFiYgt3PDQHF/tQLE2+QDaCFyc+t/XFf1Nn4jLqfEykL/QKCAQEAzwaXz+F3\nRkMfwABFsdZi7CKuQhu7EkcU7GqEaYJrmdZ+KlHXI9XQXy6bRnMBPJNb3ogE5gyz\nke0gkXiNqUhOaNSbi5cjzJ6Ccng5JiwGZCEhMTjxOzHuHB5mustu/+AsJT7qrBnH\nLNOWyIFxI+wH41BjdfikyR91kbNR2wFWA/O4HewnQg+Qa141KNLng3qDvp/iSwyM\nFpryHKrVMZT0Xe8szRMKFzEgBBYA+d6nhKxC6PZIRH/bRJzuE1NhY7UK5bCx9c6F\nEp7t9LzKBZJbrR7G8lQ6uNJ3XdKPQZ1NiuXvhR6g7aU+fk5JqPw0+L02HhnxVfvy\nOQ0lTS+H3u/olQKCAQEAzhKu1xAAuzZJxOrP9wMdeI4ld1io5TmZAroO2lzb+KGX\nBsHAdJE9BzJqTeoe1Ucj5LhotuGVkJwfUsj+zGIsWFsVGCTUVgGiE3CyJZglb0HG\nXZyz0E/dhCqdQKwsvR3ho8aE9hs4YuATV7VvZKgoDu86KWLcEs1al8QAGtTbvIAL\nv9wu8zg22Oqm9msk7+AecpykC1Wvw0iOy9DdLrm9BTu4vetPQdysatTnGpmVsG5i\n9qUEhozs9u2b60FgfG0ZY/wWudAnkIBZdSwwUVRSnr5WkCEj7S0lhtepYjolnO64\noEuD+2GVWfE4rEeO2CrzrfiC0xVr0qE8rQ58M1PIDQKCAQAQaelnZeza+T9vLZZY\n/zJgnm9KdoBidphGFjvhUaHOVJ80I8D26mDW6w8MitmyP8ys3APnaWJjU3Wdkv1I\nSp9M2G5sptMDyh11jeqaCCuJjMbg7C7UDqVePVrPvIlUaCWX3mEku/Z6q1vtEbYy\nrugBMcJw/AG0oHXl013OC1EShyQ12x9RsYI1wQZd8jrAxdnkJzD92kTRFf/UHgdB\nIxosyGW47KWEKTTsngH9zZVig3XamowoQirUSczmY1n5WcU/aL7zSihqzYb4PG+X\n+X6jPylu1RbCyI0GN0d8YEhhltFisIb50Hwf730PlM9uWTINOOlVc+BEfbJTaE1R\nc5vxAoIBAExrwUsgNCU5TMIqElWYYiWDEYHg70GSypuoRDnWlfzucAOhdq3D7s3s\ndF/Qov6VE0qO2MZ5ge3O+A7LWzKQdcGOhZQelGAQ2vo6oNYwRjGsQtQUeNqXw55v\n70E8mJrJqhQCWuypy49facztDBJYCgL/1KHkd5jBbwc5OJC6v4J4OeM81Gx+PFjV\nLHXV5izPAHuge3V4oWXaUppjKqNZXi/CphBIY2wZWheEPPAwZMK5LRoquDLtsDMi\niuADrrR2ASSDKCpgd0uvTX2WlZSToNAd5hwtLhWW2IPZFofG6Iv6O522Y4ul9K0W\nN94r611fEF9D+cAuAX5rLQVAie6+80ECggEAZ2bq8K6W/Gp8O9eSWNO8wGwAIzH5\nLuSnlOSlujctTlA3Ej0SEpESWmIepyxRkSCS9qQbOiWR1vqf14Cm8dc/jU1vvUc9\nMBdT9Jo03u5iVV8/Fxr2cDx0FWbNfnMRXFLn9WkVpdfVnUvEyWD1cUWaA5uM8AzH\nMku6n7SzCFY14Isd6of2IQcKC7D80PGvkIUDuZ7ZiN0EKSdbUrAoDGJAvxZi8Oe5\nPKtdsxwTl9gUQO8JoWL7a85ENq+IXSziKoIjjnKazcV+AcMK4d0tCGuZvO9hT94n\nC94jPWa38n3gjjTeCS1IauMaDTljnyffvWWV4T6URxRlpbaqbWJOu6Wcuw==\n-----END RSA PRIVATE KEY-----\n",
            "content_base64": null,
            "content_base64sha256": "YmhpnbjJDrZKa7GSvtD43O9ioOKhvREl9qVYlGFz3c0=",
            "content_base64sha512": "HiFenM8RD9fbln97GDGReCGRbpkLnDfsTLgDd2eYToDgIhbD7TolukJNYw+Tep0aqnt4Yt+v2HUelIYQ9mdOFg==",
            "content_md5": "2c90caf917254cbff2e24a76ebb2c0c1",
            "content_sha1": "b2d50c9ea3bf5236c692db9aebdb695c1de5b336",
            "content_sha256": "6268699db8c90eb64a6bb192bed0f8dcef62a0e2a1bd1125f6a558946173ddcd",
            "content_sha512": "1e215e9ccf110fd7db967f7b1831917821916e990b9c37ec4cb8037767984e80e02216c3ed3a25ba424d630f937a9d1aaa7b7862dfafd8751e948610f6674e16",
            "directory_permission": "0777",
            "file_permission": "0777",
            "filename": "./bastion_private_key.pem",
            "id": "b2d50c9ea3bf5236c692db9aebdb695c1de5b336",
            "sensitive_content": null,
            "source": null
          },
          "sensitive_attributes": [
            [
              {
                "type": "get_attr",
                "value": "content"
              }
            ],
            [
              {
                "type": "get_attr",
                "value": "sensitive_content"
              }
            ]
          ],
          "identity_schema_version": 0,
          "dependencies": [
            "tls_private_key.bastion_key"
          ]
        }
      ]
    },
    {
      "mode": "managed",
      "type": "tls_private_key",
      "name": "bastion_key",
      "provider": "provider[\"registry.terraform.io/hashicorp/tls\"]",
      "instances": [
        {
          "schema_version": 1,
          "attributes": {
            "algorithm": "RSA",
            "ecdsa_curve": "P224",
            "id": "c808f89387654973cb58addae8d4923a51705bc3",
            "private_key_openssh": "-----BEGIN OPENSSH PRIVATE KEY-----\nb3BlbnNzaC1rZXktdjEAAAAABG5vbmUAAAAEbm9uZQAAAAAAAAABAAACFwAAAAdz\nc2gtcnNhAAAAAwEAAQAAAgEApqZqBFq1oKUXOtHW3TbBXzTxOVp1zh6cL9eQ47et\nnIvAmoB/27hsQSQ1Lq7eqoZgLH653uAoDw4d1kI3u3TMnhAdBjHzsVFTNTvhajWm\nGkM0IUrNxRpflouMYncjmis8Fp9G8qvpqJ+u8grIHRYQl7E6qKsiV8wpzMrOHQxQ\ntMxDD9pH/KHeQoaGi/NVOQjuzwz3FEnlSmncrjeOzsjU7zmIRv7b/lxKShiL+uN/\nPX6PmRNHIO5wenl4TSGh9jrHPnL8A1F3VBxsVD3V0xZOTxPcZdWr/Ws9V/mZOffY\nrTGBFbBwZiJui7aHLVBVjDi3hrmOiGiZrzLusLM0xPtJTmpODI4AE3OsrLMNYSB0\nQHQJFRK4ZTyjbZc7dOLPJk471ZTGygx37q5q3QK77kT81B8TxhEHvUBk5dIxPLeF\nNdfHKbp57WatdkiR5Wb3QwSAnwHPdmPdFuFDKPzs7/2s05FaBPaF2iBuPFE65c8t\nxBhBf8LDvcTy1ttCCiB0ir40U4fOL8y3vRIgWRAtg5GmGnvH7qBKuMiCj47C/pqI\n93pnlBQlbV/DqXmjq39XqcXMs30kQWonpL8Xy2vgkNK1CurzJrzRcqD2IoB4cM5c\nkPWmcnKOgol05Tv7UVDuEZu4ho8A3Mz/Ws0FwQ8iIT6EfHXNmEvXkXmm4CJxW9cy\nN5EAAAc4+iEb1PohG9QAAAAHc3NoLXJzYQAAAgEApqZqBFq1oKUXOtHW3TbBXzTx\nOVp1zh6cL9eQ47etnIvAmoB/27hsQSQ1Lq7eqoZgLH653uAoDw4d1kI3u3TMnhAd\nBjHzsVFTNTvhajWmGkM0IUrNxRpflouMYncjmis8Fp9G8qvpqJ+u8grIHRYQl7E6\nqKsiV8wpzMrOHQxQtMxDD9pH/KHeQoaGi/NVOQjuzwz3FEnlSmncrjeOzsjU7zmI\nRv7b/lxKShiL+uN/PX6PmRNHIO5wenl4TSGh9jrHPnL8A1F3VBxsVD3V0xZOTxPc\nZdWr/Ws9V/mZOffYrTGBFbBwZiJui7aHLVBVjDi3hrmOiGiZrzLusLM0xPtJTmpO\nDI4AE3OsrLMNYSB0QHQJFRK4ZTyjbZc7dOLPJk471ZTGygx37q5q3QK77kT81B8T\nxhEHvUBk5dIxPLeFNdfHKbp57WatdkiR5Wb3QwSAnwHPdmPdFuFDKPzs7/2s05Fa\nBPaF2iBuPFE65c8txBhBf8LDvcTy1ttCCiB0ir40U4fOL8y3vRIgWRAtg5GmGnvH\n7qBKuMiCj47C/pqI93pnlBQlbV/DqXmjq39XqcXMs30kQWonpL8Xy2vgkNK1Curz\nJrzRcqD2IoB4cM5ckPWmcnKOgol05Tv7UVDuEZu4ho8A3Mz/Ws0FwQ8iIT6EfHXN\nmEvXkXmm4CJxW9cyN5EAAAADAQABAAACAAHqjsmwh6n1JAR9i7Xc+TxrRdfQkg4L\nR4/8RP1SrB4inusX4wB83np28bPw96dTJrwe6UEREkeECcn1gSG4bi7mGrNVc+Am\n135YoIGsZBXQDoN7J6JmfdFjwZA99EyY8SwFwQGC17ZkPv/SVGqTNEsjkvwEBb/S\niEDY1yW53HFhGjyj2FPlF5gWZxR+Y+KP7KZjAjH7RzXubDFw+u/RRYjfquZoFqcA\n2tYpx0LyBpFHiTFWfv5NB5bnmn9xOCUg7WVq2eTUNRCkSAbwSWsP31l6Q2dEsvbV\nxW2OIESB9KhJ1gUQvjt1FhDTXzq2k66VALU9oSWGkGKAQy2IeKjy28JUkhCxf2Hr\nCQBdgYWdITbSpljlWh+/8q5B/vYGshWSp/r9xSklcQPqJGTUBHvkq3Z4B4Da9ZJN\nJ+yrRP2MRaPaQWZ3drqL1wcI5juuquJ6IoWXaUcj4omFvH/xmZlc/2AlACX8biE+\nl0qdjNaJBonlJac68X9RIvbaPgK/819XbEqqnD5xhux3EA0u0bjCAiumrcjb9V6p\nuW39caXvKHg3BbAFweDcJ+SxXh5Zy6pk/+B3XoRePPyVTans2WQ5Nqu3Zdv91Qbg\n9u1rf72kvNgHoZnxWH9TZaft4G/tyOwMWJiC3c8NAcX+1AsTb5ANoIXJz639cV/U\n2fiMup8TKQv9AAABAGdm6vCulvxqfDvXkljTvMBsACMx+S7kp5Tkpbo3LU5QNxI9\nEhKRElpiHqcsUZEgkvakGzolkdb6n9eApvHXP41Nb71HPTAXU/SaNN7uYlVfPxca\n9nA8dBVmzX5zEVxS5/VpFaXX1Z1LxMlg9XFFmgObjPAMxzJLup+0swhWNeCLHeqH\n9iEHCguw/NDxr5CFA7me2YjdBCknW1KwKAxiQL8WYvDnuTyrXbMcE5fYFEDvCaFi\n+2vORDaviF0s4iqCI45yms3FfgHDCuHdLQhrmbzvYU/eJwveIz1mt/J94I403gkt\nSGrjGg05Y58n371lleE+lEcUZaW2qm1iTrulnLsAAAEBAM8Gl8/hd0ZDH8AARbHW\nYuwirkIbuxJHFOxqhGmCa5nWfipR1yPV0F8um0ZzATyTW96IBOYMs5HtIJF4jalI\nTmjUm4uXI8yegnJ4OSYsBmQhITE48Tsx7hweZrrLbv/gLCU+6qwZxyzTlsiBcSPs\nB+NQY3X4pMkfdZGzUdsBVgPzuB3sJ0IPkGteNSjS54N6g76f4ksMjBaa8hyq1TGU\n9F3vLM0TChcxIAQWAPnep4SsQuj2SER/20Sc7hNTYWO1CuWwsfXOhRKe7fS8ygWS\nW60exvJUOrjSd13Sj0GdTYrl74UeoO2lPn5OSaj8NPi9Nh4Z8VX78jkNJU0vh97v\n6JUAAAEBAM4SrtcQALs2ScTqz/cDHXiOJXdYqOU5mQK6Dtpc2/ihlwbBwHSRPQcy\nak3qHtVHI+S4aLbhlZCcH1LI/sxiLFhbFRgk1FYBohNwsiWYJW9Bxl2cs9BP3YQq\nnUCsLL0d4aPGhPYbOGLgE1e1b2SoKA7vOili3BLNWpfEABrU27yAC7/cLvM4Ntjq\npvZrJO/gHnKcpAtVr8NIjsvQ3S65vQU7uL3rT0HcrGrU5xqZlbBuYvalBIaM7Pbt\nm+tBYHxtGWP8FrnQJ5CAWXUsMFFUUp6+VpAhI+0tJYbXqWI6JZzuuKBLg/thlVnx\nOKxHjtgq8634gtMVa9KhPK0OfDNTyA0AAAAAAQID\n-----END OPENSSH PRIVATE KEY-----\n",
            "private_key_pem": "-----BEGIN RSA PRIVATE KEY-----\nMIIJJwIBAAKCAgEApqZqBFq1oKUXOtHW3TbBXzTxOVp1zh6cL9eQ47etnIvAmoB/\n27hsQSQ1Lq7eqoZgLH653uAoDw4d1kI3u3TMnhAdBjHzsVFTNTvhajWmGkM0IUrN\nxRpflouMYncjmis8Fp9G8qvpqJ+u8grIHRYQl7E6qKsiV8wpzMrOHQxQtMxDD9pH\n/KHeQoaGi/NVOQjuzwz3FEnlSmncrjeOzsjU7zmIRv7b/lxKShiL+uN/PX6PmRNH\nIO5wenl4TSGh9jrHPnL8A1F3VBxsVD3V0xZOTxPcZdWr/Ws9V/mZOffYrTGBFbBw\nZiJui7aHLVBVjDi3hrmOiGiZrzLusLM0xPtJTmpODI4AE3OsrLMNYSB0QHQJFRK4\nZTyjbZc7dOLPJk471ZTGygx37q5q3QK77kT81B8TxhEHvUBk5dIxPLeFNdfHKbp5\n7WatdkiR5Wb3QwSAnwHPdmPdFuFDKPzs7/2s05FaBPaF2iBuPFE65c8txBhBf8LD\nvcTy1ttCCiB0ir40U4fOL8y3vRIgWRAtg5GmGnvH7qBKuMiCj47C/pqI93pnlBQl\nbV/DqXmjq39XqcXMs30kQWonpL8Xy2vgkNK1CurzJrzRcqD2IoB4cM5ckPWmcnKO\ngol05Tv7UVDuEZu4ho8A3Mz/Ws0FwQ8iIT6EfHXNmEvXkXmm4CJxW9cyN5ECAwEA\nAQKCAgAB6o7JsIep9SQEfYu13Pk8a0XX0JIOC0eP/ET9UqweIp7rF+MAfN56dvGz\n8PenUya8HulBERJHhAnJ9YEhuG4u5hqzVXPgJtd+WKCBrGQV0A6DeyeiZn3RY8GQ\nPfRMmPEsBcEBgte2ZD7/0lRqkzRLI5L8BAW/0ohA2NcludxxYRo8o9hT5ReYFmcU\nfmPij+ymYwIx+0c17mwxcPrv0UWI36rmaBanANrWKcdC8gaRR4kxVn7+TQeW55p/\ncTglIO1latnk1DUQpEgG8ElrD99ZekNnRLL21cVtjiBEgfSoSdYFEL47dRYQ0186\ntpOulQC1PaElhpBigEMtiHio8tvCVJIQsX9h6wkAXYGFnSE20qZY5Vofv/KuQf72\nBrIVkqf6/cUpJXED6iRk1AR75Kt2eAeA2vWSTSfsq0T9jEWj2kFmd3a6i9cHCOY7\nrqrieiKFl2lHI+KJhbx/8ZmZXP9gJQAl/G4hPpdKnYzWiQaJ5SWnOvF/USL22j4C\nv/NfV2xKqpw+cYbsdxANLtG4wgIrpq3I2/Veqblt/XGl7yh4NwWwBcHg3CfksV4e\nWcuqZP/gd16EXjz8lU2p7NlkOTart2Xb/dUG4Pbta3+9pLzYB6GZ8Vh/U2Wn7eBv\n7cjsDFiYgt3PDQHF/tQLE2+QDaCFyc+t/XFf1Nn4jLqfEykL/QKCAQEAzwaXz+F3\nRkMfwABFsdZi7CKuQhu7EkcU7GqEaYJrmdZ+KlHXI9XQXy6bRnMBPJNb3ogE5gyz\nke0gkXiNqUhOaNSbi5cjzJ6Ccng5JiwGZCEhMTjxOzHuHB5mustu/+AsJT7qrBnH\nLNOWyIFxI+wH41BjdfikyR91kbNR2wFWA/O4HewnQg+Qa141KNLng3qDvp/iSwyM\nFpryHKrVMZT0Xe8szRMKFzEgBBYA+d6nhKxC6PZIRH/bRJzuE1NhY7UK5bCx9c6F\nEp7t9LzKBZJbrR7G8lQ6uNJ3XdKPQZ1NiuXvhR6g7aU+fk5JqPw0+L02HhnxVfvy\nOQ0lTS+H3u/olQKCAQEAzhKu1xAAuzZJxOrP9wMdeI4ld1io5TmZAroO2lzb+KGX\nBsHAdJE9BzJqTeoe1Ucj5LhotuGVkJwfUsj+zGIsWFsVGCTUVgGiE3CyJZglb0HG\nXZyz0E/dhCqdQKwsvR3ho8aE9hs4YuATV7VvZKgoDu86KWLcEs1al8QAGtTbvIAL\nv9wu8zg22Oqm9msk7+AecpykC1Wvw0iOy9DdLrm9BTu4vetPQdysatTnGpmVsG5i\n9qUEhozs9u2b60FgfG0ZY/wWudAnkIBZdSwwUVRSnr5WkCEj7S0lhtepYjolnO64\noEuD+2GVWfE4rEeO2CrzrfiC0xVr0qE8rQ58M1PIDQKCAQAQaelnZeza+T9vLZZY\n/zJgnm9KdoBidphGFjvhUaHOVJ80I8D26mDW6w8MitmyP8ys3APnaWJjU3Wdkv1I\nSp9M2G5sptMDyh11jeqaCCuJjMbg7C7UDqVePVrPvIlUaCWX3mEku/Z6q1vtEbYy\nrugBMcJw/AG0oHXl013OC1EShyQ12x9RsYI1wQZd8jrAxdnkJzD92kTRFf/UHgdB\nIxosyGW47KWEKTTsngH9zZVig3XamowoQirUSczmY1n5WcU/aL7zSihqzYb4PG+X\n+X6jPylu1RbCyI0GN0d8YEhhltFisIb50Hwf730PlM9uWTINOOlVc+BEfbJTaE1R\nc5vxAoIBAExrwUsgNCU5TMIqElWYYiWDEYHg70GSypuoRDnWlfzucAOhdq3D7s3s\ndF/Qov6VE0qO2MZ5ge3O+A7LWzKQdcGOhZQelGAQ2vo6oNYwRjGsQtQUeNqXw55v\n70E8mJrJqhQCWuypy49facztDBJYCgL/1KHkd5jBbwc5OJC6v4J4OeM81Gx+PFjV\nLHXV5izPAHuge3V4oWXaUppjKqNZXi/CphBIY2wZWheEPPAwZMK5LRoquDLtsDMi\niuADrrR2ASSDKCpgd0uvTX2WlZSToNAd5hwtLhWW2IPZFofG6Iv6O522Y4ul9K0W\nN94r611fEF9D+cAuAX5rLQVAie6+80ECggEAZ2bq8K6W/Gp8O9eSWNO8wGwAIzH5\nLuSnlOSlujctTlA3Ej0SEpESWmIepyxRkSCS9qQbOiWR1vqf14Cm8dc/jU1vvUc9\nMBdT9Jo03u5iVV8/Fxr2cDx0FWbNfnMRXFLn9WkVpdfVnUvEyWD1cUWaA5uM8AzH\nMku6n7SzCFY14Isd6of2IQcKC7D80PGvkIUDuZ7ZiN0EKSdbUrAoDGJAvxZi8Oe5\nPKtdsxwTl9gUQO8JoWL7a85ENq+IXSziKoIjjnKazcV+AcMK4d0tCGuZvO9hT94n\nC94jPWa38n3gjjTeCS1IauMaDTljnyffvWWV4T6URxRlpbaqbWJOu6Wcuw==\n-----END RSA PRIVATE KEY-----\n",
            "private_key_pem_pkcs8": "-----BEGIN PRIVATE KEY-----\nMIIJQQIBADANBgkqhkiG9w0BAQEFAASCCSswggknAgEAAoICAQCmpmoEWrWgpRc6\n0dbdNsFfNPE5WnXOHpwv15Djt62ci8CagH/buGxBJDUurt6qhmAsfrne4CgPDh3W\nQje7dMyeEB0GMfOxUVM1O+FqNaYaQzQhSs3FGl+Wi4xidyOaKzwWn0byq+mon67y\nCsgdFhCXsTqoqyJXzCnMys4dDFC0zEMP2kf8od5ChoaL81U5CO7PDPcUSeVKadyu\nN47OyNTvOYhG/tv+XEpKGIv64389fo+ZE0cg7nB6eXhNIaH2Osc+cvwDUXdUHGxU\nPdXTFk5PE9xl1av9az1X+Zk599itMYEVsHBmIm6LtoctUFWMOLeGuY6IaJmvMu6w\nszTE+0lOak4MjgATc6yssw1hIHRAdAkVErhlPKNtlzt04s8mTjvVlMbKDHfurmrd\nArvuRPzUHxPGEQe9QGTl0jE8t4U118cpunntZq12SJHlZvdDBICfAc92Y90W4UMo\n/Ozv/azTkVoE9oXaIG48UTrlzy3EGEF/wsO9xPLW20IKIHSKvjRTh84vzLe9EiBZ\nEC2DkaYae8fuoEq4yIKPjsL+moj3emeUFCVtX8OpeaOrf1epxcyzfSRBaiekvxfL\na+CQ0rUK6vMmvNFyoPYigHhwzlyQ9aZyco6CiXTlO/tRUO4Rm7iGjwDczP9azQXB\nDyIhPoR8dc2YS9eReabgInFb1zI3kQIDAQABAoICAAHqjsmwh6n1JAR9i7Xc+Txr\nRdfQkg4LR4/8RP1SrB4inusX4wB83np28bPw96dTJrwe6UEREkeECcn1gSG4bi7m\nGrNVc+Am135YoIGsZBXQDoN7J6JmfdFjwZA99EyY8SwFwQGC17ZkPv/SVGqTNEsj\nkvwEBb/SiEDY1yW53HFhGjyj2FPlF5gWZxR+Y+KP7KZjAjH7RzXubDFw+u/RRYjf\nquZoFqcA2tYpx0LyBpFHiTFWfv5NB5bnmn9xOCUg7WVq2eTUNRCkSAbwSWsP31l6\nQ2dEsvbVxW2OIESB9KhJ1gUQvjt1FhDTXzq2k66VALU9oSWGkGKAQy2IeKjy28JU\nkhCxf2HrCQBdgYWdITbSpljlWh+/8q5B/vYGshWSp/r9xSklcQPqJGTUBHvkq3Z4\nB4Da9ZJNJ+yrRP2MRaPaQWZ3drqL1wcI5juuquJ6IoWXaUcj4omFvH/xmZlc/2Al\nACX8biE+l0qdjNaJBonlJac68X9RIvbaPgK/819XbEqqnD5xhux3EA0u0bjCAium\nrcjb9V6puW39caXvKHg3BbAFweDcJ+SxXh5Zy6pk/+B3XoRePPyVTans2WQ5Nqu3\nZdv91Qbg9u1rf72kvNgHoZnxWH9TZaft4G/tyOwMWJiC3c8NAcX+1AsTb5ANoIXJ\nz639cV/U2fiMup8TKQv9AoIBAQDPBpfP4XdGQx/AAEWx1mLsIq5CG7sSRxTsaoRp\ngmuZ1n4qUdcj1dBfLptGcwE8k1veiATmDLOR7SCReI2pSE5o1JuLlyPMnoJyeDkm\nLAZkISExOPE7Me4cHma6y27/4CwlPuqsGccs05bIgXEj7AfjUGN1+KTJH3WRs1Hb\nAVYD87gd7CdCD5BrXjUo0ueDeoO+n+JLDIwWmvIcqtUxlPRd7yzNEwoXMSAEFgD5\n3qeErELo9khEf9tEnO4TU2FjtQrlsLH1zoUSnu30vMoFklutHsbyVDq40ndd0o9B\nnU2K5e+FHqDtpT5+Tkmo/DT4vTYeGfFV+/I5DSVNL4fe7+iVAoIBAQDOEq7XEAC7\nNknE6s/3Ax14jiV3WKjlOZkCug7aXNv4oZcGwcB0kT0HMmpN6h7VRyPkuGi24ZWQ\nnB9SyP7MYixYWxUYJNRWAaITcLIlmCVvQcZdnLPQT92EKp1ArCy9HeGjxoT2Gzhi\n4BNXtW9kqCgO7zopYtwSzVqXxAAa1Nu8gAu/3C7zODbY6qb2ayTv4B5ynKQLVa/D\nSI7L0N0uub0FO7i9609B3Kxq1OcamZWwbmL2pQSGjOz27ZvrQWB8bRlj/Ba50CeQ\ngFl1LDBRVFKevlaQISPtLSWG16liOiWc7rigS4P7YZVZ8TisR47YKvOt+ILTFWvS\noTytDnwzU8gNAoIBABBp6Wdl7Nr5P28tllj/MmCeb0p2gGJ2mEYWO+FRoc5UnzQj\nwPbqYNbrDwyK2bI/zKzcA+dpYmNTdZ2S/UhKn0zYbmym0wPKHXWN6poIK4mMxuDs\nLtQOpV49Ws+8iVRoJZfeYSS79nqrW+0RtjKu6AExwnD8AbSgdeXTXc4LURKHJDXb\nH1GxgjXBBl3yOsDF2eQnMP3aRNEV/9QeB0EjGizIZbjspYQpNOyeAf3NlWKDddqa\njChCKtRJzOZjWflZxT9ovvNKKGrNhvg8b5f5fqM/KW7VFsLIjQY3R3xgSGGW0WKw\nhvnQfB/vfQ+Uz25ZMg046VVz4ER9slNoTVFzm/ECggEATGvBSyA0JTlMwioSVZhi\nJYMRgeDvQZLKm6hEOdaV/O5wA6F2rcPuzex0X9Ci/pUTSo7YxnmB7c74DstbMpB1\nwY6FlB6UYBDa+jqg1jBGMaxC1BR42pfDnm/vQTyYmsmqFAJa7KnLj19pzO0MElgK\nAv/UoeR3mMFvBzk4kLq/gng54zzUbH48WNUsddXmLM8Ae6B7dXihZdpSmmMqo1le\nL8KmEEhjbBlaF4Q88DBkwrktGiq4Mu2wMyKK4AOutHYBJIMoKmB3S69NfZaVlJOg\n0B3mHC0uFZbYg9kWh8boi/o7nbZji6X0rRY33ivrXV8QX0P5wC4BfmstBUCJ7r7z\nQQKCAQBnZurwrpb8anw715JY07zAbAAjMfku5KeU5KW6Ny1OUDcSPRISkRJaYh6n\nLFGRIJL2pBs6JZHW+p/XgKbx1z+NTW+9Rz0wF1P0mjTe7mJVXz8XGvZwPHQVZs1+\ncxFcUuf1aRWl19WdS8TJYPVxRZoDm4zwDMcyS7qftLMIVjXgix3qh/YhBwoLsPzQ\n8a+QhQO5ntmI3QQpJ1tSsCgMYkC/FmLw57k8q12zHBOX2BRA7wmhYvtrzkQ2r4hd\nLOIqgiOOcprNxX4Bwwrh3S0Ia5m872FP3icL3iM9ZrfyfeCONN4JLUhq4xoNOWOf\nJ9+9ZZXhPpRHFGWltqptYk67pZy7\n-----END PRIVATE KEY-----\n",
            "public_key_fingerprint_md5": "b4:7e:8c:55:91:19:4b:19:6f:91:6e:0d:78:44:79:5a",
            "public_key_fingerprint_sha256": "SHA256:2NOF9dtcFB9uS9egxxqrWbFT+XMjhAlJAaGWWycODBs",
            "public_key_openssh": "ssh-rsa AAAAB3NzaC1yc2EAAAADAQABAAACAQCmpmoEWrWgpRc60dbdNsFfNPE5WnXOHpwv15Djt62ci8CagH/buGxBJDUurt6qhmAsfrne4CgPDh3WQje7dMyeEB0GMfOxUVM1O+FqNaYaQzQhSs3FGl+Wi4xidyOaKzwWn0byq+mon67yCsgdFhCXsTqoqyJXzCnMys4dDFC0zEMP2kf8od5ChoaL81U5CO7PDPcUSeVKadyuN47OyNTvOYhG/tv+XEpKGIv64389fo+ZE0cg7nB6eXhNIaH2Osc+cvwDUXdUHGxUPdXTFk5PE9xl1av9az1X+Zk599itMYEVsHBmIm6LtoctUFWMOLeGuY6IaJmvMu6wszTE+0lOak4MjgATc6yssw1hIHRAdAkVErhlPKNtlzt04s8mTjvVlMbKDHfurmrdArvuRPzUHxPGEQe9QGTl0jE8t4U118cpunntZq12SJHlZvdDBICfAc92Y90W4UMo/Ozv/azTkVoE9oXaIG48UTrlzy3EGEF/wsO9xPLW20IKIHSKvjRTh84vzLe9EiBZEC2DkaYae8fuoEq4yIKPjsL+moj3emeUFCVtX8OpeaOrf1epxcyzfSRBaiekvxfLa+CQ0rUK6vMmvNFyoPYigHhwzlyQ9aZyco6CiXTlO/tRUO4Rm7iGjwDczP9azQXBDyIhPoR8dc2YS9eReabgInFb1zI3kQ==\n",
            "public_key_pem": "-----BEGIN PUBLIC KEY-----\nMIICIjANBgkqhkiG9w0BAQEFAAOCAg8AMIICCgKCAgEApqZqBFq1oKUXOtHW3TbB\nXzTxOVp1zh6cL9eQ47etnIvAmoB/27hsQSQ1Lq7eqoZgLH653uAoDw4d1kI3u3TM\nnhAdBjHzsVFTNTvhajWmGkM0IUrNxRpflouMYncjmis8Fp9G8qvpqJ+u8grIHRYQ\nl7E6qKsiV8wpzMrOHQxQtMxDD9pH/KHeQoaGi/NVOQjuzwz3FEnlSmncrjeOzsjU\n7zmIRv7b/lxKShiL+uN/PX6PmRNHIO5wenl4TSGh9jrHPnL8A1F3VBxsVD3V0xZO\nTxPcZdWr/Ws9V/mZOffYrTGBFbBwZiJui7aHLVBVjDi3hrmOiGiZrzLusLM0xPtJ\nTmpODI4AE3OsrLMNYSB0QHQJFRK4ZTyjbZc7dOLPJk471ZTGygx37q5q3QK77kT8\n1B8TxhEHvUBk5dIxPLeFNdfHKbp57WatdkiR5Wb3QwSAnwHPdmPdFuFDKPzs7/2s\n05FaBPaF2iBuPFE65c8txBhBf8LDvcTy1ttCCiB0ir40U4fOL8y3vRIgWRAtg5Gm\nGnvH7qBKuMiCj47C/pqI93pnlBQlbV/DqXmjq39XqcXMs30kQWonpL8Xy2vgkNK1\nCurzJrzRcqD2IoB4cM5ckPWmcnKOgol05Tv7UVDuEZu4ho8A3Mz/Ws0FwQ8iIT6E\nfHXNmEvXkXmm4CJxW9cyN5ECAwEAAQ==\n-----END PUBLIC KEY-----\n",
            "rsa_bits": 4096
          },
          "sensitive_attributes": [
            [
              {
                "type": "get_attr",
                "value": "private_key_openssh"
              }
            ],
            [
              {
                "type": "get_attr",
                "value": "private_key_pem"
              }
            ],
            [
              {
                "type": "get_attr",
                "value": "private_key_pem_pkcs8"
              }
            ]
          ],
          "identity_schema_version": 0
        }
      ]
    },
    {
      "module": "module.vpc",
      "mode": "managed",
      "type": "aws_default_network_acl",
      "name": "this",
      "provider": "provider[\"registry.terraform.io/hashicorp/aws\"]",
      "instances": [
        {
          "index_key": 0,
          "schema_version": 0,
          "attributes": {
            "arn": "arn:aws:ec2:us-east-1:585008040165:network-acl/acl-0acebfa28c2bde740",
            "default_network_acl_id": "acl-0acebfa28c2bde740",
            "egress": [
              {
                "action": "allow",
                "cidr_block": "",
                "from_port": 0,
                "icmp_code": 0,
                "icmp_type": 0,
                "ipv6_cidr_block": "::/0",
                "protocol": "-1",
                "rule_no": 101,
                "to_port": 0
              },
              {
                "action": "allow",
                "cidr_block": "0.0.0.0/0",
                "from_port": 0,
                "icmp_code": 0,
                "icmp_type": 0,
                "ipv6_cidr_block": "",
                "protocol": "-1",
                "rule_no": 100,
                "to_port": 0
              }
            ],
            "id": "acl-0acebfa28c2bde740",
            "ingress": [
              {
                "action": "allow",
                "cidr_block": "",
                "from_port": 0,
                "icmp_code": 0,
                "icmp_type": 0,
                "ipv6_cidr_block": "::/0",
                "protocol": "-1",
                "rule_no": 101,
                "to_port": 0
              },
              {
                "action": "allow",
                "cidr_block": "0.0.0.0/0",
                "from_port": 0,
                "icmp_code": 0,
                "icmp_type": 0,
                "ipv6_cidr_block": "",
                "protocol": "-1",
                "rule_no": 100,
                "to_port": 0
              }
            ],
            "owner_id": "585008040165",
            "region": "us-east-1",
            "subnet_ids": [
              "subnet-0b8ea9d2842f15d0e",
              "subnet-0d7a1c17a7d9d7066"
            ],
            "tags": {
              "Environment": "dev",
              "Name": "MyVPC-default",
              "Terraform": "true"
            },
            "tags_all": {
              "Environment": "dev",
              "Name": "MyVPC-default",
              "Terraform": "true"
            },
            "vpc_id": "vpc-0d724424eb8b193f8"
          },
          "sensitive_attributes": [],
          "identity_schema_version": 0,
          "private": "bnVsbA==",
          "dependencies": [
            "module.vpc.aws_vpc.this"
          ]
        }
      ]
    },
    {
      "module": "module.vpc",
      "mode": "managed",
      "type": "aws_default_route_table",
      "name": "default",
      "provider": "provider[\"registry.terraform.io/hashicorp/aws\"]",
      "instances": [
        {
          "index_key": 0,
          "schema_version": 0,
          "attributes": {
            "arn": "arn:aws:ec2:us-east-1:585008040165:route-table/rtb-010094bfc35e1c642",
            "default_route_table_id": "rtb-010094bfc35e1c642",
            "id": "rtb-010094bfc35e1c642",
            "owner_id": "585008040165",
            "propagating_vgws": [],
            "region": "us-east-1",
            "route": [],
            "tags": {
              "Environment": "dev",
              "Name": "MyVPC-default",
              "Terraform": "true"
            },
            "tags_all": {
              "Environment": "dev",
              "Name": "MyVPC-default",
              "Terraform": "true"
            },
            "timeouts": {
              "create": "5m",
              "update": "5m"
            },
            "vpc_id": "vpc-0d724424eb8b193f8"
          },
          "sensitive_attributes": [],
          "identity_schema_version": 0,
          "private": "eyJlMmJmYjczMC1lY2FhLTExZTYtOGY4OC0zNDM2M2JjN2M0YzAiOnsiY3JlYXRlIjozMDAwMDAwMDAwMDAsInVwZGF0ZSI6MzAwMDAwMDAwMDAwfX0=",
          "dependencies": [
            "module.vpc.aws_vpc.this"
          ]
        }
      ]
    },
    {
      "module": "module.vpc",
      "mode": "managed",
      "type": "aws_default_security_group",
      "name": "this",
      "provider": "provider[\"registry.terraform.io/hashicorp/aws\"]",
      "instances": [
        {
          "index_key": 0,
          "schema_version": 1,
          "attributes": {
            "arn": "arn:aws:ec2:us-east-1:585008040165:security-group/sg-07f998d8628fb1868",
            "description": "default VPC security group",
            "egress": [],
            "id": "sg-07f998d8628fb1868",
            "ingress": [],
            "name": "default",
            "name_prefix": "",
            "owner_id": "585008040165",
            "region": "us-east-1",
            "revoke_rules_on_delete": false,
            "tags": {
              "Environment": "dev",
              "Name": "MyVPC-default",
              "Terraform": "true"
            },
            "tags_all": {
              "Environment": "dev",
              "Name": "MyVPC-default",
              "Terraform": "true"
            },
            "vpc_id": "vpc-0d724424eb8b193f8"
          },
          "sensitive_attributes": [],
          "identity_schema_version": 0,
          "private": "eyJzY2hlbWFfdmVyc2lvbiI6IjEifQ==",
          "dependencies": [
            "module.vpc.aws_vpc.this"
          ]
        }
      ]
    },
    {
      "module": "module.vpc",
      "mode": "managed",
      "type": "aws_internet_gateway",
      "name": "this",
      "provider": "provider[\"registry.terraform.io/hashicorp/aws\"]",
      "instances": [
        {
          "index_key": 0,
          "schema_version": 0,
          "attributes": {
            "arn": "arn:aws:ec2:us-east-1:585008040165:internet-gateway/igw-0176c494e4acf1e95",
            "id": "igw-0176c494e4acf1e95",
            "owner_id": "585008040165",
            "region": "us-east-1",
            "tags": {
              "Environment": "dev",
              "Name": "MyVPC",
              "Terraform": "true"
            },
            "tags_all": {
              "Environment": "dev",
              "Name": "MyVPC",
              "Terraform": "true"
            },
            "timeouts": null,
            "vpc_id": "vpc-0d724424eb8b193f8"
          },
          "sensitive_attributes": [],
          "identity_schema_version": 0,
          "private": "eyJlMmJmYjczMC1lY2FhLTExZTYtOGY4OC0zNDM2M2JjN2M0YzAiOnsiY3JlYXRlIjoxMjAwMDAwMDAwMDAwLCJkZWxldGUiOjEyMDAwMDAwMDAwMDAsInVwZGF0ZSI6MTIwMDAwMDAwMDAwMH19",
          "dependencies": [
            "module.vpc.aws_vpc.this",
            "module.vpc.aws_vpc_ipv4_cidr_block_association.this"
          ]
        }
      ]
    },
    {
      "module": "module.vpc",
      "mode": "managed",
      "type": "aws_route",
      "name": "public_internet_gateway",
      "provider": "provider[\"registry.terraform.io/hashicorp/aws\"]",
      "instances": [
        {
          "index_key": 0,
          "schema_version": 0,
          "attributes": {
            "carrier_gateway_id": "",
            "core_network_arn": "",
            "destination_cidr_block": "0.0.0.0/0",
            "destination_ipv6_cidr_block": "",
            "destination_prefix_list_id": "",
            "egress_only_gateway_id": "",
            "gateway_id": "igw-0176c494e4acf1e95",
            "id": "r-rtb-09b6bfd3bf8ad29851080289494",
            "instance_id": "",
            "instance_owner_id": "",
            "local_gateway_id": "",
            "nat_gateway_id": "",
            "network_interface_id": "",
            "origin": "CreateRoute",
            "region": "us-east-1",
            "route_table_id": "rtb-09b6bfd3bf8ad2985",
            "state": "active",
            "timeouts": {
              "create": "5m",
              "delete": null,
              "update": null
            },
            "transit_gateway_id": "",
            "vpc_endpoint_id": "",
            "vpc_peering_connection_id": ""
          },
          "sensitive_attributes": [],
          "identity_schema_version": 0,
          "private": "eyJlMmJmYjczMC1lY2FhLTExZTYtOGY4OC0zNDM2M2JjN2M0YzAiOnsiY3JlYXRlIjozMDAwMDAwMDAwMDAsImRlbGV0ZSI6MzAwMDAwMDAwMDAwLCJ1cGRhdGUiOjEyMDAwMDAwMDAwMH19",
          "dependencies": [
            "module.vpc.aws_internet_gateway.this",
            "module.vpc.aws_route_table.public",
            "module.vpc.aws_vpc.this",
            "module.vpc.aws_vpc_ipv4_cidr_block_association.this"
          ]
        }
      ]
    },
    {
      "module": "module.vpc",
      "mode": "managed",
      "type": "aws_route_table",
      "name": "private",
      "provider": "provider[\"registry.terraform.io/hashicorp/aws\"]",
      "instances": [
        {
          "index_key": 0,
          "schema_version": 0,
          "attributes": {
            "arn": "arn:aws:ec2:us-east-1:585008040165:route-table/rtb-0614993ff1025d430",
            "id": "rtb-0614993ff1025d430",
            "owner_id": "585008040165",
            "propagating_vgws": [],
            "region": "us-east-1",
            "route": [],
            "tags": {
              "Environment": "dev",
              "Name": "MyVPC-private-us-east-1a",
              "Terraform": "true"
            },
            "tags_all": {
              "Environment": "dev",
              "Name": "MyVPC-private-us-east-1a",
              "Terraform": "true"
            },
            "timeouts": null,
            "vpc_id": "vpc-0d724424eb8b193f8"
          },
          "sensitive_attributes": [],
          "identity_schema_version": 0,
          "private": "eyJlMmJmYjczMC1lY2FhLTExZTYtOGY4OC0zNDM2M2JjN2M0YzAiOnsiY3JlYXRlIjozMDAwMDAwMDAwMDAsImRlbGV0ZSI6MzAwMDAwMDAwMDAwLCJ1cGRhdGUiOjEyMDAwMDAwMDAwMH19",
          "dependencies": [
            "module.vpc.aws_vpc.this",
            "module.vpc.aws_vpc_ipv4_cidr_block_association.this"
          ]
        }
      ]
    },
    {
      "module": "module.vpc",
      "mode": "managed",
      "type": "aws_route_table",
      "name": "public",
      "provider": "provider[\"registry.terraform.io/hashicorp/aws\"]",
      "instances": [
        {
          "index_key": 0,
          "schema_version": 0,
          "attributes": {
            "arn": "arn:aws:ec2:us-east-1:585008040165:route-table/rtb-09b6bfd3bf8ad2985",
            "id": "rtb-09b6bfd3bf8ad2985",
            "owner_id": "585008040165",
            "propagating_vgws": [],
            "region": "us-east-1",
            "route": [
              {
                "carrier_gateway_id": "",
                "cidr_block": "0.0.0.0/0",
                "core_network_arn": "",
                "destination_prefix_list_id": "",
                "egress_only_gateway_id": "",
                "gateway_id": "igw-0176c494e4acf1e95",
                "ipv6_cidr_block": "",
                "local_gateway_id": "",
                "nat_gateway_id": "",
                "network_interface_id": "",
                "transit_gateway_id": "",
                "vpc_endpoint_id": "",
                "vpc_peering_connection_id": ""
              }
            ],
            "tags": {
              "Environment": "dev",
              "Name": "MyVPC-public",
              "Terraform": "true"
            },
            "tags_all": {
              "Environment": "dev",
              "Name": "MyVPC-public",
              "Terraform": "true"
            },
            "timeouts": null,
            "vpc_id": "vpc-0d724424eb8b193f8"
          },
          "sensitive_attributes": [],
          "identity_schema_version": 0,
          "private": "eyJlMmJmYjczMC1lY2FhLTExZTYtOGY4OC0zNDM2M2JjN2M0YzAiOnsiY3JlYXRlIjozMDAwMDAwMDAwMDAsImRlbGV0ZSI6MzAwMDAwMDAwMDAwLCJ1cGRhdGUiOjEyMDAwMDAwMDAwMH19",
          "dependencies": [
            "module.vpc.aws_vpc.this",
            "module.vpc.aws_vpc_ipv4_cidr_block_association.this"
          ]
        }
      ]
    },
    {
      "module": "module.vpc",
      "mode": "managed",
      "type": "aws_route_table_association",
      "name": "private",
      "provider": "provider[\"registry.terraform.io/hashicorp/aws\"]",
      "instances": [
        {
          "index_key": 0,
          "schema_version": 0,
          "attributes": {
            "gateway_id": "",
            "id": "rtbassoc-0952196f2f06a58f1",
            "region": "us-east-1",
            "route_table_id": "rtb-0614993ff1025d430",
            "subnet_id": "subnet-0d7a1c17a7d9d7066",
            "timeouts": null
          },
          "sensitive_attributes": [],
          "identity_schema_version": 0,
          "private": "eyJlMmJmYjczMC1lY2FhLTExZTYtOGY4OC0zNDM2M2JjN2M0YzAiOnsiY3JlYXRlIjozMDAwMDAwMDAwMDAsImRlbGV0ZSI6MzAwMDAwMDAwMDAwLCJ1cGRhdGUiOjEyMDAwMDAwMDAwMH19",
          "dependencies": [
            "module.vpc.aws_route_table.private",
            "module.vpc.aws_subnet.private",
            "module.vpc.aws_vpc.this",
            "module.vpc.aws_vpc_ipv4_cidr_block_association.this"
          ]
        }
      ]
    },
    {
      "module": "module.vpc",
      "mode": "managed",
      "type": "aws_route_table_association",
      "name": "public",
      "provider": "provider[\"registry.terraform.io/hashicorp/aws\"]",
      "instances": [
        {
          "index_key": 0,
          "schema_version": 0,
          "attributes": {
            "gateway_id": "",
            "id": "rtbassoc-0cf181024262e5eff",
            "region": "us-east-1",
            "route_table_id": "rtb-09b6bfd3bf8ad2985",
            "subnet_id": "subnet-0b8ea9d2842f15d0e",
            "timeouts": null
          },
          "sensitive_attributes": [],
          "identity_schema_version": 0,
          "private": "eyJlMmJmYjczMC1lY2FhLTExZTYtOGY4OC0zNDM2M2JjN2M0YzAiOnsiY3JlYXRlIjozMDAwMDAwMDAwMDAsImRlbGV0ZSI6MzAwMDAwMDAwMDAwLCJ1cGRhdGUiOjEyMDAwMDAwMDAwMH19",
          "dependencies": [
            "module.vpc.aws_route_table.public",
            "module.vpc.aws_subnet.public",
            "module.vpc.aws_vpc.this",
            "module.vpc.aws_vpc_ipv4_cidr_block_association.this"
          ]
        }
      ]
    },
    {
      "module": "module.vpc",
      "mode": "managed",
      "type": "aws_subnet",
      "name": "private",
      "provider": "provider[\"registry.terraform.io/hashicorp/aws\"]",
      "instances": [
        {
          "index_key": 0,
          "schema_version": 1,
          "attributes": {
            "arn": "arn:aws:ec2:us-east-1:585008040165:subnet/subnet-0d7a1c17a7d9d7066",
            "assign_ipv6_address_on_creation": false,
            "availability_zone": "us-east-1a",
            "availability_zone_id": "use1-az1",
            "cidr_block": "192.168.0.32/27",
            "customer_owned_ipv4_pool": "",
            "enable_dns64": false,
            "enable_lni_at_device_index": 0,
            "enable_resource_name_dns_a_record_on_launch": false,
            "enable_resource_name_dns_aaaa_record_on_launch": false,
            "id": "subnet-0d7a1c17a7d9d7066",
            "ipv6_cidr_block": "",
            "ipv6_cidr_block_association_id": "",
            "ipv6_native": false,
            "map_customer_owned_ip_on_launch": false,
            "map_public_ip_on_launch": false,
            "outpost_arn": "",
            "owner_id": "585008040165",
            "private_dns_hostname_type_on_launch": "ip-name",
            "region": "us-east-1",
            "tags": {
              "Environment": "dev",
              "Name": "MyVPC-private-us-east-1a",
              "Terraform": "true"
            },
            "tags_all": {
              "Environment": "dev",
              "Name": "MyVPC-private-us-east-1a",
              "Terraform": "true"
            },
            "timeouts": null,
            "vpc_id": "vpc-0d724424eb8b193f8"
          },
          "sensitive_attributes": [],
          "identity_schema_version": 0,
          "private": "eyJlMmJmYjczMC1lY2FhLTExZTYtOGY4OC0zNDM2M2JjN2M0YzAiOnsiY3JlYXRlIjo2MDAwMDAwMDAwMDAsImRlbGV0ZSI6MTIwMDAwMDAwMDAwMH0sInNjaGVtYV92ZXJzaW9uIjoiMSJ9",
          "dependencies": [
            "module.vpc.aws_vpc.this",
            "module.vpc.aws_vpc_ipv4_cidr_block_association.this"
          ]
        }
      ]
    },
    {
      "module": "module.vpc",
      "mode": "managed",
      "type": "aws_subnet",
      "name": "public",
      "provider": "provider[\"registry.terraform.io/hashicorp/aws\"]",
      "instances": [
        {
          "index_key": 0,
          "schema_version": 1,
          "attributes": {
            "arn": "arn:aws:ec2:us-east-1:585008040165:subnet/subnet-0b8ea9d2842f15d0e",
            "assign_ipv6_address_on_creation": false,
            "availability_zone": "us-east-1a",
            "availability_zone_id": "use1-az1",
            "cidr_block": "192.168.0.0/27",
            "customer_owned_ipv4_pool": "",
            "enable_dns64": false,
            "enable_lni_at_device_index": 0,
            "enable_resource_name_dns_a_record_on_launch": false,
            "enable_resource_name_dns_aaaa_record_on_launch": false,
            "id": "subnet-0b8ea9d2842f15d0e",
            "ipv6_cidr_block": "",
            "ipv6_cidr_block_association_id": "",
            "ipv6_native": false,
            "map_customer_owned_ip_on_launch": false,
            "map_public_ip_on_launch": true,
            "outpost_arn": "",
            "owner_id": "585008040165",
            "private_dns_hostname_type_on_launch": "ip-name",
            "region": "us-east-1",
            "tags": {
              "Environment": "dev",
              "Name": "MyVPC-public-us-east-1a",
              "Terraform": "true"
            },
            "tags_all": {
              "Environment": "dev",
              "Name": "MyVPC-public-us-east-1a",
              "Terraform": "true"
            },
            "timeouts": null,
            "vpc_id": "vpc-0d724424eb8b193f8"
          },
          "sensitive_attributes": [],
          "identity_schema_version": 0,
          "private": "eyJlMmJmYjczMC1lY2FhLTExZTYtOGY4OC0zNDM2M2JjN2M0YzAiOnsiY3JlYXRlIjo2MDAwMDAwMDAwMDAsImRlbGV0ZSI6MTIwMDAwMDAwMDAwMH0sInNjaGVtYV92ZXJzaW9uIjoiMSJ9",
          "dependencies": [
            "module.vpc.aws_vpc.this",
            "module.vpc.aws_vpc_ipv4_cidr_block_association.this"
          ]
        }
      ]
    },
    {
      "module": "module.vpc",
      "mode": "managed",
      "type": "aws_vpc",
      "name": "this",
      "provider": "provider[\"registry.terraform.io/hashicorp/aws\"]",
      "instances": [
        {
          "index_key": 0,
          "schema_version": 1,
          "attributes": {
            "arn": "arn:aws:ec2:us-east-1:585008040165:vpc/vpc-0d724424eb8b193f8",
            "assign_generated_ipv6_cidr_block": false,
            "cidr_block": "192.168.0.0/26",
            "default_network_acl_id": "acl-0acebfa28c2bde740",
            "default_route_table_id": "rtb-010094bfc35e1c642",
            "default_security_group_id": "sg-07f998d8628fb1868",
            "dhcp_options_id": "dopt-084e68dd63eb4f569",
            "enable_dns_hostnames": true,
            "enable_dns_support": true,
            "enable_network_address_usage_metrics": false,
            "id": "vpc-0d724424eb8b193f8",
            "instance_tenancy": "default",
            "ipv4_ipam_pool_id": null,
            "ipv4_netmask_length": null,
            "ipv6_association_id": "",
            "ipv6_cidr_block": "",
            "ipv6_cidr_block_network_border_group": "",
            "ipv6_ipam_pool_id": "",
            "ipv6_netmask_length": 0,
            "main_route_table_id": "rtb-010094bfc35e1c642",
            "owner_id": "585008040165",
            "region": "us-east-1",
            "tags": {
              "Environment": "dev",
              "Name": "MyVPC",
              "Terraform": "true"
            },
            "tags_all": {
              "Environment": "dev",
              "Name": "MyVPC",
              "Terraform": "true"
            }
          },
          "sensitive_attributes": [],
          "identity_schema_version": 0,
          "private": "eyJzY2hlbWFfdmVyc2lvbiI6IjEifQ=="
        }
      ]
    },
    {
      "module": "module.vpc",
      "mode": "managed",
      "type": "aws_vpn_gateway",
      "name": "this",
      "provider": "provider[\"registry.terraform.io/hashicorp/aws\"]",
      "instances": [
        {
          "index_key": 0,
          "schema_version": 0,
          "attributes": {
            "amazon_side_asn": "64512",
            "arn": "arn:aws:ec2:us-east-1:585008040165:vpn-gateway/vgw-0ec61e404c9860780",
            "availability_zone": null,
            "id": "vgw-0ec61e404c9860780",
            "region": "us-east-1",
            "tags": {
              "Environment": "dev",
              "Name": "MyVPC",
              "Terraform": "true"
            },
            "tags_all": {
              "Environment": "dev",
              "Name": "MyVPC",
              "Terraform": "true"
            },
            "vpc_id": "vpc-0d724424eb8b193f8"
          },
          "sensitive_attributes": [],
          "identity_schema_version": 0,
          "private": "bnVsbA==",
          "dependencies": [
            "module.vpc.aws_vpc.this",
            "module.vpc.aws_vpc_ipv4_cidr_block_association.this"
          ]
        }
      ]
    }
  ],
  "check_results": null
}
