{
  "version": 4,
  "terraform_version": "1.12.0",
  "serial": 103,
  "lineage": "c34c2123-5265-372d-a382-4a37f043484a",
  "outputs": {},
  "resources": [
    {
      "mode": "data",
      "type": "aws_ami",
      "name": "amazon_linux",
      "provider": "provider[\"registry.terraform.io/hashicorp/aws\"]",
      "instances": [
        {
          "schema_version": 0,
          "attributes": {
            "allow_unsafe_filter": null,
            "architecture": "x86_64",
            "arn": "arn:aws:ec2:us-east-1::image/ami-000ec6c25978d5999",
            "block_device_mappings": [
              {
                "device_name": "/dev/xvda",
                "ebs": {
                  "delete_on_termination": "true",
                  "encrypted": "false",
                  "iops": "0",
                  "snapshot_id": "snap-08988707369dd365f",
                  "throughput": "0",
                  "volume_initialization_rate": "0",
                  "volume_size": "8",
                  "volume_type": "gp2"
                },
                "no_device": "",
                "virtual_name": ""
              }
            ],
            "boot_mode": "",
            "creation_date": "2025-06-20T08:52:15.000Z",
            "deprecation_time": "2025-09-18T08:52:00.000Z",
            "description": "Amazon Linux 2 Kernel 5.10 AMI 2.0.20250623.0 x86_64 HVM gp2",
            "ena_support": true,
            "executable_users": null,
            "filter": [
              {
                "name": "name",
                "values": [
                  "amzn2-ami-kernel-5.10-hvm-*-x86_64-gp2"
                ]
              },
              {
                "name": "virtualization-type",
                "values": [
                  "hvm"
                ]
              }
            ],
            "hypervisor": "xen",
            "id": "ami-000ec6c25978d5999",
            "image_id": "ami-000ec6c25978d5999",
            "image_location": "amazon/amzn2-ami-kernel-5.10-hvm-2.0.20250623.0-x86_64-gp2",
            "image_owner_alias": "amazon",
            "image_type": "machine",
            "imds_support": "",
            "include_deprecated": false,
            "kernel_id": "",
            "last_launched_time": "",
            "most_recent": true,
            "name": "amzn2-ami-kernel-5.10-hvm-2.0.20250623.0-x86_64-gp2",
            "name_regex": null,
            "owner_id": "137112412989",
            "owners": [
              "amazon"
            ],
            "platform": "",
            "platform_details": "Linux/UNIX",
            "product_codes": [],
            "public": true,
            "ramdisk_id": "",
            "region": "us-east-1",
            "root_device_name": "/dev/xvda",
            "root_device_type": "ebs",
            "root_snapshot_id": "snap-08988707369dd365f",
            "sriov_net_support": "simple",
            "state": "available",
            "state_reason": {
              "code": "UNSET",
              "message": "UNSET"
            },
            "tags": {},
            "timeouts": null,
            "tpm_support": "",
            "uefi_data": null,
            "usage_operation": "RunInstances",
            "virtualization_type": "hvm"
          },
          "sensitive_attributes": [],
          "identity_schema_version": 0
        }
      ]
    },
    {
      "mode": "managed",
      "type": "aws_iam_instance_profile",
      "name": "endpoint_profile",
      "provider": "provider[\"registry.terraform.io/hashicorp/aws\"]",
      "instances": [
        {
          "schema_version": 0,
          "attributes": {
            "arn": "arn:aws:iam::585008040165:instance-profile/endpoint_profile",
            "create_date": "2025-07-06T11:59:19Z",
            "id": "endpoint_profile",
            "name": "endpoint_profile",
            "name_prefix": "",
            "path": "/",
            "role": "s3-read-only-access-role",
            "tags": null,
            "tags_all": {},
            "unique_id": "AIPAYQNJSJDSVA6G73UJ7"
          },
          "sensitive_attributes": [],
          "identity_schema_version": 0,
          "private": "bnVsbA==",
          "dependencies": [
            "aws_iam_role.s3-read-only-access-role"
          ]
        }
      ]
    },
    {
      "mode": "managed",
      "type": "aws_iam_role",
      "name": "s3-read-only-access-role",
      "provider": "provider[\"registry.terraform.io/hashicorp/aws\"]",
      "instances": [
        {
          "schema_version": 0,
          "attributes": {
            "arn": "arn:aws:iam::585008040165:role/s3-read-only-access-role",
            "assume_role_policy": "{\"Statement\":[{\"Action\":\"sts:AssumeRole\",\"Effect\":\"Allow\",\"Principal\":{\"Service\":\"ec2.amazonaws.com\"}}],\"Version\":\"2012-10-17\"}",
            "create_date": "2025-07-06T11:59:18Z",
            "description": "",
            "force_detach_policies": false,
            "id": "s3-read-only-access-role",
            "inline_policy": [],
            "managed_policy_arns": [],
            "max_session_duration": 3600,
            "name": "s3-read-only-access-role",
            "name_prefix": "",
            "path": "/",
            "permissions_boundary": "",
            "tags": {
              "name": "s3-read-only-access-role"
            },
            "tags_all": {
              "name": "s3-read-only-access-role"
            },
            "unique_id": "AROAYQNJSJDS7MS6N5AXL"
          },
          "sensitive_attributes": [],
          "identity_schema_version": 0,
          "identity": {
            "account_id": "585008040165",
            "name": "s3-read-only-access-role"
          },
          "private": "bnVsbA=="
        }
      ]
    },
    {
      "mode": "managed",
      "type": "aws_iam_role_policy_attachment",
      "name": "s3_readonly_attach",
      "provider": "provider[\"registry.terraform.io/hashicorp/aws\"]",
      "instances": [
        {
          "schema_version": 0,
          "attributes": {
            "id": "s3-read-only-access-role/arn:aws:iam::aws:policy/AmazonS3ReadOnlyAccess",
            "policy_arn": "arn:aws:iam::aws:policy/AmazonS3ReadOnlyAccess",
            "role": "s3-read-only-access-role"
          },
          "sensitive_attributes": [],
          "identity_schema_version": 0,
          "identity": {
            "account_id": "585008040165",
            "policy_arn": "arn:aws:iam::aws:policy/AmazonS3ReadOnlyAccess",
            "role": "s3-read-only-access-role"
          },
          "private": "bnVsbA==",
          "dependencies": [
            "aws_iam_role.s3-read-only-access-role"
          ]
        }
      ]
    },
    {
      "mode": "managed",
      "type": "aws_instance",
      "name": "bastion-host",
      "provider": "provider[\"registry.terraform.io/hashicorp/aws\"]",
      "instances": [
        {
          "schema_version": 2,
          "attributes": {
            "ami": "ami-000ec6c25978d5999",
            "arn": "arn:aws:ec2:us-east-1:585008040165:instance/i-08bd28f0c47b750c0",
            "associate_public_ip_address": true,
            "availability_zone": "us-east-1a",
            "capacity_reservation_specification": [
              {
                "capacity_reservation_preference": "open",
                "capacity_reservation_target": []
              }
            ],
            "cpu_options": [
              {
                "amd_sev_snp": "",
                "core_count": 1,
                "threads_per_core": 1
              }
            ],
            "credit_specification": [
              {
                "cpu_credits": "standard"
              }
            ],
            "disable_api_stop": false,
            "disable_api_termination": false,
            "ebs_block_device": [],
            "ebs_optimized": false,
            "enable_primary_ipv6": null,
            "enclave_options": [
              {
                "enabled": false
              }
            ],
            "ephemeral_block_device": [],
            "get_password_data": false,
            "hibernation": false,
            "host_id": "",
            "host_resource_group_arn": null,
            "iam_instance_profile": "",
            "id": "i-08bd28f0c47b750c0",
            "instance_initiated_shutdown_behavior": "stop",
            "instance_lifecycle": "",
            "instance_market_options": [],
            "instance_state": "running",
            "instance_type": "t2.micro",
            "ipv6_address_count": 0,
            "ipv6_addresses": [],
            "key_name": "bastion_key",
            "launch_template": [],
            "maintenance_options": [
              {
                "auto_recovery": "default"
              }
            ],
            "metadata_options": [
              {
                "http_endpoint": "enabled",
                "http_protocol_ipv6": "disabled",
                "http_put_response_hop_limit": 1,
                "http_tokens": "optional",
                "instance_metadata_tags": "disabled"
              }
            ],
            "monitoring": false,
            "network_interface": [],
            "outpost_arn": "",
            "password_data": "",
            "placement_group": "",
            "placement_partition_number": 0,
            "primary_network_interface_id": "eni-00db60f19c9147673",
            "private_dns": "ip-192-168-0-18.ec2.internal",
            "private_dns_name_options": [
              {
                "enable_resource_name_dns_a_record": false,
                "enable_resource_name_dns_aaaa_record": false,
                "hostname_type": "ip-name"
              }
            ],
            "private_ip": "192.168.0.18",
            "public_dns": "ec2-3-237-68-176.compute-1.amazonaws.com",
            "public_ip": "3.237.68.176",
            "region": "us-east-1",
            "root_block_device": [
              {
                "delete_on_termination": true,
                "device_name": "/dev/xvda",
                "encrypted": false,
                "iops": 100,
                "kms_key_id": "",
                "tags": {},
                "tags_all": {},
                "throughput": 0,
                "volume_id": "vol-047f03b1b78676fc1",
                "volume_size": 8,
                "volume_type": "gp2"
              }
            ],
            "secondary_private_ips": [],
            "security_groups": [],
            "source_dest_check": true,
            "spot_instance_request_id": "",
            "subnet_id": "subnet-0e9149c0e9996ce1a",
            "tags": {
              "Name": "bastion-host"
            },
            "tags_all": {
              "Name": "bastion-host"
            },
            "tenancy": "default",
            "timeouts": null,
            "user_data": null,
            "user_data_base64": null,
            "user_data_replace_on_change": false,
            "volume_tags": null,
            "vpc_security_group_ids": [
              "sg-0b0c841bdeb26faae"
            ]
          },
          "sensitive_attributes": [],
          "identity_schema_version": 0,
          "private": "eyJlMmJmYjczMC1lY2FhLTExZTYtOGY4OC0zNDM2M2JjN2M0YzAiOnsiY3JlYXRlIjo2MDAwMDAwMDAwMDAsImRlbGV0ZSI6MTIwMDAwMDAwMDAwMCwicmVhZCI6OTAwMDAwMDAwMDAwLCJ1cGRhdGUiOjYwMDAwMDAwMDAwMH0sInNjaGVtYV92ZXJzaW9uIjoiMiJ9",
          "dependencies": [
            "aws_key_pair.generated_key",
            "aws_security_group.bastion-SG",
            "data.aws_ami.amazon_linux",
            "module.vpc.aws_subnet.public",
            "module.vpc.aws_vpc.this",
            "module.vpc.aws_vpc_ipv4_cidr_block_association.this",
            "tls_private_key.bastion_key"
          ]
        }
      ]
    },
    {
      "mode": "managed",
      "type": "aws_instance",
      "name": "endpoint-instance",
      "provider": "provider[\"registry.terraform.io/hashicorp/aws\"]",
      "instances": [
        {
          "schema_version": 2,
          "attributes": {
            "ami": "ami-000ec6c25978d5999",
            "arn": "arn:aws:ec2:us-east-1:585008040165:instance/i-0d87d7f9cbe969be4",
            "associate_public_ip_address": false,
            "availability_zone": "us-east-1a",
            "capacity_reservation_specification": [
              {
                "capacity_reservation_preference": "open",
                "capacity_reservation_target": []
              }
            ],
            "cpu_options": [
              {
                "amd_sev_snp": "",
                "core_count": 1,
                "threads_per_core": 1
              }
            ],
            "credit_specification": [
              {
                "cpu_credits": "standard"
              }
            ],
            "disable_api_stop": false,
            "disable_api_termination": false,
            "ebs_block_device": [],
            "ebs_optimized": false,
            "enable_primary_ipv6": null,
            "enclave_options": [
              {
                "enabled": false
              }
            ],
            "ephemeral_block_device": [],
            "get_password_data": false,
            "hibernation": false,
            "host_id": "",
            "host_resource_group_arn": null,
            "iam_instance_profile": "endpoint_profile",
            "id": "i-0d87d7f9cbe969be4",
            "instance_initiated_shutdown_behavior": "stop",
            "instance_lifecycle": "",
            "instance_market_options": [],
            "instance_state": "running",
            "instance_type": "t2.micro",
            "ipv6_address_count": 0,
            "ipv6_addresses": [],
            "key_name": "bastion_key",
            "launch_template": [],
            "maintenance_options": [
              {
                "auto_recovery": "default"
              }
            ],
            "metadata_options": [
              {
                "http_endpoint": "enabled",
                "http_protocol_ipv6": "disabled",
                "http_put_response_hop_limit": 1,
                "http_tokens": "optional",
                "instance_metadata_tags": "disabled"
              }
            ],
            "monitoring": false,
            "network_interface": [],
            "outpost_arn": "",
            "password_data": "",
            "placement_group": "",
            "placement_partition_number": 0,
            "primary_network_interface_id": "eni-0249e0f293e731aa5",
            "private_dns": "ip-192-168-0-48.ec2.internal",
            "private_dns_name_options": [
              {
                "enable_resource_name_dns_a_record": false,
                "enable_resource_name_dns_aaaa_record": false,
                "hostname_type": "ip-name"
              }
            ],
            "private_ip": "192.168.0.48",
            "public_dns": "",
            "public_ip": "",
            "region": "us-east-1",
            "root_block_device": [
              {
                "delete_on_termination": true,
                "device_name": "/dev/xvda",
                "encrypted": false,
                "iops": 100,
                "kms_key_id": "",
                "tags": {},
                "tags_all": {},
                "throughput": 0,
                "volume_id": "vol-0cf51af9a3dfbf523",
                "volume_size": 8,
                "volume_type": "gp2"
              }
            ],
            "secondary_private_ips": [],
            "security_groups": [],
            "source_dest_check": true,
            "spot_instance_request_id": "",
            "subnet_id": "subnet-034feac87881509fc",
            "tags": {
              "Name": "endpoint-instance"
            },
            "tags_all": {
              "Name": "endpoint-instance"
            },
            "tenancy": "default",
            "timeouts": null,
            "user_data": null,
            "user_data_base64": null,
            "user_data_replace_on_change": false,
            "volume_tags": null,
            "vpc_security_group_ids": [
              "sg-02754627017fd517a"
            ]
          },
          "sensitive_attributes": [],
          "identity_schema_version": 0,
          "private": "eyJlMmJmYjczMC1lY2FhLTExZTYtOGY4OC0zNDM2M2JjN2M0YzAiOnsiY3JlYXRlIjo2MDAwMDAwMDAwMDAsImRlbGV0ZSI6MTIwMDAwMDAwMDAwMCwicmVhZCI6OTAwMDAwMDAwMDAwLCJ1cGRhdGUiOjYwMDAwMDAwMDAwMH0sInNjaGVtYV92ZXJzaW9uIjoiMiJ9",
          "dependencies": [
            "aws_iam_instance_profile.endpoint_profile",
            "aws_iam_role.s3-read-only-access-role",
            "aws_key_pair.generated_key",
            "aws_security_group.endpoint-SG",
            "data.aws_ami.amazon_linux",
            "module.vpc.aws_subnet.private",
            "module.vpc.aws_vpc.this",
            "module.vpc.aws_vpc_ipv4_cidr_block_association.this",
            "tls_private_key.bastion_key"
          ]
        }
      ]
    },
    {
      "mode": "managed",
      "type": "aws_key_pair",
      "name": "generated_key",
      "provider": "provider[\"registry.terraform.io/hashicorp/aws\"]",
      "instances": [
        {
          "schema_version": 1,
          "attributes": {
            "arn": "arn:aws:ec2:us-east-1:585008040165:key-pair/bastion_key",
            "fingerprint": "cc:94:d9:38:20:c4:af:94:0c:04:97:28:67:da:59:6a",
            "id": "bastion_key",
            "key_name": "bastion_key",
            "key_name_prefix": "",
            "key_pair_id": "key-0197666f5e4f5099c",
            "key_type": "rsa",
            "public_key": "ssh-rsa AAAAB3NzaC1yc2EAAAADAQABAAACAQDCTkIlB8zx6TtHxYszKydatNj0Ze2K6GtWlDgkHoH07AE3ioAeOUp69Wz3mKK1cyVAJkIPD534fbfFhdHPCF4sXXFJgWdxhnTzWqlhJWqVFQOGlfnKB52RM/ZFv4M3MgyDehpUttNhKg+NKAPuFQg8wVvP/CPMvZfL5nA+/e5+qRmiG6ar7Gd4mfdnNxONPktd200/Ia7+w8aP5dLLlJRL9UmtD1KTF2UIvcVZrwnQnVnfxhjfYLa96HaoWJvd5w7B6XsU8XeyLypgdSxaMJOElyv7eu9ug5aAAJ7OCUoj7l26P1DtEqHZdT8tkbY/o/OoNF9Qe7b8XCTHQDV0Yvh5cypWklhEvHMhyYm0Biz+D39SNp+UmsgegT1i13s+uf4n5sVQfdJiofQPRJttxVzCB9yzabFgbKjpsqldlJwtRt3d6ywvN0/pUgM0RsqymaVxu79EB2xXz+UtcVtW44vf9/ysLuhF0uWuAfvAhEmD+B23EYLcKh4NWzLLrNZluil++Wf7JSKPaFLzPuHtmIUc6YnIyOO6m7Scr2/KfQoxMLMEEGi/ayAxe7r7ZbeUPq+rNe+/4DR7zAK/tkf6y7Etxz7UkgEM8FzS+hX+EJXVpDmXP/B96yprD7LkHmLJi8MhJkiWxp6Y2egdw2vknbL2Mmk441i2ckUPLREIwjhXxw==",
            "region": "us-east-1",
            "tags": null,
            "tags_all": {}
          },
          "sensitive_attributes": [],
          "identity_schema_version": 0,
          "private": "eyJzY2hlbWFfdmVyc2lvbiI6IjEifQ==",
          "dependencies": [
            "tls_private_key.bastion_key"
          ]
        }
      ]
    },
    {
      "mode": "managed",
      "type": "aws_security_group",
      "name": "bastion-SG",
      "provider": "provider[\"registry.terraform.io/hashicorp/aws\"]",
      "instances": [
        {
          "schema_version": 1,
          "attributes": {
            "arn": "arn:aws:ec2:us-east-1:585008040165:security-group/sg-0b0c841bdeb26faae",
            "description": "Security group for the bastion host",
            "egress": [],
            "id": "sg-0b0c841bdeb26faae",
            "ingress": [],
            "name": "bastion-SG",
            "name_prefix": "",
            "owner_id": "585008040165",
            "region": "us-east-1",
            "revoke_rules_on_delete": false,
            "tags": {
              "Name": "bastion-SG"
            },
            "tags_all": {
              "Name": "bastion-SG"
            },
            "timeouts": null,
            "vpc_id": "vpc-0e6ac54111bb76b46"
          },
          "sensitive_attributes": [],
          "identity_schema_version": 0,
          "private": "eyJlMmJmYjczMC1lY2FhLTExZTYtOGY4OC0zNDM2M2JjN2M0YzAiOnsiY3JlYXRlIjo2MDAwMDAwMDAwMDAsImRlbGV0ZSI6OTAwMDAwMDAwMDAwfSwic2NoZW1hX3ZlcnNpb24iOiIxIn0=",
          "dependencies": [
            "module.vpc.aws_vpc.this"
          ]
        }
      ]
    },
    {
      "mode": "managed",
      "type": "aws_security_group",
      "name": "endpoint-SG",
      "provider": "provider[\"registry.terraform.io/hashicorp/aws\"]",
      "instances": [
        {
          "schema_version": 1,
          "attributes": {
            "arn": "arn:aws:ec2:us-east-1:585008040165:security-group/sg-02754627017fd517a",
            "description": "Security group for S3 endpoint",
            "egress": [],
            "id": "sg-02754627017fd517a",
            "ingress": [],
            "name": "endpoint-SG",
            "name_prefix": "",
            "owner_id": "585008040165",
            "region": "us-east-1",
            "revoke_rules_on_delete": false,
            "tags": {
              "Name": "endpoint-SG"
            },
            "tags_all": {
              "Name": "endpoint-SG"
            },
            "timeouts": null,
            "vpc_id": "vpc-0e6ac54111bb76b46"
          },
          "sensitive_attributes": [],
          "identity_schema_version": 0,
          "private": "eyJlMmJmYjczMC1lY2FhLTExZTYtOGY4OC0zNDM2M2JjN2M0YzAiOnsiY3JlYXRlIjo2MDAwMDAwMDAwMDAsImRlbGV0ZSI6OTAwMDAwMDAwMDAwfSwic2NoZW1hX3ZlcnNpb24iOiIxIn0=",
          "dependencies": [
            "module.vpc.aws_vpc.this"
          ]
        }
      ]
    },
    {
      "mode": "managed",
      "type": "aws_vpc_endpoint",
      "name": "s3_endpoint",
      "provider": "provider[\"registry.terraform.io/hashicorp/aws\"]",
      "instances": [
        {
          "schema_version": 0,
          "attributes": {
            "arn": "arn:aws:ec2:us-east-1:585008040165:vpc-endpoint/vpce-0e9f23383f8045107",
            "auto_accept": null,
            "cidr_blocks": [
              "16.15.176.0/20",
              "16.182.0.0/16",
              "18.34.0.0/19",
              "52.216.0.0/15",
              "54.231.0.0/16",
              "3.5.0.0/19",
              "18.34.232.0/21",
              "16.15.192.0/18"
            ],
            "dns_entry": [],
            "dns_options": [],
            "id": "vpce-0e9f23383f8045107",
            "ip_address_type": "",
            "network_interface_ids": [],
            "owner_id": "585008040165",
            "policy": "{\"Statement\":[{\"Action\":\"*\",\"Effect\":\"Allow\",\"Principal\":\"*\",\"Resource\":\"*\"}],\"Version\":\"2008-10-17\"}",
            "prefix_list_id": "pl-63a5400a",
            "private_dns_enabled": false,
            "region": "us-east-1",
            "requester_managed": false,
            "resource_configuration_arn": "",
            "route_table_ids": [
              "rtb-013e0c23beb51f13b"
            ],
            "security_group_ids": [],
            "service_name": "com.amazonaws.us-east-1.s3",
            "service_network_arn": "",
            "service_region": "us-east-1",
            "state": "available",
            "subnet_configuration": [],
            "subnet_ids": [],
            "tags": {
              "Name": "s3-endpoint"
            },
            "tags_all": {
              "Name": "s3-endpoint"
            },
            "timeouts": null,
            "vpc_endpoint_type": "Gateway",
            "vpc_id": "vpc-0e6ac54111bb76b46"
          },
          "sensitive_attributes": [],
          "identity_schema_version": 0,
          "private": "eyJlMmJmYjczMC1lY2FhLTExZTYtOGY4OC0zNDM2M2JjN2M0YzAiOnsiY3JlYXRlIjo2MDAwMDAwMDAwMDAsImRlbGV0ZSI6NjAwMDAwMDAwMDAwLCJ1cGRhdGUiOjYwMDAwMDAwMDAwMH19",
          "dependencies": [
            "module.vpc.aws_route_table.private",
            "module.vpc.aws_vpc.this",
            "module.vpc.aws_vpc_ipv4_cidr_block_association.this"
          ]
        }
      ]
    },
    {
      "mode": "managed",
      "type": "aws_vpc_security_group_egress_rule",
      "name": "allow_all_traffic_ipv4_bastion",
      "provider": "provider[\"registry.terraform.io/hashicorp/aws\"]",
      "instances": [
        {
          "schema_version": 0,
          "attributes": {
            "arn": "arn:aws:ec2:us-east-1:585008040165:security-group-rule/sgr-021b972fa21c1fafe",
            "cidr_ipv4": "0.0.0.0/0",
            "cidr_ipv6": null,
            "description": null,
            "from_port": null,
            "id": "sgr-021b972fa21c1fafe",
            "ip_protocol": "-1",
            "prefix_list_id": null,
            "referenced_security_group_id": null,
            "region": "us-east-1",
            "security_group_id": "sg-0b0c841bdeb26faae",
            "security_group_rule_id": "sgr-021b972fa21c1fafe",
            "tags": null,
            "tags_all": {},
            "to_port": null
          },
          "sensitive_attributes": [],
          "identity_schema_version": 0,
          "dependencies": [
            "aws_security_group.bastion-SG",
            "module.vpc.aws_vpc.this"
          ]
        }
      ]
    },
    {
      "mode": "managed",
      "type": "aws_vpc_security_group_egress_rule",
      "name": "allow_all_traffic_ipv4_endpoint",
      "provider": "provider[\"registry.terraform.io/hashicorp/aws\"]",
      "instances": [
        {
          "schema_version": 0,
          "attributes": {
            "arn": "arn:aws:ec2:us-east-1:585008040165:security-group-rule/sgr-081944f5cdf24ff69",
            "cidr_ipv4": "0.0.0.0/0",
            "cidr_ipv6": null,
            "description": null,
            "from_port": null,
            "id": "sgr-081944f5cdf24ff69",
            "ip_protocol": "-1",
            "prefix_list_id": null,
            "referenced_security_group_id": null,
            "region": "us-east-1",
            "security_group_id": "sg-02754627017fd517a",
            "security_group_rule_id": "sgr-081944f5cdf24ff69",
            "tags": null,
            "tags_all": {},
            "to_port": null
          },
          "sensitive_attributes": [],
          "identity_schema_version": 0,
          "dependencies": [
            "aws_security_group.endpoint-SG",
            "module.vpc.aws_vpc.this"
          ]
        }
      ]
    },
    {
      "mode": "managed",
      "type": "aws_vpc_security_group_egress_rule",
      "name": "allow_all_traffic_ipv6_bastion",
      "provider": "provider[\"registry.terraform.io/hashicorp/aws\"]",
      "instances": [
        {
          "schema_version": 0,
          "attributes": {
            "arn": "arn:aws:ec2:us-east-1:585008040165:security-group-rule/sgr-0c537aba9ae1399e4",
            "cidr_ipv4": null,
            "cidr_ipv6": "::/0",
            "description": null,
            "from_port": null,
            "id": "sgr-0c537aba9ae1399e4",
            "ip_protocol": "-1",
            "prefix_list_id": null,
            "referenced_security_group_id": null,
            "region": "us-east-1",
            "security_group_id": "sg-0b0c841bdeb26faae",
            "security_group_rule_id": "sgr-0c537aba9ae1399e4",
            "tags": null,
            "tags_all": {},
            "to_port": null
          },
          "sensitive_attributes": [],
          "identity_schema_version": 0,
          "dependencies": [
            "aws_security_group.bastion-SG",
            "module.vpc.aws_vpc.this"
          ]
        }
      ]
    },
    {
      "mode": "managed",
      "type": "aws_vpc_security_group_egress_rule",
      "name": "allow_all_traffic_ipv6_endpoint",
      "provider": "provider[\"registry.terraform.io/hashicorp/aws\"]",
      "instances": [
        {
          "schema_version": 0,
          "attributes": {
            "arn": "arn:aws:ec2:us-east-1:585008040165:security-group-rule/sgr-0a09bb535f706d021",
            "cidr_ipv4": null,
            "cidr_ipv6": "::/0",
            "description": null,
            "from_port": null,
            "id": "sgr-0a09bb535f706d021",
            "ip_protocol": "-1",
            "prefix_list_id": null,
            "referenced_security_group_id": null,
            "region": "us-east-1",
            "security_group_id": "sg-02754627017fd517a",
            "security_group_rule_id": "sgr-0a09bb535f706d021",
            "tags": null,
            "tags_all": {},
            "to_port": null
          },
          "sensitive_attributes": [],
          "identity_schema_version": 0,
          "dependencies": [
            "aws_security_group.endpoint-SG",
            "module.vpc.aws_vpc.this"
          ]
        }
      ]
    },
    {
      "mode": "managed",
      "type": "aws_vpc_security_group_ingress_rule",
      "name": "allow_http_from_anywhere",
      "provider": "provider[\"registry.terraform.io/hashicorp/aws\"]",
      "instances": [
        {
          "schema_version": 0,
          "attributes": {
            "arn": "arn:aws:ec2:us-east-1:585008040165:security-group-rule/sgr-0b1a58be61183f1a1",
            "cidr_ipv4": "0.0.0.0/0",
            "cidr_ipv6": null,
            "description": null,
            "from_port": 80,
            "id": "sgr-0b1a58be61183f1a1",
            "ip_protocol": "tcp",
            "prefix_list_id": null,
            "referenced_security_group_id": null,
            "region": "us-east-1",
            "security_group_id": "sg-0b0c841bdeb26faae",
            "security_group_rule_id": "sgr-0b1a58be61183f1a1",
            "tags": null,
            "tags_all": {},
            "to_port": 80
          },
          "sensitive_attributes": [],
          "identity_schema_version": 0,
          "dependencies": [
            "aws_security_group.bastion-SG",
            "module.vpc.aws_vpc.this"
          ]
        }
      ]
    },
    {
      "mode": "managed",
      "type": "aws_vpc_security_group_ingress_rule",
      "name": "allow_https_from_anywhere",
      "provider": "provider[\"registry.terraform.io/hashicorp/aws\"]",
      "instances": [
        {
          "schema_version": 0,
          "attributes": {
            "arn": "arn:aws:ec2:us-east-1:585008040165:security-group-rule/sgr-0955c446e27becd89",
            "cidr_ipv4": "0.0.0.0/0",
            "cidr_ipv6": null,
            "description": null,
            "from_port": 443,
            "id": "sgr-0955c446e27becd89",
            "ip_protocol": "tcp",
            "prefix_list_id": null,
            "referenced_security_group_id": null,
            "region": "us-east-1",
            "security_group_id": "sg-0b0c841bdeb26faae",
            "security_group_rule_id": "sgr-0955c446e27becd89",
            "tags": null,
            "tags_all": {},
            "to_port": 443
          },
          "sensitive_attributes": [],
          "identity_schema_version": 0,
          "dependencies": [
            "aws_security_group.bastion-SG",
            "module.vpc.aws_vpc.this"
          ]
        }
      ]
    },
    {
      "mode": "managed",
      "type": "aws_vpc_security_group_ingress_rule",
      "name": "allow_ssh_from_anywhere",
      "provider": "provider[\"registry.terraform.io/hashicorp/aws\"]",
      "instances": [
        {
          "schema_version": 0,
          "attributes": {
            "arn": "arn:aws:ec2:us-east-1:585008040165:security-group-rule/sgr-0ea21bcc56e754b10",
            "cidr_ipv4": "0.0.0.0/0",
            "cidr_ipv6": null,
            "description": null,
            "from_port": 22,
            "id": "sgr-0ea21bcc56e754b10",
            "ip_protocol": "tcp",
            "prefix_list_id": null,
            "referenced_security_group_id": null,
            "region": "us-east-1",
            "security_group_id": "sg-0b0c841bdeb26faae",
            "security_group_rule_id": "sgr-0ea21bcc56e754b10",
            "tags": null,
            "tags_all": {},
            "to_port": 22
          },
          "sensitive_attributes": [],
          "identity_schema_version": 0,
          "dependencies": [
            "aws_security_group.bastion-SG",
            "module.vpc.aws_vpc.this"
          ]
        }
      ]
    },
    {
      "mode": "managed",
      "type": "aws_vpc_security_group_ingress_rule",
      "name": "allow_ssh_from_bastion",
      "provider": "provider[\"registry.terraform.io/hashicorp/aws\"]",
      "instances": [
        {
          "schema_version": 0,
          "attributes": {
            "arn": "arn:aws:ec2:us-east-1:585008040165:security-group-rule/sgr-0553b51a8aef7c259",
            "cidr_ipv4": null,
            "cidr_ipv6": null,
            "description": null,
            "from_port": 22,
            "id": "sgr-0553b51a8aef7c259",
            "ip_protocol": "tcp",
            "prefix_list_id": null,
            "referenced_security_group_id": "sg-0b0c841bdeb26faae",
            "region": "us-east-1",
            "security_group_id": "sg-02754627017fd517a",
            "security_group_rule_id": "sgr-0553b51a8aef7c259",
            "tags": null,
            "tags_all": {},
            "to_port": 22
          },
          "sensitive_attributes": [],
          "identity_schema_version": 0,
          "dependencies": [
            "aws_security_group.bastion-SG",
            "aws_security_group.endpoint-SG",
            "module.vpc.aws_vpc.this"
          ]
        }
      ]
    },
    {
      "mode": "managed",
      "type": "local_file",
      "name": "bastion_private_key",
      "provider": "provider[\"registry.terraform.io/hashicorp/local\"]",
      "instances": [
        {
          "schema_version": 0,
          "attributes": {
            "content": "-----BEGIN RSA PRIVATE KEY-----\nMIIJKgIBAAKCAgEAwk5CJQfM8ek7R8WLMysnWrTY9GXtiuhrVpQ4JB6B9OwBN4qA\nHjlKevVs95iitXMlQCZCDw+d+H23xYXRzwheLF1xSYFncYZ081qpYSVqlRUDhpX5\nygedkTP2Rb+DNzIMg3oaVLbTYSoPjSgD7hUIPMFbz/wjzL2Xy+ZwPv3ufqkZohum\nq+xneJn3ZzcTjT5LXdtNPyGu/sPGj+XSy5SUS/VJrQ9SkxdlCL3FWa8J0J1Z38YY\n32C2veh2qFib3ecOwel7FPF3si8qYHUsWjCThJcr+3rvboOWgACezglKI+5duj9Q\n7RKh2XU/LZG2P6PzqDRfUHu2/Fwkx0A1dGL4eXMqVpJYRLxzIcmJtAYs/g9/Ujaf\nlJrIHoE9Ytd7Prn+J+bFUH3SYqH0D0SbbcVcwgfcs2mxYGyo6bKpXZScLUbd3ess\nLzdP6VIDNEbKspmlcbu/RAdsV8/lLXFbVuOL3/f8rC7oRdLlrgH7wIRJg/gdtxGC\n3CoeDVsyy6zWZbopfvln+yUij2hS8z7h7ZiFHOmJyMjjupu0nK9vyn0KMTCzBBBo\nv2sgMXu6+2W3lD6vqzXvv+A0e8wCv7ZH+suxLcc+1JIBDPBc0voV/hCV1aQ5lz/w\nfesqaw+y5B5iyYvDISZIlsaemNnoHcNr5J2y9jJpOONYtnJFDy0RCMI4V8cCAwEA\nAQKCAgATASiDCrJG7vL3YCDvTkc5HfsiXF3Rek4VV8Xt8nXviK3NyuQhEKVyRVL1\nHJ69dJeuII/RfUuMJG+3CBGvWDgtyq3r7JY7ilUiADoU4F3+WuHPZhfaZMhKjXSG\n+eZRnbmPmn+8zWz7UevXeJR50uDNYHQkcZrmyZxxOwa7goazKMLzEhVJN4QfTZ/f\nHonxBKjGc06o4BiHnoprRKVLeCrRCxq7rIX9EQq2wijtTqt9FgbWVj/UiVcWWAhT\nCuej2pec68M4Fy4H5YkViiBeaeXj0A1jOXD1tDUiK+1cZZg0z3mnX84AghQGeutE\n/719mAGa8BRqgM8y+6g1PNh9m7iFrNIx5yW7on+42Xkwzuzguh+d8o3w4ADydcn0\nvhPOMSIjP7MCJGacsPs0QhfJiNZwJ3/xv1ljXX6APi6w5VKZ5jTW1y9V1RRF6R5h\nwaXyF/hlttPcyUZe8fz5sNhymdHltiykJ800vSZ8whhDFaKhX3DcvFis2fXqPZEG\ndw66sCN9JCu6qjMM9NKo21oNZvpBuo/cLgnwLwSLVMuLzR4YRdLOqNqxjURncBnZ\nXNTCAXCi1WUKPXl0r6z0CWUf1ODDaZWxI86E433TY8O6OZxzeZV3/4YIBfDtc7MX\ngxwRbCjgm4Xd6cruIl6Ko/d9j2sg0jmY7kqyfjVdrZg6a0qpcQKCAQEA5bOvyiIv\nLzsXUsJhkgq/tBl1/xTOGxYIsp/w62+unnwfPl6B0Svcrwds3o3dsU/cPmGbVHhj\nUkoYgwxy924dF8UwxrmfD5mELbHhNf/QVvG9tUOK2GuWSfRxYfWY+FXOqFvYgrgC\nKfPqVYwR3xZmQHEKJj9CZmRrVbLGgIGtQ4Z5CGTUY4Ugcs903PFVtafGdwgv3VKC\nqCkDYha8xlHC/QlrVgdLk6g5QH9zBrw+LYQh2rFkBZhdJXCnQ3eO6Kn6hXrSoqKp\nMebm/lSgQGndF8PmgZoaGrwiwZfRj4hi0b0r5ObI9RyQR2m68wswu1IdAV5lAjmS\nNKw6QQtidkngLQKCAQEA2I0luuL7lTtr8aADIgjbbnltQ3KtBVV9xnN9Q1Ot8Xr9\nUnITeHY8KRV7IMyjn28GTHjjO9Y8AmnFQd34wFhZKFt9dLcOLn9mw39MMfPev9jH\nJX3lOrLJ+cM39CeKjGEjmX+qXATzSpAUpM6vxIWqscEd0HMUG6MZnYgqjSv+jybE\nI0yF+Gu0dJxEjW98INyCvs2wU+EqLLT10vGr1xL0E239i0e3auuFWcX6U2UjLb1g\nst8pgxQqbVCHin2fKqcE1ePZTG/awfJVCSE3lFF4BzCx5umypvAGJLVsP/QFHC2L\npPesH+llGH9N3cqi1aaR44vwjxrMBbCjmcEduqzcQwKCAQEAnvHQkVlINzF3eR/i\nbjEb6B66JLEb0WhUym2cQv374dTXtculnrzwLvk/X1zha8FsEIpv9mp7p8R3466o\nmwhJ/1nG36wwIZZD/W6Z/UivvIn4kMZU/F6uFyybjIJqwGR35M3xKrrzXF5Y56tN\n7oXMaYkO0dpyMvIHx7w2WVPiNdiGRcWnpdnH00o0fnJMsa+PyGwU2twuZvhCTAyZ\nwc1v1LJA4L2ZkWoVe8j1KlL1338QAgk/whNlWPPz+d5wOBTuspCD0mAmHc6+Rnz+\nirP2dmxrQ4ED0T4f+r/4FY71elahWfpMUjfaql/CKk2zAdvXEExmLrzxq5sFkF61\nWk7SXQKCAQEAnX2x1gRkcjkgHT+BZ8xHQkY/Z9FL8lglvCGcFU4TcE9BUyex72cW\nA88imE0cJsTJMO6uXINHa33fPzMfSUw3s3kueab0Qm7XnxDCqoWxF5eh5it0fkcv\nS11mIURsqAGxsV4+2OOkyTKWQPIstOF9rf9EHqjDFAJ/i6lPQRKg9R19giqSOISk\nXjaUSMSu4vtcf0X6mlZkpNUK/1pR3n5jUooo3pXO2Iznk82/a81fU1GqtQxGFZWh\n8ZSirt8D1jJX+vLVw5iJ4YnLvHMTB+RkRd5tVAHcszpXTXVAgBaJbN/W8qhJ33+P\nzcwwJkDMQlP9QB8zWfBkNzMrGJRxeaVkHwKCAQEAkwRXUp9sQlMUa25mVKXgzqHS\n+JiZcjcoazZAc9y9yI8mTiJGSnUgsJPcCNN2KphzBRXFlaNeOVLh1HW6AqXfa2cT\nvaNqI7PuOGxraiDeagY3xJKf3mIA4IS70xyv6/8WxzzysdoWPFeM9rd/8yaSdjsD\nIvZnYlAsxxORgANQ/WNijjCALvcRQ7EFSmsTq5SrmdpwEgjh5WzCtLCox/uDN5n6\n71Y+k97KqihGlOyapYxA7RKjyTqzjLPgW4K08DIUF0NXQ8XbCFr75/iTijXzqBsr\nAswaYX5jN3i8TYZWsy79SZ1OPL3j1P2TL8gwEkhHJu+ckNQQPaNuUR6f6rHcvg==\n-----END RSA PRIVATE KEY-----\n",
            "content_base64": null,
            "content_base64sha256": "hS4gx0/XcsQVHVeg03H7rwvptBGrWA2o1dXY4r3ZTYs=",
            "content_base64sha512": "UqzQLH/kQU9QkqBAYcLJZIOzSbDOHmwygs+1DNqvl2OX8JaeA52KrLfr/Q6nARRBYt09XsTRMOBZj+aOp63jLw==",
            "content_md5": "fb7528a9a360279c1685fcc4fa482db5",
            "content_sha1": "49a967f29e279c369c7bdec0ecd69d57e8d8e4e4",
            "content_sha256": "852e20c74fd772c4151d57a0d371fbaf0be9b411ab580da8d5d5d8e2bdd94d8b",
            "content_sha512": "52acd02c7fe4414f5092a04061c2c96483b349b0ce1e6c3282cfb50cdaaf976397f0969e039d8aacb7ebfd0ea701144162dd3d5ec4d130e0598fe68ea7ade32f",
            "directory_permission": "0777",
            "file_permission": "0777",
            "filename": "./bastion_private_key.pem",
            "id": "49a967f29e279c369c7bdec0ecd69d57e8d8e4e4",
            "sensitive_content": null,
            "source": null
          },
          "sensitive_attributes": [
            [
              {
                "type": "get_attr",
                "value": "content"
              }
            ],
            [
              {
                "type": "get_attr",
                "value": "sensitive_content"
              }
            ]
          ],
          "identity_schema_version": 0,
          "dependencies": [
            "tls_private_key.bastion_key"
          ]
        }
      ]
    },
    {
      "mode": "managed",
      "type": "tls_private_key",
      "name": "bastion_key",
      "provider": "provider[\"registry.terraform.io/hashicorp/tls\"]",
      "instances": [
        {
          "schema_version": 1,
          "attributes": {
            "algorithm": "RSA",
            "ecdsa_curve": "P224",
            "id": "9750ccb7573feaee91936c0ef2bd0c678fdda4c9",
            "private_key_openssh": "-----BEGIN OPENSSH PRIVATE KEY-----\nb3BlbnNzaC1rZXktdjEAAAAABG5vbmUAAAAEbm9uZQAAAAAAAAABAAACFwAAAAdz\nc2gtcnNhAAAAAwEAAQAAAgEAwk5CJQfM8ek7R8WLMysnWrTY9GXtiuhrVpQ4JB6B\n9OwBN4qAHjlKevVs95iitXMlQCZCDw+d+H23xYXRzwheLF1xSYFncYZ081qpYSVq\nlRUDhpX5ygedkTP2Rb+DNzIMg3oaVLbTYSoPjSgD7hUIPMFbz/wjzL2Xy+ZwPv3u\nfqkZohumq+xneJn3ZzcTjT5LXdtNPyGu/sPGj+XSy5SUS/VJrQ9SkxdlCL3FWa8J\n0J1Z38YY32C2veh2qFib3ecOwel7FPF3si8qYHUsWjCThJcr+3rvboOWgACezglK\nI+5duj9Q7RKh2XU/LZG2P6PzqDRfUHu2/Fwkx0A1dGL4eXMqVpJYRLxzIcmJtAYs\n/g9/UjaflJrIHoE9Ytd7Prn+J+bFUH3SYqH0D0SbbcVcwgfcs2mxYGyo6bKpXZSc\nLUbd3essLzdP6VIDNEbKspmlcbu/RAdsV8/lLXFbVuOL3/f8rC7oRdLlrgH7wIRJ\ng/gdtxGC3CoeDVsyy6zWZbopfvln+yUij2hS8z7h7ZiFHOmJyMjjupu0nK9vyn0K\nMTCzBBBov2sgMXu6+2W3lD6vqzXvv+A0e8wCv7ZH+suxLcc+1JIBDPBc0voV/hCV\n1aQ5lz/wfesqaw+y5B5iyYvDISZIlsaemNnoHcNr5J2y9jJpOONYtnJFDy0RCMI4\nV8cAAAc4xbJ6GMWyehgAAAAHc3NoLXJzYQAAAgEAwk5CJQfM8ek7R8WLMysnWrTY\n9GXtiuhrVpQ4JB6B9OwBN4qAHjlKevVs95iitXMlQCZCDw+d+H23xYXRzwheLF1x\nSYFncYZ081qpYSVqlRUDhpX5ygedkTP2Rb+DNzIMg3oaVLbTYSoPjSgD7hUIPMFb\nz/wjzL2Xy+ZwPv3ufqkZohumq+xneJn3ZzcTjT5LXdtNPyGu/sPGj+XSy5SUS/VJ\nrQ9SkxdlCL3FWa8J0J1Z38YY32C2veh2qFib3ecOwel7FPF3si8qYHUsWjCThJcr\n+3rvboOWgACezglKI+5duj9Q7RKh2XU/LZG2P6PzqDRfUHu2/Fwkx0A1dGL4eXMq\nVpJYRLxzIcmJtAYs/g9/UjaflJrIHoE9Ytd7Prn+J+bFUH3SYqH0D0SbbcVcwgfc\ns2mxYGyo6bKpXZScLUbd3essLzdP6VIDNEbKspmlcbu/RAdsV8/lLXFbVuOL3/f8\nrC7oRdLlrgH7wIRJg/gdtxGC3CoeDVsyy6zWZbopfvln+yUij2hS8z7h7ZiFHOmJ\nyMjjupu0nK9vyn0KMTCzBBBov2sgMXu6+2W3lD6vqzXvv+A0e8wCv7ZH+suxLcc+\n1JIBDPBc0voV/hCV1aQ5lz/wfesqaw+y5B5iyYvDISZIlsaemNnoHcNr5J2y9jJp\nOONYtnJFDy0RCMI4V8cAAAADAQABAAACABMBKIMKskbu8vdgIO9ORzkd+yJcXdF6\nThVXxe3yde+Irc3K5CEQpXJFUvUcnr10l64gj9F9S4wkb7cIEa9YOC3KrevsljuK\nVSIAOhTgXf5a4c9mF9pkyEqNdIb55lGduY+af7zNbPtR69d4lHnS4M1gdCRxmubJ\nnHE7BruChrMowvMSFUk3hB9Nn98eifEEqMZzTqjgGIeeimtEpUt4KtELGrushf0R\nCrbCKO1Oq30WBtZWP9SJVxZYCFMK56Pal5zrwzgXLgfliRWKIF5p5ePQDWM5cPW0\nNSIr7VxlmDTPeadfzgCCFAZ660T/vX2YAZrwFGqAzzL7qDU82H2buIWs0jHnJbui\nf7jZeTDO7OC6H53yjfDgAPJ1yfS+E84xIiM/swIkZpyw+zRCF8mI1nAnf/G/WWNd\nfoA+LrDlUpnmNNbXL1XVFEXpHmHBpfIX+GW209zJRl7x/Pmw2HKZ0eW2LKQnzTS9\nJnzCGEMVoqFfcNy8WKzZ9eo9kQZ3DrqwI30kK7qqMwz00qjbWg1m+kG6j9wuCfAv\nBItUy4vNHhhF0s6o2rGNRGdwGdlc1MIBcKLVZQo9eXSvrPQJZR/U4MNplbEjzoTj\nfdNjw7o5nHN5lXf/hggF8O1zsxeDHBFsKOCbhd3pyu4iXoqj932PayDSOZjuSrJ+\nNV2tmDprSqlxAAABAQCTBFdSn2xCUxRrbmZUpeDOodL4mJlyNyhrNkBz3L3IjyZO\nIkZKdSCwk9wI03YqmHMFFcWVo145UuHUdboCpd9rZxO9o2ojs+44bGtqIN5qBjfE\nkp/eYgDghLvTHK/r/xbHPPKx2hY8V4z2t3/zJpJ2OwMi9mdiUCzHE5GAA1D9Y2KO\nMIAu9xFDsQVKaxOrlKuZ2nASCOHlbMK0sKjH+4M3mfrvVj6T3sqqKEaU7JqljEDt\nEqPJOrOMs+BbgrTwMhQXQ1dDxdsIWvvn+JOKNfOoGysCzBphfmM3eLxNhlazLv1J\nnU48vePU/ZMvyDASSEcm75yQ1BA9o25RHp/qsdy+AAABAQDls6/KIi8vOxdSwmGS\nCr+0GXX/FM4bFgiyn/Drb66efB8+XoHRK9yvB2zejd2xT9w+YZtUeGNSShiDDHL3\nbh0XxTDGuZ8PmYQtseE1/9BW8b21Q4rYa5ZJ9HFh9Zj4Vc6oW9iCuAIp8+pVjBHf\nFmZAcQomP0JmZGtVssaAga1DhnkIZNRjhSByz3Tc8VW1p8Z3CC/dUoKoKQNiFrzG\nUcL9CWtWB0uTqDlAf3MGvD4thCHasWQFmF0lcKdDd47oqfqFetKioqkx5ub+VKBA\nad0Xw+aBmhoavCLBl9GPiGLRvSvk5sj1HJBHabrzCzC7Uh0BXmUCOZI0rDpBC2J2\nSeAtAAABAQDYjSW64vuVO2vxoAMiCNtueW1Dcq0FVX3Gc31DU63xev1SchN4djwp\nFXsgzKOfbwZMeOM71jwCacVB3fjAWFkoW310tw4uf2bDf0wx896/2MclfeU6ssn5\nwzf0J4qMYSOZf6pcBPNKkBSkzq/EhaqxwR3QcxQboxmdiCqNK/6PJsQjTIX4a7R0\nnESNb3wg3IK+zbBT4SostPXS8avXEvQTbf2LR7dq64VZxfpTZSMtvWCy3ymDFCpt\nUIeKfZ8qpwTV49lMb9rB8lUJITeUUXgHMLHm6bKm8AYktWw/9AUcLYuk96wf6WUY\nf03dyqLVppHji/CPGswFsKOZwR26rNxDAAAAAAEC\n-----END OPENSSH PRIVATE KEY-----\n",
            "private_key_pem": "-----BEGIN RSA PRIVATE KEY-----\nMIIJKgIBAAKCAgEAwk5CJQfM8ek7R8WLMysnWrTY9GXtiuhrVpQ4JB6B9OwBN4qA\nHjlKevVs95iitXMlQCZCDw+d+H23xYXRzwheLF1xSYFncYZ081qpYSVqlRUDhpX5\nygedkTP2Rb+DNzIMg3oaVLbTYSoPjSgD7hUIPMFbz/wjzL2Xy+ZwPv3ufqkZohum\nq+xneJn3ZzcTjT5LXdtNPyGu/sPGj+XSy5SUS/VJrQ9SkxdlCL3FWa8J0J1Z38YY\n32C2veh2qFib3ecOwel7FPF3si8qYHUsWjCThJcr+3rvboOWgACezglKI+5duj9Q\n7RKh2XU/LZG2P6PzqDRfUHu2/Fwkx0A1dGL4eXMqVpJYRLxzIcmJtAYs/g9/Ujaf\nlJrIHoE9Ytd7Prn+J+bFUH3SYqH0D0SbbcVcwgfcs2mxYGyo6bKpXZScLUbd3ess\nLzdP6VIDNEbKspmlcbu/RAdsV8/lLXFbVuOL3/f8rC7oRdLlrgH7wIRJg/gdtxGC\n3CoeDVsyy6zWZbopfvln+yUij2hS8z7h7ZiFHOmJyMjjupu0nK9vyn0KMTCzBBBo\nv2sgMXu6+2W3lD6vqzXvv+A0e8wCv7ZH+suxLcc+1JIBDPBc0voV/hCV1aQ5lz/w\nfesqaw+y5B5iyYvDISZIlsaemNnoHcNr5J2y9jJpOONYtnJFDy0RCMI4V8cCAwEA\nAQKCAgATASiDCrJG7vL3YCDvTkc5HfsiXF3Rek4VV8Xt8nXviK3NyuQhEKVyRVL1\nHJ69dJeuII/RfUuMJG+3CBGvWDgtyq3r7JY7ilUiADoU4F3+WuHPZhfaZMhKjXSG\n+eZRnbmPmn+8zWz7UevXeJR50uDNYHQkcZrmyZxxOwa7goazKMLzEhVJN4QfTZ/f\nHonxBKjGc06o4BiHnoprRKVLeCrRCxq7rIX9EQq2wijtTqt9FgbWVj/UiVcWWAhT\nCuej2pec68M4Fy4H5YkViiBeaeXj0A1jOXD1tDUiK+1cZZg0z3mnX84AghQGeutE\n/719mAGa8BRqgM8y+6g1PNh9m7iFrNIx5yW7on+42Xkwzuzguh+d8o3w4ADydcn0\nvhPOMSIjP7MCJGacsPs0QhfJiNZwJ3/xv1ljXX6APi6w5VKZ5jTW1y9V1RRF6R5h\nwaXyF/hlttPcyUZe8fz5sNhymdHltiykJ800vSZ8whhDFaKhX3DcvFis2fXqPZEG\ndw66sCN9JCu6qjMM9NKo21oNZvpBuo/cLgnwLwSLVMuLzR4YRdLOqNqxjURncBnZ\nXNTCAXCi1WUKPXl0r6z0CWUf1ODDaZWxI86E433TY8O6OZxzeZV3/4YIBfDtc7MX\ngxwRbCjgm4Xd6cruIl6Ko/d9j2sg0jmY7kqyfjVdrZg6a0qpcQKCAQEA5bOvyiIv\nLzsXUsJhkgq/tBl1/xTOGxYIsp/w62+unnwfPl6B0Svcrwds3o3dsU/cPmGbVHhj\nUkoYgwxy924dF8UwxrmfD5mELbHhNf/QVvG9tUOK2GuWSfRxYfWY+FXOqFvYgrgC\nKfPqVYwR3xZmQHEKJj9CZmRrVbLGgIGtQ4Z5CGTUY4Ugcs903PFVtafGdwgv3VKC\nqCkDYha8xlHC/QlrVgdLk6g5QH9zBrw+LYQh2rFkBZhdJXCnQ3eO6Kn6hXrSoqKp\nMebm/lSgQGndF8PmgZoaGrwiwZfRj4hi0b0r5ObI9RyQR2m68wswu1IdAV5lAjmS\nNKw6QQtidkngLQKCAQEA2I0luuL7lTtr8aADIgjbbnltQ3KtBVV9xnN9Q1Ot8Xr9\nUnITeHY8KRV7IMyjn28GTHjjO9Y8AmnFQd34wFhZKFt9dLcOLn9mw39MMfPev9jH\nJX3lOrLJ+cM39CeKjGEjmX+qXATzSpAUpM6vxIWqscEd0HMUG6MZnYgqjSv+jybE\nI0yF+Gu0dJxEjW98INyCvs2wU+EqLLT10vGr1xL0E239i0e3auuFWcX6U2UjLb1g\nst8pgxQqbVCHin2fKqcE1ePZTG/awfJVCSE3lFF4BzCx5umypvAGJLVsP/QFHC2L\npPesH+llGH9N3cqi1aaR44vwjxrMBbCjmcEduqzcQwKCAQEAnvHQkVlINzF3eR/i\nbjEb6B66JLEb0WhUym2cQv374dTXtculnrzwLvk/X1zha8FsEIpv9mp7p8R3466o\nmwhJ/1nG36wwIZZD/W6Z/UivvIn4kMZU/F6uFyybjIJqwGR35M3xKrrzXF5Y56tN\n7oXMaYkO0dpyMvIHx7w2WVPiNdiGRcWnpdnH00o0fnJMsa+PyGwU2twuZvhCTAyZ\nwc1v1LJA4L2ZkWoVe8j1KlL1338QAgk/whNlWPPz+d5wOBTuspCD0mAmHc6+Rnz+\nirP2dmxrQ4ED0T4f+r/4FY71elahWfpMUjfaql/CKk2zAdvXEExmLrzxq5sFkF61\nWk7SXQKCAQEAnX2x1gRkcjkgHT+BZ8xHQkY/Z9FL8lglvCGcFU4TcE9BUyex72cW\nA88imE0cJsTJMO6uXINHa33fPzMfSUw3s3kueab0Qm7XnxDCqoWxF5eh5it0fkcv\nS11mIURsqAGxsV4+2OOkyTKWQPIstOF9rf9EHqjDFAJ/i6lPQRKg9R19giqSOISk\nXjaUSMSu4vtcf0X6mlZkpNUK/1pR3n5jUooo3pXO2Iznk82/a81fU1GqtQxGFZWh\n8ZSirt8D1jJX+vLVw5iJ4YnLvHMTB+RkRd5tVAHcszpXTXVAgBaJbN/W8qhJ33+P\nzcwwJkDMQlP9QB8zWfBkNzMrGJRxeaVkHwKCAQEAkwRXUp9sQlMUa25mVKXgzqHS\n+JiZcjcoazZAc9y9yI8mTiJGSnUgsJPcCNN2KphzBRXFlaNeOVLh1HW6AqXfa2cT\nvaNqI7PuOGxraiDeagY3xJKf3mIA4IS70xyv6/8WxzzysdoWPFeM9rd/8yaSdjsD\nIvZnYlAsxxORgANQ/WNijjCALvcRQ7EFSmsTq5SrmdpwEgjh5WzCtLCox/uDN5n6\n71Y+k97KqihGlOyapYxA7RKjyTqzjLPgW4K08DIUF0NXQ8XbCFr75/iTijXzqBsr\nAswaYX5jN3i8TYZWsy79SZ1OPL3j1P2TL8gwEkhHJu+ckNQQPaNuUR6f6rHcvg==\n-----END RSA PRIVATE KEY-----\n",
            "private_key_pem_pkcs8": "-----BEGIN PRIVATE KEY-----\nMIIJRAIBADANBgkqhkiG9w0BAQEFAASCCS4wggkqAgEAAoICAQDCTkIlB8zx6TtH\nxYszKydatNj0Ze2K6GtWlDgkHoH07AE3ioAeOUp69Wz3mKK1cyVAJkIPD534fbfF\nhdHPCF4sXXFJgWdxhnTzWqlhJWqVFQOGlfnKB52RM/ZFv4M3MgyDehpUttNhKg+N\nKAPuFQg8wVvP/CPMvZfL5nA+/e5+qRmiG6ar7Gd4mfdnNxONPktd200/Ia7+w8aP\n5dLLlJRL9UmtD1KTF2UIvcVZrwnQnVnfxhjfYLa96HaoWJvd5w7B6XsU8XeyLypg\ndSxaMJOElyv7eu9ug5aAAJ7OCUoj7l26P1DtEqHZdT8tkbY/o/OoNF9Qe7b8XCTH\nQDV0Yvh5cypWklhEvHMhyYm0Biz+D39SNp+UmsgegT1i13s+uf4n5sVQfdJiofQP\nRJttxVzCB9yzabFgbKjpsqldlJwtRt3d6ywvN0/pUgM0RsqymaVxu79EB2xXz+Ut\ncVtW44vf9/ysLuhF0uWuAfvAhEmD+B23EYLcKh4NWzLLrNZluil++Wf7JSKPaFLz\nPuHtmIUc6YnIyOO6m7Scr2/KfQoxMLMEEGi/ayAxe7r7ZbeUPq+rNe+/4DR7zAK/\ntkf6y7Etxz7UkgEM8FzS+hX+EJXVpDmXP/B96yprD7LkHmLJi8MhJkiWxp6Y2egd\nw2vknbL2Mmk441i2ckUPLREIwjhXxwIDAQABAoICABMBKIMKskbu8vdgIO9ORzkd\n+yJcXdF6ThVXxe3yde+Irc3K5CEQpXJFUvUcnr10l64gj9F9S4wkb7cIEa9YOC3K\nrevsljuKVSIAOhTgXf5a4c9mF9pkyEqNdIb55lGduY+af7zNbPtR69d4lHnS4M1g\ndCRxmubJnHE7BruChrMowvMSFUk3hB9Nn98eifEEqMZzTqjgGIeeimtEpUt4KtEL\nGrushf0RCrbCKO1Oq30WBtZWP9SJVxZYCFMK56Pal5zrwzgXLgfliRWKIF5p5ePQ\nDWM5cPW0NSIr7VxlmDTPeadfzgCCFAZ660T/vX2YAZrwFGqAzzL7qDU82H2buIWs\n0jHnJbuif7jZeTDO7OC6H53yjfDgAPJ1yfS+E84xIiM/swIkZpyw+zRCF8mI1nAn\nf/G/WWNdfoA+LrDlUpnmNNbXL1XVFEXpHmHBpfIX+GW209zJRl7x/Pmw2HKZ0eW2\nLKQnzTS9JnzCGEMVoqFfcNy8WKzZ9eo9kQZ3DrqwI30kK7qqMwz00qjbWg1m+kG6\nj9wuCfAvBItUy4vNHhhF0s6o2rGNRGdwGdlc1MIBcKLVZQo9eXSvrPQJZR/U4MNp\nlbEjzoTjfdNjw7o5nHN5lXf/hggF8O1zsxeDHBFsKOCbhd3pyu4iXoqj932PayDS\nOZjuSrJ+NV2tmDprSqlxAoIBAQDls6/KIi8vOxdSwmGSCr+0GXX/FM4bFgiyn/Dr\nb66efB8+XoHRK9yvB2zejd2xT9w+YZtUeGNSShiDDHL3bh0XxTDGuZ8PmYQtseE1\n/9BW8b21Q4rYa5ZJ9HFh9Zj4Vc6oW9iCuAIp8+pVjBHfFmZAcQomP0JmZGtVssaA\nga1DhnkIZNRjhSByz3Tc8VW1p8Z3CC/dUoKoKQNiFrzGUcL9CWtWB0uTqDlAf3MG\nvD4thCHasWQFmF0lcKdDd47oqfqFetKioqkx5ub+VKBAad0Xw+aBmhoavCLBl9GP\niGLRvSvk5sj1HJBHabrzCzC7Uh0BXmUCOZI0rDpBC2J2SeAtAoIBAQDYjSW64vuV\nO2vxoAMiCNtueW1Dcq0FVX3Gc31DU63xev1SchN4djwpFXsgzKOfbwZMeOM71jwC\nacVB3fjAWFkoW310tw4uf2bDf0wx896/2MclfeU6ssn5wzf0J4qMYSOZf6pcBPNK\nkBSkzq/EhaqxwR3QcxQboxmdiCqNK/6PJsQjTIX4a7R0nESNb3wg3IK+zbBT4Sos\ntPXS8avXEvQTbf2LR7dq64VZxfpTZSMtvWCy3ymDFCptUIeKfZ8qpwTV49lMb9rB\n8lUJITeUUXgHMLHm6bKm8AYktWw/9AUcLYuk96wf6WUYf03dyqLVppHji/CPGswF\nsKOZwR26rNxDAoIBAQCe8dCRWUg3MXd5H+JuMRvoHroksRvRaFTKbZxC/fvh1Ne1\ny6WevPAu+T9fXOFrwWwQim/2anunxHfjrqibCEn/WcbfrDAhlkP9bpn9SK+8ifiQ\nxlT8Xq4XLJuMgmrAZHfkzfEquvNcXljnq03uhcxpiQ7R2nIy8gfHvDZZU+I12IZF\nxael2cfTSjR+ckyxr4/IbBTa3C5m+EJMDJnBzW/UskDgvZmRahV7yPUqUvXffxAC\nCT/CE2VY8/P53nA4FO6ykIPSYCYdzr5GfP6Ks/Z2bGtDgQPRPh/6v/gVjvV6VqFZ\n+kxSN9qqX8IqTbMB29cQTGYuvPGrmwWQXrVaTtJdAoIBAQCdfbHWBGRyOSAdP4Fn\nzEdCRj9n0UvyWCW8IZwVThNwT0FTJ7HvZxYDzyKYTRwmxMkw7q5cg0drfd8/Mx9J\nTDezeS55pvRCbtefEMKqhbEXl6HmK3R+Ry9LXWYhRGyoAbGxXj7Y46TJMpZA8iy0\n4X2t/0QeqMMUAn+LqU9BEqD1HX2CKpI4hKReNpRIxK7i+1x/RfqaVmSk1Qr/WlHe\nfmNSiijelc7YjOeTzb9rzV9TUaq1DEYVlaHxlKKu3wPWMlf68tXDmInhicu8cxMH\n5GRF3m1UAdyzOldNdUCAFols39byqEnff4/NzDAmQMxCU/1AHzNZ8GQ3MysYlHF5\npWQfAoIBAQCTBFdSn2xCUxRrbmZUpeDOodL4mJlyNyhrNkBz3L3IjyZOIkZKdSCw\nk9wI03YqmHMFFcWVo145UuHUdboCpd9rZxO9o2ojs+44bGtqIN5qBjfEkp/eYgDg\nhLvTHK/r/xbHPPKx2hY8V4z2t3/zJpJ2OwMi9mdiUCzHE5GAA1D9Y2KOMIAu9xFD\nsQVKaxOrlKuZ2nASCOHlbMK0sKjH+4M3mfrvVj6T3sqqKEaU7JqljEDtEqPJOrOM\ns+BbgrTwMhQXQ1dDxdsIWvvn+JOKNfOoGysCzBphfmM3eLxNhlazLv1JnU48vePU\n/ZMvyDASSEcm75yQ1BA9o25RHp/qsdy+\n-----END PRIVATE KEY-----\n",
            "public_key_fingerprint_md5": "0c:94:60:2f:ab:e7:23:ff:8f:22:69:f7:15:66:cc:47",
            "public_key_fingerprint_sha256": "SHA256:D6zGvs/aBDHSttwajmocjIU8ZL1DafDJpIu4CuTupY0",
            "public_key_openssh": "ssh-rsa AAAAB3NzaC1yc2EAAAADAQABAAACAQDCTkIlB8zx6TtHxYszKydatNj0Ze2K6GtWlDgkHoH07AE3ioAeOUp69Wz3mKK1cyVAJkIPD534fbfFhdHPCF4sXXFJgWdxhnTzWqlhJWqVFQOGlfnKB52RM/ZFv4M3MgyDehpUttNhKg+NKAPuFQg8wVvP/CPMvZfL5nA+/e5+qRmiG6ar7Gd4mfdnNxONPktd200/Ia7+w8aP5dLLlJRL9UmtD1KTF2UIvcVZrwnQnVnfxhjfYLa96HaoWJvd5w7B6XsU8XeyLypgdSxaMJOElyv7eu9ug5aAAJ7OCUoj7l26P1DtEqHZdT8tkbY/o/OoNF9Qe7b8XCTHQDV0Yvh5cypWklhEvHMhyYm0Biz+D39SNp+UmsgegT1i13s+uf4n5sVQfdJiofQPRJttxVzCB9yzabFgbKjpsqldlJwtRt3d6ywvN0/pUgM0RsqymaVxu79EB2xXz+UtcVtW44vf9/ysLuhF0uWuAfvAhEmD+B23EYLcKh4NWzLLrNZluil++Wf7JSKPaFLzPuHtmIUc6YnIyOO6m7Scr2/KfQoxMLMEEGi/ayAxe7r7ZbeUPq+rNe+/4DR7zAK/tkf6y7Etxz7UkgEM8FzS+hX+EJXVpDmXP/B96yprD7LkHmLJi8MhJkiWxp6Y2egdw2vknbL2Mmk441i2ckUPLREIwjhXxw==\n",
            "public_key_pem": "-----BEGIN PUBLIC KEY-----\nMIICIjANBgkqhkiG9w0BAQEFAAOCAg8AMIICCgKCAgEAwk5CJQfM8ek7R8WLMysn\nWrTY9GXtiuhrVpQ4JB6B9OwBN4qAHjlKevVs95iitXMlQCZCDw+d+H23xYXRzwhe\nLF1xSYFncYZ081qpYSVqlRUDhpX5ygedkTP2Rb+DNzIMg3oaVLbTYSoPjSgD7hUI\nPMFbz/wjzL2Xy+ZwPv3ufqkZohumq+xneJn3ZzcTjT5LXdtNPyGu/sPGj+XSy5SU\nS/VJrQ9SkxdlCL3FWa8J0J1Z38YY32C2veh2qFib3ecOwel7FPF3si8qYHUsWjCT\nhJcr+3rvboOWgACezglKI+5duj9Q7RKh2XU/LZG2P6PzqDRfUHu2/Fwkx0A1dGL4\neXMqVpJYRLxzIcmJtAYs/g9/UjaflJrIHoE9Ytd7Prn+J+bFUH3SYqH0D0SbbcVc\nwgfcs2mxYGyo6bKpXZScLUbd3essLzdP6VIDNEbKspmlcbu/RAdsV8/lLXFbVuOL\n3/f8rC7oRdLlrgH7wIRJg/gdtxGC3CoeDVsyy6zWZbopfvln+yUij2hS8z7h7ZiF\nHOmJyMjjupu0nK9vyn0KMTCzBBBov2sgMXu6+2W3lD6vqzXvv+A0e8wCv7ZH+sux\nLcc+1JIBDPBc0voV/hCV1aQ5lz/wfesqaw+y5B5iyYvDISZIlsaemNnoHcNr5J2y\n9jJpOONYtnJFDy0RCMI4V8cCAwEAAQ==\n-----END PUBLIC KEY-----\n",
            "rsa_bits": 4096
          },
          "sensitive_attributes": [
            [
              {
                "type": "get_attr",
                "value": "private_key_openssh"
              }
            ],
            [
              {
                "type": "get_attr",
                "value": "private_key_pem"
              }
            ],
            [
              {
                "type": "get_attr",
                "value": "private_key_pem_pkcs8"
              }
            ]
          ],
          "identity_schema_version": 0
        }
      ]
    },
    {
      "module": "module.vpc",
      "mode": "managed",
      "type": "aws_default_network_acl",
      "name": "this",
      "provider": "provider[\"registry.terraform.io/hashicorp/aws\"]",
      "instances": [
        {
          "index_key": 0,
          "schema_version": 0,
          "attributes": {
            "arn": "arn:aws:ec2:us-east-1:585008040165:network-acl/acl-06b127522a8ab29d8",
            "default_network_acl_id": "acl-06b127522a8ab29d8",
            "egress": [
              {
                "action": "allow",
                "cidr_block": "",
                "from_port": 0,
                "icmp_code": null,
                "icmp_type": null,
                "ipv6_cidr_block": "::/0",
                "protocol": "-1",
                "rule_no": 101,
                "to_port": 0
              },
              {
                "action": "allow",
                "cidr_block": "0.0.0.0/0",
                "from_port": 0,
                "icmp_code": null,
                "icmp_type": null,
                "ipv6_cidr_block": "",
                "protocol": "-1",
                "rule_no": 100,
                "to_port": 0
              }
            ],
            "id": "acl-06b127522a8ab29d8",
            "ingress": [
              {
                "action": "allow",
                "cidr_block": "",
                "from_port": 0,
                "icmp_code": null,
                "icmp_type": null,
                "ipv6_cidr_block": "::/0",
                "protocol": "-1",
                "rule_no": 101,
                "to_port": 0
              },
              {
                "action": "allow",
                "cidr_block": "0.0.0.0/0",
                "from_port": 0,
                "icmp_code": null,
                "icmp_type": null,
                "ipv6_cidr_block": "",
                "protocol": "-1",
                "rule_no": 100,
                "to_port": 0
              }
            ],
            "owner_id": "585008040165",
            "region": "us-east-1",
            "subnet_ids": [
              "subnet-034feac87881509fc",
              "subnet-0e9149c0e9996ce1a"
            ],
            "tags": {
              "Environment": "dev",
              "Name": "MyVPC-default",
              "Terraform": "true"
            },
            "tags_all": {
              "Environment": "dev",
              "Name": "MyVPC-default",
              "Terraform": "true"
            },
            "vpc_id": "vpc-0e6ac54111bb76b46"
          },
          "sensitive_attributes": [],
          "identity_schema_version": 0,
          "private": "bnVsbA==",
          "dependencies": [
            "module.vpc.aws_vpc.this"
          ]
        }
      ]
    },
    {
      "module": "module.vpc",
      "mode": "managed",
      "type": "aws_default_route_table",
      "name": "default",
      "provider": "provider[\"registry.terraform.io/hashicorp/aws\"]",
      "instances": [
        {
          "index_key": 0,
          "schema_version": 0,
          "attributes": {
            "arn": "arn:aws:ec2:us-east-1:585008040165:route-table/rtb-08832d7c3d2d7f9d0",
            "default_route_table_id": "rtb-08832d7c3d2d7f9d0",
            "id": "rtb-08832d7c3d2d7f9d0",
            "owner_id": "585008040165",
            "propagating_vgws": null,
            "region": "us-east-1",
            "route": [],
            "tags": {
              "Environment": "dev",
              "Name": "MyVPC-default",
              "Terraform": "true"
            },
            "tags_all": {
              "Environment": "dev",
              "Name": "MyVPC-default",
              "Terraform": "true"
            },
            "timeouts": {
              "create": "5m",
              "update": "5m"
            },
            "vpc_id": "vpc-0e6ac54111bb76b46"
          },
          "sensitive_attributes": [],
          "identity_schema_version": 0,
          "private": "eyJlMmJmYjczMC1lY2FhLTExZTYtOGY4OC0zNDM2M2JjN2M0YzAiOnsiY3JlYXRlIjozMDAwMDAwMDAwMDAsInVwZGF0ZSI6MzAwMDAwMDAwMDAwfX0=",
          "dependencies": [
            "module.vpc.aws_vpc.this"
          ]
        }
      ]
    },
    {
      "module": "module.vpc",
      "mode": "managed",
      "type": "aws_default_security_group",
      "name": "this",
      "provider": "provider[\"registry.terraform.io/hashicorp/aws\"]",
      "instances": [
        {
          "index_key": 0,
          "schema_version": 1,
          "attributes": {
            "arn": "arn:aws:ec2:us-east-1:585008040165:security-group/sg-0e04412da5344f093",
            "description": "default VPC security group",
            "egress": [],
            "id": "sg-0e04412da5344f093",
            "ingress": [],
            "name": "default",
            "name_prefix": "",
            "owner_id": "585008040165",
            "region": "us-east-1",
            "revoke_rules_on_delete": false,
            "tags": {
              "Environment": "dev",
              "Name": "MyVPC-default",
              "Terraform": "true"
            },
            "tags_all": {
              "Environment": "dev",
              "Name": "MyVPC-default",
              "Terraform": "true"
            },
            "vpc_id": "vpc-0e6ac54111bb76b46"
          },
          "sensitive_attributes": [],
          "identity_schema_version": 0,
          "private": "eyJzY2hlbWFfdmVyc2lvbiI6IjEifQ==",
          "dependencies": [
            "module.vpc.aws_vpc.this"
          ]
        }
      ]
    },
    {
      "module": "module.vpc",
      "mode": "managed",
      "type": "aws_internet_gateway",
      "name": "this",
      "provider": "provider[\"registry.terraform.io/hashicorp/aws\"]",
      "instances": [
        {
          "index_key": 0,
          "schema_version": 0,
          "attributes": {
            "arn": "arn:aws:ec2:us-east-1:585008040165:internet-gateway/igw-068d951b1b04faad4",
            "id": "igw-068d951b1b04faad4",
            "owner_id": "585008040165",
            "region": "us-east-1",
            "tags": {
              "Environment": "dev",
              "Name": "MyVPC",
              "Terraform": "true"
            },
            "tags_all": {
              "Environment": "dev",
              "Name": "MyVPC",
              "Terraform": "true"
            },
            "timeouts": null,
            "vpc_id": "vpc-0e6ac54111bb76b46"
          },
          "sensitive_attributes": [],
          "identity_schema_version": 0,
          "private": "eyJlMmJmYjczMC1lY2FhLTExZTYtOGY4OC0zNDM2M2JjN2M0YzAiOnsiY3JlYXRlIjoxMjAwMDAwMDAwMDAwLCJkZWxldGUiOjEyMDAwMDAwMDAwMDAsInVwZGF0ZSI6MTIwMDAwMDAwMDAwMH19",
          "dependencies": [
            "module.vpc.aws_vpc.this",
            "module.vpc.aws_vpc_ipv4_cidr_block_association.this"
          ]
        }
      ]
    },
    {
      "module": "module.vpc",
      "mode": "managed",
      "type": "aws_route",
      "name": "public_internet_gateway",
      "provider": "provider[\"registry.terraform.io/hashicorp/aws\"]",
      "instances": [
        {
          "index_key": 0,
          "schema_version": 0,
          "attributes": {
            "carrier_gateway_id": "",
            "core_network_arn": "",
            "destination_cidr_block": "0.0.0.0/0",
            "destination_ipv6_cidr_block": "",
            "destination_prefix_list_id": "",
            "egress_only_gateway_id": "",
            "gateway_id": "igw-068d951b1b04faad4",
            "id": "r-rtb-0cfacf6e013cc5d3e1080289494",
            "instance_id": "",
            "instance_owner_id": "",
            "local_gateway_id": "",
            "nat_gateway_id": "",
            "network_interface_id": "",
            "origin": "CreateRoute",
            "region": "us-east-1",
            "route_table_id": "rtb-0cfacf6e013cc5d3e",
            "state": "active",
            "timeouts": {
              "create": "5m",
              "delete": null,
              "update": null
            },
            "transit_gateway_id": "",
            "vpc_endpoint_id": "",
            "vpc_peering_connection_id": ""
          },
          "sensitive_attributes": [],
          "identity_schema_version": 0,
          "private": "eyJlMmJmYjczMC1lY2FhLTExZTYtOGY4OC0zNDM2M2JjN2M0YzAiOnsiY3JlYXRlIjozMDAwMDAwMDAwMDAsImRlbGV0ZSI6MzAwMDAwMDAwMDAwLCJ1cGRhdGUiOjEyMDAwMDAwMDAwMH19",
          "dependencies": [
            "module.vpc.aws_internet_gateway.this",
            "module.vpc.aws_route_table.public",
            "module.vpc.aws_vpc.this",
            "module.vpc.aws_vpc_ipv4_cidr_block_association.this"
          ]
        }
      ]
    },
    {
      "module": "module.vpc",
      "mode": "managed",
      "type": "aws_route_table",
      "name": "private",
      "provider": "provider[\"registry.terraform.io/hashicorp/aws\"]",
      "instances": [
        {
          "index_key": 0,
          "schema_version": 0,
          "attributes": {
            "arn": "arn:aws:ec2:us-east-1:585008040165:route-table/rtb-013e0c23beb51f13b",
            "id": "rtb-013e0c23beb51f13b",
            "owner_id": "585008040165",
            "propagating_vgws": [],
            "region": "us-east-1",
            "route": [],
            "tags": {
              "Environment": "dev",
              "Name": "MyVPC-private-us-east-1a",
              "Terraform": "true"
            },
            "tags_all": {
              "Environment": "dev",
              "Name": "MyVPC-private-us-east-1a",
              "Terraform": "true"
            },
            "timeouts": null,
            "vpc_id": "vpc-0e6ac54111bb76b46"
          },
          "sensitive_attributes": [],
          "identity_schema_version": 0,
          "private": "eyJlMmJmYjczMC1lY2FhLTExZTYtOGY4OC0zNDM2M2JjN2M0YzAiOnsiY3JlYXRlIjozMDAwMDAwMDAwMDAsImRlbGV0ZSI6MzAwMDAwMDAwMDAwLCJ1cGRhdGUiOjEyMDAwMDAwMDAwMH19",
          "dependencies": [
            "module.vpc.aws_vpc.this",
            "module.vpc.aws_vpc_ipv4_cidr_block_association.this"
          ]
        }
      ]
    },
    {
      "module": "module.vpc",
      "mode": "managed",
      "type": "aws_route_table",
      "name": "public",
      "provider": "provider[\"registry.terraform.io/hashicorp/aws\"]",
      "instances": [
        {
          "index_key": 0,
          "schema_version": 0,
          "attributes": {
            "arn": "arn:aws:ec2:us-east-1:585008040165:route-table/rtb-0cfacf6e013cc5d3e",
            "id": "rtb-0cfacf6e013cc5d3e",
            "owner_id": "585008040165",
            "propagating_vgws": [],
            "region": "us-east-1",
            "route": [],
            "tags": {
              "Environment": "dev",
              "Name": "MyVPC-public",
              "Terraform": "true"
            },
            "tags_all": {
              "Environment": "dev",
              "Name": "MyVPC-public",
              "Terraform": "true"
            },
            "timeouts": null,
            "vpc_id": "vpc-0e6ac54111bb76b46"
          },
          "sensitive_attributes": [],
          "identity_schema_version": 0,
          "private": "eyJlMmJmYjczMC1lY2FhLTExZTYtOGY4OC0zNDM2M2JjN2M0YzAiOnsiY3JlYXRlIjozMDAwMDAwMDAwMDAsImRlbGV0ZSI6MzAwMDAwMDAwMDAwLCJ1cGRhdGUiOjEyMDAwMDAwMDAwMH19",
          "dependencies": [
            "module.vpc.aws_vpc.this",
            "module.vpc.aws_vpc_ipv4_cidr_block_association.this"
          ]
        }
      ]
    },
    {
      "module": "module.vpc",
      "mode": "managed",
      "type": "aws_route_table_association",
      "name": "private",
      "provider": "provider[\"registry.terraform.io/hashicorp/aws\"]",
      "instances": [
        {
          "index_key": 0,
          "schema_version": 0,
          "attributes": {
            "gateway_id": "",
            "id": "rtbassoc-0bf2db6c07e1f9438",
            "region": "us-east-1",
            "route_table_id": "rtb-013e0c23beb51f13b",
            "subnet_id": "subnet-034feac87881509fc",
            "timeouts": null
          },
          "sensitive_attributes": [],
          "identity_schema_version": 0,
          "private": "eyJlMmJmYjczMC1lY2FhLTExZTYtOGY4OC0zNDM2M2JjN2M0YzAiOnsiY3JlYXRlIjozMDAwMDAwMDAwMDAsImRlbGV0ZSI6MzAwMDAwMDAwMDAwLCJ1cGRhdGUiOjEyMDAwMDAwMDAwMH19",
          "dependencies": [
            "module.vpc.aws_route_table.private",
            "module.vpc.aws_subnet.private",
            "module.vpc.aws_vpc.this",
            "module.vpc.aws_vpc_ipv4_cidr_block_association.this"
          ]
        }
      ]
    },
    {
      "module": "module.vpc",
      "mode": "managed",
      "type": "aws_route_table_association",
      "name": "public",
      "provider": "provider[\"registry.terraform.io/hashicorp/aws\"]",
      "instances": [
        {
          "index_key": 0,
          "schema_version": 0,
          "attributes": {
            "gateway_id": "",
            "id": "rtbassoc-0838a21a24c001758",
            "region": "us-east-1",
            "route_table_id": "rtb-0cfacf6e013cc5d3e",
            "subnet_id": "subnet-0e9149c0e9996ce1a",
            "timeouts": null
          },
          "sensitive_attributes": [],
          "identity_schema_version": 0,
          "private": "eyJlMmJmYjczMC1lY2FhLTExZTYtOGY4OC0zNDM2M2JjN2M0YzAiOnsiY3JlYXRlIjozMDAwMDAwMDAwMDAsImRlbGV0ZSI6MzAwMDAwMDAwMDAwLCJ1cGRhdGUiOjEyMDAwMDAwMDAwMH19",
          "dependencies": [
            "module.vpc.aws_route_table.public",
            "module.vpc.aws_subnet.public",
            "module.vpc.aws_vpc.this",
            "module.vpc.aws_vpc_ipv4_cidr_block_association.this"
          ]
        }
      ]
    },
    {
      "module": "module.vpc",
      "mode": "managed",
      "type": "aws_subnet",
      "name": "private",
      "provider": "provider[\"registry.terraform.io/hashicorp/aws\"]",
      "instances": [
        {
          "index_key": 0,
          "schema_version": 1,
          "attributes": {
            "arn": "arn:aws:ec2:us-east-1:585008040165:subnet/subnet-034feac87881509fc",
            "assign_ipv6_address_on_creation": false,
            "availability_zone": "us-east-1a",
            "availability_zone_id": "use1-az1",
            "cidr_block": "192.168.0.32/27",
            "customer_owned_ipv4_pool": "",
            "enable_dns64": false,
            "enable_lni_at_device_index": 0,
            "enable_resource_name_dns_a_record_on_launch": false,
            "enable_resource_name_dns_aaaa_record_on_launch": false,
            "id": "subnet-034feac87881509fc",
            "ipv6_cidr_block": "",
            "ipv6_cidr_block_association_id": "",
            "ipv6_native": false,
            "map_customer_owned_ip_on_launch": false,
            "map_public_ip_on_launch": false,
            "outpost_arn": "",
            "owner_id": "585008040165",
            "private_dns_hostname_type_on_launch": "ip-name",
            "region": "us-east-1",
            "tags": {
              "Environment": "dev",
              "Name": "MyVPC-private-us-east-1a",
              "Terraform": "true"
            },
            "tags_all": {
              "Environment": "dev",
              "Name": "MyVPC-private-us-east-1a",
              "Terraform": "true"
            },
            "timeouts": null,
            "vpc_id": "vpc-0e6ac54111bb76b46"
          },
          "sensitive_attributes": [],
          "identity_schema_version": 0,
          "private": "eyJlMmJmYjczMC1lY2FhLTExZTYtOGY4OC0zNDM2M2JjN2M0YzAiOnsiY3JlYXRlIjo2MDAwMDAwMDAwMDAsImRlbGV0ZSI6MTIwMDAwMDAwMDAwMH0sInNjaGVtYV92ZXJzaW9uIjoiMSJ9",
          "dependencies": [
            "module.vpc.aws_vpc.this",
            "module.vpc.aws_vpc_ipv4_cidr_block_association.this"
          ]
        }
      ]
    },
    {
      "module": "module.vpc",
      "mode": "managed",
      "type": "aws_subnet",
      "name": "public",
      "provider": "provider[\"registry.terraform.io/hashicorp/aws\"]",
      "instances": [
        {
          "index_key": 0,
          "schema_version": 1,
          "attributes": {
            "arn": "arn:aws:ec2:us-east-1:585008040165:subnet/subnet-0e9149c0e9996ce1a",
            "assign_ipv6_address_on_creation": false,
            "availability_zone": "us-east-1a",
            "availability_zone_id": "use1-az1",
            "cidr_block": "192.168.0.0/27",
            "customer_owned_ipv4_pool": "",
            "enable_dns64": false,
            "enable_lni_at_device_index": 0,
            "enable_resource_name_dns_a_record_on_launch": false,
            "enable_resource_name_dns_aaaa_record_on_launch": false,
            "id": "subnet-0e9149c0e9996ce1a",
            "ipv6_cidr_block": "",
            "ipv6_cidr_block_association_id": "",
            "ipv6_native": false,
            "map_customer_owned_ip_on_launch": false,
            "map_public_ip_on_launch": true,
            "outpost_arn": "",
            "owner_id": "585008040165",
            "private_dns_hostname_type_on_launch": "ip-name",
            "region": "us-east-1",
            "tags": {
              "Environment": "dev",
              "Name": "MyVPC-public-us-east-1a",
              "Terraform": "true"
            },
            "tags_all": {
              "Environment": "dev",
              "Name": "MyVPC-public-us-east-1a",
              "Terraform": "true"
            },
            "timeouts": null,
            "vpc_id": "vpc-0e6ac54111bb76b46"
          },
          "sensitive_attributes": [],
          "identity_schema_version": 0,
          "private": "eyJlMmJmYjczMC1lY2FhLTExZTYtOGY4OC0zNDM2M2JjN2M0YzAiOnsiY3JlYXRlIjo2MDAwMDAwMDAwMDAsImRlbGV0ZSI6MTIwMDAwMDAwMDAwMH0sInNjaGVtYV92ZXJzaW9uIjoiMSJ9",
          "dependencies": [
            "module.vpc.aws_vpc.this",
            "module.vpc.aws_vpc_ipv4_cidr_block_association.this"
          ]
        }
      ]
    },
    {
      "module": "module.vpc",
      "mode": "managed",
      "type": "aws_vpc",
      "name": "this",
      "provider": "provider[\"registry.terraform.io/hashicorp/aws\"]",
      "instances": [
        {
          "index_key": 0,
          "schema_version": 1,
          "attributes": {
            "arn": "arn:aws:ec2:us-east-1:585008040165:vpc/vpc-0e6ac54111bb76b46",
            "assign_generated_ipv6_cidr_block": false,
            "cidr_block": "192.168.0.0/26",
            "default_network_acl_id": "acl-06b127522a8ab29d8",
            "default_route_table_id": "rtb-08832d7c3d2d7f9d0",
            "default_security_group_id": "sg-0e04412da5344f093",
            "dhcp_options_id": "dopt-084e68dd63eb4f569",
            "enable_dns_hostnames": true,
            "enable_dns_support": true,
            "enable_network_address_usage_metrics": false,
            "id": "vpc-0e6ac54111bb76b46",
            "instance_tenancy": "default",
            "ipv4_ipam_pool_id": null,
            "ipv4_netmask_length": null,
            "ipv6_association_id": "",
            "ipv6_cidr_block": "",
            "ipv6_cidr_block_network_border_group": "",
            "ipv6_ipam_pool_id": "",
            "ipv6_netmask_length": 0,
            "main_route_table_id": "rtb-08832d7c3d2d7f9d0",
            "owner_id": "585008040165",
            "region": "us-east-1",
            "tags": {
              "Environment": "dev",
              "Name": "MyVPC",
              "Terraform": "true"
            },
            "tags_all": {
              "Environment": "dev",
              "Name": "MyVPC",
              "Terraform": "true"
            }
          },
          "sensitive_attributes": [],
          "identity_schema_version": 0,
          "private": "eyJzY2hlbWFfdmVyc2lvbiI6IjEifQ=="
        }
      ]
    },
    {
      "module": "module.vpc",
      "mode": "managed",
      "type": "aws_vpn_gateway",
      "name": "this",
      "provider": "provider[\"registry.terraform.io/hashicorp/aws\"]",
      "instances": [
        {
          "index_key": 0,
          "schema_version": 0,
          "attributes": {
            "amazon_side_asn": "64512",
            "arn": "arn:aws:ec2:us-east-1:585008040165:vpn-gateway/vgw-079c5946bb676a911",
            "availability_zone": null,
            "id": "vgw-079c5946bb676a911",
            "region": "us-east-1",
            "tags": {
              "Environment": "dev",
              "Name": "MyVPC",
              "Terraform": "true"
            },
            "tags_all": {
              "Environment": "dev",
              "Name": "MyVPC",
              "Terraform": "true"
            },
            "vpc_id": "vpc-0e6ac54111bb76b46"
          },
          "sensitive_attributes": [],
          "identity_schema_version": 0,
          "private": "bnVsbA==",
          "dependencies": [
            "module.vpc.aws_vpc.this",
            "module.vpc.aws_vpc_ipv4_cidr_block_association.this"
          ]
        }
      ]
    }
  ],
  "check_results": null
}
