{
  "version": 4,
  "terraform_version": "1.12.0",
  "serial": 132,
  "lineage": "1aaf7fcf-d69d-2b9f-c9f2-f8ec5ccfc34d",
  "outputs": {},
  "resources": [
    {
      "mode": "data",
      "type": "aws_ami",
      "name": "amazon_linux",
      "provider": "provider[\"registry.terraform.io/hashicorp/aws\"]",
      "instances": [
        {
          "schema_version": 0,
          "attributes": {
            "allow_unsafe_filter": null,
            "architecture": "x86_64",
            "arn": "arn:aws:ec2:us-east-1::image/ami-000ec6c25978d5999",
            "block_device_mappings": [
              {
                "device_name": "/dev/xvda",
                "ebs": {
                  "delete_on_termination": "true",
                  "encrypted": "false",
                  "iops": "0",
                  "snapshot_id": "snap-08988707369dd365f",
                  "throughput": "0",
                  "volume_initialization_rate": "0",
                  "volume_size": "8",
                  "volume_type": "gp2"
                },
                "no_device": "",
                "virtual_name": ""
              }
            ],
            "boot_mode": "",
            "creation_date": "2025-06-20T08:52:15.000Z",
            "deprecation_time": "2025-09-18T08:52:00.000Z",
            "description": "Amazon Linux 2 Kernel 5.10 AMI 2.0.20250623.0 x86_64 HVM gp2",
            "ena_support": true,
            "executable_users": null,
            "filter": [
              {
                "name": "name",
                "values": [
                  "amzn2-ami-kernel-5.10-hvm-*-x86_64-gp2"
                ]
              },
              {
                "name": "virtualization-type",
                "values": [
                  "hvm"
                ]
              }
            ],
            "hypervisor": "xen",
            "id": "ami-000ec6c25978d5999",
            "image_id": "ami-000ec6c25978d5999",
            "image_location": "amazon/amzn2-ami-kernel-5.10-hvm-2.0.20250623.0-x86_64-gp2",
            "image_owner_alias": "amazon",
            "image_type": "machine",
            "imds_support": "",
            "include_deprecated": false,
            "kernel_id": "",
            "last_launched_time": "",
            "most_recent": true,
            "name": "amzn2-ami-kernel-5.10-hvm-2.0.20250623.0-x86_64-gp2",
            "name_regex": null,
            "owner_id": "137112412989",
            "owners": [
              "amazon"
            ],
            "platform": "",
            "platform_details": "Linux/UNIX",
            "product_codes": [],
            "public": true,
            "ramdisk_id": "",
            "region": "us-east-1",
            "root_device_name": "/dev/xvda",
            "root_device_type": "ebs",
            "root_snapshot_id": "snap-08988707369dd365f",
            "sriov_net_support": "simple",
            "state": "available",
            "state_reason": {
              "code": "UNSET",
              "message": "UNSET"
            },
            "tags": {},
            "timeouts": null,
            "tpm_support": "",
            "uefi_data": null,
            "usage_operation": "RunInstances",
            "virtualization_type": "hvm"
          },
          "sensitive_attributes": [],
          "identity_schema_version": 0
        }
      ]
    },
    {
      "mode": "managed",
      "type": "aws_instance",
      "name": "bastion-host",
      "provider": "provider[\"registry.terraform.io/hashicorp/aws\"]",
      "instances": [
        {
          "schema_version": 2,
          "attributes": {
            "ami": "ami-000ec6c25978d5999",
            "arn": "arn:aws:ec2:us-east-1:585008040165:instance/i-0629b8bf9eb558326",
            "associate_public_ip_address": true,
            "availability_zone": "us-east-1a",
            "capacity_reservation_specification": [
              {
                "capacity_reservation_preference": "open",
                "capacity_reservation_target": []
              }
            ],
            "cpu_options": [
              {
                "amd_sev_snp": "",
                "core_count": 1,
                "threads_per_core": 1
              }
            ],
            "credit_specification": [
              {
                "cpu_credits": "standard"
              }
            ],
            "disable_api_stop": false,
            "disable_api_termination": false,
            "ebs_block_device": [],
            "ebs_optimized": false,
            "enable_primary_ipv6": null,
            "enclave_options": [
              {
                "enabled": false
              }
            ],
            "ephemeral_block_device": [],
            "get_password_data": false,
            "hibernation": false,
            "host_id": "",
            "host_resource_group_arn": null,
            "iam_instance_profile": "",
            "id": "i-0629b8bf9eb558326",
            "instance_initiated_shutdown_behavior": "stop",
            "instance_lifecycle": "",
            "instance_market_options": [],
            "instance_state": "running",
            "instance_type": "t2.micro",
            "ipv6_address_count": 0,
            "ipv6_addresses": [],
            "key_name": "bastion_key",
            "launch_template": [],
            "maintenance_options": [
              {
                "auto_recovery": "default"
              }
            ],
            "metadata_options": [
              {
                "http_endpoint": "enabled",
                "http_protocol_ipv6": "disabled",
                "http_put_response_hop_limit": 1,
                "http_tokens": "optional",
                "instance_metadata_tags": "disabled"
              }
            ],
            "monitoring": false,
            "network_interface": [],
            "outpost_arn": "",
            "password_data": "",
            "placement_group": "",
            "placement_partition_number": 0,
            "primary_network_interface_id": "eni-006bb0cc0be5f2f94",
            "private_dns": "ip-192-168-0-18.ec2.internal",
            "private_dns_name_options": [
              {
                "enable_resource_name_dns_a_record": false,
                "enable_resource_name_dns_aaaa_record": false,
                "hostname_type": "ip-name"
              }
            ],
            "private_ip": "192.168.0.18",
            "public_dns": "ec2-44-204-204-199.compute-1.amazonaws.com",
            "public_ip": "44.204.204.199",
            "region": "us-east-1",
            "root_block_device": [
              {
                "delete_on_termination": true,
                "device_name": "/dev/xvda",
                "encrypted": false,
                "iops": 100,
                "kms_key_id": "",
                "tags": {},
                "tags_all": {},
                "throughput": 0,
                "volume_id": "vol-0e30e8a8ad7814ea4",
                "volume_size": 8,
                "volume_type": "gp2"
              }
            ],
            "secondary_private_ips": [],
            "security_groups": [],
            "source_dest_check": true,
            "spot_instance_request_id": "",
            "subnet_id": "subnet-02cd71ea93dfdf377",
            "tags": {
              "Name": "bastion-host"
            },
            "tags_all": {
              "Name": "bastion-host"
            },
            "tenancy": "default",
            "timeouts": null,
            "user_data": null,
            "user_data_base64": null,
            "user_data_replace_on_change": false,
            "volume_tags": null,
            "vpc_security_group_ids": [
              "sg-04b37e247ef1234c9"
            ]
          },
          "sensitive_attributes": [],
          "identity_schema_version": 0,
          "private": "eyJlMmJmYjczMC1lY2FhLTExZTYtOGY4OC0zNDM2M2JjN2M0YzAiOnsiY3JlYXRlIjo2MDAwMDAwMDAwMDAsImRlbGV0ZSI6MTIwMDAwMDAwMDAwMCwicmVhZCI6OTAwMDAwMDAwMDAwLCJ1cGRhdGUiOjYwMDAwMDAwMDAwMH0sInNjaGVtYV92ZXJzaW9uIjoiMiJ9",
          "dependencies": [
            "aws_key_pair.generated_key",
            "aws_security_group.bastion-SG",
            "data.aws_ami.amazon_linux",
            "module.vpc.aws_subnet.public",
            "module.vpc.aws_vpc.this",
            "module.vpc.aws_vpc_ipv4_cidr_block_association.this",
            "tls_private_key.bastion_key"
          ]
        }
      ]
    },
    {
      "mode": "managed",
      "type": "aws_instance",
      "name": "endpoint-instance",
      "provider": "provider[\"registry.terraform.io/hashicorp/aws\"]",
      "instances": [
        {
          "schema_version": 2,
          "attributes": {
            "ami": "ami-000ec6c25978d5999",
            "arn": "arn:aws:ec2:us-east-1:585008040165:instance/i-097f6dc4feef7236a",
            "associate_public_ip_address": false,
            "availability_zone": "us-east-1a",
            "capacity_reservation_specification": [
              {
                "capacity_reservation_preference": "open",
                "capacity_reservation_target": []
              }
            ],
            "cpu_options": [
              {
                "amd_sev_snp": "",
                "core_count": 1,
                "threads_per_core": 1
              }
            ],
            "credit_specification": [
              {
                "cpu_credits": "standard"
              }
            ],
            "disable_api_stop": false,
            "disable_api_termination": false,
            "ebs_block_device": [],
            "ebs_optimized": false,
            "enable_primary_ipv6": null,
            "enclave_options": [
              {
                "enabled": false
              }
            ],
            "ephemeral_block_device": [],
            "get_password_data": false,
            "hibernation": false,
            "host_id": "",
            "host_resource_group_arn": null,
            "iam_instance_profile": "",
            "id": "i-097f6dc4feef7236a",
            "instance_initiated_shutdown_behavior": "stop",
            "instance_lifecycle": "",
            "instance_market_options": [],
            "instance_state": "running",
            "instance_type": "t2.micro",
            "ipv6_address_count": 0,
            "ipv6_addresses": [],
            "key_name": "bastion_key",
            "launch_template": [],
            "maintenance_options": [
              {
                "auto_recovery": "default"
              }
            ],
            "metadata_options": [
              {
                "http_endpoint": "enabled",
                "http_protocol_ipv6": "disabled",
                "http_put_response_hop_limit": 1,
                "http_tokens": "optional",
                "instance_metadata_tags": "disabled"
              }
            ],
            "monitoring": false,
            "network_interface": [],
            "outpost_arn": "",
            "password_data": "",
            "placement_group": "",
            "placement_partition_number": 0,
            "primary_network_interface_id": "eni-0dcfa32ba748d883c",
            "private_dns": "ip-192-168-0-38.ec2.internal",
            "private_dns_name_options": [
              {
                "enable_resource_name_dns_a_record": false,
                "enable_resource_name_dns_aaaa_record": false,
                "hostname_type": "ip-name"
              }
            ],
            "private_ip": "192.168.0.38",
            "public_dns": "",
            "public_ip": "",
            "region": "us-east-1",
            "root_block_device": [
              {
                "delete_on_termination": true,
                "device_name": "/dev/xvda",
                "encrypted": false,
                "iops": 100,
                "kms_key_id": "",
                "tags": {},
                "tags_all": {},
                "throughput": 0,
                "volume_id": "vol-0bfef84d5659e8e26",
                "volume_size": 8,
                "volume_type": "gp2"
              }
            ],
            "secondary_private_ips": [],
            "security_groups": [],
            "source_dest_check": true,
            "spot_instance_request_id": "",
            "subnet_id": "subnet-09048b88ee35870b4",
            "tags": {
              "Name": "endpoint-instance"
            },
            "tags_all": {
              "Name": "endpoint-instance"
            },
            "tenancy": "default",
            "timeouts": null,
            "user_data": null,
            "user_data_base64": null,
            "user_data_replace_on_change": false,
            "volume_tags": null,
            "vpc_security_group_ids": [
              "sg-029129e293c917ac0"
            ]
          },
          "sensitive_attributes": [],
          "identity_schema_version": 0,
          "private": "eyJlMmJmYjczMC1lY2FhLTExZTYtOGY4OC0zNDM2M2JjN2M0YzAiOnsiY3JlYXRlIjo2MDAwMDAwMDAwMDAsImRlbGV0ZSI6MTIwMDAwMDAwMDAwMCwicmVhZCI6OTAwMDAwMDAwMDAwLCJ1cGRhdGUiOjYwMDAwMDAwMDAwMH0sInNjaGVtYV92ZXJzaW9uIjoiMiJ9",
          "dependencies": [
            "aws_key_pair.generated_key",
            "aws_security_group.endpoint-SG",
            "data.aws_ami.amazon_linux",
            "module.vpc.aws_subnet.private",
            "module.vpc.aws_vpc.this",
            "module.vpc.aws_vpc_ipv4_cidr_block_association.this",
            "tls_private_key.bastion_key"
          ]
        }
      ]
    },
    {
      "mode": "managed",
      "type": "aws_key_pair",
      "name": "generated_key",
      "provider": "provider[\"registry.terraform.io/hashicorp/aws\"]",
      "instances": [
        {
          "schema_version": 1,
          "attributes": {
            "arn": "arn:aws:ec2:us-east-1:585008040165:key-pair/bastion_key",
            "fingerprint": "f1:e7:ed:5f:71:a1:1a:3f:d4:7b:08:0f:40:b8:65:b8",
            "id": "bastion_key",
            "key_name": "bastion_key",
            "key_name_prefix": "",
            "key_pair_id": "key-0b122c05aa96c0303",
            "key_type": "rsa",
            "public_key": "ssh-rsa AAAAB3NzaC1yc2EAAAADAQABAAACAQC2sxlhUh7ZvXlQSu8nR8DQOBqLvmsXm4a9tdCYhWsLGsi7LFxs3JDeMvT6dQAaECVGH+i0jx+TBqTDPRT8Yo+ZYgFhSO0zuvSaHa68Z8PUCUH9KzuNOld3jvvc3Py0AS4xH0cKqPsOIC6kd0+6XFRi4hSixjpPp1h5Wed1XNp+j0U7RyfBBlbFv7pPJLGiRCRXSSfXRcwPmKK1jx2tH9oqewMG7iP4PPIj0ajd9tsXJw5j3VuE+lw6GP8hEwaXpvYbsujedsYCs1lA00KAfxUQSF6VXaUV9CR3ieMb5AP2Px9Sda3+8ELhEwNKgX4e5VGezcAILoRX55xmqxt+iXbovQv5WcaSRBbrg+Ku23JDIdplIX02WCeTPqFLCEfHQ9V02wziRSZzD2wmxdmsdPtrieU3adMFu/y4CQheUITo4sGukHZz+BfEOIAsd1Hs4Bj3pOk1OloarqDyGZEhUtRhCG5GiqpNZFCM2KDA6xDKo8i2+ggM1i0uRALepISKySGwfMHpRgieE2V5up0PLfEjNr19SXMLlrq46HJFur2ZHUgnCtCWnWbws4O47md/rQTHrcUQBFjy1kAiX1D95jEF6c/Mpiz2AMMcSrZGTj1P/9Q1shq/afjTO9BZD+gwTd2DpQzfnuCoZYAzKbLCmAPKMFgI7LU0S/lON9V/33lK2Q==",
            "region": "us-east-1",
            "tags": {},
            "tags_all": {}
          },
          "sensitive_attributes": [],
          "identity_schema_version": 0,
          "private": "eyJzY2hlbWFfdmVyc2lvbiI6IjEifQ==",
          "dependencies": [
            "tls_private_key.bastion_key"
          ]
        }
      ]
    },
    {
      "mode": "managed",
      "type": "aws_security_group",
      "name": "bastion-SG",
      "provider": "provider[\"registry.terraform.io/hashicorp/aws\"]",
      "instances": [
        {
          "schema_version": 1,
          "attributes": {
            "arn": "arn:aws:ec2:us-east-1:585008040165:security-group/sg-04b37e247ef1234c9",
            "description": "Security group for the bastion host",
            "egress": [
              {
                "cidr_blocks": [
                  "0.0.0.0/0"
                ],
                "description": "",
                "from_port": 0,
                "ipv6_cidr_blocks": [],
                "prefix_list_ids": [],
                "protocol": "-1",
                "security_groups": [],
                "self": false,
                "to_port": 0
              },
              {
                "cidr_blocks": [],
                "description": "",
                "from_port": 0,
                "ipv6_cidr_blocks": [
                  "::/0"
                ],
                "prefix_list_ids": [],
                "protocol": "-1",
                "security_groups": [],
                "self": false,
                "to_port": 0
              }
            ],
            "id": "sg-04b37e247ef1234c9",
            "ingress": [
              {
                "cidr_blocks": [
                  "0.0.0.0/0"
                ],
                "description": "",
                "from_port": 22,
                "ipv6_cidr_blocks": [],
                "prefix_list_ids": [],
                "protocol": "tcp",
                "security_groups": [],
                "self": false,
                "to_port": 22
              },
              {
                "cidr_blocks": [
                  "0.0.0.0/0"
                ],
                "description": "",
                "from_port": 443,
                "ipv6_cidr_blocks": [],
                "prefix_list_ids": [],
                "protocol": "tcp",
                "security_groups": [],
                "self": false,
                "to_port": 443
              },
              {
                "cidr_blocks": [
                  "0.0.0.0/0"
                ],
                "description": "",
                "from_port": 80,
                "ipv6_cidr_blocks": [],
                "prefix_list_ids": [],
                "protocol": "tcp",
                "security_groups": [],
                "self": false,
                "to_port": 80
              }
            ],
            "name": "bastion-SG",
            "name_prefix": "",
            "owner_id": "585008040165",
            "region": "us-east-1",
            "revoke_rules_on_delete": false,
            "tags": {
              "Name": "bastion-SG"
            },
            "tags_all": {
              "Name": "bastion-SG"
            },
            "timeouts": null,
            "vpc_id": "vpc-0484eefa0701faee7"
          },
          "sensitive_attributes": [],
          "identity_schema_version": 0,
          "private": "eyJlMmJmYjczMC1lY2FhLTExZTYtOGY4OC0zNDM2M2JjN2M0YzAiOnsiY3JlYXRlIjo2MDAwMDAwMDAwMDAsImRlbGV0ZSI6OTAwMDAwMDAwMDAwfSwic2NoZW1hX3ZlcnNpb24iOiIxIn0=",
          "dependencies": [
            "module.vpc.aws_vpc.this"
          ]
        }
      ]
    },
    {
      "mode": "managed",
      "type": "aws_security_group",
      "name": "endpoint-SG",
      "provider": "provider[\"registry.terraform.io/hashicorp/aws\"]",
      "instances": [
        {
          "schema_version": 1,
          "attributes": {
            "arn": "arn:aws:ec2:us-east-1:585008040165:security-group/sg-029129e293c917ac0",
            "description": "Security group for S3 endpoint",
            "egress": [
              {
                "cidr_blocks": [
                  "0.0.0.0/0"
                ],
                "description": "",
                "from_port": 0,
                "ipv6_cidr_blocks": [
                  "::/0"
                ],
                "prefix_list_ids": [],
                "protocol": "-1",
                "security_groups": [],
                "self": false,
                "to_port": 0
              }
            ],
            "id": "sg-029129e293c917ac0",
            "ingress": [
              {
                "cidr_blocks": [],
                "description": "",
                "from_port": 22,
                "ipv6_cidr_blocks": [],
                "prefix_list_ids": [],
                "protocol": "tcp",
                "security_groups": [
                  "sg-04b37e247ef1234c9"
                ],
                "self": false,
                "to_port": 22
              }
            ],
            "name": "endpoint-SG",
            "name_prefix": "",
            "owner_id": "585008040165",
            "region": "us-east-1",
            "revoke_rules_on_delete": false,
            "tags": {
              "Name": "endpoint-SG"
            },
            "tags_all": {
              "Name": "endpoint-SG"
            },
            "timeouts": null,
            "vpc_id": "vpc-0484eefa0701faee7"
          },
          "sensitive_attributes": [],
          "identity_schema_version": 0,
          "private": "eyJlMmJmYjczMC1lY2FhLTExZTYtOGY4OC0zNDM2M2JjN2M0YzAiOnsiY3JlYXRlIjo2MDAwMDAwMDAwMDAsImRlbGV0ZSI6OTAwMDAwMDAwMDAwfSwic2NoZW1hX3ZlcnNpb24iOiIxIn0=",
          "dependencies": [
            "module.vpc.aws_vpc.this"
          ]
        }
      ]
    },
    {
      "mode": "managed",
      "type": "aws_vpc_security_group_egress_rule",
      "name": "allow_all_traffic_ipv4_bastion",
      "provider": "provider[\"registry.terraform.io/hashicorp/aws\"]",
      "instances": [
        {
          "schema_version": 0,
          "attributes": {
            "arn": "arn:aws:ec2:us-east-1:585008040165:security-group-rule/sgr-0f95b7fafe4b8554a",
            "cidr_ipv4": "0.0.0.0/0",
            "cidr_ipv6": null,
            "description": null,
            "from_port": null,
            "id": "sgr-0f95b7fafe4b8554a",
            "ip_protocol": "-1",
            "prefix_list_id": null,
            "referenced_security_group_id": null,
            "region": "us-east-1",
            "security_group_id": "sg-04b37e247ef1234c9",
            "security_group_rule_id": "sgr-0f95b7fafe4b8554a",
            "tags": null,
            "tags_all": {},
            "to_port": null
          },
          "sensitive_attributes": [],
          "identity_schema_version": 0,
          "dependencies": [
            "aws_security_group.bastion-SG",
            "module.vpc.aws_vpc.this"
          ]
        }
      ]
    },
    {
      "mode": "managed",
      "type": "aws_vpc_security_group_egress_rule",
      "name": "allow_all_traffic_ipv4_endpoint",
      "provider": "provider[\"registry.terraform.io/hashicorp/aws\"]",
      "instances": [
        {
          "schema_version": 0,
          "attributes": {
            "arn": "arn:aws:ec2:us-east-1:585008040165:security-group-rule/sgr-09507b89a6b60346c",
            "cidr_ipv4": "0.0.0.0/0",
            "cidr_ipv6": null,
            "description": null,
            "from_port": null,
            "id": "sgr-09507b89a6b60346c",
            "ip_protocol": "-1",
            "prefix_list_id": null,
            "referenced_security_group_id": null,
            "region": "us-east-1",
            "security_group_id": "sg-029129e293c917ac0",
            "security_group_rule_id": "sgr-09507b89a6b60346c",
            "tags": null,
            "tags_all": {},
            "to_port": null
          },
          "sensitive_attributes": [],
          "identity_schema_version": 0,
          "dependencies": [
            "aws_security_group.endpoint-SG",
            "module.vpc.aws_vpc.this"
          ]
        }
      ]
    },
    {
      "mode": "managed",
      "type": "aws_vpc_security_group_egress_rule",
      "name": "allow_all_traffic_ipv6_bastion",
      "provider": "provider[\"registry.terraform.io/hashicorp/aws\"]",
      "instances": [
        {
          "schema_version": 0,
          "attributes": {
            "arn": "arn:aws:ec2:us-east-1:585008040165:security-group-rule/sgr-02af5bb2c60691898",
            "cidr_ipv4": null,
            "cidr_ipv6": "::/0",
            "description": null,
            "from_port": null,
            "id": "sgr-02af5bb2c60691898",
            "ip_protocol": "-1",
            "prefix_list_id": null,
            "referenced_security_group_id": null,
            "region": "us-east-1",
            "security_group_id": "sg-04b37e247ef1234c9",
            "security_group_rule_id": "sgr-02af5bb2c60691898",
            "tags": null,
            "tags_all": {},
            "to_port": null
          },
          "sensitive_attributes": [],
          "identity_schema_version": 0,
          "dependencies": [
            "aws_security_group.bastion-SG",
            "module.vpc.aws_vpc.this"
          ]
        }
      ]
    },
    {
      "mode": "managed",
      "type": "aws_vpc_security_group_egress_rule",
      "name": "allow_all_traffic_ipv6_endpoint",
      "provider": "provider[\"registry.terraform.io/hashicorp/aws\"]",
      "instances": [
        {
          "schema_version": 0,
          "attributes": {
            "arn": "arn:aws:ec2:us-east-1:585008040165:security-group-rule/sgr-023e0d3f9a906c6e7",
            "cidr_ipv4": null,
            "cidr_ipv6": "::/0",
            "description": null,
            "from_port": null,
            "id": "sgr-023e0d3f9a906c6e7",
            "ip_protocol": "-1",
            "prefix_list_id": null,
            "referenced_security_group_id": null,
            "region": "us-east-1",
            "security_group_id": "sg-029129e293c917ac0",
            "security_group_rule_id": "sgr-023e0d3f9a906c6e7",
            "tags": null,
            "tags_all": {},
            "to_port": null
          },
          "sensitive_attributes": [],
          "identity_schema_version": 0,
          "dependencies": [
            "aws_security_group.endpoint-SG",
            "module.vpc.aws_vpc.this"
          ]
        }
      ]
    },
    {
      "mode": "managed",
      "type": "aws_vpc_security_group_ingress_rule",
      "name": "allow_http_from_anywhere",
      "provider": "provider[\"registry.terraform.io/hashicorp/aws\"]",
      "instances": [
        {
          "schema_version": 0,
          "attributes": {
            "arn": "arn:aws:ec2:us-east-1:585008040165:security-group-rule/sgr-0400c8a477738e7f2",
            "cidr_ipv4": "0.0.0.0/0",
            "cidr_ipv6": null,
            "description": null,
            "from_port": 80,
            "id": "sgr-0400c8a477738e7f2",
            "ip_protocol": "tcp",
            "prefix_list_id": null,
            "referenced_security_group_id": null,
            "region": "us-east-1",
            "security_group_id": "sg-04b37e247ef1234c9",
            "security_group_rule_id": "sgr-0400c8a477738e7f2",
            "tags": null,
            "tags_all": {},
            "to_port": 80
          },
          "sensitive_attributes": [],
          "identity_schema_version": 0,
          "dependencies": [
            "aws_security_group.bastion-SG",
            "module.vpc.aws_vpc.this"
          ]
        }
      ]
    },
    {
      "mode": "managed",
      "type": "aws_vpc_security_group_ingress_rule",
      "name": "allow_https_from_anywhere",
      "provider": "provider[\"registry.terraform.io/hashicorp/aws\"]",
      "instances": [
        {
          "schema_version": 0,
          "attributes": {
            "arn": "arn:aws:ec2:us-east-1:585008040165:security-group-rule/sgr-0e0fed8da948457bc",
            "cidr_ipv4": "0.0.0.0/0",
            "cidr_ipv6": null,
            "description": null,
            "from_port": 443,
            "id": "sgr-0e0fed8da948457bc",
            "ip_protocol": "tcp",
            "prefix_list_id": null,
            "referenced_security_group_id": null,
            "region": "us-east-1",
            "security_group_id": "sg-04b37e247ef1234c9",
            "security_group_rule_id": "sgr-0e0fed8da948457bc",
            "tags": null,
            "tags_all": {},
            "to_port": 443
          },
          "sensitive_attributes": [],
          "identity_schema_version": 0,
          "dependencies": [
            "aws_security_group.bastion-SG",
            "module.vpc.aws_vpc.this"
          ]
        }
      ]
    },
    {
      "mode": "managed",
      "type": "aws_vpc_security_group_ingress_rule",
      "name": "allow_ssh_from_anywhere",
      "provider": "provider[\"registry.terraform.io/hashicorp/aws\"]",
      "instances": [
        {
          "schema_version": 0,
          "attributes": {
            "arn": "arn:aws:ec2:us-east-1:585008040165:security-group-rule/sgr-0cdfb2562c1c87a67",
            "cidr_ipv4": "0.0.0.0/0",
            "cidr_ipv6": null,
            "description": null,
            "from_port": 22,
            "id": "sgr-0cdfb2562c1c87a67",
            "ip_protocol": "tcp",
            "prefix_list_id": null,
            "referenced_security_group_id": null,
            "region": "us-east-1",
            "security_group_id": "sg-04b37e247ef1234c9",
            "security_group_rule_id": "sgr-0cdfb2562c1c87a67",
            "tags": null,
            "tags_all": {},
            "to_port": 22
          },
          "sensitive_attributes": [],
          "identity_schema_version": 0,
          "dependencies": [
            "aws_security_group.bastion-SG",
            "module.vpc.aws_vpc.this"
          ]
        }
      ]
    },
    {
      "mode": "managed",
      "type": "aws_vpc_security_group_ingress_rule",
      "name": "allow_ssh_from_bastion",
      "provider": "provider[\"registry.terraform.io/hashicorp/aws\"]",
      "instances": [
        {
          "schema_version": 0,
          "attributes": {
            "arn": "arn:aws:ec2:us-east-1:585008040165:security-group-rule/sgr-0d4b675f677291f69",
            "cidr_ipv4": null,
            "cidr_ipv6": null,
            "description": null,
            "from_port": 22,
            "id": "sgr-0d4b675f677291f69",
            "ip_protocol": "tcp",
            "prefix_list_id": null,
            "referenced_security_group_id": "sg-04b37e247ef1234c9",
            "region": "us-east-1",
            "security_group_id": "sg-029129e293c917ac0",
            "security_group_rule_id": "sgr-0d4b675f677291f69",
            "tags": null,
            "tags_all": {},
            "to_port": 22
          },
          "sensitive_attributes": [],
          "identity_schema_version": 0,
          "dependencies": [
            "aws_security_group.bastion-SG",
            "aws_security_group.endpoint-SG",
            "module.vpc.aws_vpc.this"
          ]
        }
      ]
    },
    {
      "mode": "managed",
      "type": "local_file",
      "name": "bastion_private_key",
      "provider": "provider[\"registry.terraform.io/hashicorp/local\"]",
      "instances": [
        {
          "schema_version": 0,
          "attributes": {
            "content": "-----BEGIN RSA PRIVATE KEY-----\nMIIJKQIBAAKCAgEAtrMZYVIe2b15UErvJ0fA0Dgai75rF5uGvbXQmIVrCxrIuyxc\nbNyQ3jL0+nUAGhAlRh/otI8fkwakwz0U/GKPmWIBYUjtM7r0mh2uvGfD1AlB/Ss7\njTpXd4773Nz8tAEuMR9HCqj7DiAupHdPulxUYuIUosY6T6dYeVnndVzafo9FO0cn\nwQZWxb+6TySxokQkV0kn10XMD5iitY8drR/aKnsDBu4j+DzyI9Go3fbbFycOY91b\nhPpcOhj/IRMGl6b2G7Lo3nbGArNZQNNCgH8VEEhelV2lFfQkd4njG+QD9j8fUnWt\n/vBC4RMDSoF+HuVRns3ACC6EV+ecZqsbfol26L0L+VnGkkQW64PirttyQyHaZSF9\nNlgnkz6hSwhHx0PVdNsM4kUmcw9sJsXZrHT7a4nlN2nTBbv8uAkIXlCE6OLBrpB2\nc/gXxDiALHdR7OAY96TpNTpaGq6g8hmRIVLUYQhuRoqqTWRQjNigwOsQyqPItvoI\nDNYtLkQC3qSEiskhsHzB6UYInhNlebqdDy3xIza9fUlzC5a6uOhyRbq9mR1IJwrQ\nlp1m8LODuO5nf60Ex63FEARY8tZAIl9Q/eYxBenPzKYs9gDDHEq2Rk49T//UNbIa\nv2n40zvQWQ/oME3dg6UM357gqGWAMymywpgDyjBYCOy1NEv5TjfVf995StkCAwEA\nAQKCAgAL+YYu1kqWW/BhHmA5c18EZsD6qtLrG7MDqTCQZqJC+pDwj7JJIlXOcomT\nBusoSimfRIUknILlyJgxAcZn2m/uDjnn7fc6HkVc+pgS2jxAIBE2rkg7c/j6qaEB\nc2yOwcsMxi+KV9QIs3xLJFTR8q5HQuk2WAbHZMEMRyPAEgNyKyLPBVVqNeenE297\nM3z/FTdKj01wsy7yUL9NZiF8UOukQCbNI/uwkBIQ3fOTBNSMWm97hS0z9JLp7ex+\n9vfGJdfYrevMdP16fNXbRV2E/Y9cX1nvsVEaNMPVH/EGSXYnBDEh3vu2C3petTfQ\ngNdK4B3u6i5tetsKxe/+3LUzIIBuGWLVcJb3wDyMHLAPP/S2PPMq7EetFj92a/ht\nhAM3v74FdMimrg8HaW6yfYbaMx54LmRZrcZk31kiTaKZTXNtorAj5LnSvuJwEZUv\nr5fEyxUZwMwOQGqPFmnlTbZ7eWbFMh+GqeADg2dpJWjrsPEKsvd3rhvlhf4LnCMv\nthFODDuHiQzOgSXD544kQTzIZo0ME1A75qraPeHkS/XLePFS8SxCnv6QQfpqgL0A\nkslok0+YvvgCmm0/ke7bFFklLNo4+kSL92L9xwXui52bvPhInZBBL7n0oOubHK1J\nKWHRSNtrZ/gTIhLhYEF2I+oZoYourgmFFitlJYD4g+TEDi3+xwKCAQEA4OOFFoW1\nT6OS8g970ywNL/p+LuEpBOBPLX1sbPeNmeYKlugpi2aQW4lx13Wu+QbURG4UX85l\nPnUnvz3oweqIPFOoTGvhOUN5K46QBwxEAQ+OAbFI8giNbGNQSTyJIG5g8VS/DbxH\nz1Teqo7ujMWHUa+bjG3xEkgBg78qsXfnR310j3UwApfq3TSO/HdL3QvKeqYKHdDZ\nnLCPwmSmGNhaxO2NGGwC8MtqlkiC6jIVM+6tCbW32MN/nac1nE37Mjr250hItoyt\nhmlT6u1hIUpBUS6PVYB3Lj3dneVaRgNP1vRab0jJr9hL9xtBfADOxrqQ8LjlqF4H\naLv9EqVy05AE5wKCAQEAz/lxOlG9FoW9oe+SRI8lbT8dx8DU3Ick3y1Bx7MNPIdB\nz68byyO2dDqtShcgQsqldrh7JW2wJmXh1L9oWnESTXbmTMJnE/uZsBsaxKJ9OaGD\nv0zWtcAavoglP8KhM/aT1pKN3u1Ikv27x2ErYpI0gqFO04I7W76y3R8mJwRoS1gF\n5bXhOeN7M3JlV23tT+pnpHFejkB9rlfdaMvzj5x7brh6s+Tnjg22nf2og+042F9B\nnRJhLFZtGf+j1RYM7I4KsI1ISHz2Qz2W0PNlkr2BDvbG0EXAiatnErwSchvJJszG\n6TbkyXSum5QmujncehOaUcHQ5Gt6qwhGN53FxX56PwKCAQEAs3WcXM6yUy0LNFMa\n0vdSRrk0PKC9JQEC7iAqiAI8Y1VpmecGUBG2nPVffTqSOHM0rK7TX2jK7j57S2dR\n+Hz53no70VA9WH75kMKhOJ6XHemVvtAEj/A3Owk9plPCcbjjb3HbTFC1VUQ6tAx/\nXKK8S3lBPZz2RUpkuwewQBKY4zm/7ELt3wPwDjnE6L8iMPEZ0Sny5LwnC5zx+4Rp\n72WneYK/l3+KETGiiu6uWclBlkGeoCL85OONUPeAFo08KWdYZFQQgmxchOhEaTKo\n0fH5kZkAFJEBiksgMMI3eatm6PfxuuBw4fxPEpATf6r9VyTGSPKjgeoXK4Lofxq8\nOQuyfQKCAQEApeHvFzY1HO7Fx5Ef2IFYt9988GP1JITCuyQM8Kz3JM05h97Cy2+L\nyv82Uv9JIx0hhyU0TDFGLApda2TUZjcEAzeQD6+LqhunhRjJbAey3DHgtMgkBcnZ\nSxmqpEWocJr/Zkl00Vfv6BZsHWZ6xV+adIsXJYsdr1rWrZp3wu04BsiJw6Qjphm0\nnd9jx62NeI2d50LpyYrU9CdvGXR7q5ODvFd2v2AX9W0ouLGnJLsk+ShZXGBZk5TH\n5tHJql+xJUlSa2n1OqQ5hH5uefF5leaDNx1MjLjmDqjhSMcr60oQUltJWKEJMUpZ\nLwynKyiVm+Vg1E9EP70elaa+4wN7yL/N3wKCAQAo7jGLNlZ1ezLDx2ndchgphtNx\nI1wvVdTlTCElrzeie4JKkNOB7RsY5bVGvx0yDhtKpEoLGGBYEjUVjhCLK3RVfjhg\nU+Ek9aMkoQrAp5WHEeWM0xDqzzJRXsKP9PL8nZhBBGH6N7PgclPw+thxemTqByMD\n3c6BXj/h4jnXd7P6PPKQSIs1lU6clnm+NYmZQFChpJ0Ad6gTs4Yh73RKdSuc3rpe\nJGuvQsiq5hJTl8EWy4cwRy/6RZn6Y4DRpZUwUKlZlw6f5a3cYglIIqEiUNUE2epe\nzq2YTmi5h0yd2waXhnlze2FQpFcj+alEng6Ol/75UO+UG0psvRfFg5NtU+nc\n-----END RSA PRIVATE KEY-----\n",
            "content_base64": null,
            "content_base64sha256": "OMPVDvhsE3LoL5VuVlHMypGpNrDDKx0IjmeFhLlJPPA=",
            "content_base64sha512": "MmcOOxtZSoX4k4wbznulAqTUJvREx0MjVi7IbVNXDxkg4YGaXW8fUQUvcylSQ6zk3PTCrJjvUFmADg06jlLERA==",
            "content_md5": "1c7337080ea6f0608693ed832ff21b8d",
            "content_sha1": "21f9d39059bf45c6cc3aa9b15dfca3b7159af1a9",
            "content_sha256": "38c3d50ef86c1372e82f956e5651ccca91a936b0c32b1d088e678584b9493cf0",
            "content_sha512": "32670e3b1b594a85f8938c1bce7ba502a4d426f444c74323562ec86d53570f1920e1819a5d6f1f51052f73295243ace4dcf4c2ac98ef5059800e0d3a8e52c444",
            "directory_permission": "0777",
            "file_permission": "0777",
            "filename": "./bastion_private_key.pem",
            "id": "21f9d39059bf45c6cc3aa9b15dfca3b7159af1a9",
            "sensitive_content": null,
            "source": null
          },
          "sensitive_attributes": [
            [
              {
                "type": "get_attr",
                "value": "content"
              }
            ],
            [
              {
                "type": "get_attr",
                "value": "sensitive_content"
              }
            ]
          ],
          "identity_schema_version": 0,
          "dependencies": [
            "tls_private_key.bastion_key"
          ]
        }
      ]
    },
    {
      "mode": "managed",
      "type": "tls_private_key",
      "name": "bastion_key",
      "provider": "provider[\"registry.terraform.io/hashicorp/tls\"]",
      "instances": [
        {
          "schema_version": 1,
          "attributes": {
            "algorithm": "RSA",
            "ecdsa_curve": "P224",
            "id": "dbdd74fb0cfd9b48b355baee91013fc59ae1b7ef",
            "private_key_openssh": "-----BEGIN OPENSSH PRIVATE KEY-----\nb3BlbnNzaC1rZXktdjEAAAAABG5vbmUAAAAEbm9uZQAAAAAAAAABAAACFwAAAAdz\nc2gtcnNhAAAAAwEAAQAAAgEAtrMZYVIe2b15UErvJ0fA0Dgai75rF5uGvbXQmIVr\nCxrIuyxcbNyQ3jL0+nUAGhAlRh/otI8fkwakwz0U/GKPmWIBYUjtM7r0mh2uvGfD\n1AlB/Ss7jTpXd4773Nz8tAEuMR9HCqj7DiAupHdPulxUYuIUosY6T6dYeVnndVza\nfo9FO0cnwQZWxb+6TySxokQkV0kn10XMD5iitY8drR/aKnsDBu4j+DzyI9Go3fbb\nFycOY91bhPpcOhj/IRMGl6b2G7Lo3nbGArNZQNNCgH8VEEhelV2lFfQkd4njG+QD\n9j8fUnWt/vBC4RMDSoF+HuVRns3ACC6EV+ecZqsbfol26L0L+VnGkkQW64Pirtty\nQyHaZSF9Nlgnkz6hSwhHx0PVdNsM4kUmcw9sJsXZrHT7a4nlN2nTBbv8uAkIXlCE\n6OLBrpB2c/gXxDiALHdR7OAY96TpNTpaGq6g8hmRIVLUYQhuRoqqTWRQjNigwOsQ\nyqPItvoIDNYtLkQC3qSEiskhsHzB6UYInhNlebqdDy3xIza9fUlzC5a6uOhyRbq9\nmR1IJwrQlp1m8LODuO5nf60Ex63FEARY8tZAIl9Q/eYxBenPzKYs9gDDHEq2Rk49\nT//UNbIav2n40zvQWQ/oME3dg6UM357gqGWAMymywpgDyjBYCOy1NEv5TjfVf995\nStkAAAc4kwG1JZMBtSUAAAAHc3NoLXJzYQAAAgEAtrMZYVIe2b15UErvJ0fA0Dga\ni75rF5uGvbXQmIVrCxrIuyxcbNyQ3jL0+nUAGhAlRh/otI8fkwakwz0U/GKPmWIB\nYUjtM7r0mh2uvGfD1AlB/Ss7jTpXd4773Nz8tAEuMR9HCqj7DiAupHdPulxUYuIU\nosY6T6dYeVnndVzafo9FO0cnwQZWxb+6TySxokQkV0kn10XMD5iitY8drR/aKnsD\nBu4j+DzyI9Go3fbbFycOY91bhPpcOhj/IRMGl6b2G7Lo3nbGArNZQNNCgH8VEEhe\nlV2lFfQkd4njG+QD9j8fUnWt/vBC4RMDSoF+HuVRns3ACC6EV+ecZqsbfol26L0L\n+VnGkkQW64PirttyQyHaZSF9Nlgnkz6hSwhHx0PVdNsM4kUmcw9sJsXZrHT7a4nl\nN2nTBbv8uAkIXlCE6OLBrpB2c/gXxDiALHdR7OAY96TpNTpaGq6g8hmRIVLUYQhu\nRoqqTWRQjNigwOsQyqPItvoIDNYtLkQC3qSEiskhsHzB6UYInhNlebqdDy3xIza9\nfUlzC5a6uOhyRbq9mR1IJwrQlp1m8LODuO5nf60Ex63FEARY8tZAIl9Q/eYxBenP\nzKYs9gDDHEq2Rk49T//UNbIav2n40zvQWQ/oME3dg6UM357gqGWAMymywpgDyjBY\nCOy1NEv5TjfVf995StkAAAADAQABAAACAAv5hi7WSpZb8GEeYDlzXwRmwPqq0usb\nswOpMJBmokL6kPCPskkiVc5yiZMG6yhKKZ9EhSScguXImDEBxmfab+4OOeft9zoe\nRVz6mBLaPEAgETauSDtz+PqpoQFzbI7BywzGL4pX1AizfEskVNHyrkdC6TZYBsdk\nwQxHI8ASA3IrIs8FVWo156cTb3szfP8VN0qPTXCzLvJQv01mIXxQ66RAJs0j+7CQ\nEhDd85ME1Ixab3uFLTP0kunt7H7298Yl19it68x0/Xp81dtFXYT9j1xfWe+xURo0\nw9Uf8QZJdicEMSHe+7YLel61N9CA10rgHe7qLm162wrF7/7ctTMggG4ZYtVwlvfA\nPIwcsA8/9LY88yrsR60WP3Zr+G2EAze/vgV0yKauDwdpbrJ9htozHnguZFmtxmTf\nWSJNoplNc22isCPkudK+4nARlS+vl8TLFRnAzA5Aao8WaeVNtnt5ZsUyH4ap4AOD\nZ2klaOuw8Qqy93euG+WF/gucIy+2EU4MO4eJDM6BJcPnjiRBPMhmjQwTUDvmqto9\n4eRL9ct48VLxLEKe/pBB+mqAvQCSyWiTT5i++AKabT+R7tsUWSUs2jj6RIv3Yv3H\nBe6LnZu8+EidkEEvufSg65scrUkpYdFI22tn+BMiEuFgQXYj6hmhii6uCYUWK2Ul\ngPiD5MQOLf7HAAABACjuMYs2VnV7MsPHad1yGCmG03EjXC9V1OVMISWvN6J7gkqQ\n04HtGxjltUa/HTIOG0qkSgsYYFgSNRWOEIsrdFV+OGBT4ST1oyShCsCnlYcR5YzT\nEOrPMlFewo/08vydmEEEYfo3s+ByU/D62HF6ZOoHIwPdzoFeP+HiOdd3s/o88pBI\nizWVTpyWeb41iZlAUKGknQB3qBOzhiHvdEp1K5zeul4ka69CyKrmElOXwRbLhzBH\nL/pFmfpjgNGllTBQqVmXDp/lrdxiCUgioSJQ1QTZ6l7OrZhOaLmHTJ3bBpeGeXN7\nYVCkVyP5qUSeDo6X/vlQ75QbSmy9F8WDk21T6dwAAAEBAODjhRaFtU+jkvIPe9Ms\nDS/6fi7hKQTgTy19bGz3jZnmCpboKYtmkFuJcdd1rvkG1ERuFF/OZT51J7896MHq\niDxTqExr4TlDeSuOkAcMRAEPjgGxSPIIjWxjUEk8iSBuYPFUvw28R89U3qqO7ozF\nh1Gvm4xt8RJIAYO/KrF350d9dI91MAKX6t00jvx3S90LynqmCh3Q2Zywj8JkphjY\nWsTtjRhsAvDLapZIguoyFTPurQm1t9jDf52nNZxN+zI69udISLaMrYZpU+rtYSFK\nQVEuj1WAdy493Z3lWkYDT9b0Wm9Iya/YS/cbQXwAzsa6kPC45aheB2i7/RKlctOQ\nBOcAAAEBAM/5cTpRvRaFvaHvkkSPJW0/HcfA1NyHJN8tQcezDTyHQc+vG8sjtnQ6\nrUoXIELKpXa4eyVtsCZl4dS/aFpxEk125kzCZxP7mbAbGsSifTmhg79M1rXAGr6I\nJT/CoTP2k9aSjd7tSJL9u8dhK2KSNIKhTtOCO1u+st0fJicEaEtYBeW14TnjezNy\nZVdt7U/qZ6RxXo5Afa5X3WjL84+ce264erPk544Ntp39qIPtONhfQZ0SYSxWbRn/\no9UWDOyOCrCNSEh89kM9ltDzZZK9gQ72xtBFwImrZxK8EnIbySbMxuk25Ml0rpuU\nJro53HoTmlHB0ORreqsIRjedxcV+ej8AAAAAAQID\n-----END OPENSSH PRIVATE KEY-----\n",
            "private_key_pem": "-----BEGIN RSA PRIVATE KEY-----\nMIIJKQIBAAKCAgEAtrMZYVIe2b15UErvJ0fA0Dgai75rF5uGvbXQmIVrCxrIuyxc\nbNyQ3jL0+nUAGhAlRh/otI8fkwakwz0U/GKPmWIBYUjtM7r0mh2uvGfD1AlB/Ss7\njTpXd4773Nz8tAEuMR9HCqj7DiAupHdPulxUYuIUosY6T6dYeVnndVzafo9FO0cn\nwQZWxb+6TySxokQkV0kn10XMD5iitY8drR/aKnsDBu4j+DzyI9Go3fbbFycOY91b\nhPpcOhj/IRMGl6b2G7Lo3nbGArNZQNNCgH8VEEhelV2lFfQkd4njG+QD9j8fUnWt\n/vBC4RMDSoF+HuVRns3ACC6EV+ecZqsbfol26L0L+VnGkkQW64PirttyQyHaZSF9\nNlgnkz6hSwhHx0PVdNsM4kUmcw9sJsXZrHT7a4nlN2nTBbv8uAkIXlCE6OLBrpB2\nc/gXxDiALHdR7OAY96TpNTpaGq6g8hmRIVLUYQhuRoqqTWRQjNigwOsQyqPItvoI\nDNYtLkQC3qSEiskhsHzB6UYInhNlebqdDy3xIza9fUlzC5a6uOhyRbq9mR1IJwrQ\nlp1m8LODuO5nf60Ex63FEARY8tZAIl9Q/eYxBenPzKYs9gDDHEq2Rk49T//UNbIa\nv2n40zvQWQ/oME3dg6UM357gqGWAMymywpgDyjBYCOy1NEv5TjfVf995StkCAwEA\nAQKCAgAL+YYu1kqWW/BhHmA5c18EZsD6qtLrG7MDqTCQZqJC+pDwj7JJIlXOcomT\nBusoSimfRIUknILlyJgxAcZn2m/uDjnn7fc6HkVc+pgS2jxAIBE2rkg7c/j6qaEB\nc2yOwcsMxi+KV9QIs3xLJFTR8q5HQuk2WAbHZMEMRyPAEgNyKyLPBVVqNeenE297\nM3z/FTdKj01wsy7yUL9NZiF8UOukQCbNI/uwkBIQ3fOTBNSMWm97hS0z9JLp7ex+\n9vfGJdfYrevMdP16fNXbRV2E/Y9cX1nvsVEaNMPVH/EGSXYnBDEh3vu2C3petTfQ\ngNdK4B3u6i5tetsKxe/+3LUzIIBuGWLVcJb3wDyMHLAPP/S2PPMq7EetFj92a/ht\nhAM3v74FdMimrg8HaW6yfYbaMx54LmRZrcZk31kiTaKZTXNtorAj5LnSvuJwEZUv\nr5fEyxUZwMwOQGqPFmnlTbZ7eWbFMh+GqeADg2dpJWjrsPEKsvd3rhvlhf4LnCMv\nthFODDuHiQzOgSXD544kQTzIZo0ME1A75qraPeHkS/XLePFS8SxCnv6QQfpqgL0A\nkslok0+YvvgCmm0/ke7bFFklLNo4+kSL92L9xwXui52bvPhInZBBL7n0oOubHK1J\nKWHRSNtrZ/gTIhLhYEF2I+oZoYourgmFFitlJYD4g+TEDi3+xwKCAQEA4OOFFoW1\nT6OS8g970ywNL/p+LuEpBOBPLX1sbPeNmeYKlugpi2aQW4lx13Wu+QbURG4UX85l\nPnUnvz3oweqIPFOoTGvhOUN5K46QBwxEAQ+OAbFI8giNbGNQSTyJIG5g8VS/DbxH\nz1Teqo7ujMWHUa+bjG3xEkgBg78qsXfnR310j3UwApfq3TSO/HdL3QvKeqYKHdDZ\nnLCPwmSmGNhaxO2NGGwC8MtqlkiC6jIVM+6tCbW32MN/nac1nE37Mjr250hItoyt\nhmlT6u1hIUpBUS6PVYB3Lj3dneVaRgNP1vRab0jJr9hL9xtBfADOxrqQ8LjlqF4H\naLv9EqVy05AE5wKCAQEAz/lxOlG9FoW9oe+SRI8lbT8dx8DU3Ick3y1Bx7MNPIdB\nz68byyO2dDqtShcgQsqldrh7JW2wJmXh1L9oWnESTXbmTMJnE/uZsBsaxKJ9OaGD\nv0zWtcAavoglP8KhM/aT1pKN3u1Ikv27x2ErYpI0gqFO04I7W76y3R8mJwRoS1gF\n5bXhOeN7M3JlV23tT+pnpHFejkB9rlfdaMvzj5x7brh6s+Tnjg22nf2og+042F9B\nnRJhLFZtGf+j1RYM7I4KsI1ISHz2Qz2W0PNlkr2BDvbG0EXAiatnErwSchvJJszG\n6TbkyXSum5QmujncehOaUcHQ5Gt6qwhGN53FxX56PwKCAQEAs3WcXM6yUy0LNFMa\n0vdSRrk0PKC9JQEC7iAqiAI8Y1VpmecGUBG2nPVffTqSOHM0rK7TX2jK7j57S2dR\n+Hz53no70VA9WH75kMKhOJ6XHemVvtAEj/A3Owk9plPCcbjjb3HbTFC1VUQ6tAx/\nXKK8S3lBPZz2RUpkuwewQBKY4zm/7ELt3wPwDjnE6L8iMPEZ0Sny5LwnC5zx+4Rp\n72WneYK/l3+KETGiiu6uWclBlkGeoCL85OONUPeAFo08KWdYZFQQgmxchOhEaTKo\n0fH5kZkAFJEBiksgMMI3eatm6PfxuuBw4fxPEpATf6r9VyTGSPKjgeoXK4Lofxq8\nOQuyfQKCAQEApeHvFzY1HO7Fx5Ef2IFYt9988GP1JITCuyQM8Kz3JM05h97Cy2+L\nyv82Uv9JIx0hhyU0TDFGLApda2TUZjcEAzeQD6+LqhunhRjJbAey3DHgtMgkBcnZ\nSxmqpEWocJr/Zkl00Vfv6BZsHWZ6xV+adIsXJYsdr1rWrZp3wu04BsiJw6Qjphm0\nnd9jx62NeI2d50LpyYrU9CdvGXR7q5ODvFd2v2AX9W0ouLGnJLsk+ShZXGBZk5TH\n5tHJql+xJUlSa2n1OqQ5hH5uefF5leaDNx1MjLjmDqjhSMcr60oQUltJWKEJMUpZ\nLwynKyiVm+Vg1E9EP70elaa+4wN7yL/N3wKCAQAo7jGLNlZ1ezLDx2ndchgphtNx\nI1wvVdTlTCElrzeie4JKkNOB7RsY5bVGvx0yDhtKpEoLGGBYEjUVjhCLK3RVfjhg\nU+Ek9aMkoQrAp5WHEeWM0xDqzzJRXsKP9PL8nZhBBGH6N7PgclPw+thxemTqByMD\n3c6BXj/h4jnXd7P6PPKQSIs1lU6clnm+NYmZQFChpJ0Ad6gTs4Yh73RKdSuc3rpe\nJGuvQsiq5hJTl8EWy4cwRy/6RZn6Y4DRpZUwUKlZlw6f5a3cYglIIqEiUNUE2epe\nzq2YTmi5h0yd2waXhnlze2FQpFcj+alEng6Ol/75UO+UG0psvRfFg5NtU+nc\n-----END RSA PRIVATE KEY-----\n",
            "private_key_pem_pkcs8": "-----BEGIN PRIVATE KEY-----\nMIIJQwIBADANBgkqhkiG9w0BAQEFAASCCS0wggkpAgEAAoICAQC2sxlhUh7ZvXlQ\nSu8nR8DQOBqLvmsXm4a9tdCYhWsLGsi7LFxs3JDeMvT6dQAaECVGH+i0jx+TBqTD\nPRT8Yo+ZYgFhSO0zuvSaHa68Z8PUCUH9KzuNOld3jvvc3Py0AS4xH0cKqPsOIC6k\nd0+6XFRi4hSixjpPp1h5Wed1XNp+j0U7RyfBBlbFv7pPJLGiRCRXSSfXRcwPmKK1\njx2tH9oqewMG7iP4PPIj0ajd9tsXJw5j3VuE+lw6GP8hEwaXpvYbsujedsYCs1lA\n00KAfxUQSF6VXaUV9CR3ieMb5AP2Px9Sda3+8ELhEwNKgX4e5VGezcAILoRX55xm\nqxt+iXbovQv5WcaSRBbrg+Ku23JDIdplIX02WCeTPqFLCEfHQ9V02wziRSZzD2wm\nxdmsdPtrieU3adMFu/y4CQheUITo4sGukHZz+BfEOIAsd1Hs4Bj3pOk1OloarqDy\nGZEhUtRhCG5GiqpNZFCM2KDA6xDKo8i2+ggM1i0uRALepISKySGwfMHpRgieE2V5\nup0PLfEjNr19SXMLlrq46HJFur2ZHUgnCtCWnWbws4O47md/rQTHrcUQBFjy1kAi\nX1D95jEF6c/Mpiz2AMMcSrZGTj1P/9Q1shq/afjTO9BZD+gwTd2DpQzfnuCoZYAz\nKbLCmAPKMFgI7LU0S/lON9V/33lK2QIDAQABAoICAAv5hi7WSpZb8GEeYDlzXwRm\nwPqq0usbswOpMJBmokL6kPCPskkiVc5yiZMG6yhKKZ9EhSScguXImDEBxmfab+4O\nOeft9zoeRVz6mBLaPEAgETauSDtz+PqpoQFzbI7BywzGL4pX1AizfEskVNHyrkdC\n6TZYBsdkwQxHI8ASA3IrIs8FVWo156cTb3szfP8VN0qPTXCzLvJQv01mIXxQ66RA\nJs0j+7CQEhDd85ME1Ixab3uFLTP0kunt7H7298Yl19it68x0/Xp81dtFXYT9j1xf\nWe+xURo0w9Uf8QZJdicEMSHe+7YLel61N9CA10rgHe7qLm162wrF7/7ctTMggG4Z\nYtVwlvfAPIwcsA8/9LY88yrsR60WP3Zr+G2EAze/vgV0yKauDwdpbrJ9htozHngu\nZFmtxmTfWSJNoplNc22isCPkudK+4nARlS+vl8TLFRnAzA5Aao8WaeVNtnt5ZsUy\nH4ap4AODZ2klaOuw8Qqy93euG+WF/gucIy+2EU4MO4eJDM6BJcPnjiRBPMhmjQwT\nUDvmqto94eRL9ct48VLxLEKe/pBB+mqAvQCSyWiTT5i++AKabT+R7tsUWSUs2jj6\nRIv3Yv3HBe6LnZu8+EidkEEvufSg65scrUkpYdFI22tn+BMiEuFgQXYj6hmhii6u\nCYUWK2UlgPiD5MQOLf7HAoIBAQDg44UWhbVPo5LyD3vTLA0v+n4u4SkE4E8tfWxs\n942Z5gqW6CmLZpBbiXHXda75BtREbhRfzmU+dSe/PejB6og8U6hMa+E5Q3krjpAH\nDEQBD44BsUjyCI1sY1BJPIkgbmDxVL8NvEfPVN6qju6MxYdRr5uMbfESSAGDvyqx\nd+dHfXSPdTACl+rdNI78d0vdC8p6pgod0NmcsI/CZKYY2FrE7Y0YbALwy2qWSILq\nMhUz7q0JtbfYw3+dpzWcTfsyOvbnSEi2jK2GaVPq7WEhSkFRLo9VgHcuPd2d5VpG\nA0/W9FpvSMmv2Ev3G0F8AM7GupDwuOWoXgdou/0SpXLTkATnAoIBAQDP+XE6Ub0W\nhb2h75JEjyVtPx3HwNTchyTfLUHHsw08h0HPrxvLI7Z0Oq1KFyBCyqV2uHslbbAm\nZeHUv2hacRJNduZMwmcT+5mwGxrEon05oYO/TNa1wBq+iCU/wqEz9pPWko3e7UiS\n/bvHYStikjSCoU7TgjtbvrLdHyYnBGhLWAXlteE543szcmVXbe1P6mekcV6OQH2u\nV91oy/OPnHtuuHqz5OeODbad/aiD7TjYX0GdEmEsVm0Z/6PVFgzsjgqwjUhIfPZD\nPZbQ82WSvYEO9sbQRcCJq2cSvBJyG8kmzMbpNuTJdK6blCa6Odx6E5pRwdDka3qr\nCEY3ncXFfno/AoIBAQCzdZxczrJTLQs0UxrS91JGuTQ8oL0lAQLuICqIAjxjVWmZ\n5wZQEbac9V99OpI4czSsrtNfaMruPntLZ1H4fPneejvRUD1YfvmQwqE4npcd6ZW+\n0ASP8Dc7CT2mU8JxuONvcdtMULVVRDq0DH9corxLeUE9nPZFSmS7B7BAEpjjOb/s\nQu3fA/AOOcTovyIw8RnRKfLkvCcLnPH7hGnvZad5gr+Xf4oRMaKK7q5ZyUGWQZ6g\nIvzk441Q94AWjTwpZ1hkVBCCbFyE6ERpMqjR8fmRmQAUkQGKSyAwwjd5q2bo9/G6\n4HDh/E8SkBN/qv1XJMZI8qOB6hcrguh/Grw5C7J9AoIBAQCl4e8XNjUc7sXHkR/Y\ngVi333zwY/UkhMK7JAzwrPckzTmH3sLLb4vK/zZS/0kjHSGHJTRMMUYsCl1rZNRm\nNwQDN5APr4uqG6eFGMlsB7LcMeC0yCQFydlLGaqkRahwmv9mSXTRV+/oFmwdZnrF\nX5p0ixclix2vWtatmnfC7TgGyInDpCOmGbSd32PHrY14jZ3nQunJitT0J28ZdHur\nk4O8V3a/YBf1bSi4sackuyT5KFlcYFmTlMfm0cmqX7ElSVJrafU6pDmEfm558XmV\n5oM3HUyMuOYOqOFIxyvrShBSW0lYoQkxSlkvDKcrKJWb5WDUT0Q/vR6Vpr7jA3vI\nv83fAoIBACjuMYs2VnV7MsPHad1yGCmG03EjXC9V1OVMISWvN6J7gkqQ04HtGxjl\ntUa/HTIOG0qkSgsYYFgSNRWOEIsrdFV+OGBT4ST1oyShCsCnlYcR5YzTEOrPMlFe\nwo/08vydmEEEYfo3s+ByU/D62HF6ZOoHIwPdzoFeP+HiOdd3s/o88pBIizWVTpyW\neb41iZlAUKGknQB3qBOzhiHvdEp1K5zeul4ka69CyKrmElOXwRbLhzBHL/pFmfpj\ngNGllTBQqVmXDp/lrdxiCUgioSJQ1QTZ6l7OrZhOaLmHTJ3bBpeGeXN7YVCkVyP5\nqUSeDo6X/vlQ75QbSmy9F8WDk21T6dw=\n-----END PRIVATE KEY-----\n",
            "public_key_fingerprint_md5": "7e:50:a7:aa:9a:e1:20:11:ea:97:be:0e:36:ae:3a:e1",
            "public_key_fingerprint_sha256": "SHA256:6QJvyCUVt9omT101GR30oleUTT3XolugqyNEKfOe1zg",
            "public_key_openssh": "ssh-rsa AAAAB3NzaC1yc2EAAAADAQABAAACAQC2sxlhUh7ZvXlQSu8nR8DQOBqLvmsXm4a9tdCYhWsLGsi7LFxs3JDeMvT6dQAaECVGH+i0jx+TBqTDPRT8Yo+ZYgFhSO0zuvSaHa68Z8PUCUH9KzuNOld3jvvc3Py0AS4xH0cKqPsOIC6kd0+6XFRi4hSixjpPp1h5Wed1XNp+j0U7RyfBBlbFv7pPJLGiRCRXSSfXRcwPmKK1jx2tH9oqewMG7iP4PPIj0ajd9tsXJw5j3VuE+lw6GP8hEwaXpvYbsujedsYCs1lA00KAfxUQSF6VXaUV9CR3ieMb5AP2Px9Sda3+8ELhEwNKgX4e5VGezcAILoRX55xmqxt+iXbovQv5WcaSRBbrg+Ku23JDIdplIX02WCeTPqFLCEfHQ9V02wziRSZzD2wmxdmsdPtrieU3adMFu/y4CQheUITo4sGukHZz+BfEOIAsd1Hs4Bj3pOk1OloarqDyGZEhUtRhCG5GiqpNZFCM2KDA6xDKo8i2+ggM1i0uRALepISKySGwfMHpRgieE2V5up0PLfEjNr19SXMLlrq46HJFur2ZHUgnCtCWnWbws4O47md/rQTHrcUQBFjy1kAiX1D95jEF6c/Mpiz2AMMcSrZGTj1P/9Q1shq/afjTO9BZD+gwTd2DpQzfnuCoZYAzKbLCmAPKMFgI7LU0S/lON9V/33lK2Q==\n",
            "public_key_pem": "-----BEGIN PUBLIC KEY-----\nMIICIjANBgkqhkiG9w0BAQEFAAOCAg8AMIICCgKCAgEAtrMZYVIe2b15UErvJ0fA\n0Dgai75rF5uGvbXQmIVrCxrIuyxcbNyQ3jL0+nUAGhAlRh/otI8fkwakwz0U/GKP\nmWIBYUjtM7r0mh2uvGfD1AlB/Ss7jTpXd4773Nz8tAEuMR9HCqj7DiAupHdPulxU\nYuIUosY6T6dYeVnndVzafo9FO0cnwQZWxb+6TySxokQkV0kn10XMD5iitY8drR/a\nKnsDBu4j+DzyI9Go3fbbFycOY91bhPpcOhj/IRMGl6b2G7Lo3nbGArNZQNNCgH8V\nEEhelV2lFfQkd4njG+QD9j8fUnWt/vBC4RMDSoF+HuVRns3ACC6EV+ecZqsbfol2\n6L0L+VnGkkQW64PirttyQyHaZSF9Nlgnkz6hSwhHx0PVdNsM4kUmcw9sJsXZrHT7\na4nlN2nTBbv8uAkIXlCE6OLBrpB2c/gXxDiALHdR7OAY96TpNTpaGq6g8hmRIVLU\nYQhuRoqqTWRQjNigwOsQyqPItvoIDNYtLkQC3qSEiskhsHzB6UYInhNlebqdDy3x\nIza9fUlzC5a6uOhyRbq9mR1IJwrQlp1m8LODuO5nf60Ex63FEARY8tZAIl9Q/eYx\nBenPzKYs9gDDHEq2Rk49T//UNbIav2n40zvQWQ/oME3dg6UM357gqGWAMymywpgD\nyjBYCOy1NEv5TjfVf995StkCAwEAAQ==\n-----END PUBLIC KEY-----\n",
            "rsa_bits": 4096
          },
          "sensitive_attributes": [
            [
              {
                "type": "get_attr",
                "value": "private_key_openssh"
              }
            ],
            [
              {
                "type": "get_attr",
                "value": "private_key_pem"
              }
            ],
            [
              {
                "type": "get_attr",
                "value": "private_key_pem_pkcs8"
              }
            ]
          ],
          "identity_schema_version": 0
        }
      ]
    },
    {
      "module": "module.vpc",
      "mode": "managed",
      "type": "aws_default_network_acl",
      "name": "this",
      "provider": "provider[\"registry.terraform.io/hashicorp/aws\"]",
      "instances": [
        {
          "index_key": 0,
          "schema_version": 0,
          "attributes": {
            "arn": "arn:aws:ec2:us-east-1:585008040165:network-acl/acl-0452a5c5332dfc437",
            "default_network_acl_id": "acl-0452a5c5332dfc437",
            "egress": [
              {
                "action": "allow",
                "cidr_block": "",
                "from_port": 0,
                "icmp_code": 0,
                "icmp_type": 0,
                "ipv6_cidr_block": "::/0",
                "protocol": "-1",
                "rule_no": 101,
                "to_port": 0
              },
              {
                "action": "allow",
                "cidr_block": "0.0.0.0/0",
                "from_port": 0,
                "icmp_code": 0,
                "icmp_type": 0,
                "ipv6_cidr_block": "",
                "protocol": "-1",
                "rule_no": 100,
                "to_port": 0
              }
            ],
            "id": "acl-0452a5c5332dfc437",
            "ingress": [
              {
                "action": "allow",
                "cidr_block": "",
                "from_port": 0,
                "icmp_code": 0,
                "icmp_type": 0,
                "ipv6_cidr_block": "::/0",
                "protocol": "-1",
                "rule_no": 101,
                "to_port": 0
              },
              {
                "action": "allow",
                "cidr_block": "0.0.0.0/0",
                "from_port": 0,
                "icmp_code": 0,
                "icmp_type": 0,
                "ipv6_cidr_block": "",
                "protocol": "-1",
                "rule_no": 100,
                "to_port": 0
              }
            ],
            "owner_id": "585008040165",
            "region": "us-east-1",
            "subnet_ids": [
              "subnet-02cd71ea93dfdf377",
              "subnet-09048b88ee35870b4"
            ],
            "tags": {
              "Environment": "dev",
              "Name": "MyVPC-default",
              "Terraform": "true"
            },
            "tags_all": {
              "Environment": "dev",
              "Name": "MyVPC-default",
              "Terraform": "true"
            },
            "vpc_id": "vpc-0484eefa0701faee7"
          },
          "sensitive_attributes": [],
          "identity_schema_version": 0,
          "private": "bnVsbA==",
          "dependencies": [
            "module.vpc.aws_vpc.this"
          ]
        }
      ]
    },
    {
      "module": "module.vpc",
      "mode": "managed",
      "type": "aws_default_route_table",
      "name": "default",
      "provider": "provider[\"registry.terraform.io/hashicorp/aws\"]",
      "instances": [
        {
          "index_key": 0,
          "schema_version": 0,
          "attributes": {
            "arn": "arn:aws:ec2:us-east-1:585008040165:route-table/rtb-049c8b0e3076d9cd7",
            "default_route_table_id": "rtb-049c8b0e3076d9cd7",
            "id": "rtb-049c8b0e3076d9cd7",
            "owner_id": "585008040165",
            "propagating_vgws": [],
            "region": "us-east-1",
            "route": [],
            "tags": {
              "Environment": "dev",
              "Name": "MyVPC-default",
              "Terraform": "true"
            },
            "tags_all": {
              "Environment": "dev",
              "Name": "MyVPC-default",
              "Terraform": "true"
            },
            "timeouts": {
              "create": "5m",
              "update": "5m"
            },
            "vpc_id": "vpc-0484eefa0701faee7"
          },
          "sensitive_attributes": [],
          "identity_schema_version": 0,
          "private": "eyJlMmJmYjczMC1lY2FhLTExZTYtOGY4OC0zNDM2M2JjN2M0YzAiOnsiY3JlYXRlIjozMDAwMDAwMDAwMDAsInVwZGF0ZSI6MzAwMDAwMDAwMDAwfX0=",
          "dependencies": [
            "module.vpc.aws_vpc.this"
          ]
        }
      ]
    },
    {
      "module": "module.vpc",
      "mode": "managed",
      "type": "aws_default_security_group",
      "name": "this",
      "provider": "provider[\"registry.terraform.io/hashicorp/aws\"]",
      "instances": [
        {
          "index_key": 0,
          "schema_version": 1,
          "attributes": {
            "arn": "arn:aws:ec2:us-east-1:585008040165:security-group/sg-050bc6f9dfe536798",
            "description": "default VPC security group",
            "egress": [],
            "id": "sg-050bc6f9dfe536798",
            "ingress": [],
            "name": "default",
            "name_prefix": "",
            "owner_id": "585008040165",
            "region": "us-east-1",
            "revoke_rules_on_delete": false,
            "tags": {
              "Environment": "dev",
              "Name": "MyVPC-default",
              "Terraform": "true"
            },
            "tags_all": {
              "Environment": "dev",
              "Name": "MyVPC-default",
              "Terraform": "true"
            },
            "vpc_id": "vpc-0484eefa0701faee7"
          },
          "sensitive_attributes": [],
          "identity_schema_version": 0,
          "private": "eyJzY2hlbWFfdmVyc2lvbiI6IjEifQ==",
          "dependencies": [
            "module.vpc.aws_vpc.this"
          ]
        }
      ]
    },
    {
      "module": "module.vpc",
      "mode": "managed",
      "type": "aws_internet_gateway",
      "name": "this",
      "provider": "provider[\"registry.terraform.io/hashicorp/aws\"]",
      "instances": [
        {
          "index_key": 0,
          "schema_version": 0,
          "attributes": {
            "arn": "arn:aws:ec2:us-east-1:585008040165:internet-gateway/igw-0f28d66a71ce0b6c6",
            "id": "igw-0f28d66a71ce0b6c6",
            "owner_id": "585008040165",
            "region": "us-east-1",
            "tags": {
              "Environment": "dev",
              "Name": "MyVPC",
              "Terraform": "true"
            },
            "tags_all": {
              "Environment": "dev",
              "Name": "MyVPC",
              "Terraform": "true"
            },
            "timeouts": null,
            "vpc_id": "vpc-0484eefa0701faee7"
          },
          "sensitive_attributes": [],
          "identity_schema_version": 0,
          "private": "eyJlMmJmYjczMC1lY2FhLTExZTYtOGY4OC0zNDM2M2JjN2M0YzAiOnsiY3JlYXRlIjoxMjAwMDAwMDAwMDAwLCJkZWxldGUiOjEyMDAwMDAwMDAwMDAsInVwZGF0ZSI6MTIwMDAwMDAwMDAwMH19",
          "dependencies": [
            "module.vpc.aws_vpc.this",
            "module.vpc.aws_vpc_ipv4_cidr_block_association.this"
          ]
        }
      ]
    },
    {
      "module": "module.vpc",
      "mode": "managed",
      "type": "aws_route",
      "name": "public_internet_gateway",
      "provider": "provider[\"registry.terraform.io/hashicorp/aws\"]",
      "instances": [
        {
          "index_key": 0,
          "schema_version": 0,
          "attributes": {
            "carrier_gateway_id": "",
            "core_network_arn": "",
            "destination_cidr_block": "0.0.0.0/0",
            "destination_ipv6_cidr_block": "",
            "destination_prefix_list_id": "",
            "egress_only_gateway_id": "",
            "gateway_id": "igw-0f28d66a71ce0b6c6",
            "id": "r-rtb-0383337f499ed9c231080289494",
            "instance_id": "",
            "instance_owner_id": "",
            "local_gateway_id": "",
            "nat_gateway_id": "",
            "network_interface_id": "",
            "origin": "CreateRoute",
            "region": "us-east-1",
            "route_table_id": "rtb-0383337f499ed9c23",
            "state": "active",
            "timeouts": {
              "create": "5m",
              "delete": null,
              "update": null
            },
            "transit_gateway_id": "",
            "vpc_endpoint_id": "",
            "vpc_peering_connection_id": ""
          },
          "sensitive_attributes": [],
          "identity_schema_version": 0,
          "private": "eyJlMmJmYjczMC1lY2FhLTExZTYtOGY4OC0zNDM2M2JjN2M0YzAiOnsiY3JlYXRlIjozMDAwMDAwMDAwMDAsImRlbGV0ZSI6MzAwMDAwMDAwMDAwLCJ1cGRhdGUiOjEyMDAwMDAwMDAwMH19",
          "dependencies": [
            "module.vpc.aws_internet_gateway.this",
            "module.vpc.aws_route_table.public",
            "module.vpc.aws_vpc.this",
            "module.vpc.aws_vpc_ipv4_cidr_block_association.this"
          ]
        }
      ]
    },
    {
      "module": "module.vpc",
      "mode": "managed",
      "type": "aws_route_table",
      "name": "private",
      "provider": "provider[\"registry.terraform.io/hashicorp/aws\"]",
      "instances": [
        {
          "index_key": 0,
          "schema_version": 0,
          "attributes": {
            "arn": "arn:aws:ec2:us-east-1:585008040165:route-table/rtb-0831e33c7308d7387",
            "id": "rtb-0831e33c7308d7387",
            "owner_id": "585008040165",
            "propagating_vgws": [],
            "region": "us-east-1",
            "route": [],
            "tags": {
              "Environment": "dev",
              "Name": "MyVPC-private-us-east-1a",
              "Terraform": "true"
            },
            "tags_all": {
              "Environment": "dev",
              "Name": "MyVPC-private-us-east-1a",
              "Terraform": "true"
            },
            "timeouts": null,
            "vpc_id": "vpc-0484eefa0701faee7"
          },
          "sensitive_attributes": [],
          "identity_schema_version": 0,
          "private": "eyJlMmJmYjczMC1lY2FhLTExZTYtOGY4OC0zNDM2M2JjN2M0YzAiOnsiY3JlYXRlIjozMDAwMDAwMDAwMDAsImRlbGV0ZSI6MzAwMDAwMDAwMDAwLCJ1cGRhdGUiOjEyMDAwMDAwMDAwMH19",
          "dependencies": [
            "module.vpc.aws_vpc.this",
            "module.vpc.aws_vpc_ipv4_cidr_block_association.this"
          ]
        }
      ]
    },
    {
      "module": "module.vpc",
      "mode": "managed",
      "type": "aws_route_table",
      "name": "public",
      "provider": "provider[\"registry.terraform.io/hashicorp/aws\"]",
      "instances": [
        {
          "index_key": 0,
          "schema_version": 0,
          "attributes": {
            "arn": "arn:aws:ec2:us-east-1:585008040165:route-table/rtb-0383337f499ed9c23",
            "id": "rtb-0383337f499ed9c23",
            "owner_id": "585008040165",
            "propagating_vgws": [],
            "region": "us-east-1",
            "route": [
              {
                "carrier_gateway_id": "",
                "cidr_block": "0.0.0.0/0",
                "core_network_arn": "",
                "destination_prefix_list_id": "",
                "egress_only_gateway_id": "",
                "gateway_id": "igw-0f28d66a71ce0b6c6",
                "ipv6_cidr_block": "",
                "local_gateway_id": "",
                "nat_gateway_id": "",
                "network_interface_id": "",
                "transit_gateway_id": "",
                "vpc_endpoint_id": "",
                "vpc_peering_connection_id": ""
              }
            ],
            "tags": {
              "Environment": "dev",
              "Name": "MyVPC-public",
              "Terraform": "true"
            },
            "tags_all": {
              "Environment": "dev",
              "Name": "MyVPC-public",
              "Terraform": "true"
            },
            "timeouts": null,
            "vpc_id": "vpc-0484eefa0701faee7"
          },
          "sensitive_attributes": [],
          "identity_schema_version": 0,
          "private": "eyJlMmJmYjczMC1lY2FhLTExZTYtOGY4OC0zNDM2M2JjN2M0YzAiOnsiY3JlYXRlIjozMDAwMDAwMDAwMDAsImRlbGV0ZSI6MzAwMDAwMDAwMDAwLCJ1cGRhdGUiOjEyMDAwMDAwMDAwMH19",
          "dependencies": [
            "module.vpc.aws_vpc.this",
            "module.vpc.aws_vpc_ipv4_cidr_block_association.this"
          ]
        }
      ]
    },
    {
      "module": "module.vpc",
      "mode": "managed",
      "type": "aws_route_table_association",
      "name": "private",
      "provider": "provider[\"registry.terraform.io/hashicorp/aws\"]",
      "instances": [
        {
          "index_key": 0,
          "schema_version": 0,
          "attributes": {
            "gateway_id": "",
            "id": "rtbassoc-07d53072f51420673",
            "region": "us-east-1",
            "route_table_id": "rtb-0831e33c7308d7387",
            "subnet_id": "subnet-09048b88ee35870b4",
            "timeouts": null
          },
          "sensitive_attributes": [],
          "identity_schema_version": 0,
          "private": "eyJlMmJmYjczMC1lY2FhLTExZTYtOGY4OC0zNDM2M2JjN2M0YzAiOnsiY3JlYXRlIjozMDAwMDAwMDAwMDAsImRlbGV0ZSI6MzAwMDAwMDAwMDAwLCJ1cGRhdGUiOjEyMDAwMDAwMDAwMH19",
          "dependencies": [
            "module.vpc.aws_route_table.private",
            "module.vpc.aws_subnet.private",
            "module.vpc.aws_vpc.this",
            "module.vpc.aws_vpc_ipv4_cidr_block_association.this"
          ]
        }
      ]
    },
    {
      "module": "module.vpc",
      "mode": "managed",
      "type": "aws_route_table_association",
      "name": "public",
      "provider": "provider[\"registry.terraform.io/hashicorp/aws\"]",
      "instances": [
        {
          "index_key": 0,
          "schema_version": 0,
          "attributes": {
            "gateway_id": "",
            "id": "rtbassoc-01486b032449155fb",
            "region": "us-east-1",
            "route_table_id": "rtb-0383337f499ed9c23",
            "subnet_id": "subnet-02cd71ea93dfdf377",
            "timeouts": null
          },
          "sensitive_attributes": [],
          "identity_schema_version": 0,
          "private": "eyJlMmJmYjczMC1lY2FhLTExZTYtOGY4OC0zNDM2M2JjN2M0YzAiOnsiY3JlYXRlIjozMDAwMDAwMDAwMDAsImRlbGV0ZSI6MzAwMDAwMDAwMDAwLCJ1cGRhdGUiOjEyMDAwMDAwMDAwMH19",
          "dependencies": [
            "module.vpc.aws_route_table.public",
            "module.vpc.aws_subnet.public",
            "module.vpc.aws_vpc.this",
            "module.vpc.aws_vpc_ipv4_cidr_block_association.this"
          ]
        }
      ]
    },
    {
      "module": "module.vpc",
      "mode": "managed",
      "type": "aws_subnet",
      "name": "private",
      "provider": "provider[\"registry.terraform.io/hashicorp/aws\"]",
      "instances": [
        {
          "index_key": 0,
          "schema_version": 1,
          "attributes": {
            "arn": "arn:aws:ec2:us-east-1:585008040165:subnet/subnet-09048b88ee35870b4",
            "assign_ipv6_address_on_creation": false,
            "availability_zone": "us-east-1a",
            "availability_zone_id": "use1-az1",
            "cidr_block": "192.168.0.32/27",
            "customer_owned_ipv4_pool": "",
            "enable_dns64": false,
            "enable_lni_at_device_index": 0,
            "enable_resource_name_dns_a_record_on_launch": false,
            "enable_resource_name_dns_aaaa_record_on_launch": false,
            "id": "subnet-09048b88ee35870b4",
            "ipv6_cidr_block": "",
            "ipv6_cidr_block_association_id": "",
            "ipv6_native": false,
            "map_customer_owned_ip_on_launch": false,
            "map_public_ip_on_launch": false,
            "outpost_arn": "",
            "owner_id": "585008040165",
            "private_dns_hostname_type_on_launch": "ip-name",
            "region": "us-east-1",
            "tags": {
              "Environment": "dev",
              "Name": "MyVPC-private-us-east-1a",
              "Terraform": "true"
            },
            "tags_all": {
              "Environment": "dev",
              "Name": "MyVPC-private-us-east-1a",
              "Terraform": "true"
            },
            "timeouts": null,
            "vpc_id": "vpc-0484eefa0701faee7"
          },
          "sensitive_attributes": [],
          "identity_schema_version": 0,
          "private": "eyJlMmJmYjczMC1lY2FhLTExZTYtOGY4OC0zNDM2M2JjN2M0YzAiOnsiY3JlYXRlIjo2MDAwMDAwMDAwMDAsImRlbGV0ZSI6MTIwMDAwMDAwMDAwMH0sInNjaGVtYV92ZXJzaW9uIjoiMSJ9",
          "dependencies": [
            "module.vpc.aws_vpc.this",
            "module.vpc.aws_vpc_ipv4_cidr_block_association.this"
          ]
        }
      ]
    },
    {
      "module": "module.vpc",
      "mode": "managed",
      "type": "aws_subnet",
      "name": "public",
      "provider": "provider[\"registry.terraform.io/hashicorp/aws\"]",
      "instances": [
        {
          "index_key": 0,
          "schema_version": 1,
          "attributes": {
            "arn": "arn:aws:ec2:us-east-1:585008040165:subnet/subnet-02cd71ea93dfdf377",
            "assign_ipv6_address_on_creation": false,
            "availability_zone": "us-east-1a",
            "availability_zone_id": "use1-az1",
            "cidr_block": "192.168.0.0/27",
            "customer_owned_ipv4_pool": "",
            "enable_dns64": false,
            "enable_lni_at_device_index": 0,
            "enable_resource_name_dns_a_record_on_launch": false,
            "enable_resource_name_dns_aaaa_record_on_launch": false,
            "id": "subnet-02cd71ea93dfdf377",
            "ipv6_cidr_block": "",
            "ipv6_cidr_block_association_id": "",
            "ipv6_native": false,
            "map_customer_owned_ip_on_launch": false,
            "map_public_ip_on_launch": true,
            "outpost_arn": "",
            "owner_id": "585008040165",
            "private_dns_hostname_type_on_launch": "ip-name",
            "region": "us-east-1",
            "tags": {
              "Environment": "dev",
              "Name": "MyVPC-public-us-east-1a",
              "Terraform": "true"
            },
            "tags_all": {
              "Environment": "dev",
              "Name": "MyVPC-public-us-east-1a",
              "Terraform": "true"
            },
            "timeouts": null,
            "vpc_id": "vpc-0484eefa0701faee7"
          },
          "sensitive_attributes": [],
          "identity_schema_version": 0,
          "private": "eyJlMmJmYjczMC1lY2FhLTExZTYtOGY4OC0zNDM2M2JjN2M0YzAiOnsiY3JlYXRlIjo2MDAwMDAwMDAwMDAsImRlbGV0ZSI6MTIwMDAwMDAwMDAwMH0sInNjaGVtYV92ZXJzaW9uIjoiMSJ9",
          "dependencies": [
            "module.vpc.aws_vpc.this",
            "module.vpc.aws_vpc_ipv4_cidr_block_association.this"
          ]
        }
      ]
    },
    {
      "module": "module.vpc",
      "mode": "managed",
      "type": "aws_vpc",
      "name": "this",
      "provider": "provider[\"registry.terraform.io/hashicorp/aws\"]",
      "instances": [
        {
          "index_key": 0,
          "schema_version": 1,
          "attributes": {
            "arn": "arn:aws:ec2:us-east-1:585008040165:vpc/vpc-0484eefa0701faee7",
            "assign_generated_ipv6_cidr_block": false,
            "cidr_block": "192.168.0.0/26",
            "default_network_acl_id": "acl-0452a5c5332dfc437",
            "default_route_table_id": "rtb-049c8b0e3076d9cd7",
            "default_security_group_id": "sg-050bc6f9dfe536798",
            "dhcp_options_id": "dopt-084e68dd63eb4f569",
            "enable_dns_hostnames": true,
            "enable_dns_support": true,
            "enable_network_address_usage_metrics": false,
            "id": "vpc-0484eefa0701faee7",
            "instance_tenancy": "default",
            "ipv4_ipam_pool_id": null,
            "ipv4_netmask_length": null,
            "ipv6_association_id": "",
            "ipv6_cidr_block": "",
            "ipv6_cidr_block_network_border_group": "",
            "ipv6_ipam_pool_id": "",
            "ipv6_netmask_length": 0,
            "main_route_table_id": "rtb-049c8b0e3076d9cd7",
            "owner_id": "585008040165",
            "region": "us-east-1",
            "tags": {
              "Environment": "dev",
              "Name": "MyVPC",
              "Terraform": "true"
            },
            "tags_all": {
              "Environment": "dev",
              "Name": "MyVPC",
              "Terraform": "true"
            }
          },
          "sensitive_attributes": [],
          "identity_schema_version": 0,
          "private": "eyJzY2hlbWFfdmVyc2lvbiI6IjEifQ=="
        }
      ]
    },
    {
      "module": "module.vpc",
      "mode": "managed",
      "type": "aws_vpn_gateway",
      "name": "this",
      "provider": "provider[\"registry.terraform.io/hashicorp/aws\"]",
      "instances": [
        {
          "index_key": 0,
          "schema_version": 0,
          "attributes": {
            "amazon_side_asn": "64512",
            "arn": "arn:aws:ec2:us-east-1:585008040165:vpn-gateway/vgw-01956eb2b4d985ac1",
            "availability_zone": null,
            "id": "vgw-01956eb2b4d985ac1",
            "region": "us-east-1",
            "tags": {
              "Environment": "dev",
              "Name": "MyVPC",
              "Terraform": "true"
            },
            "tags_all": {
              "Environment": "dev",
              "Name": "MyVPC",
              "Terraform": "true"
            },
            "vpc_id": "vpc-0484eefa0701faee7"
          },
          "sensitive_attributes": [],
          "identity_schema_version": 0,
          "private": "bnVsbA==",
          "dependencies": [
            "module.vpc.aws_vpc.this",
            "module.vpc.aws_vpc_ipv4_cidr_block_association.this"
          ]
        }
      ]
    }
  ],
  "check_results": null
}
