{
  "version": 4,
  "terraform_version": "1.12.0",
  "serial": 170,
  "lineage": "c34c2123-5265-372d-a382-4a37f043484a",
  "outputs": {
    "ami-instances": {
      "value": {
        "Id": "ami-000ec6c25978d5999",
        "Name": "amzn2-ami-kernel-5.10-hvm-2.0.20250623.0-x86_64-gp2"
      },
      "type": [
        "object",
        {
          "Id": "string",
          "Name": "string"
        }
      ]
    },
    "private_subnet_ids": {
      "value": [
        "subnet-0929c3fcd79d7e4ad"
      ],
      "type": [
        "tuple",
        [
          "string"
        ]
      ]
    },
    "public_ip_subnet_ids": {
      "value": [
        "subnet-0929c3fcd79d7e4ad"
      ],
      "type": [
        "tuple",
        [
          "string"
        ]
      ]
    },
    "vpc_endpoint_id": {
      "value": "vpce-02fc5feed3bbf4651",
      "type": "string"
    },
    "vpc_id": {
      "value": "vpc-02c80ea572b3f81aa",
      "type": "string"
    }
  },
  "resources": [
    {
      "mode": "data",
      "type": "aws_ami",
      "name": "amazon_linux",
      "provider": "provider[\"registry.terraform.io/hashicorp/aws\"]",
      "instances": [
        {
          "schema_version": 0,
          "attributes": {
            "allow_unsafe_filter": null,
            "architecture": "x86_64",
            "arn": "arn:aws:ec2:us-east-1::image/ami-000ec6c25978d5999",
            "block_device_mappings": [
              {
                "device_name": "/dev/xvda",
                "ebs": {
                  "delete_on_termination": "true",
                  "encrypted": "false",
                  "iops": "0",
                  "snapshot_id": "snap-08988707369dd365f",
                  "throughput": "0",
                  "volume_initialization_rate": "0",
                  "volume_size": "8",
                  "volume_type": "gp2"
                },
                "no_device": "",
                "virtual_name": ""
              }
            ],
            "boot_mode": "",
            "creation_date": "2025-06-20T08:52:15.000Z",
            "deprecation_time": "2025-09-18T08:52:00.000Z",
            "description": "Amazon Linux 2 Kernel 5.10 AMI 2.0.20250623.0 x86_64 HVM gp2",
            "ena_support": true,
            "executable_users": null,
            "filter": [
              {
                "name": "name",
                "values": [
                  "amzn2-ami-kernel-5.10-hvm-*-x86_64-gp2"
                ]
              },
              {
                "name": "virtualization-type",
                "values": [
                  "hvm"
                ]
              }
            ],
            "hypervisor": "xen",
            "id": "ami-000ec6c25978d5999",
            "image_id": "ami-000ec6c25978d5999",
            "image_location": "amazon/amzn2-ami-kernel-5.10-hvm-2.0.20250623.0-x86_64-gp2",
            "image_owner_alias": "amazon",
            "image_type": "machine",
            "imds_support": "",
            "include_deprecated": false,
            "kernel_id": "",
            "last_launched_time": "",
            "most_recent": true,
            "name": "amzn2-ami-kernel-5.10-hvm-2.0.20250623.0-x86_64-gp2",
            "name_regex": null,
            "owner_id": "137112412989",
            "owners": [
              "amazon"
            ],
            "platform": "",
            "platform_details": "Linux/UNIX",
            "product_codes": [],
            "public": true,
            "ramdisk_id": "",
            "region": "us-east-1",
            "root_device_name": "/dev/xvda",
            "root_device_type": "ebs",
            "root_snapshot_id": "snap-08988707369dd365f",
            "sriov_net_support": "simple",
            "state": "available",
            "state_reason": {
              "code": "UNSET",
              "message": "UNSET"
            },
            "tags": {},
            "timeouts": null,
            "tpm_support": "",
            "uefi_data": null,
            "usage_operation": "RunInstances",
            "virtualization_type": "hvm"
          },
          "sensitive_attributes": [],
          "identity_schema_version": 0
        }
      ]
    },
    {
      "mode": "managed",
      "type": "aws_iam_instance_profile",
      "name": "endpoint_profile",
      "provider": "provider[\"registry.terraform.io/hashicorp/aws\"]",
      "instances": [
        {
          "schema_version": 0,
          "attributes": {
            "arn": "arn:aws:iam::585008040165:instance-profile/endpoint_profile",
            "create_date": "2025-07-06T13:07:45Z",
            "id": "endpoint_profile",
            "name": "endpoint_profile",
            "name_prefix": "",
            "path": "/",
            "role": "s3-read-only-access-role",
            "tags": null,
            "tags_all": {},
            "unique_id": "AIPAYQNJSJDS6CSKE2LXC"
          },
          "sensitive_attributes": [],
          "identity_schema_version": 0,
          "private": "bnVsbA==",
          "dependencies": [
            "aws_iam_role.s3-read-only-access-role"
          ]
        }
      ]
    },
    {
      "mode": "managed",
      "type": "aws_iam_role",
      "name": "s3-read-only-access-role",
      "provider": "provider[\"registry.terraform.io/hashicorp/aws\"]",
      "instances": [
        {
          "schema_version": 0,
          "attributes": {
            "arn": "arn:aws:iam::585008040165:role/s3-read-only-access-role",
            "assume_role_policy": "{\"Statement\":[{\"Action\":\"sts:AssumeRole\",\"Effect\":\"Allow\",\"Principal\":{\"Service\":\"ec2.amazonaws.com\"}}],\"Version\":\"2012-10-17\"}",
            "create_date": "2025-07-06T13:07:44Z",
            "description": "",
            "force_detach_policies": false,
            "id": "s3-read-only-access-role",
            "inline_policy": [],
            "managed_policy_arns": [],
            "max_session_duration": 3600,
            "name": "s3-read-only-access-role",
            "name_prefix": "",
            "path": "/",
            "permissions_boundary": "",
            "tags": {
              "name": "s3-read-only-access-role"
            },
            "tags_all": {
              "name": "s3-read-only-access-role"
            },
            "unique_id": "AROAYQNJSJDS6NMIUUD3A"
          },
          "sensitive_attributes": [],
          "identity_schema_version": 0,
          "identity": {
            "account_id": "585008040165",
            "name": "s3-read-only-access-role"
          },
          "private": "bnVsbA=="
        }
      ]
    },
    {
      "mode": "managed",
      "type": "aws_iam_role_policy_attachment",
      "name": "s3_readonly_attach",
      "provider": "provider[\"registry.terraform.io/hashicorp/aws\"]",
      "instances": [
        {
          "schema_version": 0,
          "attributes": {
            "id": "s3-read-only-access-role/arn:aws:iam::aws:policy/AmazonS3ReadOnlyAccess",
            "policy_arn": "arn:aws:iam::aws:policy/AmazonS3ReadOnlyAccess",
            "role": "s3-read-only-access-role"
          },
          "sensitive_attributes": [],
          "identity_schema_version": 0,
          "identity": {
            "account_id": "585008040165",
            "policy_arn": "arn:aws:iam::aws:policy/AmazonS3ReadOnlyAccess",
            "role": "s3-read-only-access-role"
          },
          "private": "bnVsbA==",
          "dependencies": [
            "aws_iam_role.s3-read-only-access-role"
          ]
        }
      ]
    },
    {
      "mode": "managed",
      "type": "aws_instance",
      "name": "bastion-host",
      "provider": "provider[\"registry.terraform.io/hashicorp/aws\"]",
      "instances": [
        {
          "schema_version": 2,
          "attributes": {
            "ami": "ami-000ec6c25978d5999",
            "arn": "arn:aws:ec2:us-east-1:585008040165:instance/i-0744b193f0c2ab668",
            "associate_public_ip_address": true,
            "availability_zone": "us-east-1a",
            "capacity_reservation_specification": [
              {
                "capacity_reservation_preference": "open",
                "capacity_reservation_target": []
              }
            ],
            "cpu_options": [
              {
                "amd_sev_snp": "",
                "core_count": 1,
                "threads_per_core": 1
              }
            ],
            "credit_specification": [
              {
                "cpu_credits": "standard"
              }
            ],
            "disable_api_stop": false,
            "disable_api_termination": false,
            "ebs_block_device": [],
            "ebs_optimized": false,
            "enable_primary_ipv6": null,
            "enclave_options": [
              {
                "enabled": false
              }
            ],
            "ephemeral_block_device": [],
            "get_password_data": false,
            "hibernation": false,
            "host_id": "",
            "host_resource_group_arn": null,
            "iam_instance_profile": "",
            "id": "i-0744b193f0c2ab668",
            "instance_initiated_shutdown_behavior": "stop",
            "instance_lifecycle": "",
            "instance_market_options": [],
            "instance_state": "running",
            "instance_type": "t2.micro",
            "ipv6_address_count": 0,
            "ipv6_addresses": [],
            "key_name": "bastion_key",
            "launch_template": [],
            "maintenance_options": [
              {
                "auto_recovery": "default"
              }
            ],
            "metadata_options": [
              {
                "http_endpoint": "enabled",
                "http_protocol_ipv6": "disabled",
                "http_put_response_hop_limit": 1,
                "http_tokens": "optional",
                "instance_metadata_tags": "disabled"
              }
            ],
            "monitoring": false,
            "network_interface": [],
            "outpost_arn": "",
            "password_data": "",
            "placement_group": "",
            "placement_partition_number": 0,
            "primary_network_interface_id": "eni-0920e89a9b7906bfd",
            "private_dns": "ip-192-168-0-16.ec2.internal",
            "private_dns_name_options": [
              {
                "enable_resource_name_dns_a_record": false,
                "enable_resource_name_dns_aaaa_record": false,
                "hostname_type": "ip-name"
              }
            ],
            "private_ip": "192.168.0.16",
            "public_dns": "ec2-44-192-85-189.compute-1.amazonaws.com",
            "public_ip": "44.192.85.189",
            "region": "us-east-1",
            "root_block_device": [
              {
                "delete_on_termination": true,
                "device_name": "/dev/xvda",
                "encrypted": false,
                "iops": 100,
                "kms_key_id": "",
                "tags": {},
                "tags_all": {},
                "throughput": 0,
                "volume_id": "vol-0b8f656bf2c0a4e9a",
                "volume_size": 8,
                "volume_type": "gp2"
              }
            ],
            "secondary_private_ips": [],
            "security_groups": [],
            "source_dest_check": true,
            "spot_instance_request_id": "",
            "subnet_id": "subnet-0fb98b4d87a8f399e",
            "tags": {
              "Name": "bastion-host"
            },
            "tags_all": {
              "Name": "bastion-host"
            },
            "tenancy": "default",
            "timeouts": null,
            "user_data": null,
            "user_data_base64": null,
            "user_data_replace_on_change": false,
            "volume_tags": null,
            "vpc_security_group_ids": [
              "sg-0fa045c3dcb25cc2a"
            ]
          },
          "sensitive_attributes": [],
          "identity_schema_version": 0,
          "private": "eyJlMmJmYjczMC1lY2FhLTExZTYtOGY4OC0zNDM2M2JjN2M0YzAiOnsiY3JlYXRlIjo2MDAwMDAwMDAwMDAsImRlbGV0ZSI6MTIwMDAwMDAwMDAwMCwicmVhZCI6OTAwMDAwMDAwMDAwLCJ1cGRhdGUiOjYwMDAwMDAwMDAwMH0sInNjaGVtYV92ZXJzaW9uIjoiMiJ9",
          "dependencies": [
            "aws_key_pair.generated_key",
            "aws_security_group.bastion-SG",
            "data.aws_ami.amazon_linux",
            "module.vpc.aws_subnet.public",
            "module.vpc.aws_vpc.this",
            "module.vpc.aws_vpc_ipv4_cidr_block_association.this",
            "tls_private_key.bastion_key"
          ]
        }
      ]
    },
    {
      "mode": "managed",
      "type": "aws_instance",
      "name": "endpoint-instance",
      "provider": "provider[\"registry.terraform.io/hashicorp/aws\"]",
      "instances": [
        {
          "schema_version": 2,
          "attributes": {
            "ami": "ami-000ec6c25978d5999",
            "arn": "arn:aws:ec2:us-east-1:585008040165:instance/i-085dac85d3fab84dc",
            "associate_public_ip_address": false,
            "availability_zone": "us-east-1a",
            "capacity_reservation_specification": [
              {
                "capacity_reservation_preference": "open",
                "capacity_reservation_target": []
              }
            ],
            "cpu_options": [
              {
                "amd_sev_snp": "",
                "core_count": 1,
                "threads_per_core": 1
              }
            ],
            "credit_specification": [
              {
                "cpu_credits": "standard"
              }
            ],
            "disable_api_stop": false,
            "disable_api_termination": false,
            "ebs_block_device": [],
            "ebs_optimized": false,
            "enable_primary_ipv6": null,
            "enclave_options": [
              {
                "enabled": false
              }
            ],
            "ephemeral_block_device": [],
            "get_password_data": false,
            "hibernation": false,
            "host_id": "",
            "host_resource_group_arn": null,
            "iam_instance_profile": "endpoint_profile",
            "id": "i-085dac85d3fab84dc",
            "instance_initiated_shutdown_behavior": "stop",
            "instance_lifecycle": "",
            "instance_market_options": [],
            "instance_state": "running",
            "instance_type": "t2.micro",
            "ipv6_address_count": 0,
            "ipv6_addresses": [],
            "key_name": "bastion_key",
            "launch_template": [],
            "maintenance_options": [
              {
                "auto_recovery": "default"
              }
            ],
            "metadata_options": [
              {
                "http_endpoint": "enabled",
                "http_protocol_ipv6": "disabled",
                "http_put_response_hop_limit": 1,
                "http_tokens": "optional",
                "instance_metadata_tags": "disabled"
              }
            ],
            "monitoring": false,
            "network_interface": [],
            "outpost_arn": "",
            "password_data": "",
            "placement_group": "",
            "placement_partition_number": 0,
            "primary_network_interface_id": "eni-0b851ebdb5faf02e8",
            "private_dns": "ip-192-168-0-45.ec2.internal",
            "private_dns_name_options": [
              {
                "enable_resource_name_dns_a_record": false,
                "enable_resource_name_dns_aaaa_record": false,
                "hostname_type": "ip-name"
              }
            ],
            "private_ip": "192.168.0.45",
            "public_dns": "",
            "public_ip": "",
            "region": "us-east-1",
            "root_block_device": [
              {
                "delete_on_termination": true,
                "device_name": "/dev/xvda",
                "encrypted": false,
                "iops": 100,
                "kms_key_id": "",
                "tags": {},
                "tags_all": {},
                "throughput": 0,
                "volume_id": "vol-0e8d670eee28ae777",
                "volume_size": 8,
                "volume_type": "gp2"
              }
            ],
            "secondary_private_ips": [],
            "security_groups": [],
            "source_dest_check": true,
            "spot_instance_request_id": "",
            "subnet_id": "subnet-0929c3fcd79d7e4ad",
            "tags": {
              "Name": "endpoint-instance"
            },
            "tags_all": {
              "Name": "endpoint-instance"
            },
            "tenancy": "default",
            "timeouts": null,
            "user_data": null,
            "user_data_base64": null,
            "user_data_replace_on_change": false,
            "volume_tags": null,
            "vpc_security_group_ids": [
              "sg-0b1f7a75f0de9840c"
            ]
          },
          "sensitive_attributes": [],
          "identity_schema_version": 0,
          "private": "eyJlMmJmYjczMC1lY2FhLTExZTYtOGY4OC0zNDM2M2JjN2M0YzAiOnsiY3JlYXRlIjo2MDAwMDAwMDAwMDAsImRlbGV0ZSI6MTIwMDAwMDAwMDAwMCwicmVhZCI6OTAwMDAwMDAwMDAwLCJ1cGRhdGUiOjYwMDAwMDAwMDAwMH0sInNjaGVtYV92ZXJzaW9uIjoiMiJ9",
          "dependencies": [
            "aws_iam_instance_profile.endpoint_profile",
            "aws_iam_role.s3-read-only-access-role",
            "aws_key_pair.generated_key",
            "aws_security_group.endpoint-SG",
            "data.aws_ami.amazon_linux",
            "module.vpc.aws_subnet.private",
            "module.vpc.aws_vpc.this",
            "module.vpc.aws_vpc_ipv4_cidr_block_association.this",
            "tls_private_key.bastion_key"
          ]
        }
      ]
    },
    {
      "mode": "managed",
      "type": "aws_key_pair",
      "name": "generated_key",
      "provider": "provider[\"registry.terraform.io/hashicorp/aws\"]",
      "instances": [
        {
          "schema_version": 1,
          "attributes": {
            "arn": "arn:aws:ec2:us-east-1:585008040165:key-pair/bastion_key",
            "fingerprint": "e7:a1:84:8f:92:28:dc:3b:da:5a:a5:02:f6:10:e2:d4",
            "id": "bastion_key",
            "key_name": "bastion_key",
            "key_name_prefix": "",
            "key_pair_id": "key-066771f49b125947b",
            "key_type": "rsa",
            "public_key": "ssh-rsa AAAAB3NzaC1yc2EAAAADAQABAAACAQDNw8Eo8TxQav5D3CjPYKSPiPk8tSfNuTzoAMw7YHU6W9mnRzQ3EIuwjelo5Jm7X63YDnLj7SGCiTdIRqqa0uQGoRLVCVa3Dc6K2q6AjpIenLByyefVFmuAKTIgzjk+S65iBWp4xNNRY2YlZmksIsGxkhjYT4pUeV9b4P2kD/0eP4vXEOXJIqWb7S3za6zjgPE1r1+CLJnK8u6l/BAEfZDP/HVOlDtwoYM5Er49TKXJhgj0z/dxc4yUxgAb9IDbNZlaRs+ce1Vjg+vmF7zj3BvU7NmIFOpfETOptrp1WFgExRJQHNV19iOFGIn3+9F67fZwRAg1UfT/n4tCQAn7G/ey1fUT4MF7EOqUfm0mB7oyNi5/WXdz0/A9dSh0Kyd9QxpjEncYRXblxS9p8l7sKjHjY028oglq7+GwzFcUHKFB7JotbP9hjsl533oWN6KbYqtLks49s+VHp289CrCc4zrvC7cV7iCvgHrVT2Pk9kRcj5+73ifkLKW6ScqGk+sF+yqF94ulYXMtN9Ch7E3ZbOu1N/CrklGprHmwg6Q8uq7ZBw93msTPKhoz5csBPYAjFoEmgpoJwxn/G1Q6q0AOVBv0KsVqZBDo0jUc/F/GqfJ8Wl95EKn2EwJvnONHRaxyGzdQUANUs5WIy0iH45+yvPBSmHXR1LXK5O3oaXNDMykMmQ==",
            "region": "us-east-1",
            "tags": null,
            "tags_all": {}
          },
          "sensitive_attributes": [],
          "identity_schema_version": 0,
          "private": "eyJzY2hlbWFfdmVyc2lvbiI6IjEifQ==",
          "dependencies": [
            "tls_private_key.bastion_key"
          ]
        }
      ]
    },
    {
      "mode": "managed",
      "type": "aws_security_group",
      "name": "bastion-SG",
      "provider": "provider[\"registry.terraform.io/hashicorp/aws\"]",
      "instances": [
        {
          "schema_version": 1,
          "attributes": {
            "arn": "arn:aws:ec2:us-east-1:585008040165:security-group/sg-0fa045c3dcb25cc2a",
            "description": "Security group for the bastion host",
            "egress": [],
            "id": "sg-0fa045c3dcb25cc2a",
            "ingress": [],
            "name": "bastion-SG",
            "name_prefix": "",
            "owner_id": "585008040165",
            "region": "us-east-1",
            "revoke_rules_on_delete": false,
            "tags": {
              "Name": "bastion-SG"
            },
            "tags_all": {
              "Name": "bastion-SG"
            },
            "timeouts": null,
            "vpc_id": "vpc-02c80ea572b3f81aa"
          },
          "sensitive_attributes": [],
          "identity_schema_version": 0,
          "private": "eyJlMmJmYjczMC1lY2FhLTExZTYtOGY4OC0zNDM2M2JjN2M0YzAiOnsiY3JlYXRlIjo2MDAwMDAwMDAwMDAsImRlbGV0ZSI6OTAwMDAwMDAwMDAwfSwic2NoZW1hX3ZlcnNpb24iOiIxIn0=",
          "dependencies": [
            "module.vpc.aws_vpc.this"
          ]
        }
      ]
    },
    {
      "mode": "managed",
      "type": "aws_security_group",
      "name": "endpoint-SG",
      "provider": "provider[\"registry.terraform.io/hashicorp/aws\"]",
      "instances": [
        {
          "schema_version": 1,
          "attributes": {
            "arn": "arn:aws:ec2:us-east-1:585008040165:security-group/sg-0b1f7a75f0de9840c",
            "description": "Security group for S3 endpoint",
            "egress": [],
            "id": "sg-0b1f7a75f0de9840c",
            "ingress": [],
            "name": "endpoint-SG",
            "name_prefix": "",
            "owner_id": "585008040165",
            "region": "us-east-1",
            "revoke_rules_on_delete": false,
            "tags": {
              "Name": "endpoint-SG"
            },
            "tags_all": {
              "Name": "endpoint-SG"
            },
            "timeouts": null,
            "vpc_id": "vpc-02c80ea572b3f81aa"
          },
          "sensitive_attributes": [],
          "identity_schema_version": 0,
          "private": "eyJlMmJmYjczMC1lY2FhLTExZTYtOGY4OC0zNDM2M2JjN2M0YzAiOnsiY3JlYXRlIjo2MDAwMDAwMDAwMDAsImRlbGV0ZSI6OTAwMDAwMDAwMDAwfSwic2NoZW1hX3ZlcnNpb24iOiIxIn0=",
          "dependencies": [
            "module.vpc.aws_vpc.this"
          ]
        }
      ]
    },
    {
      "mode": "managed",
      "type": "aws_vpc_security_group_egress_rule",
      "name": "allow_all_traffic_ipv4_bastion",
      "provider": "provider[\"registry.terraform.io/hashicorp/aws\"]",
      "instances": [
        {
          "schema_version": 0,
          "attributes": {
            "arn": "arn:aws:ec2:us-east-1:585008040165:security-group-rule/sgr-0ee5bb7231205f9ce",
            "cidr_ipv4": "0.0.0.0/0",
            "cidr_ipv6": null,
            "description": null,
            "from_port": null,
            "id": "sgr-0ee5bb7231205f9ce",
            "ip_protocol": "-1",
            "prefix_list_id": null,
            "referenced_security_group_id": null,
            "region": "us-east-1",
            "security_group_id": "sg-0fa045c3dcb25cc2a",
            "security_group_rule_id": "sgr-0ee5bb7231205f9ce",
            "tags": null,
            "tags_all": {},
            "to_port": null
          },
          "sensitive_attributes": [],
          "identity_schema_version": 0,
          "dependencies": [
            "aws_security_group.bastion-SG",
            "module.vpc.aws_vpc.this"
          ]
        }
      ]
    },
    {
      "mode": "managed",
      "type": "aws_vpc_security_group_egress_rule",
      "name": "allow_all_traffic_ipv4_endpoint",
      "provider": "provider[\"registry.terraform.io/hashicorp/aws\"]",
      "instances": [
        {
          "schema_version": 0,
          "attributes": {
            "arn": "arn:aws:ec2:us-east-1:585008040165:security-group-rule/sgr-0fbc58d121440bd8e",
            "cidr_ipv4": "0.0.0.0/0",
            "cidr_ipv6": null,
            "description": null,
            "from_port": null,
            "id": "sgr-0fbc58d121440bd8e",
            "ip_protocol": "-1",
            "prefix_list_id": null,
            "referenced_security_group_id": null,
            "region": "us-east-1",
            "security_group_id": "sg-0b1f7a75f0de9840c",
            "security_group_rule_id": "sgr-0fbc58d121440bd8e",
            "tags": null,
            "tags_all": {},
            "to_port": null
          },
          "sensitive_attributes": [],
          "identity_schema_version": 0,
          "dependencies": [
            "aws_security_group.endpoint-SG",
            "module.vpc.aws_vpc.this"
          ]
        }
      ]
    },
    {
      "mode": "managed",
      "type": "aws_vpc_security_group_egress_rule",
      "name": "allow_all_traffic_ipv6_bastion",
      "provider": "provider[\"registry.terraform.io/hashicorp/aws\"]",
      "instances": [
        {
          "schema_version": 0,
          "attributes": {
            "arn": "arn:aws:ec2:us-east-1:585008040165:security-group-rule/sgr-01107ae923e54fe95",
            "cidr_ipv4": null,
            "cidr_ipv6": "::/0",
            "description": null,
            "from_port": null,
            "id": "sgr-01107ae923e54fe95",
            "ip_protocol": "-1",
            "prefix_list_id": null,
            "referenced_security_group_id": null,
            "region": "us-east-1",
            "security_group_id": "sg-0fa045c3dcb25cc2a",
            "security_group_rule_id": "sgr-01107ae923e54fe95",
            "tags": null,
            "tags_all": {},
            "to_port": null
          },
          "sensitive_attributes": [],
          "identity_schema_version": 0,
          "dependencies": [
            "aws_security_group.bastion-SG",
            "module.vpc.aws_vpc.this"
          ]
        }
      ]
    },
    {
      "mode": "managed",
      "type": "aws_vpc_security_group_egress_rule",
      "name": "allow_all_traffic_ipv6_endpoint",
      "provider": "provider[\"registry.terraform.io/hashicorp/aws\"]",
      "instances": [
        {
          "schema_version": 0,
          "attributes": {
            "arn": "arn:aws:ec2:us-east-1:585008040165:security-group-rule/sgr-09853b8f5af49e972",
            "cidr_ipv4": null,
            "cidr_ipv6": "::/0",
            "description": null,
            "from_port": null,
            "id": "sgr-09853b8f5af49e972",
            "ip_protocol": "-1",
            "prefix_list_id": null,
            "referenced_security_group_id": null,
            "region": "us-east-1",
            "security_group_id": "sg-0b1f7a75f0de9840c",
            "security_group_rule_id": "sgr-09853b8f5af49e972",
            "tags": null,
            "tags_all": {},
            "to_port": null
          },
          "sensitive_attributes": [],
          "identity_schema_version": 0,
          "dependencies": [
            "aws_security_group.endpoint-SG",
            "module.vpc.aws_vpc.this"
          ]
        }
      ]
    },
    {
      "mode": "managed",
      "type": "aws_vpc_security_group_ingress_rule",
      "name": "allow_ssh_from_anywhere",
      "provider": "provider[\"registry.terraform.io/hashicorp/aws\"]",
      "instances": [
        {
          "index_key": "22",
          "schema_version": 0,
          "attributes": {
            "arn": "arn:aws:ec2:us-east-1:585008040165:security-group-rule/sgr-024e7fb6a7d4f9749",
            "cidr_ipv4": "0.0.0.0/0",
            "cidr_ipv6": null,
            "description": null,
            "from_port": 22,
            "id": "sgr-024e7fb6a7d4f9749",
            "ip_protocol": "tcp",
            "prefix_list_id": null,
            "referenced_security_group_id": null,
            "region": "us-east-1",
            "security_group_id": "sg-0fa045c3dcb25cc2a",
            "security_group_rule_id": "sgr-024e7fb6a7d4f9749",
            "tags": null,
            "tags_all": {},
            "to_port": 22
          },
          "sensitive_attributes": [],
          "identity_schema_version": 0,
          "dependencies": [
            "aws_security_group.bastion-SG",
            "module.vpc.aws_vpc.this"
          ]
        },
        {
          "index_key": "443",
          "schema_version": 0,
          "attributes": {
            "arn": "arn:aws:ec2:us-east-1:585008040165:security-group-rule/sgr-0510dcafda3528ca5",
            "cidr_ipv4": "0.0.0.0/0",
            "cidr_ipv6": null,
            "description": null,
            "from_port": 443,
            "id": "sgr-0510dcafda3528ca5",
            "ip_protocol": "tcp",
            "prefix_list_id": null,
            "referenced_security_group_id": null,
            "region": "us-east-1",
            "security_group_id": "sg-0fa045c3dcb25cc2a",
            "security_group_rule_id": "sgr-0510dcafda3528ca5",
            "tags": null,
            "tags_all": {},
            "to_port": 443
          },
          "sensitive_attributes": [],
          "identity_schema_version": 0,
          "dependencies": [
            "aws_security_group.bastion-SG",
            "module.vpc.aws_vpc.this"
          ]
        },
        {
          "index_key": "80",
          "schema_version": 0,
          "attributes": {
            "arn": "arn:aws:ec2:us-east-1:585008040165:security-group-rule/sgr-0249ab418ea61a414",
            "cidr_ipv4": "0.0.0.0/0",
            "cidr_ipv6": null,
            "description": null,
            "from_port": 80,
            "id": "sgr-0249ab418ea61a414",
            "ip_protocol": "tcp",
            "prefix_list_id": null,
            "referenced_security_group_id": null,
            "region": "us-east-1",
            "security_group_id": "sg-0fa045c3dcb25cc2a",
            "security_group_rule_id": "sgr-0249ab418ea61a414",
            "tags": null,
            "tags_all": {},
            "to_port": 80
          },
          "sensitive_attributes": [],
          "identity_schema_version": 0,
          "dependencies": [
            "aws_security_group.bastion-SG",
            "module.vpc.aws_vpc.this"
          ]
        }
      ]
    },
    {
      "mode": "managed",
      "type": "aws_vpc_security_group_ingress_rule",
      "name": "allow_ssh_from_bastion",
      "provider": "provider[\"registry.terraform.io/hashicorp/aws\"]",
      "instances": [
        {
          "index_key": "22",
          "schema_version": 0,
          "attributes": {
            "arn": "arn:aws:ec2:us-east-1:585008040165:security-group-rule/sgr-06c9462cf805fe806",
            "cidr_ipv4": null,
            "cidr_ipv6": null,
            "description": null,
            "from_port": 22,
            "id": "sgr-06c9462cf805fe806",
            "ip_protocol": "tcp",
            "prefix_list_id": null,
            "referenced_security_group_id": "sg-0fa045c3dcb25cc2a",
            "region": "us-east-1",
            "security_group_id": "sg-0b1f7a75f0de9840c",
            "security_group_rule_id": "sgr-06c9462cf805fe806",
            "tags": null,
            "tags_all": {},
            "to_port": 22
          },
          "sensitive_attributes": [],
          "identity_schema_version": 0,
          "dependencies": [
            "aws_security_group.bastion-SG",
            "aws_security_group.endpoint-SG",
            "module.vpc.aws_vpc.this"
          ]
        }
      ]
    },
    {
      "mode": "managed",
      "type": "local_file",
      "name": "bastion_private_key",
      "provider": "provider[\"registry.terraform.io/hashicorp/local\"]",
      "instances": [
        {
          "schema_version": 0,
          "attributes": {
            "content": "-----BEGIN RSA PRIVATE KEY-----\nMIIJKQIBAAKCAgEAzcPBKPE8UGr+Q9woz2Ckj4j5PLUnzbk86ADMO2B1OlvZp0c0\nNxCLsI3paOSZu1+t2A5y4+0hgok3SEaqmtLkBqES1QlWtw3OitqugI6SHpywcsnn\n1RZrgCkyIM45PkuuYgVqeMTTUWNmJWZpLCLBsZIY2E+KVHlfW+D9pA/9Hj+L1xDl\nySKlm+0t82us44DxNa9fgiyZyvLupfwQBH2Qz/x1TpQ7cKGDORK+PUylyYYI9M/3\ncXOMlMYAG/SA2zWZWkbPnHtVY4Pr5he849wb1OzZiBTqXxEzqba6dVhYBMUSUBzV\ndfYjhRiJ9/vReu32cEQINVH0/5+LQkAJ+xv3stX1E+DBexDqlH5tJge6MjYuf1l3\nc9PwPXUodCsnfUMaYxJ3GEV25cUvafJe7Cox42NNvKIJau/hsMxXFByhQeyaLWz/\nYY7Jed96Fjeim2KrS5LOPbPlR6dvPQqwnOM67wu3Fe4gr4B61U9j5PZEXI+fu94n\n5CyluknKhpPrBfsqhfeLpWFzLTfQoexN2WzrtTfwq5JRqax5sIOkPLqu2QcPd5rE\nzyoaM+XLAT2AIxaBJoKaCcMZ/xtUOqtADlQb9CrFamQQ6NI1HPxfxqnyfFpfeRCp\n9hMCb5zjR0Wschs3UFADVLOViMtIh+OfsrzwUph10dS1yuTt6GlzQzMpDJkCAwEA\nAQKCAgABkQHa24VI8RuTmCzjsURncanrZ/n62LQUPxH5n2kdDd8eZSN1CjD0tzaF\nmCdByX9uY45v2kRfn5xLtlACWDnTVsK+MPFCTlOvc8KRfiRcy8wTFPg+bh/Y4gIR\n77KjXQT26ubN2bpocPWG3NykRkp2XS/yZklIYy586ahR/qt/trOhlO0ZkXmJx5iK\ninFj6lLLxL9Dzi5Ii34SG5UNTQhpxkNSsGcIcI5UxFCtm58FJaT9T3T+iIbo3giu\nWHeU/kzh0U6veLKPIfgNMHU9ayr3aBXa3EU8KTUdD7lOfzhCUbQV5zZKd4Ul3v3e\nj6yfVImZqVxCTagBZy1H+T//iPhjK7dhg8KWVTCITIllCQBruEdc8rozW9yzeezl\nf/AV9NHGvr82JxOT60pu70ba9esrpRkrHd3HNEVYwecf0VFkomD5OuR2ax+qpyXr\n+/3J3mL1bzpvxzsUBpuojuUGAz2FqGQaztxtNZGGy9FaXY4ZO8xFcmD3s0nWywPf\nWwatgHTAfeWChWZ41IUnTQIqmBSWI6ZZbk0L4nyQZGvDUKwkyeCSXfR1rItzHfnj\nfBquqs/HccAygsLxppkZFByYnculQxEv/8r76SNtBCBf7FiWfXdhpv5lR7HYIg33\nye9eN5DZxlea0BhMBa7CtKKg9TmWPfmP/G1qjEmY3LvZhir5tQKCAQEAz/3RU+eN\nwLLmUORoZcb62rnLgxZCC50FWCYHu5kg8YBlSwwyz+jRizHgh9sU87EHnmtkJtiG\nZa2HhTJVh7RCcLj0RO8hBaJWOyIdDT2820tULIWQye/aGnsurHSI6aORiwb/VVhA\ne4Hpj3cVnFz4wolyN21EZ2jh/51TEu14+nX0KpC07X2w9gcAftglmPsb/bzSDXee\nsKL8xNl3/R4XvDTNWfBtmpwqd0IIvK6xEZlY/88edEmgK4FwpavdGj9TpCZMv96I\ngnHPeXJgitl7sx2qdA3Wu4hlNuJ1tZZzY49JB8hEmFrEBZB+5mfwzAqixXQbcF+G\nALpeccSE2JffvQKCAQEA/UJa5LZNuMpZxz1yjsYTuMy2hxIAtJUQ4YLTUG0a/QhR\n6tgyqbs8MDtARn27iQwM2Nzu5AFZ2KQXMOJE1TaRidl4glCovRrEo+ujhT7tk2St\nHb6lIZ6UlG1dUTyYkIOI0dau7Ey82AojCCeNgZpcSSwODabfGArRRDvOQlS5BNnh\n5fNpw7VmMnz4MEm8bJVdoL7Gq6VlfP+DkDC2v6OW0lg1l5d369/fZQoft5e1lP04\n3T3OuRgUmX40xQ0KlZ3/eH5/yLjK4/cMO9/ne8BcbgaGSMbpjAHC9PBD/mj0ng0x\neN37WeavvsZqtHDhBD6DyxF3zCn7qyDyg+jvWNBwDQKCAQAQVbPJ7iaQ2rwB4F5e\nl+j9opfcHLRlKxjPWnVDA3y12sqZwUSAVZ2XW/xxTwBvPxkFFRQRhPHRLHa3PEPB\nW6PYLH5qp4klYyF4lW5Iqu+ZHWpn8Ll1UpQDfmck/iX+i20TySHmdv7hdEt+i/Cz\njg2vYZIJzlgP8wnExHtQwju9F+RsL182Q6fROq2MSLdzM014eQraKenZn4NQhm/I\n/kMI8fCqvpotCVTAdvwurV2Ur0FxHbgbk+izYgAR0tSTiiOsgaGHdBeufve3Zwc0\nAG6Zm5vWb3vM0KJ6VADAmSdIy2kF5nGUsZQxh66fs8wSikdMUJkTEz138ysVrkRs\nqkjVAoIBAQCsPx4MocTYop9O+Aba/fLZ5DlcQi1CpIO3rL/F2n7Zi3gTbnl+oP59\nmz7K8qbCvfRa5mB/qD+QLYIsWCgSjyuLAuKIVw18mCEXj6NGc5cngPiQ22H6LJ3H\nGV63aqwk1aEPfqC3zDVABhzvZd9DP1X22kSwmkbvViQf8UEGMhMoLnwKZnQPjGd2\nfTJbvTqu6yOjuTzr7vDIhAvZ3JfeXQeuBhplALqqLTgFw03xEviH3XV4W5omny8b\neg+v2X/SZIQlUnvca3pqc1LZwh3xN9JlboCULN0YwPX0mxjThlSgzj5Qg0F5UoFD\nEjXuhTs1JMOEMFw2+nLVX/IxLxLiZ9ldAoIBAQCDQZd+Kxbh+Zut1LTJU45Duetb\nd9UDgoVsFUD4e1QvKzjU4BceVaQvyEMMJyUAgK2dKCysc8mjViHFYx8hIzMCqbv9\n174lI8D44W653VpYq2mXDJU1jTp4I9dzUluc/7f7KJlUr63sbQT0CyzjrrQlBO+E\nA4DIY7Xiwfs6i+IlAJcXtLMGlaJgCFzuX0u4b06baBK2UZ/2lVl3dcT4oWvlubys\nMyOoUHnY/JQpl8I5DhmCLbq6eLdBXpfq4TOOSoM8eEfgIrOs/DwuNnxxs/BeN3+0\nwebdsoGl3wne3VO7nFl7dqrcZRXMno5GHJw0p2k7POwyECF/xt8hqQhjFbi1\n-----END RSA PRIVATE KEY-----\n",
            "content_base64": null,
            "content_base64sha256": "7s9t7mA+4Y4IKv7felHBvide/2a12jBEHIezrLHYszc=",
            "content_base64sha512": "C1RN2SkDmLecYVO6aqXGfrlIun+7rf1xQAid5MvYVbJIS3Yhxw6AI0CyWfXxSldPAn9CtbCO9pbp74xmrwQHvQ==",
            "content_md5": "fa3c3fb8605c96bd2e39d1e15c6058e9",
            "content_sha1": "42dc853d254967e716880156aa2e4ca5f5ac3090",
            "content_sha256": "eecf6dee603ee18e082afedf7a51c1be275eff66b5da30441c87b3acb1d8b337",
            "content_sha512": "0b544dd9290398b79c6153ba6aa5c67eb948ba7fbbadfd7140089de4cbd855b2484b7621c70e802340b259f5f14a574f027f42b5b08ef696e9ef8c66af0407bd",
            "directory_permission": "0777",
            "file_permission": "0777",
            "filename": "./bastion_private_key.pem",
            "id": "42dc853d254967e716880156aa2e4ca5f5ac3090",
            "sensitive_content": null,
            "source": null
          },
          "sensitive_attributes": [
            [
              {
                "type": "get_attr",
                "value": "content"
              }
            ],
            [
              {
                "type": "get_attr",
                "value": "sensitive_content"
              }
            ]
          ],
          "identity_schema_version": 0,
          "dependencies": [
            "tls_private_key.bastion_key"
          ]
        }
      ]
    },
    {
      "mode": "managed",
      "type": "tls_private_key",
      "name": "bastion_key",
      "provider": "provider[\"registry.terraform.io/hashicorp/tls\"]",
      "instances": [
        {
          "schema_version": 1,
          "attributes": {
            "algorithm": "RSA",
            "ecdsa_curve": "P224",
            "id": "5a390668a9beba2603ed4bb2dca741630bb425c5",
            "private_key_openssh": "-----BEGIN OPENSSH PRIVATE KEY-----\nb3BlbnNzaC1rZXktdjEAAAAABG5vbmUAAAAEbm9uZQAAAAAAAAABAAACFwAAAAdz\nc2gtcnNhAAAAAwEAAQAAAgEAzcPBKPE8UGr+Q9woz2Ckj4j5PLUnzbk86ADMO2B1\nOlvZp0c0NxCLsI3paOSZu1+t2A5y4+0hgok3SEaqmtLkBqES1QlWtw3OitqugI6S\nHpywcsnn1RZrgCkyIM45PkuuYgVqeMTTUWNmJWZpLCLBsZIY2E+KVHlfW+D9pA/9\nHj+L1xDlySKlm+0t82us44DxNa9fgiyZyvLupfwQBH2Qz/x1TpQ7cKGDORK+PUyl\nyYYI9M/3cXOMlMYAG/SA2zWZWkbPnHtVY4Pr5he849wb1OzZiBTqXxEzqba6dVhY\nBMUSUBzVdfYjhRiJ9/vReu32cEQINVH0/5+LQkAJ+xv3stX1E+DBexDqlH5tJge6\nMjYuf1l3c9PwPXUodCsnfUMaYxJ3GEV25cUvafJe7Cox42NNvKIJau/hsMxXFByh\nQeyaLWz/YY7Jed96Fjeim2KrS5LOPbPlR6dvPQqwnOM67wu3Fe4gr4B61U9j5PZE\nXI+fu94n5CyluknKhpPrBfsqhfeLpWFzLTfQoexN2WzrtTfwq5JRqax5sIOkPLqu\n2QcPd5rEzyoaM+XLAT2AIxaBJoKaCcMZ/xtUOqtADlQb9CrFamQQ6NI1HPxfxqny\nfFpfeRCp9hMCb5zjR0Wschs3UFADVLOViMtIh+OfsrzwUph10dS1yuTt6GlzQzMp\nDJkAAAc4o3uFiqN7hYoAAAAHc3NoLXJzYQAAAgEAzcPBKPE8UGr+Q9woz2Ckj4j5\nPLUnzbk86ADMO2B1OlvZp0c0NxCLsI3paOSZu1+t2A5y4+0hgok3SEaqmtLkBqES\n1QlWtw3OitqugI6SHpywcsnn1RZrgCkyIM45PkuuYgVqeMTTUWNmJWZpLCLBsZIY\n2E+KVHlfW+D9pA/9Hj+L1xDlySKlm+0t82us44DxNa9fgiyZyvLupfwQBH2Qz/x1\nTpQ7cKGDORK+PUylyYYI9M/3cXOMlMYAG/SA2zWZWkbPnHtVY4Pr5he849wb1OzZ\niBTqXxEzqba6dVhYBMUSUBzVdfYjhRiJ9/vReu32cEQINVH0/5+LQkAJ+xv3stX1\nE+DBexDqlH5tJge6MjYuf1l3c9PwPXUodCsnfUMaYxJ3GEV25cUvafJe7Cox42NN\nvKIJau/hsMxXFByhQeyaLWz/YY7Jed96Fjeim2KrS5LOPbPlR6dvPQqwnOM67wu3\nFe4gr4B61U9j5PZEXI+fu94n5CyluknKhpPrBfsqhfeLpWFzLTfQoexN2WzrtTfw\nq5JRqax5sIOkPLqu2QcPd5rEzyoaM+XLAT2AIxaBJoKaCcMZ/xtUOqtADlQb9CrF\namQQ6NI1HPxfxqnyfFpfeRCp9hMCb5zjR0Wschs3UFADVLOViMtIh+OfsrzwUph1\n0dS1yuTt6GlzQzMpDJkAAAADAQABAAACAAGRAdrbhUjxG5OYLOOxRGdxqetn+frY\ntBQ/EfmfaR0N3x5lI3UKMPS3NoWYJ0HJf25jjm/aRF+fnEu2UAJYOdNWwr4w8UJO\nU69zwpF+JFzLzBMU+D5uH9jiAhHvsqNdBPbq5s3Zumhw9Ybc3KRGSnZdL/JmSUhj\nLnzpqFH+q3+2s6GU7RmReYnHmIqKcWPqUsvEv0POLkiLfhIblQ1NCGnGQ1KwZwhw\njlTEUK2bnwUlpP1PdP6IhujeCK5Yd5T+TOHRTq94so8h+A0wdT1rKvdoFdrcRTwp\nNR0PuU5/OEJRtBXnNkp3hSXe/d6PrJ9UiZmpXEJNqAFnLUf5P/+I+GMrt2GDwpZV\nMIhMiWUJAGu4R1zyujNb3LN57OV/8BX00ca+vzYnE5PrSm7vRtr16yulGSsd3cc0\nRVjB5x/RUWSiYPk65HZrH6qnJev7/cneYvVvOm/HOxQGm6iO5QYDPYWoZBrO3G01\nkYbL0Vpdjhk7zEVyYPezSdbLA99bBq2AdMB95YKFZnjUhSdNAiqYFJYjplluTQvi\nfJBka8NQrCTJ4JJd9HWsi3Md+eN8Gq6qz8dxwDKCwvGmmRkUHJidy6VDES//yvvp\nI20EIF/sWJZ9d2Gm/mVHsdgiDffJ7143kNnGV5rQGEwFrsK0oqD1OZY9+Y/8bWqM\nSZjcu9mGKvm1AAABAQCDQZd+Kxbh+Zut1LTJU45Duetbd9UDgoVsFUD4e1QvKzjU\n4BceVaQvyEMMJyUAgK2dKCysc8mjViHFYx8hIzMCqbv9174lI8D44W653VpYq2mX\nDJU1jTp4I9dzUluc/7f7KJlUr63sbQT0CyzjrrQlBO+EA4DIY7Xiwfs6i+IlAJcX\ntLMGlaJgCFzuX0u4b06baBK2UZ/2lVl3dcT4oWvlubysMyOoUHnY/JQpl8I5DhmC\nLbq6eLdBXpfq4TOOSoM8eEfgIrOs/DwuNnxxs/BeN3+0webdsoGl3wne3VO7nFl7\ndqrcZRXMno5GHJw0p2k7POwyECF/xt8hqQhjFbi1AAABAQDP/dFT543AsuZQ5Ghl\nxvraucuDFkILnQVYJge7mSDxgGVLDDLP6NGLMeCH2xTzsQeea2Qm2IZlrYeFMlWH\ntEJwuPRE7yEFolY7Ih0NPbzbS1QshZDJ79oaey6sdIjpo5GLBv9VWEB7gemPdxWc\nXPjCiXI3bURnaOH/nVMS7Xj6dfQqkLTtfbD2BwB+2CWY+xv9vNINd56wovzE2Xf9\nHhe8NM1Z8G2anCp3Qgi8rrERmVj/zx50SaArgXClq90aP1OkJky/3oiCcc95cmCK\n2XuzHap0Dda7iGU24nW1lnNjj0kHyESYWsQFkH7mZ/DMCqLFdBtwX4YAul5xxITY\nl9+9AAABAQD9Qlrktk24ylnHPXKOxhO4zLaHEgC0lRDhgtNQbRr9CFHq2DKpuzww\nO0BGfbuJDAzY3O7kAVnYpBcw4kTVNpGJ2XiCUKi9GsSj66OFPu2TZK0dvqUhnpSU\nbV1RPJiQg4jR1q7sTLzYCiMIJ42BmlxJLA4Npt8YCtFEO85CVLkE2eHl82nDtWYy\nfPgwSbxslV2gvsarpWV8/4OQMLa/o5bSWDWXl3fr399lCh+3l7WU/TjdPc65GBSZ\nfjTFDQqVnf94fn/IuMrj9ww73+d7wFxuBoZIxumMAcL08EP+aPSeDTF43ftZ5q++\nxmq0cOEEPoPLEXfMKfurIPKD6O9Y0HANAAAAAAEC\n-----END OPENSSH PRIVATE KEY-----\n",
            "private_key_pem": "-----BEGIN RSA PRIVATE KEY-----\nMIIJKQIBAAKCAgEAzcPBKPE8UGr+Q9woz2Ckj4j5PLUnzbk86ADMO2B1OlvZp0c0\nNxCLsI3paOSZu1+t2A5y4+0hgok3SEaqmtLkBqES1QlWtw3OitqugI6SHpywcsnn\n1RZrgCkyIM45PkuuYgVqeMTTUWNmJWZpLCLBsZIY2E+KVHlfW+D9pA/9Hj+L1xDl\nySKlm+0t82us44DxNa9fgiyZyvLupfwQBH2Qz/x1TpQ7cKGDORK+PUylyYYI9M/3\ncXOMlMYAG/SA2zWZWkbPnHtVY4Pr5he849wb1OzZiBTqXxEzqba6dVhYBMUSUBzV\ndfYjhRiJ9/vReu32cEQINVH0/5+LQkAJ+xv3stX1E+DBexDqlH5tJge6MjYuf1l3\nc9PwPXUodCsnfUMaYxJ3GEV25cUvafJe7Cox42NNvKIJau/hsMxXFByhQeyaLWz/\nYY7Jed96Fjeim2KrS5LOPbPlR6dvPQqwnOM67wu3Fe4gr4B61U9j5PZEXI+fu94n\n5CyluknKhpPrBfsqhfeLpWFzLTfQoexN2WzrtTfwq5JRqax5sIOkPLqu2QcPd5rE\nzyoaM+XLAT2AIxaBJoKaCcMZ/xtUOqtADlQb9CrFamQQ6NI1HPxfxqnyfFpfeRCp\n9hMCb5zjR0Wschs3UFADVLOViMtIh+OfsrzwUph10dS1yuTt6GlzQzMpDJkCAwEA\nAQKCAgABkQHa24VI8RuTmCzjsURncanrZ/n62LQUPxH5n2kdDd8eZSN1CjD0tzaF\nmCdByX9uY45v2kRfn5xLtlACWDnTVsK+MPFCTlOvc8KRfiRcy8wTFPg+bh/Y4gIR\n77KjXQT26ubN2bpocPWG3NykRkp2XS/yZklIYy586ahR/qt/trOhlO0ZkXmJx5iK\ninFj6lLLxL9Dzi5Ii34SG5UNTQhpxkNSsGcIcI5UxFCtm58FJaT9T3T+iIbo3giu\nWHeU/kzh0U6veLKPIfgNMHU9ayr3aBXa3EU8KTUdD7lOfzhCUbQV5zZKd4Ul3v3e\nj6yfVImZqVxCTagBZy1H+T//iPhjK7dhg8KWVTCITIllCQBruEdc8rozW9yzeezl\nf/AV9NHGvr82JxOT60pu70ba9esrpRkrHd3HNEVYwecf0VFkomD5OuR2ax+qpyXr\n+/3J3mL1bzpvxzsUBpuojuUGAz2FqGQaztxtNZGGy9FaXY4ZO8xFcmD3s0nWywPf\nWwatgHTAfeWChWZ41IUnTQIqmBSWI6ZZbk0L4nyQZGvDUKwkyeCSXfR1rItzHfnj\nfBquqs/HccAygsLxppkZFByYnculQxEv/8r76SNtBCBf7FiWfXdhpv5lR7HYIg33\nye9eN5DZxlea0BhMBa7CtKKg9TmWPfmP/G1qjEmY3LvZhir5tQKCAQEAz/3RU+eN\nwLLmUORoZcb62rnLgxZCC50FWCYHu5kg8YBlSwwyz+jRizHgh9sU87EHnmtkJtiG\nZa2HhTJVh7RCcLj0RO8hBaJWOyIdDT2820tULIWQye/aGnsurHSI6aORiwb/VVhA\ne4Hpj3cVnFz4wolyN21EZ2jh/51TEu14+nX0KpC07X2w9gcAftglmPsb/bzSDXee\nsKL8xNl3/R4XvDTNWfBtmpwqd0IIvK6xEZlY/88edEmgK4FwpavdGj9TpCZMv96I\ngnHPeXJgitl7sx2qdA3Wu4hlNuJ1tZZzY49JB8hEmFrEBZB+5mfwzAqixXQbcF+G\nALpeccSE2JffvQKCAQEA/UJa5LZNuMpZxz1yjsYTuMy2hxIAtJUQ4YLTUG0a/QhR\n6tgyqbs8MDtARn27iQwM2Nzu5AFZ2KQXMOJE1TaRidl4glCovRrEo+ujhT7tk2St\nHb6lIZ6UlG1dUTyYkIOI0dau7Ey82AojCCeNgZpcSSwODabfGArRRDvOQlS5BNnh\n5fNpw7VmMnz4MEm8bJVdoL7Gq6VlfP+DkDC2v6OW0lg1l5d369/fZQoft5e1lP04\n3T3OuRgUmX40xQ0KlZ3/eH5/yLjK4/cMO9/ne8BcbgaGSMbpjAHC9PBD/mj0ng0x\neN37WeavvsZqtHDhBD6DyxF3zCn7qyDyg+jvWNBwDQKCAQAQVbPJ7iaQ2rwB4F5e\nl+j9opfcHLRlKxjPWnVDA3y12sqZwUSAVZ2XW/xxTwBvPxkFFRQRhPHRLHa3PEPB\nW6PYLH5qp4klYyF4lW5Iqu+ZHWpn8Ll1UpQDfmck/iX+i20TySHmdv7hdEt+i/Cz\njg2vYZIJzlgP8wnExHtQwju9F+RsL182Q6fROq2MSLdzM014eQraKenZn4NQhm/I\n/kMI8fCqvpotCVTAdvwurV2Ur0FxHbgbk+izYgAR0tSTiiOsgaGHdBeufve3Zwc0\nAG6Zm5vWb3vM0KJ6VADAmSdIy2kF5nGUsZQxh66fs8wSikdMUJkTEz138ysVrkRs\nqkjVAoIBAQCsPx4MocTYop9O+Aba/fLZ5DlcQi1CpIO3rL/F2n7Zi3gTbnl+oP59\nmz7K8qbCvfRa5mB/qD+QLYIsWCgSjyuLAuKIVw18mCEXj6NGc5cngPiQ22H6LJ3H\nGV63aqwk1aEPfqC3zDVABhzvZd9DP1X22kSwmkbvViQf8UEGMhMoLnwKZnQPjGd2\nfTJbvTqu6yOjuTzr7vDIhAvZ3JfeXQeuBhplALqqLTgFw03xEviH3XV4W5omny8b\neg+v2X/SZIQlUnvca3pqc1LZwh3xN9JlboCULN0YwPX0mxjThlSgzj5Qg0F5UoFD\nEjXuhTs1JMOEMFw2+nLVX/IxLxLiZ9ldAoIBAQCDQZd+Kxbh+Zut1LTJU45Duetb\nd9UDgoVsFUD4e1QvKzjU4BceVaQvyEMMJyUAgK2dKCysc8mjViHFYx8hIzMCqbv9\n174lI8D44W653VpYq2mXDJU1jTp4I9dzUluc/7f7KJlUr63sbQT0CyzjrrQlBO+E\nA4DIY7Xiwfs6i+IlAJcXtLMGlaJgCFzuX0u4b06baBK2UZ/2lVl3dcT4oWvlubys\nMyOoUHnY/JQpl8I5DhmCLbq6eLdBXpfq4TOOSoM8eEfgIrOs/DwuNnxxs/BeN3+0\nwebdsoGl3wne3VO7nFl7dqrcZRXMno5GHJw0p2k7POwyECF/xt8hqQhjFbi1\n-----END RSA PRIVATE KEY-----\n",
            "private_key_pem_pkcs8": "-----BEGIN PRIVATE KEY-----\nMIIJQwIBADANBgkqhkiG9w0BAQEFAASCCS0wggkpAgEAAoICAQDNw8Eo8TxQav5D\n3CjPYKSPiPk8tSfNuTzoAMw7YHU6W9mnRzQ3EIuwjelo5Jm7X63YDnLj7SGCiTdI\nRqqa0uQGoRLVCVa3Dc6K2q6AjpIenLByyefVFmuAKTIgzjk+S65iBWp4xNNRY2Yl\nZmksIsGxkhjYT4pUeV9b4P2kD/0eP4vXEOXJIqWb7S3za6zjgPE1r1+CLJnK8u6l\n/BAEfZDP/HVOlDtwoYM5Er49TKXJhgj0z/dxc4yUxgAb9IDbNZlaRs+ce1Vjg+vm\nF7zj3BvU7NmIFOpfETOptrp1WFgExRJQHNV19iOFGIn3+9F67fZwRAg1UfT/n4tC\nQAn7G/ey1fUT4MF7EOqUfm0mB7oyNi5/WXdz0/A9dSh0Kyd9QxpjEncYRXblxS9p\n8l7sKjHjY028oglq7+GwzFcUHKFB7JotbP9hjsl533oWN6KbYqtLks49s+VHp289\nCrCc4zrvC7cV7iCvgHrVT2Pk9kRcj5+73ifkLKW6ScqGk+sF+yqF94ulYXMtN9Ch\n7E3ZbOu1N/CrklGprHmwg6Q8uq7ZBw93msTPKhoz5csBPYAjFoEmgpoJwxn/G1Q6\nq0AOVBv0KsVqZBDo0jUc/F/GqfJ8Wl95EKn2EwJvnONHRaxyGzdQUANUs5WIy0iH\n45+yvPBSmHXR1LXK5O3oaXNDMykMmQIDAQABAoICAAGRAdrbhUjxG5OYLOOxRGdx\nqetn+frYtBQ/EfmfaR0N3x5lI3UKMPS3NoWYJ0HJf25jjm/aRF+fnEu2UAJYOdNW\nwr4w8UJOU69zwpF+JFzLzBMU+D5uH9jiAhHvsqNdBPbq5s3Zumhw9Ybc3KRGSnZd\nL/JmSUhjLnzpqFH+q3+2s6GU7RmReYnHmIqKcWPqUsvEv0POLkiLfhIblQ1NCGnG\nQ1KwZwhwjlTEUK2bnwUlpP1PdP6IhujeCK5Yd5T+TOHRTq94so8h+A0wdT1rKvdo\nFdrcRTwpNR0PuU5/OEJRtBXnNkp3hSXe/d6PrJ9UiZmpXEJNqAFnLUf5P/+I+GMr\nt2GDwpZVMIhMiWUJAGu4R1zyujNb3LN57OV/8BX00ca+vzYnE5PrSm7vRtr16yul\nGSsd3cc0RVjB5x/RUWSiYPk65HZrH6qnJev7/cneYvVvOm/HOxQGm6iO5QYDPYWo\nZBrO3G01kYbL0Vpdjhk7zEVyYPezSdbLA99bBq2AdMB95YKFZnjUhSdNAiqYFJYj\nplluTQvifJBka8NQrCTJ4JJd9HWsi3Md+eN8Gq6qz8dxwDKCwvGmmRkUHJidy6VD\nES//yvvpI20EIF/sWJZ9d2Gm/mVHsdgiDffJ7143kNnGV5rQGEwFrsK0oqD1OZY9\n+Y/8bWqMSZjcu9mGKvm1AoIBAQDP/dFT543AsuZQ5GhlxvraucuDFkILnQVYJge7\nmSDxgGVLDDLP6NGLMeCH2xTzsQeea2Qm2IZlrYeFMlWHtEJwuPRE7yEFolY7Ih0N\nPbzbS1QshZDJ79oaey6sdIjpo5GLBv9VWEB7gemPdxWcXPjCiXI3bURnaOH/nVMS\n7Xj6dfQqkLTtfbD2BwB+2CWY+xv9vNINd56wovzE2Xf9Hhe8NM1Z8G2anCp3Qgi8\nrrERmVj/zx50SaArgXClq90aP1OkJky/3oiCcc95cmCK2XuzHap0Dda7iGU24nW1\nlnNjj0kHyESYWsQFkH7mZ/DMCqLFdBtwX4YAul5xxITYl9+9AoIBAQD9Qlrktk24\nylnHPXKOxhO4zLaHEgC0lRDhgtNQbRr9CFHq2DKpuzwwO0BGfbuJDAzY3O7kAVnY\npBcw4kTVNpGJ2XiCUKi9GsSj66OFPu2TZK0dvqUhnpSUbV1RPJiQg4jR1q7sTLzY\nCiMIJ42BmlxJLA4Npt8YCtFEO85CVLkE2eHl82nDtWYyfPgwSbxslV2gvsarpWV8\n/4OQMLa/o5bSWDWXl3fr399lCh+3l7WU/TjdPc65GBSZfjTFDQqVnf94fn/IuMrj\n9ww73+d7wFxuBoZIxumMAcL08EP+aPSeDTF43ftZ5q++xmq0cOEEPoPLEXfMKfur\nIPKD6O9Y0HANAoIBABBVs8nuJpDavAHgXl6X6P2il9wctGUrGM9adUMDfLXaypnB\nRIBVnZdb/HFPAG8/GQUVFBGE8dEsdrc8Q8Fbo9gsfmqniSVjIXiVbkiq75kdamfw\nuXVSlAN+ZyT+Jf6LbRPJIeZ2/uF0S36L8LOODa9hkgnOWA/zCcTEe1DCO70X5Gwv\nXzZDp9E6rYxIt3MzTXh5Ctop6dmfg1CGb8j+Qwjx8Kq+mi0JVMB2/C6tXZSvQXEd\nuBuT6LNiABHS1JOKI6yBoYd0F65+97dnBzQAbpmbm9Zve8zQonpUAMCZJ0jLaQXm\ncZSxlDGHrp+zzBKKR0xQmRMTPXfzKxWuRGyqSNUCggEBAKw/HgyhxNiin074Btr9\n8tnkOVxCLUKkg7esv8XaftmLeBNueX6g/n2bPsrypsK99FrmYH+oP5AtgixYKBKP\nK4sC4ohXDXyYIRePo0ZzlyeA+JDbYfosnccZXrdqrCTVoQ9+oLfMNUAGHO9l30M/\nVfbaRLCaRu9WJB/xQQYyEygufApmdA+MZ3Z9Mlu9Oq7rI6O5POvu8MiEC9ncl95d\nB64GGmUAuqotOAXDTfES+IfddXhbmiafLxt6D6/Zf9JkhCVSe9xrempzUtnCHfE3\n0mVugJQs3RjA9fSbGNOGVKDOPlCDQXlSgUMSNe6FOzUkw4QwXDb6ctVf8jEvEuJn\n2V0CggEBAINBl34rFuH5m63UtMlTjkO561t31QOChWwVQPh7VC8rONTgFx5VpC/I\nQwwnJQCArZ0oLKxzyaNWIcVjHyEjMwKpu/3XviUjwPjhbrndWliraZcMlTWNOngj\n13NSW5z/t/somVSvrextBPQLLOOutCUE74QDgMhjteLB+zqL4iUAlxe0swaVomAI\nXO5fS7hvTptoErZRn/aVWXd1xPiha+W5vKwzI6hQedj8lCmXwjkOGYIturp4t0Fe\nl+rhM45Kgzx4R+Ais6z8PC42fHGz8F43f7TB5t2ygaXfCd7dU7ucWXt2qtxlFcye\njkYcnDSnaTs87DIQIX/G3yGpCGMVuLU=\n-----END PRIVATE KEY-----\n",
            "public_key_fingerprint_md5": "04:6b:e4:47:3c:c6:9b:7f:bd:ea:54:fd:fb:de:80:4d",
            "public_key_fingerprint_sha256": "SHA256:57Gmlx+YtsqWczWAPwLjVrOU+BbKcuLMgtzf9n3xe4c",
            "public_key_openssh": "ssh-rsa AAAAB3NzaC1yc2EAAAADAQABAAACAQDNw8Eo8TxQav5D3CjPYKSPiPk8tSfNuTzoAMw7YHU6W9mnRzQ3EIuwjelo5Jm7X63YDnLj7SGCiTdIRqqa0uQGoRLVCVa3Dc6K2q6AjpIenLByyefVFmuAKTIgzjk+S65iBWp4xNNRY2YlZmksIsGxkhjYT4pUeV9b4P2kD/0eP4vXEOXJIqWb7S3za6zjgPE1r1+CLJnK8u6l/BAEfZDP/HVOlDtwoYM5Er49TKXJhgj0z/dxc4yUxgAb9IDbNZlaRs+ce1Vjg+vmF7zj3BvU7NmIFOpfETOptrp1WFgExRJQHNV19iOFGIn3+9F67fZwRAg1UfT/n4tCQAn7G/ey1fUT4MF7EOqUfm0mB7oyNi5/WXdz0/A9dSh0Kyd9QxpjEncYRXblxS9p8l7sKjHjY028oglq7+GwzFcUHKFB7JotbP9hjsl533oWN6KbYqtLks49s+VHp289CrCc4zrvC7cV7iCvgHrVT2Pk9kRcj5+73ifkLKW6ScqGk+sF+yqF94ulYXMtN9Ch7E3ZbOu1N/CrklGprHmwg6Q8uq7ZBw93msTPKhoz5csBPYAjFoEmgpoJwxn/G1Q6q0AOVBv0KsVqZBDo0jUc/F/GqfJ8Wl95EKn2EwJvnONHRaxyGzdQUANUs5WIy0iH45+yvPBSmHXR1LXK5O3oaXNDMykMmQ==\n",
            "public_key_pem": "-----BEGIN PUBLIC KEY-----\nMIICIjANBgkqhkiG9w0BAQEFAAOCAg8AMIICCgKCAgEAzcPBKPE8UGr+Q9woz2Ck\nj4j5PLUnzbk86ADMO2B1OlvZp0c0NxCLsI3paOSZu1+t2A5y4+0hgok3SEaqmtLk\nBqES1QlWtw3OitqugI6SHpywcsnn1RZrgCkyIM45PkuuYgVqeMTTUWNmJWZpLCLB\nsZIY2E+KVHlfW+D9pA/9Hj+L1xDlySKlm+0t82us44DxNa9fgiyZyvLupfwQBH2Q\nz/x1TpQ7cKGDORK+PUylyYYI9M/3cXOMlMYAG/SA2zWZWkbPnHtVY4Pr5he849wb\n1OzZiBTqXxEzqba6dVhYBMUSUBzVdfYjhRiJ9/vReu32cEQINVH0/5+LQkAJ+xv3\nstX1E+DBexDqlH5tJge6MjYuf1l3c9PwPXUodCsnfUMaYxJ3GEV25cUvafJe7Cox\n42NNvKIJau/hsMxXFByhQeyaLWz/YY7Jed96Fjeim2KrS5LOPbPlR6dvPQqwnOM6\n7wu3Fe4gr4B61U9j5PZEXI+fu94n5CyluknKhpPrBfsqhfeLpWFzLTfQoexN2Wzr\ntTfwq5JRqax5sIOkPLqu2QcPd5rEzyoaM+XLAT2AIxaBJoKaCcMZ/xtUOqtADlQb\n9CrFamQQ6NI1HPxfxqnyfFpfeRCp9hMCb5zjR0Wschs3UFADVLOViMtIh+Ofsrzw\nUph10dS1yuTt6GlzQzMpDJkCAwEAAQ==\n-----END PUBLIC KEY-----\n",
            "rsa_bits": 4096
          },
          "sensitive_attributes": [
            [
              {
                "type": "get_attr",
                "value": "private_key_openssh"
              }
            ],
            [
              {
                "type": "get_attr",
                "value": "private_key_pem"
              }
            ],
            [
              {
                "type": "get_attr",
                "value": "private_key_pem_pkcs8"
              }
            ]
          ],
          "identity_schema_version": 0
        }
      ]
    },
    {
      "module": "module.vpc",
      "mode": "managed",
      "type": "aws_default_network_acl",
      "name": "this",
      "provider": "provider[\"registry.terraform.io/hashicorp/aws\"]",
      "instances": [
        {
          "index_key": 0,
          "schema_version": 0,
          "attributes": {
            "arn": "arn:aws:ec2:us-east-1:585008040165:network-acl/acl-08b766e2dfca5f606",
            "default_network_acl_id": "acl-08b766e2dfca5f606",
            "egress": [
              {
                "action": "allow",
                "cidr_block": "",
                "from_port": 0,
                "icmp_code": null,
                "icmp_type": null,
                "ipv6_cidr_block": "::/0",
                "protocol": "-1",
                "rule_no": 101,
                "to_port": 0
              },
              {
                "action": "allow",
                "cidr_block": "0.0.0.0/0",
                "from_port": 0,
                "icmp_code": null,
                "icmp_type": null,
                "ipv6_cidr_block": "",
                "protocol": "-1",
                "rule_no": 100,
                "to_port": 0
              }
            ],
            "id": "acl-08b766e2dfca5f606",
            "ingress": [
              {
                "action": "allow",
                "cidr_block": "",
                "from_port": 0,
                "icmp_code": null,
                "icmp_type": null,
                "ipv6_cidr_block": "::/0",
                "protocol": "-1",
                "rule_no": 101,
                "to_port": 0
              },
              {
                "action": "allow",
                "cidr_block": "0.0.0.0/0",
                "from_port": 0,
                "icmp_code": null,
                "icmp_type": null,
                "ipv6_cidr_block": "",
                "protocol": "-1",
                "rule_no": 100,
                "to_port": 0
              }
            ],
            "owner_id": "585008040165",
            "region": "us-east-1",
            "subnet_ids": [
              "subnet-0929c3fcd79d7e4ad",
              "subnet-0fb98b4d87a8f399e"
            ],
            "tags": {
              "Environment": "dev",
              "Name": "MyVPC-default",
              "Terraform": "true"
            },
            "tags_all": {
              "Environment": "dev",
              "Name": "MyVPC-default",
              "Terraform": "true"
            },
            "vpc_id": "vpc-02c80ea572b3f81aa"
          },
          "sensitive_attributes": [],
          "identity_schema_version": 0,
          "private": "bnVsbA==",
          "dependencies": [
            "module.vpc.aws_vpc.this"
          ]
        }
      ]
    },
    {
      "module": "module.vpc",
      "mode": "managed",
      "type": "aws_default_route_table",
      "name": "default",
      "provider": "provider[\"registry.terraform.io/hashicorp/aws\"]",
      "instances": [
        {
          "index_key": 0,
          "schema_version": 0,
          "attributes": {
            "arn": "arn:aws:ec2:us-east-1:585008040165:route-table/rtb-0337d15a4daf0e0b5",
            "default_route_table_id": "rtb-0337d15a4daf0e0b5",
            "id": "rtb-0337d15a4daf0e0b5",
            "owner_id": "585008040165",
            "propagating_vgws": null,
            "region": "us-east-1",
            "route": [],
            "tags": {
              "Environment": "dev",
              "Name": "MyVPC-default",
              "Terraform": "true"
            },
            "tags_all": {
              "Environment": "dev",
              "Name": "MyVPC-default",
              "Terraform": "true"
            },
            "timeouts": {
              "create": "5m",
              "update": "5m"
            },
            "vpc_id": "vpc-02c80ea572b3f81aa"
          },
          "sensitive_attributes": [],
          "identity_schema_version": 0,
          "private": "eyJlMmJmYjczMC1lY2FhLTExZTYtOGY4OC0zNDM2M2JjN2M0YzAiOnsiY3JlYXRlIjozMDAwMDAwMDAwMDAsInVwZGF0ZSI6MzAwMDAwMDAwMDAwfX0=",
          "dependencies": [
            "module.vpc.aws_vpc.this"
          ]
        }
      ]
    },
    {
      "module": "module.vpc",
      "mode": "managed",
      "type": "aws_default_security_group",
      "name": "this",
      "provider": "provider[\"registry.terraform.io/hashicorp/aws\"]",
      "instances": [
        {
          "index_key": 0,
          "schema_version": 1,
          "attributes": {
            "arn": "arn:aws:ec2:us-east-1:585008040165:security-group/sg-0a40e56eb7315deac",
            "description": "default VPC security group",
            "egress": [],
            "id": "sg-0a40e56eb7315deac",
            "ingress": [],
            "name": "default",
            "name_prefix": "",
            "owner_id": "585008040165",
            "region": "us-east-1",
            "revoke_rules_on_delete": false,
            "tags": {
              "Environment": "dev",
              "Name": "MyVPC-default",
              "Terraform": "true"
            },
            "tags_all": {
              "Environment": "dev",
              "Name": "MyVPC-default",
              "Terraform": "true"
            },
            "vpc_id": "vpc-02c80ea572b3f81aa"
          },
          "sensitive_attributes": [],
          "identity_schema_version": 0,
          "private": "eyJzY2hlbWFfdmVyc2lvbiI6IjEifQ==",
          "dependencies": [
            "module.vpc.aws_vpc.this"
          ]
        }
      ]
    },
    {
      "module": "module.vpc",
      "mode": "managed",
      "type": "aws_internet_gateway",
      "name": "this",
      "provider": "provider[\"registry.terraform.io/hashicorp/aws\"]",
      "instances": [
        {
          "index_key": 0,
          "schema_version": 0,
          "attributes": {
            "arn": "arn:aws:ec2:us-east-1:585008040165:internet-gateway/igw-0eec5fc63542a0f77",
            "id": "igw-0eec5fc63542a0f77",
            "owner_id": "585008040165",
            "region": "us-east-1",
            "tags": {
              "Environment": "dev",
              "Name": "MyVPC",
              "Terraform": "true"
            },
            "tags_all": {
              "Environment": "dev",
              "Name": "MyVPC",
              "Terraform": "true"
            },
            "timeouts": null,
            "vpc_id": "vpc-02c80ea572b3f81aa"
          },
          "sensitive_attributes": [],
          "identity_schema_version": 0,
          "private": "eyJlMmJmYjczMC1lY2FhLTExZTYtOGY4OC0zNDM2M2JjN2M0YzAiOnsiY3JlYXRlIjoxMjAwMDAwMDAwMDAwLCJkZWxldGUiOjEyMDAwMDAwMDAwMDAsInVwZGF0ZSI6MTIwMDAwMDAwMDAwMH19",
          "dependencies": [
            "module.vpc.aws_vpc.this",
            "module.vpc.aws_vpc_ipv4_cidr_block_association.this"
          ]
        }
      ]
    },
    {
      "module": "module.vpc",
      "mode": "managed",
      "type": "aws_route",
      "name": "public_internet_gateway",
      "provider": "provider[\"registry.terraform.io/hashicorp/aws\"]",
      "instances": [
        {
          "index_key": 0,
          "schema_version": 0,
          "attributes": {
            "carrier_gateway_id": "",
            "core_network_arn": "",
            "destination_cidr_block": "0.0.0.0/0",
            "destination_ipv6_cidr_block": "",
            "destination_prefix_list_id": "",
            "egress_only_gateway_id": "",
            "gateway_id": "igw-0eec5fc63542a0f77",
            "id": "r-rtb-0b82d4ffd258012741080289494",
            "instance_id": "",
            "instance_owner_id": "",
            "local_gateway_id": "",
            "nat_gateway_id": "",
            "network_interface_id": "",
            "origin": "CreateRoute",
            "region": "us-east-1",
            "route_table_id": "rtb-0b82d4ffd25801274",
            "state": "active",
            "timeouts": {
              "create": "5m",
              "delete": null,
              "update": null
            },
            "transit_gateway_id": "",
            "vpc_endpoint_id": "",
            "vpc_peering_connection_id": ""
          },
          "sensitive_attributes": [],
          "identity_schema_version": 0,
          "private": "eyJlMmJmYjczMC1lY2FhLTExZTYtOGY4OC0zNDM2M2JjN2M0YzAiOnsiY3JlYXRlIjozMDAwMDAwMDAwMDAsImRlbGV0ZSI6MzAwMDAwMDAwMDAwLCJ1cGRhdGUiOjEyMDAwMDAwMDAwMH19",
          "dependencies": [
            "module.vpc.aws_internet_gateway.this",
            "module.vpc.aws_route_table.public",
            "module.vpc.aws_vpc.this",
            "module.vpc.aws_vpc_ipv4_cidr_block_association.this"
          ]
        }
      ]
    },
    {
      "module": "module.vpc",
      "mode": "managed",
      "type": "aws_route_table",
      "name": "private",
      "provider": "provider[\"registry.terraform.io/hashicorp/aws\"]",
      "instances": [
        {
          "index_key": 0,
          "schema_version": 0,
          "attributes": {
            "arn": "arn:aws:ec2:us-east-1:585008040165:route-table/rtb-085f0d3349ed848dd",
            "id": "rtb-085f0d3349ed848dd",
            "owner_id": "585008040165",
            "propagating_vgws": [],
            "region": "us-east-1",
            "route": [],
            "tags": {
              "Environment": "dev",
              "Name": "MyVPC-private-us-east-1a",
              "Terraform": "true"
            },
            "tags_all": {
              "Environment": "dev",
              "Name": "MyVPC-private-us-east-1a",
              "Terraform": "true"
            },
            "timeouts": null,
            "vpc_id": "vpc-02c80ea572b3f81aa"
          },
          "sensitive_attributes": [],
          "identity_schema_version": 0,
          "private": "eyJlMmJmYjczMC1lY2FhLTExZTYtOGY4OC0zNDM2M2JjN2M0YzAiOnsiY3JlYXRlIjozMDAwMDAwMDAwMDAsImRlbGV0ZSI6MzAwMDAwMDAwMDAwLCJ1cGRhdGUiOjEyMDAwMDAwMDAwMH19",
          "dependencies": [
            "module.vpc.aws_vpc.this",
            "module.vpc.aws_vpc_ipv4_cidr_block_association.this"
          ]
        }
      ]
    },
    {
      "module": "module.vpc",
      "mode": "managed",
      "type": "aws_route_table",
      "name": "public",
      "provider": "provider[\"registry.terraform.io/hashicorp/aws\"]",
      "instances": [
        {
          "index_key": 0,
          "schema_version": 0,
          "attributes": {
            "arn": "arn:aws:ec2:us-east-1:585008040165:route-table/rtb-0b82d4ffd25801274",
            "id": "rtb-0b82d4ffd25801274",
            "owner_id": "585008040165",
            "propagating_vgws": [],
            "region": "us-east-1",
            "route": [],
            "tags": {
              "Environment": "dev",
              "Name": "MyVPC-public",
              "Terraform": "true"
            },
            "tags_all": {
              "Environment": "dev",
              "Name": "MyVPC-public",
              "Terraform": "true"
            },
            "timeouts": null,
            "vpc_id": "vpc-02c80ea572b3f81aa"
          },
          "sensitive_attributes": [],
          "identity_schema_version": 0,
          "private": "eyJlMmJmYjczMC1lY2FhLTExZTYtOGY4OC0zNDM2M2JjN2M0YzAiOnsiY3JlYXRlIjozMDAwMDAwMDAwMDAsImRlbGV0ZSI6MzAwMDAwMDAwMDAwLCJ1cGRhdGUiOjEyMDAwMDAwMDAwMH19",
          "dependencies": [
            "module.vpc.aws_vpc.this",
            "module.vpc.aws_vpc_ipv4_cidr_block_association.this"
          ]
        }
      ]
    },
    {
      "module": "module.vpc",
      "mode": "managed",
      "type": "aws_route_table_association",
      "name": "private",
      "provider": "provider[\"registry.terraform.io/hashicorp/aws\"]",
      "instances": [
        {
          "index_key": 0,
          "schema_version": 0,
          "attributes": {
            "gateway_id": "",
            "id": "rtbassoc-09553a1215149c2b4",
            "region": "us-east-1",
            "route_table_id": "rtb-085f0d3349ed848dd",
            "subnet_id": "subnet-0929c3fcd79d7e4ad",
            "timeouts": null
          },
          "sensitive_attributes": [],
          "identity_schema_version": 0,
          "private": "eyJlMmJmYjczMC1lY2FhLTExZTYtOGY4OC0zNDM2M2JjN2M0YzAiOnsiY3JlYXRlIjozMDAwMDAwMDAwMDAsImRlbGV0ZSI6MzAwMDAwMDAwMDAwLCJ1cGRhdGUiOjEyMDAwMDAwMDAwMH19",
          "dependencies": [
            "module.vpc.aws_route_table.private",
            "module.vpc.aws_subnet.private",
            "module.vpc.aws_vpc.this",
            "module.vpc.aws_vpc_ipv4_cidr_block_association.this"
          ]
        }
      ]
    },
    {
      "module": "module.vpc",
      "mode": "managed",
      "type": "aws_route_table_association",
      "name": "public",
      "provider": "provider[\"registry.terraform.io/hashicorp/aws\"]",
      "instances": [
        {
          "index_key": 0,
          "schema_version": 0,
          "attributes": {
            "gateway_id": "",
            "id": "rtbassoc-0344afe17f0dc5710",
            "region": "us-east-1",
            "route_table_id": "rtb-0b82d4ffd25801274",
            "subnet_id": "subnet-0fb98b4d87a8f399e",
            "timeouts": null
          },
          "sensitive_attributes": [],
          "identity_schema_version": 0,
          "private": "eyJlMmJmYjczMC1lY2FhLTExZTYtOGY4OC0zNDM2M2JjN2M0YzAiOnsiY3JlYXRlIjozMDAwMDAwMDAwMDAsImRlbGV0ZSI6MzAwMDAwMDAwMDAwLCJ1cGRhdGUiOjEyMDAwMDAwMDAwMH19",
          "dependencies": [
            "module.vpc.aws_route_table.public",
            "module.vpc.aws_subnet.public",
            "module.vpc.aws_vpc.this",
            "module.vpc.aws_vpc_ipv4_cidr_block_association.this"
          ]
        }
      ]
    },
    {
      "module": "module.vpc",
      "mode": "managed",
      "type": "aws_subnet",
      "name": "private",
      "provider": "provider[\"registry.terraform.io/hashicorp/aws\"]",
      "instances": [
        {
          "index_key": 0,
          "schema_version": 1,
          "attributes": {
            "arn": "arn:aws:ec2:us-east-1:585008040165:subnet/subnet-0929c3fcd79d7e4ad",
            "assign_ipv6_address_on_creation": false,
            "availability_zone": "us-east-1a",
            "availability_zone_id": "use1-az1",
            "cidr_block": "192.168.0.32/27",
            "customer_owned_ipv4_pool": "",
            "enable_dns64": false,
            "enable_lni_at_device_index": 0,
            "enable_resource_name_dns_a_record_on_launch": false,
            "enable_resource_name_dns_aaaa_record_on_launch": false,
            "id": "subnet-0929c3fcd79d7e4ad",
            "ipv6_cidr_block": "",
            "ipv6_cidr_block_association_id": "",
            "ipv6_native": false,
            "map_customer_owned_ip_on_launch": false,
            "map_public_ip_on_launch": false,
            "outpost_arn": "",
            "owner_id": "585008040165",
            "private_dns_hostname_type_on_launch": "ip-name",
            "region": "us-east-1",
            "tags": {
              "Environment": "dev",
              "Name": "MyVPC-private-us-east-1a",
              "Terraform": "true"
            },
            "tags_all": {
              "Environment": "dev",
              "Name": "MyVPC-private-us-east-1a",
              "Terraform": "true"
            },
            "timeouts": null,
            "vpc_id": "vpc-02c80ea572b3f81aa"
          },
          "sensitive_attributes": [],
          "identity_schema_version": 0,
          "private": "eyJlMmJmYjczMC1lY2FhLTExZTYtOGY4OC0zNDM2M2JjN2M0YzAiOnsiY3JlYXRlIjo2MDAwMDAwMDAwMDAsImRlbGV0ZSI6MTIwMDAwMDAwMDAwMH0sInNjaGVtYV92ZXJzaW9uIjoiMSJ9",
          "dependencies": [
            "module.vpc.aws_vpc.this",
            "module.vpc.aws_vpc_ipv4_cidr_block_association.this"
          ]
        }
      ]
    },
    {
      "module": "module.vpc",
      "mode": "managed",
      "type": "aws_subnet",
      "name": "public",
      "provider": "provider[\"registry.terraform.io/hashicorp/aws\"]",
      "instances": [
        {
          "index_key": 0,
          "schema_version": 1,
          "attributes": {
            "arn": "arn:aws:ec2:us-east-1:585008040165:subnet/subnet-0fb98b4d87a8f399e",
            "assign_ipv6_address_on_creation": false,
            "availability_zone": "us-east-1a",
            "availability_zone_id": "use1-az1",
            "cidr_block": "192.168.0.0/27",
            "customer_owned_ipv4_pool": "",
            "enable_dns64": false,
            "enable_lni_at_device_index": 0,
            "enable_resource_name_dns_a_record_on_launch": false,
            "enable_resource_name_dns_aaaa_record_on_launch": false,
            "id": "subnet-0fb98b4d87a8f399e",
            "ipv6_cidr_block": "",
            "ipv6_cidr_block_association_id": "",
            "ipv6_native": false,
            "map_customer_owned_ip_on_launch": false,
            "map_public_ip_on_launch": true,
            "outpost_arn": "",
            "owner_id": "585008040165",
            "private_dns_hostname_type_on_launch": "ip-name",
            "region": "us-east-1",
            "tags": {
              "Environment": "dev",
              "Name": "MyVPC-public-us-east-1a",
              "Terraform": "true"
            },
            "tags_all": {
              "Environment": "dev",
              "Name": "MyVPC-public-us-east-1a",
              "Terraform": "true"
            },
            "timeouts": null,
            "vpc_id": "vpc-02c80ea572b3f81aa"
          },
          "sensitive_attributes": [],
          "identity_schema_version": 0,
          "private": "eyJlMmJmYjczMC1lY2FhLTExZTYtOGY4OC0zNDM2M2JjN2M0YzAiOnsiY3JlYXRlIjo2MDAwMDAwMDAwMDAsImRlbGV0ZSI6MTIwMDAwMDAwMDAwMH0sInNjaGVtYV92ZXJzaW9uIjoiMSJ9",
          "dependencies": [
            "module.vpc.aws_vpc.this",
            "module.vpc.aws_vpc_ipv4_cidr_block_association.this"
          ]
        }
      ]
    },
    {
      "module": "module.vpc",
      "mode": "managed",
      "type": "aws_vpc",
      "name": "this",
      "provider": "provider[\"registry.terraform.io/hashicorp/aws\"]",
      "instances": [
        {
          "index_key": 0,
          "schema_version": 1,
          "attributes": {
            "arn": "arn:aws:ec2:us-east-1:585008040165:vpc/vpc-02c80ea572b3f81aa",
            "assign_generated_ipv6_cidr_block": false,
            "cidr_block": "192.168.0.0/26",
            "default_network_acl_id": "acl-08b766e2dfca5f606",
            "default_route_table_id": "rtb-0337d15a4daf0e0b5",
            "default_security_group_id": "sg-0a40e56eb7315deac",
            "dhcp_options_id": "dopt-084e68dd63eb4f569",
            "enable_dns_hostnames": true,
            "enable_dns_support": true,
            "enable_network_address_usage_metrics": false,
            "id": "vpc-02c80ea572b3f81aa",
            "instance_tenancy": "default",
            "ipv4_ipam_pool_id": null,
            "ipv4_netmask_length": null,
            "ipv6_association_id": "",
            "ipv6_cidr_block": "",
            "ipv6_cidr_block_network_border_group": "",
            "ipv6_ipam_pool_id": "",
            "ipv6_netmask_length": 0,
            "main_route_table_id": "rtb-0337d15a4daf0e0b5",
            "owner_id": "585008040165",
            "region": "us-east-1",
            "tags": {
              "Environment": "dev",
              "Name": "MyVPC",
              "Terraform": "true"
            },
            "tags_all": {
              "Environment": "dev",
              "Name": "MyVPC",
              "Terraform": "true"
            }
          },
          "sensitive_attributes": [],
          "identity_schema_version": 0,
          "private": "eyJzY2hlbWFfdmVyc2lvbiI6IjEifQ=="
        }
      ]
    },
    {
      "module": "module.vpc",
      "mode": "managed",
      "type": "aws_vpn_gateway",
      "name": "this",
      "provider": "provider[\"registry.terraform.io/hashicorp/aws\"]",
      "instances": [
        {
          "index_key": 0,
          "schema_version": 0,
          "attributes": {
            "amazon_side_asn": "64512",
            "arn": "arn:aws:ec2:us-east-1:585008040165:vpn-gateway/vgw-049dbe706cde18afc",
            "availability_zone": null,
            "id": "vgw-049dbe706cde18afc",
            "region": "us-east-1",
            "tags": {
              "Environment": "dev",
              "Name": "MyVPC",
              "Terraform": "true"
            },
            "tags_all": {
              "Environment": "dev",
              "Name": "MyVPC",
              "Terraform": "true"
            },
            "vpc_id": "vpc-02c80ea572b3f81aa"
          },
          "sensitive_attributes": [],
          "identity_schema_version": 0,
          "private": "bnVsbA==",
          "dependencies": [
            "module.vpc.aws_vpc.this",
            "module.vpc.aws_vpc_ipv4_cidr_block_association.this"
          ]
        }
      ]
    },
    {
      "module": "module.vpc_endpoint_s3",
      "mode": "managed",
      "type": "aws_vpc_endpoint",
      "name": "s3_endpoint",
      "provider": "provider[\"registry.terraform.io/hashicorp/aws\"]",
      "instances": [
        {
          "schema_version": 0,
          "attributes": {
            "arn": "arn:aws:ec2:us-east-1:585008040165:vpc-endpoint/vpce-02fc5feed3bbf4651",
            "auto_accept": null,
            "cidr_blocks": [
              "16.15.176.0/20",
              "16.182.0.0/16",
              "18.34.0.0/19",
              "52.216.0.0/15",
              "54.231.0.0/16",
              "3.5.0.0/19",
              "18.34.232.0/21",
              "16.15.192.0/18"
            ],
            "dns_entry": [],
            "dns_options": [],
            "id": "vpce-02fc5feed3bbf4651",
            "ip_address_type": "",
            "network_interface_ids": [],
            "owner_id": "585008040165",
            "policy": "{\"Statement\":[{\"Action\":\"*\",\"Effect\":\"Allow\",\"Principal\":\"*\",\"Resource\":\"*\"}],\"Version\":\"2008-10-17\"}",
            "prefix_list_id": "pl-63a5400a",
            "private_dns_enabled": false,
            "region": "us-east-1",
            "requester_managed": false,
            "resource_configuration_arn": "",
            "route_table_ids": [
              "rtb-085f0d3349ed848dd"
            ],
            "security_group_ids": [],
            "service_name": "com.amazonaws.us-east-1.s3",
            "service_network_arn": "",
            "service_region": "us-east-1",
            "state": "available",
            "subnet_configuration": [],
            "subnet_ids": [],
            "tags": {
              "Environment": "dev",
              "Name": "s3-endpoint"
            },
            "tags_all": {
              "Environment": "dev",
              "Name": "s3-endpoint"
            },
            "timeouts": null,
            "vpc_endpoint_type": "Gateway",
            "vpc_id": "vpc-02c80ea572b3f81aa"
          },
          "sensitive_attributes": [],
          "identity_schema_version": 0,
          "private": "eyJlMmJmYjczMC1lY2FhLTExZTYtOGY4OC0zNDM2M2JjN2M0YzAiOnsiY3JlYXRlIjo2MDAwMDAwMDAwMDAsImRlbGV0ZSI6NjAwMDAwMDAwMDAwLCJ1cGRhdGUiOjYwMDAwMDAwMDAwMH19",
          "dependencies": [
            "module.vpc.aws_route_table.private",
            "module.vpc.aws_vpc.this",
            "module.vpc.aws_vpc_ipv4_cidr_block_association.this"
          ]
        }
      ]
    }
  ],
  "check_results": null
}
